{"format_version":"1.0","provider_schemas":{"registry.terraform.io/linode/linode":{"provider":{"version":0,"block":{"attributes":{"api_ca_path":{"type":"string","description":"The path to a Linode API CA file to trust.","description_kind":"plain","optional":true},"api_version":{"type":"string","description":"The version of Linode API.","description_kind":"plain","optional":true},"config_path":{"type":"string","description":"The path to the Linode config file to use. (default `~/.config/linode`)","description_kind":"plain","optional":true},"config_profile":{"type":"string","description":"The Linode config profile to use. (default `default`)","description_kind":"plain","optional":true},"disable_internal_cache":{"type":"bool","description":"Disable the internal caching system that backs certain Linode API requests.","description_kind":"plain","optional":true},"event_poll_ms":{"type":"number","description":"The rate in milliseconds to poll for events.","description_kind":"plain","optional":true},"lke_event_poll_ms":{"type":"number","description":"The rate in milliseconds to poll for LKE events.","description_kind":"plain","optional":true},"lke_node_ready_poll_ms":{"type":"number","description":"The rate in milliseconds to poll for an LKE node to be ready.","description_kind":"plain","optional":true},"max_retry_delay_ms":{"type":"number","description":"Maximum delay in milliseconds before retrying a request.","description_kind":"plain","optional":true},"min_retry_delay_ms":{"type":"number","description":"Minimum delay in milliseconds before retrying a request.","description_kind":"plain","optional":true},"obj_access_key":{"type":"string","description":"The access key to be used in linode_object_storage_bucket and linode_object_storage_object.","description_kind":"plain","optional":true},"obj_bucket_force_delete":{"type":"bool","description":"If true, when deleting a linode_object_storage_bucket any objects and versions will be force deleted.","description_kind":"plain","optional":true},"obj_secret_key":{"type":"string","description":"The secret key to be used in linode_object_storage_bucket and linode_object_storage_object.","description_kind":"plain","optional":true,"sensitive":true},"obj_use_temp_keys":{"type":"bool","description":"If true, temporary object keys will be created implicitly at apply-time for the linode_object_storage_object and linode_object_sorage_bucket resource.","description_kind":"plain","optional":true},"skip_implicit_reboots":{"type":"bool","description":"If true, Linode Instances will not be rebooted on config and interface changes.","description_kind":"plain","optional":true},"skip_instance_delete_poll":{"type":"bool","description":"Skip waiting for a linode_instance resource to finish deleting.","description_kind":"plain","optional":true},"skip_instance_ready_poll":{"type":"bool","description":"Skip waiting for a linode_instance resource to be running.","description_kind":"plain","optional":true},"skip_lke_cluster_delete_poll":{"type":"bool","description":"Skip waiting for all Linode instances in an LKE cluster to be deleted.","description_kind":"plain","optional":true},"token":{"type":"string","description":"The token that allows you access to your Linode account","description_kind":"plain","optional":true,"sensitive":true},"ua_prefix":{"type":"string","description":"An HTTP User-Agent Prefix to prepend in API requests.","description_kind":"plain","optional":true},"url":{"type":"string","description":"The HTTP(S) API address of the Linode API to use.","description_kind":"plain","optional":true}},"description_kind":"plain"}},"resource_schemas":{"linode_account_settings":{"version":0,"block":{"attributes":{"backups_enabled":{"type":"bool","description":"Account-wide backups default.","description_kind":"plain","optional":true,"computed":true},"id":{"type":"string","description":"The email of the current account.","description_kind":"plain","computed":true},"interfaces_for_new_linodes":{"type":"string","description":"Type of interfaces for new Linode instances.","description_kind":"plain","optional":true,"computed":true},"longview_subscription":{"type":"string","description":"The Longview Pro tier you are currently subscribed to.","description_kind":"plain","computed":true},"maintenance_policy":{"type":"string","description":"The default Maintenance Policy for this account. If not provided, the default policy (linode/migrate) will be applied.","description_kind":"plain","optional":true,"computed":true},"managed":{"type":"bool","description":"Enables monitoring for connectivity, response, and total request time.","description_kind":"plain","computed":true},"network_helper":{"type":"bool","description":"Enables network helper across all users by default for new Linodes and Linode Configs.","description_kind":"plain","optional":true,"computed":true},"object_storage":{"type":"string","description":"A string describing the status of this account's Object Storage service enrollment.","description_kind":"plain","computed":true}},"description_kind":"plain"}},"linode_consumer_image_share_group_token":{"version":0,"block":{"attributes":{"created":{"type":"string","description":"When this token was created.","description_kind":"plain","computed":true},"expiry":{"type":"string","description":"When this token will expire.","description_kind":"plain","computed":true},"label":{"type":"string","description":"The label of the token.","description_kind":"plain","optional":true},"sharegroup_label":{"type":"string","description":"The label of the Image Share Group this token is for.","description_kind":"plain","computed":true},"sharegroup_uuid":{"type":"string","description":"The UUID of the Image Share Group this token is for.","description_kind":"plain","computed":true},"status":{"type":"string","description":"The status of the token.","description_kind":"plain","computed":true},"token":{"type":"string","description":"The one-time-use token to be provided to the Share Group Producer.","description_kind":"plain","computed":true,"sensitive":true},"token_uuid":{"type":"string","description":"The UUID of the token.","description_kind":"plain","computed":true},"updated":{"type":"string","description":"When this token was last updated.","description_kind":"plain","computed":true},"valid_for_sharegroup_uuid":{"type":"string","description":"The UUID of the Image Share Group this token is for.","description_kind":"plain","required":true}},"description_kind":"plain"}},"linode_database_access_controls":{"version":0,"block":{"attributes":{"allow_list":{"type":["set","string"],"description":"A list of IP addresses that can access the Managed Database. Each item can be a single IP address or a range in CIDR format.","description_kind":"plain","required":true},"database_id":{"type":"number","description":"The ID of the database to manage the allow list for.","description_kind":"plain","required":true},"database_type":{"type":"string","description":"The type of the  database to manage the allow list for.","description_kind":"plain","required":true},"id":{"type":"string","description_kind":"plain","optional":true,"computed":true}},"description_kind":"plain"}},"linode_database_mysql_v2":{"version":0,"block":{"attributes":{"allow_list":{"type":["set","string"],"description":"A list of IP addresses that can access the Managed Database. Each item can be a single IP address or a range in CIDR format.","description_kind":"plain","optional":true,"computed":true},"ca_cert":{"type":"string","description":"The base64-encoded SSL CA certificate for the Managed Database.","description_kind":"plain","computed":true,"sensitive":true},"cluster_size":{"type":"number","description":"The number of Linode instance nodes deployed to the Managed Database.","description_kind":"plain","optional":true,"computed":true},"created":{"type":"string","description":"When this Managed Database was created.","description_kind":"plain","computed":true},"encrypted":{"type":"bool","description":"Whether the Managed Databases is encrypted.","description_kind":"plain","computed":true},"engine":{"type":"string","description":"The Managed Database engine in engine/version format.","description_kind":"plain","computed":true},"engine_config_binlog_retention_period":{"type":"number","description":"The minimum amount of time in seconds to keep binlog entries before deletion. This may be extended for services that require binlog entries for longer than the default for example if using the MySQL Debezium Kafka connector.","description_kind":"plain","optional":true,"computed":true},"engine_config_mysql_connect_timeout":{"type":"number","description":"The number of seconds that the mysqld server waits for a connect packet before responding with Bad handshake.","description_kind":"plain","optional":true,"computed":true},"engine_config_mysql_default_time_zone":{"type":"string","description":"Default server time zone as an offset from UTC (from -12:00 to +12:00), a time zone name, or 'SYSTEM' to use the MySQL server default.","description_kind":"plain","optional":true,"computed":true},"engine_config_mysql_group_concat_max_len":{"type":"number","description":"The maximum permitted result length in bytes for the GROUP_CONCAT() function.","description_kind":"plain","optional":true,"computed":true},"engine_config_mysql_information_schema_stats_expiry":{"type":"number","description":"The time, in seconds, before cached statistics expire.","description_kind":"plain","optional":true,"computed":true},"engine_config_mysql_innodb_change_buffer_max_size":{"type":"number","description":"Maximum size for the InnoDB change buffer, as a percentage of the total size of the buffer pool. Default is 25.","description_kind":"plain","optional":true,"computed":true},"engine_config_mysql_innodb_flush_neighbors":{"type":"number","description":"Specifies whether flushing a page from the InnoDB buffer pool also flushes other dirty pages in the same extent (default is 1): 0 - dirty pages in the same extent are not flushed, 1 - flush contiguous dirty pages in the same extent, 2 - flush dirty pages in the same extent.","description_kind":"plain","optional":true,"computed":true},"engine_config_mysql_innodb_ft_min_token_size":{"type":"number","description":"Minimum length of words that are stored in an InnoDB FULLTEXT index. Changing this parameter will lead to a restart of the MySQL service.","description_kind":"plain","optional":true,"computed":true},"engine_config_mysql_innodb_ft_server_stopword_table":{"type":"string","description":"This option is used to specify your own InnoDB FULLTEXT index stopword list for all InnoDB tables.","description_kind":"plain","optional":true},"engine_config_mysql_innodb_lock_wait_timeout":{"type":"number","description":"The length of time in seconds an InnoDB transaction waits for a row lock before giving up. Default is 120.","description_kind":"plain","optional":true,"computed":true},"engine_config_mysql_innodb_log_buffer_size":{"type":"number","description":"The size in bytes of the buffer that InnoDB uses to write to the log files on disk.","description_kind":"plain","optional":true,"computed":true},"engine_config_mysql_innodb_online_alter_log_max_size":{"type":"number","description":"The upper limit in bytes on the size of the temporary log files used during online DDL operations for InnoDB tables.","description_kind":"plain","optional":true,"computed":true},"engine_config_mysql_innodb_read_io_threads":{"type":"number","description":"The number of I/O threads for read operations in InnoDB. Default is 4. Changing this parameter will lead to a restart of the MySQL service.","description_kind":"plain","optional":true,"computed":true},"engine_config_mysql_innodb_rollback_on_timeout":{"type":"bool","description":"When enabled a transaction timeout causes InnoDB to abort and roll back the entire transaction. Changing this parameter will lead to a restart of the MySQL service.","description_kind":"plain","optional":true,"computed":true},"engine_config_mysql_innodb_thread_concurrency":{"type":"number","description":"Defines the maximum number of threads permitted inside of InnoDB. Default is 0 (infinite concurrency - no limit).","description_kind":"plain","optional":true,"computed":true},"engine_config_mysql_innodb_write_io_threads":{"type":"number","description":"The number of I/O threads for write operations in InnoDB. Default is 4. Changing this parameter will lead to a restart of the MySQL service.","description_kind":"plain","optional":true,"computed":true},"engine_config_mysql_interactive_timeout":{"type":"number","description":"The number of seconds the server waits for activity on an interactive connection before closing it.","description_kind":"plain","optional":true,"computed":true},"engine_config_mysql_internal_tmp_mem_storage_engine":{"type":"string","description":"The storage engine for in-memory internal temporary tables.","description_kind":"plain","optional":true,"computed":true},"engine_config_mysql_max_allowed_packet":{"type":"number","description":"Size of the largest message in bytes that can be received by the server. Default is 67108864 (64M).","description_kind":"plain","optional":true,"computed":true},"engine_config_mysql_max_heap_table_size":{"type":"number","description":"Limits the size of internal in-memory tables. Also set tmp_table_size. Default is 16777216 (16M).","description_kind":"plain","optional":true,"computed":true},"engine_config_mysql_net_buffer_length":{"type":"number","description":"Start sizes of connection buffer and result buffer. Default is 16384 (16K). Changing this parameter will lead to a restart of the MySQL service.","description_kind":"plain","optional":true,"computed":true},"engine_config_mysql_net_read_timeout":{"type":"number","description":"The number of seconds to wait for more data from a connection before aborting the read.","description_kind":"plain","optional":true,"computed":true},"engine_config_mysql_net_write_timeout":{"type":"number","description":"The number of seconds to wait for a block to be written to a connection before aborting the write.","description_kind":"plain","optional":true,"computed":true},"engine_config_mysql_sort_buffer_size":{"type":"number","description":"Sort buffer size in bytes for ORDER BY optimization. Default is 262144 (256K).","description_kind":"plain","optional":true,"computed":true},"engine_config_mysql_sql_mode":{"type":"string","description":"Global SQL mode. Set to empty to use MySQL server defaults. When creating a new service and not setting this field Aiven default SQL mode (strict, SQL standard compliant) will be assigned.","description_kind":"plain","optional":true,"computed":true},"engine_config_mysql_sql_require_primary_key":{"type":"bool","description":"Require primary key to be defined for new tables or old tables modified with ALTER TABLE and fail if missing. It is recommended to always have primary keys because various functionality may break if any large table is missing them.","description_kind":"plain","optional":true,"computed":true},"engine_config_mysql_tmp_table_size":{"type":"number","description":"Limits the size of internal in-memory tables. Also set max_heap_table_size. Default is 16777216 (16M).","description_kind":"plain","optional":true,"computed":true},"engine_config_mysql_wait_timeout":{"type":"number","description":"The number of seconds the server waits for activity on a noninteractive connection before closing it.","description_kind":"plain","optional":true,"computed":true},"engine_id":{"type":"string","description":"The unique ID of the database engine and version to use. (e.g. mysql/8)","description_kind":"plain","required":true},"fork_restore_time":{"type":"string","description":"The database timestamp from which it was restored.","description_kind":"plain","optional":true,"computed":true},"fork_source":{"type":"number","description":"The ID of the database that was forked from.","description_kind":"plain","optional":true},"host_primary":{"type":"string","description":"The primary host for the Managed Database.","description_kind":"plain","computed":true},"host_secondary":{"type":"string","description":"The secondary/private host for the Managed Database.","description_kind":"plain","deprecated":true,"computed":true},"host_standby":{"type":"string","description":"The standby host for the Managed Database.","description_kind":"plain","computed":true},"id":{"type":"string","description":"The id of the MySQL Database.","description_kind":"plain","computed":true},"label":{"type":"string","description":"A unique, user-defined string referring to the Managed Database.","description_kind":"plain","required":true},"members":{"type":["map","string"],"description":"A mapping between IP addresses and strings designating them as primary or failover.","description_kind":"plain","computed":true},"oldest_restore_time":{"type":"string","description":"The oldest time to which a database can be restored.","description_kind":"plain","computed":true},"pending_updates":{"nested_type":{"attributes":{"deadline":{"type":"string","description":"The time when a mandatory update needs to be applied.","description_kind":"plain","computed":true},"description":{"type":"string","description":"A description of the update.","description_kind":"plain","computed":true},"planned_for":{"type":"string","description":"The date and time a maintenance update will be applied.","description_kind":"plain","computed":true}},"nesting_mode":"set"},"description":"A set of pending updates.","description_kind":"plain","computed":true},"platform":{"type":"string","description":"The back-end platform for relational databases used by the service.","description_kind":"plain","computed":true},"port":{"type":"number","description":"The access port for this Managed Database.","description_kind":"plain","computed":true},"private_network":{"nested_type":{"attributes":{"public_access":{"type":"bool","description":"Set to `true` to allow clients outside of the VPC to connect to the database using a public IP address.","description_kind":"plain","optional":true,"computed":true},"subnet_id":{"type":"number","description":"The ID of the VPC subnet to restrict access to this database using.","description_kind":"plain","required":true},"vpc_id":{"type":"number","description":" The ID of the virtual private cloud (VPC) to restrict access to this database using.","description_kind":"plain","required":true}},"nesting_mode":"single"},"description":"Restricts access to this database using a virtual private cloud (VPC) that you've configured in the region where the database will live.","description_kind":"plain","optional":true},"region":{"type":"string","description":"The Region ID for the Managed Database.","description_kind":"plain","required":true},"root_password":{"type":"string","description":"The randomly generated root password for the Managed Database instance.","description_kind":"plain","computed":true,"sensitive":true},"root_username":{"type":"string","description":"The root username for the Managed Database instance.","description_kind":"plain","computed":true,"sensitive":true},"ssl_connection":{"type":"bool","description":"Whether to require SSL credentials to establish a connection to the Managed Database.","description_kind":"plain","computed":true},"status":{"type":"string","description":"The operating status of the Managed Database.","description_kind":"plain","computed":true},"suspended":{"type":"bool","description":"Whether this database is suspended.","description_kind":"plain","optional":true,"computed":true},"type":{"type":"string","description":"The Linode Instance type used by the Managed Database for its nodes.\n\n","description_kind":"plain","required":true},"updated":{"type":"string","description":"When this Managed Database was last updated.","description_kind":"plain","computed":true},"updates":{"nested_type":{"attributes":{"day_of_week":{"type":"number","description":"The numeric reference for the day of the week to perform maintenance. 1 is Monday, 2 is Tuesday, through to 7 which is Sunday.","description_kind":"plain","optional":true,"computed":true},"duration":{"type":"number","description":"The maximum maintenance window time in hours.","description_kind":"plain","optional":true,"computed":true},"frequency":{"type":"string","description":"How frequently maintenance occurs. Currently can only be weekly.","description_kind":"plain","optional":true,"computed":true},"hour_of_day":{"type":"number","description":"How frequently maintenance occurs. Currently can only be weekly.","description_kind":"plain","optional":true,"computed":true}},"nesting_mode":"single"},"description":"Configuration settings for automated patch update maintenance for the Managed Database.","description_kind":"plain","optional":true,"computed":true},"version":{"type":"string","description":"The Managed Database engine version.","description_kind":"plain","computed":true}},"block_types":{"timeouts":{"nesting_mode":"single","block":{"attributes":{"create":{"type":"string","description":"A string that can be [parsed as a duration](https://pkg.go.dev/time#ParseDuration) consisting of numbers and unit suffixes, such as \"30s\" or \"2h45m\". Valid time units are \"s\" (seconds), \"m\" (minutes), \"h\" (hours).","description_kind":"plain","optional":true},"delete":{"type":"string","description":"A string that can be [parsed as a duration](https://pkg.go.dev/time#ParseDuration) consisting of numbers and unit suffixes, such as \"30s\" or \"2h45m\". Valid time units are \"s\" (seconds), \"m\" (minutes), \"h\" (hours). Setting a timeout for a Delete operation is only applicable if changes are saved into state before the destroy operation occurs.","description_kind":"plain","optional":true},"update":{"type":"string","description":"A string that can be [parsed as a duration](https://pkg.go.dev/time#ParseDuration) consisting of numbers and unit suffixes, such as \"30s\" or \"2h45m\". Valid time units are \"s\" (seconds), \"m\" (minutes), \"h\" (hours).","description_kind":"plain","optional":true}},"description_kind":"plain"}}},"description_kind":"plain"}},"linode_database_postgresql_v2":{"version":0,"block":{"attributes":{"allow_list":{"type":["set","string"],"description":"A list of IP addresses that can access the Managed Database. Each item can be a single IP address or a range in CIDR format.","description_kind":"plain","optional":true,"computed":true},"ca_cert":{"type":"string","description":"The base64-encoded SSL CA certificate for the Managed Database.","description_kind":"plain","computed":true,"sensitive":true},"cluster_size":{"type":"number","description":"The number of Linode instance nodes deployed to the Managed Database.","description_kind":"plain","optional":true,"computed":true},"created":{"type":"string","description":"When this Managed Database was created.","description_kind":"plain","computed":true},"encrypted":{"type":"bool","description":"Whether the Managed Databases is encrypted.","description_kind":"plain","computed":true},"engine":{"type":"string","description":"The Managed Database engine in engine/version format.","description_kind":"plain","computed":true},"engine_config_pg_autovacuum_analyze_scale_factor":{"type":"number","description":"Specifies a fraction of the table size to add to autovacuum_analyze_threshold when deciding whether to trigger an ANALYZE. The default is 0.2 (20% of table size)","description_kind":"plain","optional":true,"computed":true},"engine_config_pg_autovacuum_analyze_threshold":{"type":"number","description":"Specifies the minimum number of inserted, updated or deleted tuples needed to trigger an ANALYZE in any one table. The default is 50 tuples.","description_kind":"plain","optional":true,"computed":true},"engine_config_pg_autovacuum_max_workers":{"type":"number","description":"Specifies the maximum number of autovacuum processes (other than the autovacuum launcher) that may be running at any one time. The default is three. This parameter can only be set at server start.","description_kind":"plain","optional":true,"computed":true},"engine_config_pg_autovacuum_naptime":{"type":"number","description":"Specifies the minimum delay between autovacuum runs on any given database. The delay is measured in seconds, and the default is one minute","description_kind":"plain","optional":true,"computed":true},"engine_config_pg_autovacuum_vacuum_cost_delay":{"type":"number","description":"Specifies the cost delay value that will be used in automatic VACUUM operations. If -1 is specified, the regular vacuum_cost_delay value will be used. The default value is 20 milliseconds","description_kind":"plain","optional":true,"computed":true},"engine_config_pg_autovacuum_vacuum_cost_limit":{"type":"number","description":"Specifies the cost limit value that will be used in automatic VACUUM operations. If -1 is specified (which is the default), the regular vacuum_cost_limit value will be used.","description_kind":"plain","optional":true,"computed":true},"engine_config_pg_autovacuum_vacuum_scale_factor":{"type":"number","description":"Specifies a fraction of the table size to add to autovacuum_vacuum_threshold when deciding whether to trigger a VACUUM. The default is 0.2 (20% of table size)","description_kind":"plain","optional":true,"computed":true},"engine_config_pg_autovacuum_vacuum_threshold":{"type":"number","description":"Specifies the minimum number of updated or deleted tuples needed to trigger a VACUUM in any one table. The default is 50 tuples","description_kind":"plain","optional":true,"computed":true},"engine_config_pg_bgwriter_delay":{"type":"number","description":"Specifies the delay between activity rounds for the background writer in milliseconds. Default is 200.","description_kind":"plain","optional":true,"computed":true},"engine_config_pg_bgwriter_flush_after":{"type":"number","description":"Whenever more than bgwriter_flush_after bytes have been written by the background writer, attempt to force the OS to issue these writes to the underlying storage. Specified in kilobytes, default is 512. Setting of 0 disables forced writeback.","description_kind":"plain","optional":true,"computed":true},"engine_config_pg_bgwriter_lru_maxpages":{"type":"number","description":"In each round, no more than this many buffers will be written by the background writer. Setting this to zero disables background writing. Default is 100.","description_kind":"plain","optional":true,"computed":true},"engine_config_pg_bgwriter_lru_multiplier":{"type":"number","description":"The average recent need for new buffers is multiplied by bgwriter_lru_multiplier to arrive at an estimate of the number that will be needed during the next round, (up to bgwriter_lru_maxpages). 1.0 represents a “just in time” policy of writing exactly the number of buffers predicted to be needed. Larger values provide some cushion against spikes in demand, while smaller values intentionally leave writes to be done by server processes. The default is 2.0.","description_kind":"plain","optional":true,"computed":true},"engine_config_pg_deadlock_timeout":{"type":"number","description":"This is the amount of time, in milliseconds, to wait on a lock before checking to see if there is a deadlock condition.","description_kind":"plain","optional":true,"computed":true},"engine_config_pg_default_toast_compression":{"type":"string","description":"Specifies the default TOAST compression method for values of compressible columns (the default is lz4).","description_kind":"plain","optional":true,"computed":true},"engine_config_pg_idle_in_transaction_session_timeout":{"type":"number","description":"Time out sessions with open transactions after this number of milliseconds","description_kind":"plain","optional":true,"computed":true},"engine_config_pg_jit":{"type":"bool","description":"Controls system-wide use of Just-in-Time Compilation (JIT).","description_kind":"plain","optional":true,"computed":true},"engine_config_pg_max_files_per_process":{"type":"number","description":"PostgreSQL maximum number of files that can be open per process","description_kind":"plain","optional":true,"computed":true},"engine_config_pg_max_locks_per_transaction":{"type":"number","description":"PostgreSQL maximum locks per transaction","description_kind":"plain","optional":true,"computed":true},"engine_config_pg_max_logical_replication_workers":{"type":"number","description":"PostgreSQL maximum logical replication workers (taken from the pool of max_parallel_workers)","description_kind":"plain","optional":true,"computed":true},"engine_config_pg_max_parallel_workers":{"type":"number","description":"Sets the maximum number of workers that the system can support for parallel queries","description_kind":"plain","optional":true,"computed":true},"engine_config_pg_max_parallel_workers_per_gather":{"type":"number","description":"Sets the maximum number of workers that can be started by a single Gather or Gather Merge node","description_kind":"plain","optional":true,"computed":true},"engine_config_pg_max_pred_locks_per_transaction":{"type":"number","description":"PostgreSQL maximum predicate locks per transaction","description_kind":"plain","optional":true,"computed":true},"engine_config_pg_max_replication_slots":{"type":"number","description":"PostgreSQL maximum replication slots","description_kind":"plain","optional":true,"computed":true},"engine_config_pg_max_slot_wal_keep_size":{"type":"number","description":"PostgreSQL maximum WAL size (MB) reserved for replication slots. Default is -1 (unlimited). wal_keep_size minimum WAL size setting takes precedence over this.","description_kind":"plain","optional":true,"computed":true},"engine_config_pg_max_stack_depth":{"type":"number","description":"Maximum depth of the stack in bytes","description_kind":"plain","optional":true,"computed":true},"engine_config_pg_max_standby_archive_delay":{"type":"number","description":"Max standby archive delay in milliseconds","description_kind":"plain","optional":true,"computed":true},"engine_config_pg_max_standby_streaming_delay":{"type":"number","description":"Max standby streaming delay in milliseconds","description_kind":"plain","optional":true,"computed":true},"engine_config_pg_max_wal_senders":{"type":"number","description":"PostgreSQL maximum WAL senders","description_kind":"plain","optional":true,"computed":true},"engine_config_pg_max_worker_processes":{"type":"number","description":"Sets the maximum number of background processes that the system can support","description_kind":"plain","optional":true,"computed":true},"engine_config_pg_password_encryption":{"type":"string","description":"Chooses the algorithm for encrypting passwords.","description_kind":"plain","optional":true,"computed":true},"engine_config_pg_pg_partman_bgw_interval":{"type":"number","description":"Sets the time interval to run pg_partman's scheduled tasks","description_kind":"plain","optional":true,"computed":true},"engine_config_pg_pg_partman_bgw_role":{"type":"string","description":"Controls which role to use for pg_partman's scheduled background tasks.","description_kind":"plain","optional":true,"computed":true},"engine_config_pg_pg_stat_monitor_pgsm_enable_query_plan":{"type":"bool","description":"Enables or disables query plan monitoring","description_kind":"plain","optional":true,"computed":true},"engine_config_pg_pg_stat_monitor_pgsm_max_buckets":{"type":"number","description":"Sets the maximum number of buckets","description_kind":"plain","optional":true,"computed":true},"engine_config_pg_pg_stat_statements_track":{"type":"string","description":"Controls which statements are counted. Specify top to track top-level statements (those issued directly by clients), all to also track nested statements (such as statements invoked within functions), or none to disable statement statistics collection. The default value is top.","description_kind":"plain","optional":true,"computed":true},"engine_config_pg_stat_monitor_enable":{"type":"bool","description":"Enable the pg_stat_monitor extension. Enabling this extension will cause the cluster to be restarted. When this extension is enabled, pg_stat_statements results for utility commands are unreliable.","description_kind":"plain","optional":true,"computed":true},"engine_config_pg_temp_file_limit":{"type":"number","description":"PostgreSQL temporary file limit in KiB, -1 for unlimited","description_kind":"plain","optional":true,"computed":true},"engine_config_pg_timezone":{"type":"string","description":"PostgreSQL service timezone","description_kind":"plain","optional":true,"computed":true},"engine_config_pg_track_activity_query_size":{"type":"number","description":"Specifies the number of bytes reserved to track the currently executing command for each active session.","description_kind":"plain","optional":true,"computed":true},"engine_config_pg_track_commit_timestamp":{"type":"string","description":"Record commit time of transactions.","description_kind":"plain","optional":true,"computed":true},"engine_config_pg_track_functions":{"type":"string","description":"Enables tracking of function call counts and time used.","description_kind":"plain","optional":true,"computed":true},"engine_config_pg_track_io_timing":{"type":"string","description":"Enables timing of database I/O calls. This parameter is off by default, because it will repeatedly query the operating system for the current time, which may cause significant overhead on some platforms.","description_kind":"plain","optional":true,"computed":true},"engine_config_pg_wal_sender_timeout":{"type":"number","description":"Terminate replication connections that are inactive for longer than this amount of time, in milliseconds. Setting this value to zero disables the timeout.","description_kind":"plain","optional":true,"computed":true},"engine_config_pg_wal_writer_delay":{"type":"number","description":"WAL flush interval in milliseconds. Note that setting this value to lower than the default 200ms may negatively impact performance.","description_kind":"plain","optional":true,"computed":true},"engine_config_pglookout_max_failover_replication_time_lag":{"type":"number","description":"Number of seconds of master unavailability before triggering database failover to standby.","description_kind":"plain","optional":true,"computed":true},"engine_config_shared_buffers_percentage":{"type":"number","description":"Percentage of total RAM that the database server uses for shared memory buffers. Valid range is 20-60 (float), which corresponds to 20% - 60%. This setting adjusts the shared_buffers configuration value.","description_kind":"plain","optional":true,"computed":true},"engine_config_work_mem":{"type":"number","description":"Sets the maximum amount of memory to be used by a query operation (such as a sort or hash table) before writing to temporary disk files, in MB. Default is 1MB + 0.075% of total RAM (up to 32MB).","description_kind":"plain","optional":true,"computed":true},"engine_id":{"type":"string","description":"The unique ID of the database engine and version to use. (e.g. postgresql/16)","description_kind":"plain","required":true},"fork_restore_time":{"type":"string","description":"The database timestamp from which it was restored.","description_kind":"plain","optional":true,"computed":true},"fork_source":{"type":"number","description":"The ID of the database that was forked from.","description_kind":"plain","optional":true},"host_primary":{"type":"string","description":"The primary host for the Managed Database.","description_kind":"plain","computed":true},"host_secondary":{"type":"string","description":"The secondary/private host for the Managed Database.","description_kind":"plain","deprecated":true,"computed":true},"host_standby":{"type":"string","description":"The standby host for the Managed Database.","description_kind":"plain","computed":true},"id":{"type":"string","description":"The id of the PostgreSQL Database.","description_kind":"plain","computed":true},"label":{"type":"string","description":"A unique, user-defined string referring to the Managed Database.","description_kind":"plain","required":true},"members":{"type":["map","string"],"description":"A mapping between IP addresses and strings designating them as primary or failover.","description_kind":"plain","computed":true},"oldest_restore_time":{"type":"string","description":"The oldest time to which a database can be restored.","description_kind":"plain","computed":true},"pending_updates":{"nested_type":{"attributes":{"deadline":{"type":"string","description":"The time when a mandatory update needs to be applied.","description_kind":"plain","computed":true},"description":{"type":"string","description":"A description of the update.","description_kind":"plain","computed":true},"planned_for":{"type":"string","description":"The date and time a maintenance update will be applied.","description_kind":"plain","computed":true}},"nesting_mode":"set"},"description":"A set of pending updates.","description_kind":"plain","computed":true},"platform":{"type":"string","description":"The back-end platform for relational databases used by the service.","description_kind":"plain","computed":true},"port":{"type":"number","description":"The access port for this Managed Database.","description_kind":"plain","computed":true},"private_network":{"nested_type":{"attributes":{"public_access":{"type":"bool","description":"Set to `true` to allow clients outside of the VPC to connect to the database using a public IP address.","description_kind":"plain","optional":true,"computed":true},"subnet_id":{"type":"number","description":"The ID of the VPC subnet to restrict access to this database using.","description_kind":"plain","required":true},"vpc_id":{"type":"number","description":" The ID of the virtual private cloud (VPC) to restrict access to this database using.","description_kind":"plain","required":true}},"nesting_mode":"single"},"description":"Restricts access to this database using a virtual private cloud (VPC) that you've configured in the region where the database will live.","description_kind":"plain","optional":true},"region":{"type":"string","description":"The Region ID for the Managed Database.","description_kind":"plain","required":true},"root_password":{"type":"string","description":"The randomly generated root password for the Managed Database instance.","description_kind":"plain","computed":true,"sensitive":true},"root_username":{"type":"string","description":"The root username for the Managed Database instance.","description_kind":"plain","computed":true,"sensitive":true},"ssl_connection":{"type":"bool","description":"Whether to require SSL credentials to establish a connection to the Managed Database.","description_kind":"plain","computed":true},"status":{"type":"string","description":"The operating status of the Managed Database.","description_kind":"plain","computed":true},"suspended":{"type":"bool","description":"Whether this database is suspended.","description_kind":"plain","optional":true,"computed":true},"type":{"type":"string","description":"The Linode Instance type used by the Managed Database for its nodes.\n\n","description_kind":"plain","required":true},"updated":{"type":"string","description":"When this Managed Database was last updated.","description_kind":"plain","computed":true},"updates":{"nested_type":{"attributes":{"day_of_week":{"type":"number","description":"The numeric reference for the day of the week to perform maintenance. 1 is Monday, 2 is Tuesday, through to 7 which is Sunday.","description_kind":"plain","optional":true,"computed":true},"duration":{"type":"number","description":"The maximum maintenance window time in hours.","description_kind":"plain","optional":true,"computed":true},"frequency":{"type":"string","description":"How frequently maintenance occurs. Currently can only be weekly.","description_kind":"plain","optional":true,"computed":true},"hour_of_day":{"type":"number","description":"How frequently maintenance occurs. Currently can only be weekly.","description_kind":"plain","optional":true,"computed":true}},"nesting_mode":"single"},"description":"Configuration settings for automated patch update maintenance for the Managed Database.","description_kind":"plain","optional":true,"computed":true},"version":{"type":"string","description":"The Managed Database engine version.","description_kind":"plain","computed":true}},"block_types":{"timeouts":{"nesting_mode":"single","block":{"attributes":{"create":{"type":"string","description":"A string that can be [parsed as a duration](https://pkg.go.dev/time#ParseDuration) consisting of numbers and unit suffixes, such as \"30s\" or \"2h45m\". Valid time units are \"s\" (seconds), \"m\" (minutes), \"h\" (hours).","description_kind":"plain","optional":true},"delete":{"type":"string","description":"A string that can be [parsed as a duration](https://pkg.go.dev/time#ParseDuration) consisting of numbers and unit suffixes, such as \"30s\" or \"2h45m\". Valid time units are \"s\" (seconds), \"m\" (minutes), \"h\" (hours). Setting a timeout for a Delete operation is only applicable if changes are saved into state before the destroy operation occurs.","description_kind":"plain","optional":true},"update":{"type":"string","description":"A string that can be [parsed as a duration](https://pkg.go.dev/time#ParseDuration) consisting of numbers and unit suffixes, such as \"30s\" or \"2h45m\". Valid time units are \"s\" (seconds), \"m\" (minutes), \"h\" (hours).","description_kind":"plain","optional":true}},"description_kind":"plain"}}},"description_kind":"plain"}},"linode_domain":{"version":0,"block":{"attributes":{"axfr_ips":{"type":["set","string"],"description":"The list of IPs that may perform a zone transfer for this Domain. This is potentially dangerous, and should be set to an empty list unless you intend to use it.","description_kind":"plain","optional":true},"description":{"type":"string","description":"A description for this Domain. This is for display purposes only.","description_kind":"plain","optional":true},"domain":{"type":"string","description":"The domain this Domain represents. These must be unique in our system; you cannot have two Domains representing the same domain.","description_kind":"plain","required":true},"expire_sec":{"type":"number","description":"The amount of time in seconds that may pass before this Domain is no longer Valid values are 0, 30, 120, 300, 3600, 7200, 14400, 28800, 57600, 86400, 172800, 345600, 604800, 1209600, and 2419200 - any other value will be rounded to the nearest valid value.","description_kind":"plain","optional":true},"id":{"type":"string","description_kind":"plain","optional":true,"computed":true},"master_ips":{"type":["set","string"],"description":"The IP addresses representing the master DNS for this Domain.","description_kind":"plain","optional":true},"refresh_sec":{"type":"number","description":"The amount of time in seconds before this Domain should be refreshed. Valid values are 0, 30, 120, 300, 3600, 7200, 14400, 28800, 57600, 86400, 172800, 345600, 604800, 1209600, and 2419200 - any other value will be rounded to the nearest valid value.","description_kind":"plain","optional":true},"retry_sec":{"type":"number","description":"The interval, in seconds, at which a failed refresh should be retried. Valid values are 0, 30, 120, 300, 3600, 7200, 14400, 28800, 57600, 86400, 172800, 345600, 604800, 1209600, and 2419200 - any other value will be rounded to the nearest valid value.","description_kind":"plain","optional":true},"soa_email":{"type":"string","description":"Start of Authority email address. This is required for master Domains.","description_kind":"plain","optional":true},"status":{"type":"string","description":"Used to control whether this Domain is currently being rendered.","description_kind":"plain","optional":true,"computed":true},"tags":{"type":["set","string"],"description":"An array of tags applied to this object. Tags are for organizational purposes only.","description_kind":"plain","optional":true,"computed":true},"ttl_sec":{"type":"number","description":"'Time to Live' - the amount of time in seconds that this Domain's records may be cached by resolvers or other domain servers. Valid values are 0, 30, 120, 300, 3600, 7200, 14400, 28800, 57600, 86400, 172800, 345600, 604800, 1209600, and 2419200 - any other value will be rounded to the nearest valid value.","description_kind":"plain","optional":true},"type":{"type":"string","description":"If this Domain represents the authoritative source of information for the domain it describes, or if it is a read-only copy of a master (also called a slave).","description_kind":"plain","required":true}},"description_kind":"plain"}},"linode_domain_record":{"version":0,"block":{"attributes":{"domain_id":{"type":"number","description":"The ID of the Domain to access.","description_kind":"plain","required":true},"id":{"type":"string","description_kind":"plain","optional":true,"computed":true},"name":{"type":"string","description":"The name of this Record. This field's actual usage depends on the type of record this represents. For A and AAAA records, this is the subdomain being associated with an IP address. Generated for SRV records.","description_kind":"plain","optional":true,"computed":true},"port":{"type":"number","description":"The port this Record points to.","description_kind":"plain","optional":true},"priority":{"type":"number","description":"The priority of the target host. Lower values are preferred.","description_kind":"plain","optional":true},"protocol":{"type":"string","description":"The protocol this Record's service communicates with. Only valid for SRV records.","description_kind":"plain","optional":true},"record_type":{"type":"string","description":"The type of Record this is in the DNS system. For example, A records associate a domain name with an IPv4 address, and AAAA records associate a domain name with an IPv6 address.","description_kind":"plain","required":true},"service":{"type":"string","description":"The service this Record identified. Only valid for SRV records.","description_kind":"plain","optional":true},"tag":{"type":"string","description":"The tag portion of a CAA record. It is invalid to set this on other record types.","description_kind":"plain","optional":true},"target":{"type":"string","description":"The target for this Record. This field's actual usage depends on the type of record this represents. For A and AAAA records, this is the address the named Domain should resolve to.","description_kind":"plain","required":true},"ttl_sec":{"type":"number","description":"'Time to Live' - the amount of time in seconds that this Domain's records may be cached by resolvers or other domain servers. Valid values are 30, 120, 300, 3600, 7200, 14400, 28800, 57600, 86400, 172800, 345600, 604800, 1209600, and 2419200 - any other value will be rounded to the nearest valid value.","description_kind":"plain","optional":true},"weight":{"type":"number","description":"The relative weight of this Record. Higher values are preferred.","description_kind":"plain","optional":true}},"description_kind":"plain"}},"linode_firewall":{"version":0,"block":{"attributes":{"created":{"type":"string","description":"When this firewall was created","description_kind":"plain","computed":true},"devices":{"type":["list",["object",{"entity_id":"number","id":"number","label":"string","type":"string","url":"string"}]],"description":"The devices associated with this firewall.","description_kind":"plain","computed":true},"disabled":{"type":"bool","description":"If true, the Firewall is inactive.","description_kind":"plain","optional":true,"computed":true},"fingerprint":{"type":"string","description":"The fingerprint of the current Firewall rules.","description_kind":"plain","computed":true},"id":{"type":"string","description":"The unique ID of this Object Storage key.","description_kind":"plain","computed":true},"inbound_policy":{"type":"string","description":"The default behavior for inbound traffic. This setting can be overridden by updating the inbound.action property for an individual Firewall Rule.","description_kind":"plain","required":true},"interfaces":{"type":["set","number"],"description":"The IDs of Linode interfaces to apply this firewall to.","description_kind":"plain","optional":true,"computed":true},"label":{"type":"string","description":"The label for the Firewall. For display purposes only. If no label is provided, a default will be assigned.","description_kind":"plain","required":true},"linodes":{"type":["set","number"],"description":"The IDs of Linodes to apply this firewall to.","description_kind":"plain","optional":true,"computed":true},"nodebalancers":{"type":["set","number"],"description":"The IDs of NodeBalancers to apply this firewall to.","description_kind":"plain","optional":true,"computed":true},"outbound_policy":{"type":"string","description":"The default behavior for outbound traffic. This setting can be overridden by updating the outbound.action property for an individual Firewall Rule.","description_kind":"plain","required":true},"status":{"type":"string","description":"The status of the firewall.","description_kind":"plain","computed":true},"tags":{"type":["set","string"],"description":"An array of tags applied to the firewall. Tags are for organizational purposes only.","description_kind":"plain","optional":true,"computed":true},"updated":{"type":"string","description":"When this firewall was last updated","description_kind":"plain","computed":true},"version":{"type":"number","description":"The current version of the Firewall rules.","description_kind":"plain","computed":true}},"block_types":{"inbound":{"nesting_mode":"list","block":{"attributes":{"action":{"type":"string","description":"Controls whether traffic is accepted or dropped by this rule. Overrides the Firewall's inbound_policy if this is an inbound rule, or the outbound_policy if this is an outbound rule.","description_kind":"plain","required":true},"description":{"type":"string","description":"Used to describe this rule. For display purposes only.","description_kind":"plain","optional":true,"computed":true},"ipv4":{"type":["list","string"],"description":"A list of CIDR blocks or 0.0.0.0/0 (to allow all) this rule applies to.","description_kind":"plain","optional":true},"ipv6":{"type":["list","string"],"description":"A list of IPv6 addresses or networks this rule applies to.","description_kind":"plain","optional":true},"label":{"type":"string","description":"Used to identify this rule. For display purposes only.","description_kind":"plain","required":true},"ports":{"type":"string","description":"A string representation of ports and/or port ranges (i.e. \"443\" or \"80-90, 91\").","description_kind":"plain","optional":true},"protocol":{"type":"string","description":"The network protocol this rule controls. Accepted values are ALL, TCP, UDP, ICMP, IPENCAP, or a protocol number from 0 to 255.","description_kind":"plain","required":true}},"description":"A firewall rule that specifies what inbound network traffic is allowed.","description_kind":"plain"}},"outbound":{"nesting_mode":"list","block":{"attributes":{"action":{"type":"string","description":"Controls whether traffic is accepted or dropped by this rule. Overrides the Firewall's inbound_policy if this is an inbound rule, or the outbound_policy if this is an outbound rule.","description_kind":"plain","required":true},"description":{"type":"string","description":"Used to describe this rule. For display purposes only.","description_kind":"plain","optional":true,"computed":true},"ipv4":{"type":["list","string"],"description":"A list of CIDR blocks or 0.0.0.0/0 (to allow all) this rule applies to.","description_kind":"plain","optional":true},"ipv6":{"type":["list","string"],"description":"A list of IPv6 addresses or networks this rule applies to.","description_kind":"plain","optional":true},"label":{"type":"string","description":"Used to identify this rule. For display purposes only.","description_kind":"plain","required":true},"ports":{"type":"string","description":"A string representation of ports and/or port ranges (i.e. \"443\" or \"80-90, 91\").","description_kind":"plain","optional":true},"protocol":{"type":"string","description":"The network protocol this rule controls. Accepted values are ALL, TCP, UDP, ICMP, IPENCAP, or a protocol number from 0 to 255.","description_kind":"plain","required":true}},"description":"A firewall rule that specifies what outbound network traffic is allowed.","description_kind":"plain"}}},"description_kind":"plain"}},"linode_firewall_device":{"version":0,"block":{"attributes":{"created":{"type":"string","description":"When this Firewall Device was created.","description_kind":"plain","computed":true},"entity_id":{"type":"number","description":"The ID of the entity to create a Firewall device for.","description_kind":"plain","required":true},"entity_type":{"type":"string","description":"The type of the entity to create a Firewall device for.","description_kind":"plain","optional":true,"computed":true},"firewall_id":{"type":"number","description":"The ID of the Firewall to access.","description_kind":"plain","required":true},"id":{"type":"string","description":"The unique ID that represents the firewall device in the Terraform state.","description_kind":"plain","computed":true},"updated":{"type":"string","description":"When this Firewall Device was updated.","description_kind":"plain","computed":true}},"description_kind":"plain"}},"linode_firewall_settings":{"version":0,"block":{"attributes":{"default_firewall_ids":{"nested_type":{"attributes":{"linode":{"type":"number","description":"The Linode's default firewall.","description_kind":"plain","optional":true,"computed":true},"nodebalancer":{"type":"number","description":"The NodeBalancer's default firewall.","description_kind":"plain","optional":true,"computed":true},"public_interface":{"type":"number","description":"The public interface's default firewall.","description_kind":"plain","optional":true,"computed":true},"vpc_interface":{"type":"number","description":"The VPC interface's default firewall.","description_kind":"plain","optional":true,"computed":true}},"nesting_mode":"single"},"description":"The default firewall ID for a linode, nodebalancer, public_interface, or vpc_interface.","description_kind":"plain","optional":true},"id":{"type":"string","description":"A unique identifier for this resource (UUID v7).","description_kind":"plain","computed":true}},"description_kind":"plain"}},"linode_iam_user":{"version":0,"block":{"attributes":{"account_access":{"type":["list","string"],"description":"The user account level access.","description_kind":"plain","optional":true,"computed":true},"entity_access":{"nested_type":{"attributes":{"id":{"type":"number","description":"The ID of the entity.","description_kind":"plain","required":true},"roles":{"type":["list","string"],"description":"The roles for this entity and user.","description_kind":"plain","required":true},"type":{"type":"string","description":"The entity category.","description_kind":"plain","required":true}},"nesting_mode":"list"},"description":"The user entity level access.","description_kind":"plain","optional":true,"computed":true},"username":{"type":"string","description":"The username to work with.","description_kind":"plain","required":true}},"description_kind":"plain"}},"linode_image":{"version":0,"block":{"attributes":{"capabilities":{"type":["list","string"],"description":"The capabilities of this Image.","description_kind":"plain","computed":true},"cloud_init":{"type":"bool","description":"Whether this image supports cloud-init.","description_kind":"plain","optional":true,"computed":true},"created":{"type":"string","description":"When this Image was created.","description_kind":"plain","computed":true},"created_by":{"type":"string","description":"The name of the User who created this Image.","description_kind":"plain","computed":true},"deprecated":{"type":"bool","description":"Whether or not this Image is deprecated. Will only be True for deprecated public Images.","description_kind":"plain","computed":true},"description":{"type":"string","description":"A detailed description of this Image.","description_kind":"plain","optional":true},"disk_id":{"type":"number","description":"The ID of the Linode Disk that this Image will be created from.","description_kind":"plain","optional":true},"expiry":{"type":"string","description":"Only Images created automatically (from a deleted Linode; type=automatic) will expire.","description_kind":"plain","computed":true},"file_hash":{"type":"string","description":"The MD5 hash of the image file.","description_kind":"plain","optional":true},"file_path":{"type":"string","description":"The name of the file to upload to this image.","description_kind":"plain","optional":true},"id":{"type":"string","description":"The ID of the Linode image.","description_kind":"plain","computed":true},"image_sharing":{"nested_type":{"attributes":{"shared_by":{"nested_type":{"attributes":{"sharegroup_id":{"type":"number","description":"The sharegroup_id from the im_ImageShare row.","description_kind":"plain","computed":true},"sharegroup_label":{"type":"string","description":"The label from the associated im_ImageShareGroup row.","description_kind":"plain","computed":true},"sharegroup_uuid":{"type":"string","description":"The sharegroup_uuid from the im_ImageShare row.","description_kind":"plain","computed":true},"source_image_id":{"type":"string","description":"The image id of the base image (will only be shown to producers, will be null for consumers).","description_kind":"plain","computed":true}},"nesting_mode":"single"},"description_kind":"plain","computed":true},"shared_with":{"nested_type":{"attributes":{"sharegroup_count":{"type":"number","description":"The number of sharegroups the private image is present in.","description_kind":"plain","computed":true},"sharegroup_list_url":{"type":"string","description":"The GET api url to view the sharegroups in which the image is shared.","description_kind":"plain","computed":true}},"nesting_mode":"single"},"description_kind":"plain","computed":true}},"nesting_mode":"single"},"description":"Details about image sharing, including who the image is shared with and by.","description_kind":"plain","computed":true},"is_public":{"type":"bool","description":"True if the Image is public.","description_kind":"plain","computed":true},"is_shared":{"type":"bool","description":"True if the Image is shared.","description_kind":"plain","computed":true},"label":{"type":"string","description":"A short description of the Image. Labels cannot contain special characters.","description_kind":"plain","required":true},"linode_id":{"type":"number","description":"The ID of the Linode that this Image will be created from.","description_kind":"plain","optional":true},"region":{"type":"string","description":"The region to upload to.","description_kind":"plain","optional":true},"replica_regions":{"type":["list","string"],"description":"A list of regions that customer wants to replicate this image in. At least one available region is required and only core regions allowed. Existing images in the regions not passed will be removed.","description_kind":"plain","optional":true},"replications":{"type":["list",["object",{"region":"string","status":"string"}]],"description":"A list of image replications region and corresponding status.","description_kind":"plain","computed":true},"size":{"type":"number","description":"The minimum size this Image needs to deploy. Size is in MB.","description_kind":"plain","computed":true},"status":{"type":"string","description":"The current status of this Image.","description_kind":"plain","computed":true},"tags":{"type":["list","string"],"description":"The customized tags for the image.","description_kind":"plain","optional":true,"computed":true},"total_size":{"type":"number","description":"The total size of the image in all available regions.","description_kind":"plain","computed":true},"type":{"type":"string","description":"How the Image was created. 'Manual' Images can be created at any time. 'Automatic' images are created automatically from a deleted Linode.","description_kind":"plain","computed":true},"vendor":{"type":"string","description":"The upstream distribution vendor. Nil for private Images.","description_kind":"plain","computed":true},"wait_for_replications":{"type":"bool","description":"Whether to wait for all image replications become `available`.","description_kind":"plain","optional":true,"computed":true}},"block_types":{"timeouts":{"nesting_mode":"single","block":{"attributes":{"create":{"type":"string","description":"A string that can be [parsed as a duration](https://pkg.go.dev/time#ParseDuration) consisting of numbers and unit suffixes, such as \"30s\" or \"2h45m\". Valid time units are \"s\" (seconds), \"m\" (minutes), \"h\" (hours).","description_kind":"plain","optional":true}},"description_kind":"plain"}}},"description_kind":"plain"}},"linode_instance":{"version":0,"block":{"attributes":{"authorized_keys":{"type":["list","string"],"description":"A list of SSH public keys to deploy for the root user on the newly created Linode. When `image` is provided, at least one of `root_pass`, `authorized_keys`, or `authorized_users` must be specified.","description_kind":"plain","optional":true},"authorized_users":{"type":["list","string"],"description":"A list of Linode usernames. If the usernames have associated SSH keys, the keys will be appended to the `root` user's `~/.ssh/authorized_keys` file automatically. When `image` is provided, at least one of `root_pass`, `authorized_keys`, or `authorized_users` must be specified.","description_kind":"plain","optional":true},"backup_id":{"type":"number","description":"A Backup ID from another Linode's available backups. Your User must have read_write access to that Linode, the Backup must have a status of successful, and the Linode must be deployed to the same region as the Backup. See /linode/instances/{linodeId}/backups for a Linode's available backups. This field and the image field are mutually exclusive.","description_kind":"plain","optional":true},"backups":{"type":["list",["object",{"available":"bool","enabled":"bool","schedule":["list",["object",{"day":"string","window":"string"}]]}]],"description":"Information about this Linode's backups status.","description_kind":"plain","computed":true},"backups_enabled":{"type":"bool","description":"If this field is set to true, the created Linode will automatically be enrolled in the Linode Backup service. This will incur an additional charge. The cost for the Backup service is dependent on the Type of Linode deployed.","description_kind":"plain","optional":true,"computed":true},"boot_config_label":{"type":"string","description":"The Label of the Instance Config that should be used to boot the Linode instance.","description_kind":"plain","optional":true,"computed":true},"boot_size":{"type":"number","description":"The size of the boot disk in MB for the newly-created Linode. Must be at least 8192 MB. The combined boot_size and swap_size must not exceed the total disk size provided by the instance's plan.","description_kind":"plain","optional":true},"booted":{"type":"bool","description_kind":"plain","optional":true,"computed":true},"capabilities":{"type":["set","string"],"description":"A list of capabilities of this Linode instance.","description_kind":"plain","computed":true},"disk_encryption":{"type":"string","description":"The disk encryption policy for this Instance.","description_kind":"plain","optional":true,"computed":true},"firewall_id":{"type":"number","description":"The ID of the firewall applied to the Linode instance during creation.","description_kind":"plain","optional":true},"has_user_data":{"type":"bool","description":"Whether or not this Instance was created with user-data.","description_kind":"plain","computed":true},"host_uuid":{"type":"string","description":"The Linode’s host machine, as a UUID.","description_kind":"plain","computed":true},"id":{"type":"string","description_kind":"plain","optional":true,"computed":true},"image":{"type":"string","description":"An Image ID to deploy the Disk from. Official Linode Images start with linode/, while your Images start with private/. See /images for more information on the Images available for you to use.","description_kind":"plain","optional":true},"interface_generation":{"type":"string","description":"Specifies the interface type for the Linode. The default value is determined by the interfaces_for_new_linodes setting in the account settings. If the interface_generation option is set to linode, legacy configuration interfaces can no longer be used on the Linode.","description_kind":"plain","optional":true,"computed":true},"ip_address":{"type":"string","description":"This Linode's Public IPv4 Address. If there are multiple public IPv4 addresses on this Instance, an arbitrary address will be used for this field.","description_kind":"plain","deprecated":true,"computed":true},"ipv4":{"type":["set","string"],"description":"This Linode's IPv4 Addresses. Each Linode is assigned a single public IPv4 address upon creation, and may get a single private IPv4 address if needed. You could pass a reserved IPv4 address here to create a linode with a particular reserved IP address. You may need to open a support ticket to get additional IPv4 addresses.","description_kind":"plain","optional":true,"computed":true},"ipv6":{"type":"string","description":"This Linode's IPv6 SLAAC addresses. This address is specific to a Linode, and may not be shared.","description_kind":"plain","computed":true},"kernel":{"type":"string","description":"The kernel to deploy with when creating a Linode. Example values are `linode/latest-64bit`, `linode/grub2`,  etc. See all kernels [here](https://api.linode.com/v4/linode/kernels).","description_kind":"plain","optional":true},"label":{"type":"string","description":"The Linode's label is for display purposes only. If no label is provided for a Linode, a default will be assigned","description_kind":"plain","optional":true,"computed":true},"lke_cluster_id":{"type":"number","description":"If applicable, the ID of the LKE cluster this Instance is a node of.","description_kind":"plain","computed":true},"locks":{"type":["set","string"],"description":"A list of locks applied to this Linode.","description_kind":"plain","computed":true},"maintenance_policy":{"type":"string","description":"This is the maintenance type of the Linode instance. If not provided, the default policy of the account will be applied.","description_kind":"plain","optional":true,"computed":true},"migration_type":{"type":"string","description":"The type of migration to use for resize and migration operations.","description_kind":"plain","optional":true},"network_helper":{"type":"bool","description":"Whether Network Helper should be enabled for this instance.","description_kind":"plain","optional":true},"placement_group_externally_managed":{"type":"bool","description":"If true, this placement group's assignment is externally managed and will NOT be updated by this resource.","description_kind":"plain","optional":true},"private_ip":{"type":"bool","description":"If true, the created Linode will have private networking enabled, allowing use of the 192.168.128.0/17 network within the Linode's region.","description_kind":"plain","optional":true},"private_ip_address":{"type":"string","description":"This Linode's Private IPv4 Address.  The regional private IP address range is 192.168.128/17 address shared by all Linode Instances in a region.","description_kind":"plain","computed":true},"region":{"type":"string","description":"This is the location where the Linode was deployed. This cannot be changed without opening a support ticket.","description_kind":"plain","required":true},"resize_disk":{"type":"bool","description":"If true, changes in Linode type will attempt to upsize or downsize implicitly created disks. This must be false if explicit disks are defined. This is an irreversible action as Linode disks cannot be automatically downsized.","description_kind":"plain","optional":true},"root_pass":{"type":"string","description":"The password that will be initially assigned to the 'root' user account. When `image` is provided, at least one of `root_pass`, `authorized_keys`, or `authorized_users` must be specified.","description_kind":"plain","optional":true,"sensitive":true},"shared_ipv4":{"type":["set","string"],"description":"A set of IPv4 addresses to share with this Linode.","description_kind":"plain","optional":true,"computed":true},"specs":{"type":["list",["object",{"accelerated_devices":"number","disk":"number","gpus":"number","memory":"number","transfer":"number","vcpus":"number"}]],"description":"Information about the resources available to this Linode.","description_kind":"plain","computed":true},"stackscript_data":{"type":["map","string"],"description":"An object containing responses to any User Defined Fields present in the StackScript being deployed to this Linode. Only accepted if 'stackscript_id' is given. The required values depend on the StackScript being deployed.","description_kind":"plain","optional":true,"sensitive":true},"stackscript_id":{"type":"number","description":"The StackScript to deploy to the newly created Linode. If provided, 'image' must also be provided, and must be an Image that is compatible with this StackScript.","description_kind":"plain","optional":true},"status":{"type":"string","description":"The status of the instance, indicating the current readiness state.","description_kind":"plain","computed":true},"swap_size":{"type":"number","description":"When deploying from an Image, this field is optional with a Linode API default of 512mb, otherwise it is ignored. This is used to set the swap disk size for the newly-created Linode.","description_kind":"plain","optional":true,"computed":true},"tags":{"type":["set","string"],"description":"An array of tags applied to this object. Tags are for organizational purposes only.","description_kind":"plain","optional":true,"computed":true},"type":{"type":"string","description":"The type of instance to be deployed, determining the price and size.","description_kind":"plain","optional":true},"watchdog_enabled":{"type":"bool","description":"The watchdog, named Lassie, is a Shutdown Watchdog that monitors your Linode and will reboot it if it powers off unexpectedly. It works by issuing a boot job when your Linode powers off without a shutdown job being responsible. To prevent a loop, Lassie will give up if there have been more than 5 boot jobs issued within 15 minutes.","description_kind":"plain","optional":true}},"block_types":{"alerts":{"nesting_mode":"list","block":{"attributes":{"cpu":{"type":"number","description":"The percentage of CPU usage required to trigger an alert. If the average CPU usage over two hours exceeds this value, we'll send you an alert. If this is set to 0, the alert is disabled.","description_kind":"plain","optional":true,"computed":true},"io":{"type":"number","description":"The amount of disk IO operation per second required to trigger an alert. If the average disk IO over two hours exceeds this value, we'll send you an alert. If set to 0, this alert is disabled.","description_kind":"plain","optional":true,"computed":true},"network_in":{"type":"number","description":"The amount of incoming traffic, in Mbit/s, required to trigger an alert. If the average incoming traffic over two hours exceeds this value, we'll send you an alert. If this is set to 0 (zero), the alert is disabled.","description_kind":"plain","optional":true,"computed":true},"network_out":{"type":"number","description":"The amount of outbound traffic, in Mbit/s, required to trigger an alert. If the average outbound traffic over two hours exceeds this value, we'll send you an alert. If this is set to 0 (zero), the alert is disabled.","description_kind":"plain","optional":true,"computed":true},"transfer_quota":{"type":"number","description":"The percentage of network transfer that may be used before an alert is triggered. When this value is exceeded, we'll alert you. If this is set to 0 (zero), the alert is disabled.","description_kind":"plain","optional":true,"computed":true}},"description":"Configuration options for alert triggers on this Linode.","description_kind":"plain"},"max_items":1},"config":{"nesting_mode":"list","block":{"attributes":{"comments":{"type":"string","description":"Optional field for arbitrary User comments on this Config.","description_kind":"plain","optional":true},"id":{"type":"number","description":"The unique ID of this Config.","description_kind":"plain","computed":true},"kernel":{"type":"string","description":"A Kernel ID to boot a Linode with. Default is based on image choice. (examples: linode/latest-64bit, linode/grub2, linode/direct-disk)","description_kind":"plain","optional":true,"computed":true},"label":{"type":"string","description":"The Config's label for display purposes.  Also used by `boot_config_label`.","description_kind":"plain","required":true},"memory_limit":{"type":"number","description":"Defaults to the total RAM of the Linode","description_kind":"plain","optional":true},"root_device":{"type":"string","description":"The root device to boot. The corresponding disk must be attached.","description_kind":"plain","optional":true,"computed":true},"run_level":{"type":"string","description":"Defines the state of your Linode after booting. Defaults to default.","description_kind":"plain","optional":true},"virt_mode":{"type":"string","description":"Controls the virtualization mode. Defaults to paravirt.","description_kind":"plain","optional":true}},"block_types":{"devices":{"nesting_mode":"list","block":{"block_types":{"sda":{"nesting_mode":"list","block":{"attributes":{"disk_id":{"type":"number","description":"The Disk ID to map to this disk slot","description_kind":"plain","optional":true,"computed":true},"disk_label":{"type":"string","description":"The `label` of the `disk` to map to this `device` slot.","description_kind":"plain","optional":true},"volume_id":{"type":"number","description":"The Block Storage volume ID to map to this disk slot","description_kind":"plain","optional":true}},"description":"Device can be either a Disk or Volume identified by disk_id or volume_id. Only one type per slot allowed.","description_kind":"plain"},"max_items":1},"sdaa":{"nesting_mode":"list","block":{"attributes":{"disk_id":{"type":"number","description":"The Disk ID to map to this disk slot","description_kind":"plain","optional":true,"computed":true},"disk_label":{"type":"string","description":"The `label` of the `disk` to map to this `device` slot.","description_kind":"plain","optional":true},"volume_id":{"type":"number","description":"The Block Storage volume ID to map to this disk slot","description_kind":"plain","optional":true}},"description":"Device can be either a Disk or Volume identified by disk_id or volume_id. Only one type per slot allowed.","description_kind":"plain"},"max_items":1},"sdab":{"nesting_mode":"list","block":{"attributes":{"disk_id":{"type":"number","description":"The Disk ID to map to this disk slot","description_kind":"plain","optional":true,"computed":true},"disk_label":{"type":"string","description":"The `label` of the `disk` to map to this `device` slot.","description_kind":"plain","optional":true},"volume_id":{"type":"number","description":"The Block Storage volume ID to map to this disk slot","description_kind":"plain","optional":true}},"description":"Device can be either a Disk or Volume identified by disk_id or volume_id. Only one type per slot allowed.","description_kind":"plain"},"max_items":1},"sdac":{"nesting_mode":"list","block":{"attributes":{"disk_id":{"type":"number","description":"The Disk ID to map to this disk slot","description_kind":"plain","optional":true,"computed":true},"disk_label":{"type":"string","description":"The `label` of the `disk` to map to this `device` slot.","description_kind":"plain","optional":true},"volume_id":{"type":"number","description":"The Block Storage volume ID to map to this disk slot","description_kind":"plain","optional":true}},"description":"Device can be either a Disk or Volume identified by disk_id or volume_id. Only one type per slot allowed.","description_kind":"plain"},"max_items":1},"sdad":{"nesting_mode":"list","block":{"attributes":{"disk_id":{"type":"number","description":"The Disk ID to map to this disk slot","description_kind":"plain","optional":true,"computed":true},"disk_label":{"type":"string","description":"The `label` of the `disk` to map to this `device` slot.","description_kind":"plain","optional":true},"volume_id":{"type":"number","description":"The Block Storage volume ID to map to this disk slot","description_kind":"plain","optional":true}},"description":"Device can be either a Disk or Volume identified by disk_id or volume_id. Only one type per slot allowed.","description_kind":"plain"},"max_items":1},"sdae":{"nesting_mode":"list","block":{"attributes":{"disk_id":{"type":"number","description":"The Disk ID to map to this disk slot","description_kind":"plain","optional":true,"computed":true},"disk_label":{"type":"string","description":"The `label` of the `disk` to map to this `device` slot.","description_kind":"plain","optional":true},"volume_id":{"type":"number","description":"The Block Storage volume ID to map to this disk slot","description_kind":"plain","optional":true}},"description":"Device can be either a Disk or Volume identified by disk_id or volume_id. Only one type per slot allowed.","description_kind":"plain"},"max_items":1},"sdaf":{"nesting_mode":"list","block":{"attributes":{"disk_id":{"type":"number","description":"The Disk ID to map to this disk slot","description_kind":"plain","optional":true,"computed":true},"disk_label":{"type":"string","description":"The `label` of the `disk` to map to this `device` slot.","description_kind":"plain","optional":true},"volume_id":{"type":"number","description":"The Block Storage volume ID to map to this disk slot","description_kind":"plain","optional":true}},"description":"Device can be either a Disk or Volume identified by disk_id or volume_id. Only one type per slot allowed.","description_kind":"plain"},"max_items":1},"sdag":{"nesting_mode":"list","block":{"attributes":{"disk_id":{"type":"number","description":"The Disk ID to map to this disk slot","description_kind":"plain","optional":true,"computed":true},"disk_label":{"type":"string","description":"The `label` of the `disk` to map to this `device` slot.","description_kind":"plain","optional":true},"volume_id":{"type":"number","description":"The Block Storage volume ID to map to this disk slot","description_kind":"plain","optional":true}},"description":"Device can be either a Disk or Volume identified by disk_id or volume_id. Only one type per slot allowed.","description_kind":"plain"},"max_items":1},"sdah":{"nesting_mode":"list","block":{"attributes":{"disk_id":{"type":"number","description":"The Disk ID to map to this disk slot","description_kind":"plain","optional":true,"computed":true},"disk_label":{"type":"string","description":"The `label` of the `disk` to map to this `device` slot.","description_kind":"plain","optional":true},"volume_id":{"type":"number","description":"The Block Storage volume ID to map to this disk slot","description_kind":"plain","optional":true}},"description":"Device can be either a Disk or Volume identified by disk_id or volume_id. Only one type per slot allowed.","description_kind":"plain"},"max_items":1},"sdai":{"nesting_mode":"list","block":{"attributes":{"disk_id":{"type":"number","description":"The Disk ID to map to this disk slot","description_kind":"plain","optional":true,"computed":true},"disk_label":{"type":"string","description":"The `label` of the `disk` to map to this `device` slot.","description_kind":"plain","optional":true},"volume_id":{"type":"number","description":"The Block Storage volume ID to map to this disk slot","description_kind":"plain","optional":true}},"description":"Device can be either a Disk or Volume identified by disk_id or volume_id. Only one type per slot allowed.","description_kind":"plain"},"max_items":1},"sdaj":{"nesting_mode":"list","block":{"attributes":{"disk_id":{"type":"number","description":"The Disk ID to map to this disk slot","description_kind":"plain","optional":true,"computed":true},"disk_label":{"type":"string","description":"The `label` of the `disk` to map to this `device` slot.","description_kind":"plain","optional":true},"volume_id":{"type":"number","description":"The Block Storage volume ID to map to this disk slot","description_kind":"plain","optional":true}},"description":"Device can be either a Disk or Volume identified by disk_id or volume_id. Only one type per slot allowed.","description_kind":"plain"},"max_items":1},"sdak":{"nesting_mode":"list","block":{"attributes":{"disk_id":{"type":"number","description":"The Disk ID to map to this disk slot","description_kind":"plain","optional":true,"computed":true},"disk_label":{"type":"string","description":"The `label` of the `disk` to map to this `device` slot.","description_kind":"plain","optional":true},"volume_id":{"type":"number","description":"The Block Storage volume ID to map to this disk slot","description_kind":"plain","optional":true}},"description":"Device can be either a Disk or Volume identified by disk_id or volume_id. Only one type per slot allowed.","description_kind":"plain"},"max_items":1},"sdal":{"nesting_mode":"list","block":{"attributes":{"disk_id":{"type":"number","description":"The Disk ID to map to this disk slot","description_kind":"plain","optional":true,"computed":true},"disk_label":{"type":"string","description":"The `label` of the `disk` to map to this `device` slot.","description_kind":"plain","optional":true},"volume_id":{"type":"number","description":"The Block Storage volume ID to map to this disk slot","description_kind":"plain","optional":true}},"description":"Device can be either a Disk or Volume identified by disk_id or volume_id. Only one type per slot allowed.","description_kind":"plain"},"max_items":1},"sdam":{"nesting_mode":"list","block":{"attributes":{"disk_id":{"type":"number","description":"The Disk ID to map to this disk slot","description_kind":"plain","optional":true,"computed":true},"disk_label":{"type":"string","description":"The `label` of the `disk` to map to this `device` slot.","description_kind":"plain","optional":true},"volume_id":{"type":"number","description":"The Block Storage volume ID to map to this disk slot","description_kind":"plain","optional":true}},"description":"Device can be either a Disk or Volume identified by disk_id or volume_id. Only one type per slot allowed.","description_kind":"plain"},"max_items":1},"sdan":{"nesting_mode":"list","block":{"attributes":{"disk_id":{"type":"number","description":"The Disk ID to map to this disk slot","description_kind":"plain","optional":true,"computed":true},"disk_label":{"type":"string","description":"The `label` of the `disk` to map to this `device` slot.","description_kind":"plain","optional":true},"volume_id":{"type":"number","description":"The Block Storage volume ID to map to this disk slot","description_kind":"plain","optional":true}},"description":"Device can be either a Disk or Volume identified by disk_id or volume_id. Only one type per slot allowed.","description_kind":"plain"},"max_items":1},"sdao":{"nesting_mode":"list","block":{"attributes":{"disk_id":{"type":"number","description":"The Disk ID to map to this disk slot","description_kind":"plain","optional":true,"computed":true},"disk_label":{"type":"string","description":"The `label` of the `disk` to map to this `device` slot.","description_kind":"plain","optional":true},"volume_id":{"type":"number","description":"The Block Storage volume ID to map to this disk slot","description_kind":"plain","optional":true}},"description":"Device can be either a Disk or Volume identified by disk_id or volume_id. Only one type per slot allowed.","description_kind":"plain"},"max_items":1},"sdap":{"nesting_mode":"list","block":{"attributes":{"disk_id":{"type":"number","description":"The Disk ID to map to this disk slot","description_kind":"plain","optional":true,"computed":true},"disk_label":{"type":"string","description":"The `label` of the `disk` to map to this `device` slot.","description_kind":"plain","optional":true},"volume_id":{"type":"number","description":"The Block Storage volume ID to map to this disk slot","description_kind":"plain","optional":true}},"description":"Device can be either a Disk or Volume identified by disk_id or volume_id. Only one type per slot allowed.","description_kind":"plain"},"max_items":1},"sdaq":{"nesting_mode":"list","block":{"attributes":{"disk_id":{"type":"number","description":"The Disk ID to map to this disk slot","description_kind":"plain","optional":true,"computed":true},"disk_label":{"type":"string","description":"The `label` of the `disk` to map to this `device` slot.","description_kind":"plain","optional":true},"volume_id":{"type":"number","description":"The Block Storage volume ID to map to this disk slot","description_kind":"plain","optional":true}},"description":"Device can be either a Disk or Volume identified by disk_id or volume_id. Only one type per slot allowed.","description_kind":"plain"},"max_items":1},"sdar":{"nesting_mode":"list","block":{"attributes":{"disk_id":{"type":"number","description":"The Disk ID to map to this disk slot","description_kind":"plain","optional":true,"computed":true},"disk_label":{"type":"string","description":"The `label` of the `disk` to map to this `device` slot.","description_kind":"plain","optional":true},"volume_id":{"type":"number","description":"The Block Storage volume ID to map to this disk slot","description_kind":"plain","optional":true}},"description":"Device can be either a Disk or Volume identified by disk_id or volume_id. Only one type per slot allowed.","description_kind":"plain"},"max_items":1},"sdas":{"nesting_mode":"list","block":{"attributes":{"disk_id":{"type":"number","description":"The Disk ID to map to this disk slot","description_kind":"plain","optional":true,"computed":true},"disk_label":{"type":"string","description":"The `label` of the `disk` to map to this `device` slot.","description_kind":"plain","optional":true},"volume_id":{"type":"number","description":"The Block Storage volume ID to map to this disk slot","description_kind":"plain","optional":true}},"description":"Device can be either a Disk or Volume identified by disk_id or volume_id. Only one type per slot allowed.","description_kind":"plain"},"max_items":1},"sdat":{"nesting_mode":"list","block":{"attributes":{"disk_id":{"type":"number","description":"The Disk ID to map to this disk slot","description_kind":"plain","optional":true,"computed":true},"disk_label":{"type":"string","description":"The `label` of the `disk` to map to this `device` slot.","description_kind":"plain","optional":true},"volume_id":{"type":"number","description":"The Block Storage volume ID to map to this disk slot","description_kind":"plain","optional":true}},"description":"Device can be either a Disk or Volume identified by disk_id or volume_id. Only one type per slot allowed.","description_kind":"plain"},"max_items":1},"sdau":{"nesting_mode":"list","block":{"attributes":{"disk_id":{"type":"number","description":"The Disk ID to map to this disk slot","description_kind":"plain","optional":true,"computed":true},"disk_label":{"type":"string","description":"The `label` of the `disk` to map to this `device` slot.","description_kind":"plain","optional":true},"volume_id":{"type":"number","description":"The Block Storage volume ID to map to this disk slot","description_kind":"plain","optional":true}},"description":"Device can be either a Disk or Volume identified by disk_id or volume_id. Only one type per slot allowed.","description_kind":"plain"},"max_items":1},"sdav":{"nesting_mode":"list","block":{"attributes":{"disk_id":{"type":"number","description":"The Disk ID to map to this disk slot","description_kind":"plain","optional":true,"computed":true},"disk_label":{"type":"string","description":"The `label` of the `disk` to map to this `device` slot.","description_kind":"plain","optional":true},"volume_id":{"type":"number","description":"The Block Storage volume ID to map to this disk slot","description_kind":"plain","optional":true}},"description":"Device can be either a Disk or Volume identified by disk_id or volume_id. Only one type per slot allowed.","description_kind":"plain"},"max_items":1},"sdaw":{"nesting_mode":"list","block":{"attributes":{"disk_id":{"type":"number","description":"The Disk ID to map to this disk slot","description_kind":"plain","optional":true,"computed":true},"disk_label":{"type":"string","description":"The `label` of the `disk` to map to this `device` slot.","description_kind":"plain","optional":true},"volume_id":{"type":"number","description":"The Block Storage volume ID to map to this disk slot","description_kind":"plain","optional":true}},"description":"Device can be either a Disk or Volume identified by disk_id or volume_id. Only one type per slot allowed.","description_kind":"plain"},"max_items":1},"sdax":{"nesting_mode":"list","block":{"attributes":{"disk_id":{"type":"number","description":"The Disk ID to map to this disk slot","description_kind":"plain","optional":true,"computed":true},"disk_label":{"type":"string","description":"The `label` of the `disk` to map to this `device` slot.","description_kind":"plain","optional":true},"volume_id":{"type":"number","description":"The Block Storage volume ID to map to this disk slot","description_kind":"plain","optional":true}},"description":"Device can be either a Disk or Volume identified by disk_id or volume_id. Only one type per slot allowed.","description_kind":"plain"},"max_items":1},"sday":{"nesting_mode":"list","block":{"attributes":{"disk_id":{"type":"number","description":"The Disk ID to map to this disk slot","description_kind":"plain","optional":true,"computed":true},"disk_label":{"type":"string","description":"The `label` of the `disk` to map to this `device` slot.","description_kind":"plain","optional":true},"volume_id":{"type":"number","description":"The Block Storage volume ID to map to this disk slot","description_kind":"plain","optional":true}},"description":"Device can be either a Disk or Volume identified by disk_id or volume_id. Only one type per slot allowed.","description_kind":"plain"},"max_items":1},"sdaz":{"nesting_mode":"list","block":{"attributes":{"disk_id":{"type":"number","description":"The Disk ID to map to this disk slot","description_kind":"plain","optional":true,"computed":true},"disk_label":{"type":"string","description":"The `label` of the `disk` to map to this `device` slot.","description_kind":"plain","optional":true},"volume_id":{"type":"number","description":"The Block Storage volume ID to map to this disk slot","description_kind":"plain","optional":true}},"description":"Device can be either a Disk or Volume identified by disk_id or volume_id. Only one type per slot allowed.","description_kind":"plain"},"max_items":1},"sdb":{"nesting_mode":"list","block":{"attributes":{"disk_id":{"type":"number","description":"The Disk ID to map to this disk slot","description_kind":"plain","optional":true,"computed":true},"disk_label":{"type":"string","description":"The `label` of the `disk` to map to this `device` slot.","description_kind":"plain","optional":true},"volume_id":{"type":"number","description":"The Block Storage volume ID to map to this disk slot","description_kind":"plain","optional":true}},"description":"Device can be either a Disk or Volume identified by disk_id or volume_id. Only one type per slot allowed.","description_kind":"plain"},"max_items":1},"sdba":{"nesting_mode":"list","block":{"attributes":{"disk_id":{"type":"number","description":"The Disk ID to map to this disk slot","description_kind":"plain","optional":true,"computed":true},"disk_label":{"type":"string","description":"The `label` of the `disk` to map to this `device` slot.","description_kind":"plain","optional":true},"volume_id":{"type":"number","description":"The Block Storage volume ID to map to this disk slot","description_kind":"plain","optional":true}},"description":"Device can be either a Disk or Volume identified by disk_id or volume_id. Only one type per slot allowed.","description_kind":"plain"},"max_items":1},"sdbb":{"nesting_mode":"list","block":{"attributes":{"disk_id":{"type":"number","description":"The Disk ID to map to this disk slot","description_kind":"plain","optional":true,"computed":true},"disk_label":{"type":"string","description":"The `label` of the `disk` to map to this `device` slot.","description_kind":"plain","optional":true},"volume_id":{"type":"number","description":"The Block Storage volume ID to map to this disk slot","description_kind":"plain","optional":true}},"description":"Device can be either a Disk or Volume identified by disk_id or volume_id. Only one type per slot allowed.","description_kind":"plain"},"max_items":1},"sdbc":{"nesting_mode":"list","block":{"attributes":{"disk_id":{"type":"number","description":"The Disk ID to map to this disk slot","description_kind":"plain","optional":true,"computed":true},"disk_label":{"type":"string","description":"The `label` of the `disk` to map to this `device` slot.","description_kind":"plain","optional":true},"volume_id":{"type":"number","description":"The Block Storage volume ID to map to this disk slot","description_kind":"plain","optional":true}},"description":"Device can be either a Disk or Volume identified by disk_id or volume_id. Only one type per slot allowed.","description_kind":"plain"},"max_items":1},"sdbd":{"nesting_mode":"list","block":{"attributes":{"disk_id":{"type":"number","description":"The Disk ID to map to this disk slot","description_kind":"plain","optional":true,"computed":true},"disk_label":{"type":"string","description":"The `label` of the `disk` to map to this `device` slot.","description_kind":"plain","optional":true},"volume_id":{"type":"number","description":"The Block Storage volume ID to map to this disk slot","description_kind":"plain","optional":true}},"description":"Device can be either a Disk or Volume identified by disk_id or volume_id. Only one type per slot allowed.","description_kind":"plain"},"max_items":1},"sdbe":{"nesting_mode":"list","block":{"attributes":{"disk_id":{"type":"number","description":"The Disk ID to map to this disk slot","description_kind":"plain","optional":true,"computed":true},"disk_label":{"type":"string","description":"The `label` of the `disk` to map to this `device` slot.","description_kind":"plain","optional":true},"volume_id":{"type":"number","description":"The Block Storage volume ID to map to this disk slot","description_kind":"plain","optional":true}},"description":"Device can be either a Disk or Volume identified by disk_id or volume_id. Only one type per slot allowed.","description_kind":"plain"},"max_items":1},"sdbf":{"nesting_mode":"list","block":{"attributes":{"disk_id":{"type":"number","description":"The Disk ID to map to this disk slot","description_kind":"plain","optional":true,"computed":true},"disk_label":{"type":"string","description":"The `label` of the `disk` to map to this `device` slot.","description_kind":"plain","optional":true},"volume_id":{"type":"number","description":"The Block Storage volume ID to map to this disk slot","description_kind":"plain","optional":true}},"description":"Device can be either a Disk or Volume identified by disk_id or volume_id. Only one type per slot allowed.","description_kind":"plain"},"max_items":1},"sdbg":{"nesting_mode":"list","block":{"attributes":{"disk_id":{"type":"number","description":"The Disk ID to map to this disk slot","description_kind":"plain","optional":true,"computed":true},"disk_label":{"type":"string","description":"The `label` of the `disk` to map to this `device` slot.","description_kind":"plain","optional":true},"volume_id":{"type":"number","description":"The Block Storage volume ID to map to this disk slot","description_kind":"plain","optional":true}},"description":"Device can be either a Disk or Volume identified by disk_id or volume_id. Only one type per slot allowed.","description_kind":"plain"},"max_items":1},"sdbh":{"nesting_mode":"list","block":{"attributes":{"disk_id":{"type":"number","description":"The Disk ID to map to this disk slot","description_kind":"plain","optional":true,"computed":true},"disk_label":{"type":"string","description":"The `label` of the `disk` to map to this `device` slot.","description_kind":"plain","optional":true},"volume_id":{"type":"number","description":"The Block Storage volume ID to map to this disk slot","description_kind":"plain","optional":true}},"description":"Device can be either a Disk or Volume identified by disk_id or volume_id. Only one type per slot allowed.","description_kind":"plain"},"max_items":1},"sdbi":{"nesting_mode":"list","block":{"attributes":{"disk_id":{"type":"number","description":"The Disk ID to map to this disk slot","description_kind":"plain","optional":true,"computed":true},"disk_label":{"type":"string","description":"The `label` of the `disk` to map to this `device` slot.","description_kind":"plain","optional":true},"volume_id":{"type":"number","description":"The Block Storage volume ID to map to this disk slot","description_kind":"plain","optional":true}},"description":"Device can be either a Disk or Volume identified by disk_id or volume_id. Only one type per slot allowed.","description_kind":"plain"},"max_items":1},"sdbj":{"nesting_mode":"list","block":{"attributes":{"disk_id":{"type":"number","description":"The Disk ID to map to this disk slot","description_kind":"plain","optional":true,"computed":true},"disk_label":{"type":"string","description":"The `label` of the `disk` to map to this `device` slot.","description_kind":"plain","optional":true},"volume_id":{"type":"number","description":"The Block Storage volume ID to map to this disk slot","description_kind":"plain","optional":true}},"description":"Device can be either a Disk or Volume identified by disk_id or volume_id. Only one type per slot allowed.","description_kind":"plain"},"max_items":1},"sdbk":{"nesting_mode":"list","block":{"attributes":{"disk_id":{"type":"number","description":"The Disk ID to map to this disk slot","description_kind":"plain","optional":true,"computed":true},"disk_label":{"type":"string","description":"The `label` of the `disk` to map to this `device` slot.","description_kind":"plain","optional":true},"volume_id":{"type":"number","description":"The Block Storage volume ID to map to this disk slot","description_kind":"plain","optional":true}},"description":"Device can be either a Disk or Volume identified by disk_id or volume_id. Only one type per slot allowed.","description_kind":"plain"},"max_items":1},"sdbl":{"nesting_mode":"list","block":{"attributes":{"disk_id":{"type":"number","description":"The Disk ID to map to this disk slot","description_kind":"plain","optional":true,"computed":true},"disk_label":{"type":"string","description":"The `label` of the `disk` to map to this `device` slot.","description_kind":"plain","optional":true},"volume_id":{"type":"number","description":"The Block Storage volume ID to map to this disk slot","description_kind":"plain","optional":true}},"description":"Device can be either a Disk or Volume identified by disk_id or volume_id. Only one type per slot allowed.","description_kind":"plain"},"max_items":1},"sdc":{"nesting_mode":"list","block":{"attributes":{"disk_id":{"type":"number","description":"The Disk ID to map to this disk slot","description_kind":"plain","optional":true,"computed":true},"disk_label":{"type":"string","description":"The `label` of the `disk` to map to this `device` slot.","description_kind":"plain","optional":true},"volume_id":{"type":"number","description":"The Block Storage volume ID to map to this disk slot","description_kind":"plain","optional":true}},"description":"Device can be either a Disk or Volume identified by disk_id or volume_id. Only one type per slot allowed.","description_kind":"plain"},"max_items":1},"sdd":{"nesting_mode":"list","block":{"attributes":{"disk_id":{"type":"number","description":"The Disk ID to map to this disk slot","description_kind":"plain","optional":true,"computed":true},"disk_label":{"type":"string","description":"The `label` of the `disk` to map to this `device` slot.","description_kind":"plain","optional":true},"volume_id":{"type":"number","description":"The Block Storage volume ID to map to this disk slot","description_kind":"plain","optional":true}},"description":"Device can be either a Disk or Volume identified by disk_id or volume_id. Only one type per slot allowed.","description_kind":"plain"},"max_items":1},"sde":{"nesting_mode":"list","block":{"attributes":{"disk_id":{"type":"number","description":"The Disk ID to map to this disk slot","description_kind":"plain","optional":true,"computed":true},"disk_label":{"type":"string","description":"The `label` of the `disk` to map to this `device` slot.","description_kind":"plain","optional":true},"volume_id":{"type":"number","description":"The Block Storage volume ID to map to this disk slot","description_kind":"plain","optional":true}},"description":"Device can be either a Disk or Volume identified by disk_id or volume_id. Only one type per slot allowed.","description_kind":"plain"},"max_items":1},"sdf":{"nesting_mode":"list","block":{"attributes":{"disk_id":{"type":"number","description":"The Disk ID to map to this disk slot","description_kind":"plain","optional":true,"computed":true},"disk_label":{"type":"string","description":"The `label` of the `disk` to map to this `device` slot.","description_kind":"plain","optional":true},"volume_id":{"type":"number","description":"The Block Storage volume ID to map to this disk slot","description_kind":"plain","optional":true}},"description":"Device can be either a Disk or Volume identified by disk_id or volume_id. Only one type per slot allowed.","description_kind":"plain"},"max_items":1},"sdg":{"nesting_mode":"list","block":{"attributes":{"disk_id":{"type":"number","description":"The Disk ID to map to this disk slot","description_kind":"plain","optional":true,"computed":true},"disk_label":{"type":"string","description":"The `label` of the `disk` to map to this `device` slot.","description_kind":"plain","optional":true},"volume_id":{"type":"number","description":"The Block Storage volume ID to map to this disk slot","description_kind":"plain","optional":true}},"description":"Device can be either a Disk or Volume identified by disk_id or volume_id. Only one type per slot allowed.","description_kind":"plain"},"max_items":1},"sdh":{"nesting_mode":"list","block":{"attributes":{"disk_id":{"type":"number","description":"The Disk ID to map to this disk slot","description_kind":"plain","optional":true,"computed":true},"disk_label":{"type":"string","description":"The `label` of the `disk` to map to this `device` slot.","description_kind":"plain","optional":true},"volume_id":{"type":"number","description":"The Block Storage volume ID to map to this disk slot","description_kind":"plain","optional":true}},"description":"Device can be either a Disk or Volume identified by disk_id or volume_id. Only one type per slot allowed.","description_kind":"plain"},"max_items":1},"sdi":{"nesting_mode":"list","block":{"attributes":{"disk_id":{"type":"number","description":"The Disk ID to map to this disk slot","description_kind":"plain","optional":true,"computed":true},"disk_label":{"type":"string","description":"The `label` of the `disk` to map to this `device` slot.","description_kind":"plain","optional":true},"volume_id":{"type":"number","description":"The Block Storage volume ID to map to this disk slot","description_kind":"plain","optional":true}},"description":"Device can be either a Disk or Volume identified by disk_id or volume_id. Only one type per slot allowed.","description_kind":"plain"},"max_items":1},"sdj":{"nesting_mode":"list","block":{"attributes":{"disk_id":{"type":"number","description":"The Disk ID to map to this disk slot","description_kind":"plain","optional":true,"computed":true},"disk_label":{"type":"string","description":"The `label` of the `disk` to map to this `device` slot.","description_kind":"plain","optional":true},"volume_id":{"type":"number","description":"The Block Storage volume ID to map to this disk slot","description_kind":"plain","optional":true}},"description":"Device can be either a Disk or Volume identified by disk_id or volume_id. Only one type per slot allowed.","description_kind":"plain"},"max_items":1},"sdk":{"nesting_mode":"list","block":{"attributes":{"disk_id":{"type":"number","description":"The Disk ID to map to this disk slot","description_kind":"plain","optional":true,"computed":true},"disk_label":{"type":"string","description":"The `label` of the `disk` to map to this `device` slot.","description_kind":"plain","optional":true},"volume_id":{"type":"number","description":"The Block Storage volume ID to map to this disk slot","description_kind":"plain","optional":true}},"description":"Device can be either a Disk or Volume identified by disk_id or volume_id. Only one type per slot allowed.","description_kind":"plain"},"max_items":1},"sdl":{"nesting_mode":"list","block":{"attributes":{"disk_id":{"type":"number","description":"The Disk ID to map to this disk slot","description_kind":"plain","optional":true,"computed":true},"disk_label":{"type":"string","description":"The `label` of the `disk` to map to this `device` slot.","description_kind":"plain","optional":true},"volume_id":{"type":"number","description":"The Block Storage volume ID to map to this disk slot","description_kind":"plain","optional":true}},"description":"Device can be either a Disk or Volume identified by disk_id or volume_id. Only one type per slot allowed.","description_kind":"plain"},"max_items":1},"sdm":{"nesting_mode":"list","block":{"attributes":{"disk_id":{"type":"number","description":"The Disk ID to map to this disk slot","description_kind":"plain","optional":true,"computed":true},"disk_label":{"type":"string","description":"The `label` of the `disk` to map to this `device` slot.","description_kind":"plain","optional":true},"volume_id":{"type":"number","description":"The Block Storage volume ID to map to this disk slot","description_kind":"plain","optional":true}},"description":"Device can be either a Disk or Volume identified by disk_id or volume_id. Only one type per slot allowed.","description_kind":"plain"},"max_items":1},"sdn":{"nesting_mode":"list","block":{"attributes":{"disk_id":{"type":"number","description":"The Disk ID to map to this disk slot","description_kind":"plain","optional":true,"computed":true},"disk_label":{"type":"string","description":"The `label` of the `disk` to map to this `device` slot.","description_kind":"plain","optional":true},"volume_id":{"type":"number","description":"The Block Storage volume ID to map to this disk slot","description_kind":"plain","optional":true}},"description":"Device can be either a Disk or Volume identified by disk_id or volume_id. Only one type per slot allowed.","description_kind":"plain"},"max_items":1},"sdo":{"nesting_mode":"list","block":{"attributes":{"disk_id":{"type":"number","description":"The Disk ID to map to this disk slot","description_kind":"plain","optional":true,"computed":true},"disk_label":{"type":"string","description":"The `label` of the `disk` to map to this `device` slot.","description_kind":"plain","optional":true},"volume_id":{"type":"number","description":"The Block Storage volume ID to map to this disk slot","description_kind":"plain","optional":true}},"description":"Device can be either a Disk or Volume identified by disk_id or volume_id. Only one type per slot allowed.","description_kind":"plain"},"max_items":1},"sdp":{"nesting_mode":"list","block":{"attributes":{"disk_id":{"type":"number","description":"The Disk ID to map to this disk slot","description_kind":"plain","optional":true,"computed":true},"disk_label":{"type":"string","description":"The `label` of the `disk` to map to this `device` slot.","description_kind":"plain","optional":true},"volume_id":{"type":"number","description":"The Block Storage volume ID to map to this disk slot","description_kind":"plain","optional":true}},"description":"Device can be either a Disk or Volume identified by disk_id or volume_id. Only one type per slot allowed.","description_kind":"plain"},"max_items":1},"sdq":{"nesting_mode":"list","block":{"attributes":{"disk_id":{"type":"number","description":"The Disk ID to map to this disk slot","description_kind":"plain","optional":true,"computed":true},"disk_label":{"type":"string","description":"The `label` of the `disk` to map to this `device` slot.","description_kind":"plain","optional":true},"volume_id":{"type":"number","description":"The Block Storage volume ID to map to this disk slot","description_kind":"plain","optional":true}},"description":"Device can be either a Disk or Volume identified by disk_id or volume_id. Only one type per slot allowed.","description_kind":"plain"},"max_items":1},"sdr":{"nesting_mode":"list","block":{"attributes":{"disk_id":{"type":"number","description":"The Disk ID to map to this disk slot","description_kind":"plain","optional":true,"computed":true},"disk_label":{"type":"string","description":"The `label` of the `disk` to map to this `device` slot.","description_kind":"plain","optional":true},"volume_id":{"type":"number","description":"The Block Storage volume ID to map to this disk slot","description_kind":"plain","optional":true}},"description":"Device can be either a Disk or Volume identified by disk_id or volume_id. Only one type per slot allowed.","description_kind":"plain"},"max_items":1},"sds":{"nesting_mode":"list","block":{"attributes":{"disk_id":{"type":"number","description":"The Disk ID to map to this disk slot","description_kind":"plain","optional":true,"computed":true},"disk_label":{"type":"string","description":"The `label` of the `disk` to map to this `device` slot.","description_kind":"plain","optional":true},"volume_id":{"type":"number","description":"The Block Storage volume ID to map to this disk slot","description_kind":"plain","optional":true}},"description":"Device can be either a Disk or Volume identified by disk_id or volume_id. Only one type per slot allowed.","description_kind":"plain"},"max_items":1},"sdt":{"nesting_mode":"list","block":{"attributes":{"disk_id":{"type":"number","description":"The Disk ID to map to this disk slot","description_kind":"plain","optional":true,"computed":true},"disk_label":{"type":"string","description":"The `label` of the `disk` to map to this `device` slot.","description_kind":"plain","optional":true},"volume_id":{"type":"number","description":"The Block Storage volume ID to map to this disk slot","description_kind":"plain","optional":true}},"description":"Device can be either a Disk or Volume identified by disk_id or volume_id. Only one type per slot allowed.","description_kind":"plain"},"max_items":1},"sdu":{"nesting_mode":"list","block":{"attributes":{"disk_id":{"type":"number","description":"The Disk ID to map to this disk slot","description_kind":"plain","optional":true,"computed":true},"disk_label":{"type":"string","description":"The `label` of the `disk` to map to this `device` slot.","description_kind":"plain","optional":true},"volume_id":{"type":"number","description":"The Block Storage volume ID to map to this disk slot","description_kind":"plain","optional":true}},"description":"Device can be either a Disk or Volume identified by disk_id or volume_id. Only one type per slot allowed.","description_kind":"plain"},"max_items":1},"sdv":{"nesting_mode":"list","block":{"attributes":{"disk_id":{"type":"number","description":"The Disk ID to map to this disk slot","description_kind":"plain","optional":true,"computed":true},"disk_label":{"type":"string","description":"The `label` of the `disk` to map to this `device` slot.","description_kind":"plain","optional":true},"volume_id":{"type":"number","description":"The Block Storage volume ID to map to this disk slot","description_kind":"plain","optional":true}},"description":"Device can be either a Disk or Volume identified by disk_id or volume_id. Only one type per slot allowed.","description_kind":"plain"},"max_items":1},"sdw":{"nesting_mode":"list","block":{"attributes":{"disk_id":{"type":"number","description":"The Disk ID to map to this disk slot","description_kind":"plain","optional":true,"computed":true},"disk_label":{"type":"string","description":"The `label` of the `disk` to map to this `device` slot.","description_kind":"plain","optional":true},"volume_id":{"type":"number","description":"The Block Storage volume ID to map to this disk slot","description_kind":"plain","optional":true}},"description":"Device can be either a Disk or Volume identified by disk_id or volume_id. Only one type per slot allowed.","description_kind":"plain"},"max_items":1},"sdx":{"nesting_mode":"list","block":{"attributes":{"disk_id":{"type":"number","description":"The Disk ID to map to this disk slot","description_kind":"plain","optional":true,"computed":true},"disk_label":{"type":"string","description":"The `label` of the `disk` to map to this `device` slot.","description_kind":"plain","optional":true},"volume_id":{"type":"number","description":"The Block Storage volume ID to map to this disk slot","description_kind":"plain","optional":true}},"description":"Device can be either a Disk or Volume identified by disk_id or volume_id. Only one type per slot allowed.","description_kind":"plain"},"max_items":1},"sdy":{"nesting_mode":"list","block":{"attributes":{"disk_id":{"type":"number","description":"The Disk ID to map to this disk slot","description_kind":"plain","optional":true,"computed":true},"disk_label":{"type":"string","description":"The `label` of the `disk` to map to this `device` slot.","description_kind":"plain","optional":true},"volume_id":{"type":"number","description":"The Block Storage volume ID to map to this disk slot","description_kind":"plain","optional":true}},"description":"Device can be either a Disk or Volume identified by disk_id or volume_id. Only one type per slot allowed.","description_kind":"plain"},"max_items":1},"sdz":{"nesting_mode":"list","block":{"attributes":{"disk_id":{"type":"number","description":"The Disk ID to map to this disk slot","description_kind":"plain","optional":true,"computed":true},"disk_label":{"type":"string","description":"The `label` of the `disk` to map to this `device` slot.","description_kind":"plain","optional":true},"volume_id":{"type":"number","description":"The Block Storage volume ID to map to this disk slot","description_kind":"plain","optional":true}},"description":"Device can be either a Disk or Volume identified by disk_id or volume_id. Only one type per slot allowed.","description_kind":"plain"},"max_items":1}},"description":"Device sda-sdbl can be either a Disk or Volume identified by disk_label or volume_id. Only one type per slot allowed.","description_kind":"plain"},"max_items":1},"helpers":{"nesting_mode":"list","block":{"attributes":{"devtmpfs_automount":{"type":"bool","description":"Populates the /dev directory early during boot without udev. Defaults to false.","description_kind":"plain","optional":true},"distro":{"type":"bool","description":"Controls the behavior of the Linode Config's Distribution Helper setting.","description_kind":"plain","optional":true},"modules_dep":{"type":"bool","description":"Creates a modules dependency file for the Kernel you run.","description_kind":"plain","optional":true},"network":{"type":"bool","description":"Controls the behavior of the Linode Config's Network Helper setting, used to automatically configure additional IP addresses assigned to this instance.","description_kind":"plain","optional":true},"updatedb_disabled":{"type":"bool","description":"Disables updatedb cron job to avoid disk thrashing.","description_kind":"plain","optional":true}},"description":"Helpers enabled when booting to this Linode Config.","description_kind":"plain"},"max_items":1},"interface":{"nesting_mode":"list","block":{"attributes":{"active":{"type":"bool","description":"Whether this interface is currently booted and active.","description_kind":"plain","computed":true},"id":{"type":"number","description":"The ID of the interface.","description_kind":"plain","computed":true},"ip_ranges":{"type":["list","string"],"description":"List of VPC IPs or IP ranges inside the VPC subnet.","description_kind":"plain","optional":true},"ipam_address":{"type":"string","description":"This Network Interface's private IP address in Classless Inter-Domain Routing (CIDR) notation.This attribute is only allowed for VLAN interfaces.","description_kind":"plain","optional":true},"label":{"type":"string","description":"The name of the VALN. This attribute is required for VLAN interfaces. This attribute is only allowed for VLAN interfaces.","description_kind":"plain","optional":true},"primary":{"type":"bool","description":"Whether the interface is the primary interface that should have the default route for this Linode.","description_kind":"plain","optional":true},"purpose":{"type":"string","description":"The type of interface.","description_kind":"plain","required":true},"subnet_id":{"type":"number","description":"The ID of the subnet which the VPC interface is connected to.This attribute is required for VPC interfaces.This attribute is only allowed for VPC interfaces.","description_kind":"plain","optional":true},"vpc_id":{"type":"number","description":"The ID of VPC of the subnet which the VPC interface is connected to.","description_kind":"plain","computed":true}},"block_types":{"ipv4":{"nesting_mode":"list","block":{"attributes":{"nat_1_1":{"type":"string","description":"The public IP that will be used for the one-to-one NAT purpose.","description_kind":"plain","optional":true},"vpc":{"type":"string","description":"The IP from the VPC subnet to use for this interface.","description_kind":"plain","optional":true,"computed":true}},"description":"The IPv4 configuration of the VPC interface.This attribute is only allowed for VPC interfaces.","description_kind":"plain"},"max_items":1},"ipv6":{"nesting_mode":"list","block":{"attributes":{"is_public":{"type":"bool","description":"If true, connections from the interface to IPv6 addresses outside the VPC, and connections from IPv6 addresses outside the VPC to the interface will be permitted.","description_kind":"plain","optional":true,"computed":true}},"block_types":{"range":{"nesting_mode":"list","block":{"attributes":{"assigned_range":{"type":"string","description":"The value of `range` computed by the API. This is necessary when needing to access the range implicitly allocated using `auto`.","description_kind":"plain","computed":true},"range":{"type":"string","description":"A prefix to add to this interface, or `auto` for a new IPv6 prefix to be automatically allocated.","description_kind":"plain","optional":true}},"description":"An array of SLAAC prefixes to use for this interface.","description_kind":"plain"}},"slaac":{"nesting_mode":"list","block":{"attributes":{"address":{"type":"string","description":"The SLAAC address chosen for this interface.","description_kind":"plain","computed":true},"assigned_range":{"type":"string","description":"The value of `range` computed by the API. This is necessary when needing to access the range implicitly allocated using `auto`.","description_kind":"plain","computed":true},"range":{"type":"string","description":"A SLAAC prefix to add to this interface, or `auto` for a new IPv6 prefix to be automatically allocated.","description_kind":"plain","optional":true}},"description":"An array of SLAAC prefixes to use for this interface.","description_kind":"plain"}}},"description":"The IPv6 configuration of the VPC interface. This attribute is only allowed for VPC interfaces.","description_kind":"plain"},"max_items":1}},"description":"An array of Network Interfaces for this Linode’s Configuration Profile.","description_kind":"plain"}}},"description":"Configuration profiles define the VM settings and boot behavior of the Linode Instance.","description_kind":"plain","deprecated":true}},"disk":{"nesting_mode":"list","block":{"attributes":{"authorized_keys":{"type":["list","string"],"description":"A list of SSH public keys to deploy for the root user on the newly created Linode. Only accepted if 'image' is provided.","description_kind":"plain","optional":true},"authorized_users":{"type":["list","string"],"description":"A list of Linode usernames. If the usernames have associated SSH keys, the keys will be appended to the `root` user's `~/.ssh/authorized_keys` file automatically. Only accepted if 'image' is provided.","description_kind":"plain","optional":true},"filesystem":{"type":"string","description":"The Disk filesystem can be one of: raw, swap, ext3, ext4, initrd (max 32mb)","description_kind":"plain","optional":true,"computed":true},"id":{"type":"number","description":"The ID of the Disk (for use in Linode Image resources and Linode Instance Config Devices)","description_kind":"plain","computed":true},"image":{"type":"string","description":"An Image ID to deploy the Disk from. Official Linode Images start with linode/, while your Images start with private/.","description_kind":"plain","optional":true,"computed":true},"label":{"type":"string","description":"The disks label, which acts as an identifier in Terraform.","description_kind":"plain","required":true},"read_only":{"type":"bool","description":"If true, this Disk is read-only.","description_kind":"plain","optional":true,"computed":true},"root_pass":{"type":"string","description":"The password that will be initialially assigned to the 'root' user account.","description_kind":"plain","optional":true,"sensitive":true},"size":{"type":"number","description":"The size of the Disk in MB.","description_kind":"plain","required":true},"stackscript_data":{"type":["map","string"],"description":"An object containing responses to any User Defined Fields present in the StackScript being deployed to this Linode. Only accepted if 'stackscript_id' is given. The required values depend on the StackScript being deployed.","description_kind":"plain","optional":true,"computed":true,"sensitive":true},"stackscript_id":{"type":"number","description":"The StackScript to deploy to the newly created Linode. If provided, 'image' must also be provided, and must be an Image that is compatible with this StackScript.","description_kind":"plain","optional":true,"computed":true}},"description_kind":"plain","deprecated":true}},"interface":{"nesting_mode":"list","block":{"attributes":{"active":{"type":"bool","description":"Whether this interface is currently booted and active.","description_kind":"plain","computed":true},"id":{"type":"number","description":"The ID of the interface.","description_kind":"plain","computed":true},"ip_ranges":{"type":["list","string"],"description":"List of VPC IPs or IP ranges inside the VPC subnet.","description_kind":"plain","optional":true},"ipam_address":{"type":"string","description":"This Network Interface's private IP address in Classless Inter-Domain Routing (CIDR) notation.This attribute is only allowed for VLAN interfaces.","description_kind":"plain","optional":true},"label":{"type":"string","description":"The name of the VALN. This attribute is required for VLAN interfaces. This attribute is only allowed for VLAN interfaces.","description_kind":"plain","optional":true},"primary":{"type":"bool","description":"Whether the interface is the primary interface that should have the default route for this Linode.","description_kind":"plain","optional":true},"purpose":{"type":"string","description":"The type of interface.","description_kind":"plain","required":true},"subnet_id":{"type":"number","description":"The ID of the subnet which the VPC interface is connected to.This attribute is required for VPC interfaces.This attribute is only allowed for VPC interfaces.","description_kind":"plain","optional":true},"vpc_id":{"type":"number","description":"The ID of VPC of the subnet which the VPC interface is connected to.","description_kind":"plain","computed":true}},"block_types":{"ipv4":{"nesting_mode":"list","block":{"attributes":{"nat_1_1":{"type":"string","description":"The public IP that will be used for the one-to-one NAT purpose.","description_kind":"plain","optional":true},"vpc":{"type":"string","description":"The IP from the VPC subnet to use for this interface.","description_kind":"plain","optional":true,"computed":true}},"description":"The IPv4 configuration of the VPC interface.This attribute is only allowed for VPC interfaces.","description_kind":"plain"},"max_items":1},"ipv6":{"nesting_mode":"list","block":{"attributes":{"is_public":{"type":"bool","description":"If true, connections from the interface to IPv6 addresses outside the VPC, and connections from IPv6 addresses outside the VPC to the interface will be permitted.","description_kind":"plain","optional":true,"computed":true}},"block_types":{"range":{"nesting_mode":"list","block":{"attributes":{"assigned_range":{"type":"string","description":"The value of `range` computed by the API. This is necessary when needing to access the range implicitly allocated using `auto`.","description_kind":"plain","computed":true},"range":{"type":"string","description":"A prefix to add to this interface, or `auto` for a new IPv6 prefix to be automatically allocated.","description_kind":"plain","optional":true}},"description":"An array of SLAAC prefixes to use for this interface.","description_kind":"plain"}},"slaac":{"nesting_mode":"list","block":{"attributes":{"address":{"type":"string","description":"The SLAAC address chosen for this interface.","description_kind":"plain","computed":true},"assigned_range":{"type":"string","description":"The value of `range` computed by the API. This is necessary when needing to access the range implicitly allocated using `auto`.","description_kind":"plain","computed":true},"range":{"type":"string","description":"A SLAAC prefix to add to this interface, or `auto` for a new IPv6 prefix to be automatically allocated.","description_kind":"plain","optional":true}},"description":"An array of SLAAC prefixes to use for this interface.","description_kind":"plain"}}},"description":"The IPv6 configuration of the VPC interface. This attribute is only allowed for VPC interfaces.","description_kind":"plain"},"max_items":1}},"description":"An array of Network Interfaces for this Linode to be created with. If an explicit config or disk is defined, interfaces must be declared in the config block.","description_kind":"plain"}},"metadata":{"nesting_mode":"list","block":{"attributes":{"user_data":{"type":"string","description":"The base64-encoded user-defined data exposed to this instance through the Linode Metadata service. Refer to the base64encode(...) function for information on encoding content for this field.","description_kind":"plain","optional":true}},"description":"Various fields related to the Linode Metadata service.","description_kind":"plain"}},"placement_group":{"nesting_mode":"list","block":{"attributes":{"compliant_only":{"type":"bool","description_kind":"plain","optional":true},"id":{"type":"number","description":"The ID of the Placement Group to assign this Linode to.","description_kind":"plain","required":true},"label":{"type":"string","description":"The label of this Placement Group.","description_kind":"plain","computed":true},"placement_group_policy":{"type":"string","description":"Whether compliance is strictly enforced by this Placement Group.","description_kind":"plain","optional":true,"computed":true},"placement_group_type":{"type":"string","description":"The placement group type for this Placement Group.","description_kind":"plain","computed":true}},"description":"Fields related to the Placement Group this instance is assigned to.","description_kind":"plain"},"max_items":1},"timeouts":{"nesting_mode":"single","block":{"attributes":{"create":{"type":"string","description_kind":"plain","optional":true},"delete":{"type":"string","description_kind":"plain","optional":true},"update":{"type":"string","description_kind":"plain","optional":true}},"description_kind":"plain"}}},"description_kind":"plain"}},"linode_instance_config":{"version":0,"block":{"attributes":{"booted":{"type":"bool","description":"If true, the Linode will be booted to running state. If false, the Linode will be shutdown. If undefined, no action will be taken.","description_kind":"plain","optional":true,"computed":true},"comments":{"type":"string","description":"Optional field for arbitrary User comments on this Config.","description_kind":"plain","optional":true},"id":{"type":"string","description_kind":"plain","optional":true,"computed":true},"kernel":{"type":"string","description":"A Kernel ID to boot a Linode with. Defaults to “linode/latest-64bit”.","description_kind":"plain","optional":true},"label":{"type":"string","description":"The Config's label for display purposes only.","description_kind":"plain","required":true},"linode_id":{"type":"number","description":"The ID of the Linode to create this configuration profile under.","description_kind":"plain","required":true},"memory_limit":{"type":"number","description":"The memory limit of the Linode.","description_kind":"plain","optional":true,"computed":true},"root_device":{"type":"string","description":"The root device to boot. If no value or an invalid value is provided, root device will default to /dev/sda. If the device specified at the root device location is not mounted, the Linode will not boot until a device is mounted.","description_kind":"plain","optional":true},"run_level":{"type":"string","description":"Defines the state of your Linode after booting.","description_kind":"plain","optional":true},"virt_mode":{"type":"string","description":"Controls the virtualization mode.","description_kind":"plain","optional":true}},"block_types":{"device":{"nesting_mode":"set","block":{"attributes":{"device_name":{"type":"string","description":"The device slot identifier (for example, sda, sdb) to map a disk or volume into","description_kind":"plain","required":true},"disk_id":{"type":"number","description":"The Disk ID to map to this disk slot","description_kind":"plain","optional":true},"volume_id":{"type":"number","description":"The Block Storage volume ID to map to this disk slot","description_kind":"plain","optional":true}},"description":"Blocks for device disks in a Linode's configuration profile.","description_kind":"plain"}},"devices":{"nesting_mode":"list","block":{"block_types":{"sda":{"nesting_mode":"list","block":{"attributes":{"disk_id":{"type":"number","description":"The Disk ID to map to this disk slot","description_kind":"plain","optional":true},"volume_id":{"type":"number","description":"The Block Storage volume ID to map to this disk slot","description_kind":"plain","optional":true}},"description":"Device can be either a Disk or Volume identified by disk_id or volume_id. Only one type per slot allowed.","description_kind":"plain"},"max_items":1},"sdaa":{"nesting_mode":"list","block":{"attributes":{"disk_id":{"type":"number","description":"The Disk ID to map to this disk slot","description_kind":"plain","optional":true},"volume_id":{"type":"number","description":"The Block Storage volume ID to map to this disk slot","description_kind":"plain","optional":true}},"description":"Device can be either a Disk or Volume identified by disk_id or volume_id. Only one type per slot allowed.","description_kind":"plain"},"max_items":1},"sdab":{"nesting_mode":"list","block":{"attributes":{"disk_id":{"type":"number","description":"The Disk ID to map to this disk slot","description_kind":"plain","optional":true},"volume_id":{"type":"number","description":"The Block Storage volume ID to map to this disk slot","description_kind":"plain","optional":true}},"description":"Device can be either a Disk or Volume identified by disk_id or volume_id. Only one type per slot allowed.","description_kind":"plain"},"max_items":1},"sdac":{"nesting_mode":"list","block":{"attributes":{"disk_id":{"type":"number","description":"The Disk ID to map to this disk slot","description_kind":"plain","optional":true},"volume_id":{"type":"number","description":"The Block Storage volume ID to map to this disk slot","description_kind":"plain","optional":true}},"description":"Device can be either a Disk or Volume identified by disk_id or volume_id. Only one type per slot allowed.","description_kind":"plain"},"max_items":1},"sdad":{"nesting_mode":"list","block":{"attributes":{"disk_id":{"type":"number","description":"The Disk ID to map to this disk slot","description_kind":"plain","optional":true},"volume_id":{"type":"number","description":"The Block Storage volume ID to map to this disk slot","description_kind":"plain","optional":true}},"description":"Device can be either a Disk or Volume identified by disk_id or volume_id. Only one type per slot allowed.","description_kind":"plain"},"max_items":1},"sdae":{"nesting_mode":"list","block":{"attributes":{"disk_id":{"type":"number","description":"The Disk ID to map to this disk slot","description_kind":"plain","optional":true},"volume_id":{"type":"number","description":"The Block Storage volume ID to map to this disk slot","description_kind":"plain","optional":true}},"description":"Device can be either a Disk or Volume identified by disk_id or volume_id. Only one type per slot allowed.","description_kind":"plain"},"max_items":1},"sdaf":{"nesting_mode":"list","block":{"attributes":{"disk_id":{"type":"number","description":"The Disk ID to map to this disk slot","description_kind":"plain","optional":true},"volume_id":{"type":"number","description":"The Block Storage volume ID to map to this disk slot","description_kind":"plain","optional":true}},"description":"Device can be either a Disk or Volume identified by disk_id or volume_id. Only one type per slot allowed.","description_kind":"plain"},"max_items":1},"sdag":{"nesting_mode":"list","block":{"attributes":{"disk_id":{"type":"number","description":"The Disk ID to map to this disk slot","description_kind":"plain","optional":true},"volume_id":{"type":"number","description":"The Block Storage volume ID to map to this disk slot","description_kind":"plain","optional":true}},"description":"Device can be either a Disk or Volume identified by disk_id or volume_id. Only one type per slot allowed.","description_kind":"plain"},"max_items":1},"sdah":{"nesting_mode":"list","block":{"attributes":{"disk_id":{"type":"number","description":"The Disk ID to map to this disk slot","description_kind":"plain","optional":true},"volume_id":{"type":"number","description":"The Block Storage volume ID to map to this disk slot","description_kind":"plain","optional":true}},"description":"Device can be either a Disk or Volume identified by disk_id or volume_id. Only one type per slot allowed.","description_kind":"plain"},"max_items":1},"sdai":{"nesting_mode":"list","block":{"attributes":{"disk_id":{"type":"number","description":"The Disk ID to map to this disk slot","description_kind":"plain","optional":true},"volume_id":{"type":"number","description":"The Block Storage volume ID to map to this disk slot","description_kind":"plain","optional":true}},"description":"Device can be either a Disk or Volume identified by disk_id or volume_id. Only one type per slot allowed.","description_kind":"plain"},"max_items":1},"sdaj":{"nesting_mode":"list","block":{"attributes":{"disk_id":{"type":"number","description":"The Disk ID to map to this disk slot","description_kind":"plain","optional":true},"volume_id":{"type":"number","description":"The Block Storage volume ID to map to this disk slot","description_kind":"plain","optional":true}},"description":"Device can be either a Disk or Volume identified by disk_id or volume_id. Only one type per slot allowed.","description_kind":"plain"},"max_items":1},"sdak":{"nesting_mode":"list","block":{"attributes":{"disk_id":{"type":"number","description":"The Disk ID to map to this disk slot","description_kind":"plain","optional":true},"volume_id":{"type":"number","description":"The Block Storage volume ID to map to this disk slot","description_kind":"plain","optional":true}},"description":"Device can be either a Disk or Volume identified by disk_id or volume_id. Only one type per slot allowed.","description_kind":"plain"},"max_items":1},"sdal":{"nesting_mode":"list","block":{"attributes":{"disk_id":{"type":"number","description":"The Disk ID to map to this disk slot","description_kind":"plain","optional":true},"volume_id":{"type":"number","description":"The Block Storage volume ID to map to this disk slot","description_kind":"plain","optional":true}},"description":"Device can be either a Disk or Volume identified by disk_id or volume_id. Only one type per slot allowed.","description_kind":"plain"},"max_items":1},"sdam":{"nesting_mode":"list","block":{"attributes":{"disk_id":{"type":"number","description":"The Disk ID to map to this disk slot","description_kind":"plain","optional":true},"volume_id":{"type":"number","description":"The Block Storage volume ID to map to this disk slot","description_kind":"plain","optional":true}},"description":"Device can be either a Disk or Volume identified by disk_id or volume_id. Only one type per slot allowed.","description_kind":"plain"},"max_items":1},"sdan":{"nesting_mode":"list","block":{"attributes":{"disk_id":{"type":"number","description":"The Disk ID to map to this disk slot","description_kind":"plain","optional":true},"volume_id":{"type":"number","description":"The Block Storage volume ID to map to this disk slot","description_kind":"plain","optional":true}},"description":"Device can be either a Disk or Volume identified by disk_id or volume_id. Only one type per slot allowed.","description_kind":"plain"},"max_items":1},"sdao":{"nesting_mode":"list","block":{"attributes":{"disk_id":{"type":"number","description":"The Disk ID to map to this disk slot","description_kind":"plain","optional":true},"volume_id":{"type":"number","description":"The Block Storage volume ID to map to this disk slot","description_kind":"plain","optional":true}},"description":"Device can be either a Disk or Volume identified by disk_id or volume_id. Only one type per slot allowed.","description_kind":"plain"},"max_items":1},"sdap":{"nesting_mode":"list","block":{"attributes":{"disk_id":{"type":"number","description":"The Disk ID to map to this disk slot","description_kind":"plain","optional":true},"volume_id":{"type":"number","description":"The Block Storage volume ID to map to this disk slot","description_kind":"plain","optional":true}},"description":"Device can be either a Disk or Volume identified by disk_id or volume_id. Only one type per slot allowed.","description_kind":"plain"},"max_items":1},"sdaq":{"nesting_mode":"list","block":{"attributes":{"disk_id":{"type":"number","description":"The Disk ID to map to this disk slot","description_kind":"plain","optional":true},"volume_id":{"type":"number","description":"The Block Storage volume ID to map to this disk slot","description_kind":"plain","optional":true}},"description":"Device can be either a Disk or Volume identified by disk_id or volume_id. Only one type per slot allowed.","description_kind":"plain"},"max_items":1},"sdar":{"nesting_mode":"list","block":{"attributes":{"disk_id":{"type":"number","description":"The Disk ID to map to this disk slot","description_kind":"plain","optional":true},"volume_id":{"type":"number","description":"The Block Storage volume ID to map to this disk slot","description_kind":"plain","optional":true}},"description":"Device can be either a Disk or Volume identified by disk_id or volume_id. Only one type per slot allowed.","description_kind":"plain"},"max_items":1},"sdas":{"nesting_mode":"list","block":{"attributes":{"disk_id":{"type":"number","description":"The Disk ID to map to this disk slot","description_kind":"plain","optional":true},"volume_id":{"type":"number","description":"The Block Storage volume ID to map to this disk slot","description_kind":"plain","optional":true}},"description":"Device can be either a Disk or Volume identified by disk_id or volume_id. Only one type per slot allowed.","description_kind":"plain"},"max_items":1},"sdat":{"nesting_mode":"list","block":{"attributes":{"disk_id":{"type":"number","description":"The Disk ID to map to this disk slot","description_kind":"plain","optional":true},"volume_id":{"type":"number","description":"The Block Storage volume ID to map to this disk slot","description_kind":"plain","optional":true}},"description":"Device can be either a Disk or Volume identified by disk_id or volume_id. Only one type per slot allowed.","description_kind":"plain"},"max_items":1},"sdau":{"nesting_mode":"list","block":{"attributes":{"disk_id":{"type":"number","description":"The Disk ID to map to this disk slot","description_kind":"plain","optional":true},"volume_id":{"type":"number","description":"The Block Storage volume ID to map to this disk slot","description_kind":"plain","optional":true}},"description":"Device can be either a Disk or Volume identified by disk_id or volume_id. Only one type per slot allowed.","description_kind":"plain"},"max_items":1},"sdav":{"nesting_mode":"list","block":{"attributes":{"disk_id":{"type":"number","description":"The Disk ID to map to this disk slot","description_kind":"plain","optional":true},"volume_id":{"type":"number","description":"The Block Storage volume ID to map to this disk slot","description_kind":"plain","optional":true}},"description":"Device can be either a Disk or Volume identified by disk_id or volume_id. Only one type per slot allowed.","description_kind":"plain"},"max_items":1},"sdaw":{"nesting_mode":"list","block":{"attributes":{"disk_id":{"type":"number","description":"The Disk ID to map to this disk slot","description_kind":"plain","optional":true},"volume_id":{"type":"number","description":"The Block Storage volume ID to map to this disk slot","description_kind":"plain","optional":true}},"description":"Device can be either a Disk or Volume identified by disk_id or volume_id. Only one type per slot allowed.","description_kind":"plain"},"max_items":1},"sdax":{"nesting_mode":"list","block":{"attributes":{"disk_id":{"type":"number","description":"The Disk ID to map to this disk slot","description_kind":"plain","optional":true},"volume_id":{"type":"number","description":"The Block Storage volume ID to map to this disk slot","description_kind":"plain","optional":true}},"description":"Device can be either a Disk or Volume identified by disk_id or volume_id. Only one type per slot allowed.","description_kind":"plain"},"max_items":1},"sday":{"nesting_mode":"list","block":{"attributes":{"disk_id":{"type":"number","description":"The Disk ID to map to this disk slot","description_kind":"plain","optional":true},"volume_id":{"type":"number","description":"The Block Storage volume ID to map to this disk slot","description_kind":"plain","optional":true}},"description":"Device can be either a Disk or Volume identified by disk_id or volume_id. Only one type per slot allowed.","description_kind":"plain"},"max_items":1},"sdaz":{"nesting_mode":"list","block":{"attributes":{"disk_id":{"type":"number","description":"The Disk ID to map to this disk slot","description_kind":"plain","optional":true},"volume_id":{"type":"number","description":"The Block Storage volume ID to map to this disk slot","description_kind":"plain","optional":true}},"description":"Device can be either a Disk or Volume identified by disk_id or volume_id. Only one type per slot allowed.","description_kind":"plain"},"max_items":1},"sdb":{"nesting_mode":"list","block":{"attributes":{"disk_id":{"type":"number","description":"The Disk ID to map to this disk slot","description_kind":"plain","optional":true},"volume_id":{"type":"number","description":"The Block Storage volume ID to map to this disk slot","description_kind":"plain","optional":true}},"description":"Device can be either a Disk or Volume identified by disk_id or volume_id. Only one type per slot allowed.","description_kind":"plain"},"max_items":1},"sdba":{"nesting_mode":"list","block":{"attributes":{"disk_id":{"type":"number","description":"The Disk ID to map to this disk slot","description_kind":"plain","optional":true},"volume_id":{"type":"number","description":"The Block Storage volume ID to map to this disk slot","description_kind":"plain","optional":true}},"description":"Device can be either a Disk or Volume identified by disk_id or volume_id. Only one type per slot allowed.","description_kind":"plain"},"max_items":1},"sdbb":{"nesting_mode":"list","block":{"attributes":{"disk_id":{"type":"number","description":"The Disk ID to map to this disk slot","description_kind":"plain","optional":true},"volume_id":{"type":"number","description":"The Block Storage volume ID to map to this disk slot","description_kind":"plain","optional":true}},"description":"Device can be either a Disk or Volume identified by disk_id or volume_id. Only one type per slot allowed.","description_kind":"plain"},"max_items":1},"sdbc":{"nesting_mode":"list","block":{"attributes":{"disk_id":{"type":"number","description":"The Disk ID to map to this disk slot","description_kind":"plain","optional":true},"volume_id":{"type":"number","description":"The Block Storage volume ID to map to this disk slot","description_kind":"plain","optional":true}},"description":"Device can be either a Disk or Volume identified by disk_id or volume_id. Only one type per slot allowed.","description_kind":"plain"},"max_items":1},"sdbd":{"nesting_mode":"list","block":{"attributes":{"disk_id":{"type":"number","description":"The Disk ID to map to this disk slot","description_kind":"plain","optional":true},"volume_id":{"type":"number","description":"The Block Storage volume ID to map to this disk slot","description_kind":"plain","optional":true}},"description":"Device can be either a Disk or Volume identified by disk_id or volume_id. Only one type per slot allowed.","description_kind":"plain"},"max_items":1},"sdbe":{"nesting_mode":"list","block":{"attributes":{"disk_id":{"type":"number","description":"The Disk ID to map to this disk slot","description_kind":"plain","optional":true},"volume_id":{"type":"number","description":"The Block Storage volume ID to map to this disk slot","description_kind":"plain","optional":true}},"description":"Device can be either a Disk or Volume identified by disk_id or volume_id. Only one type per slot allowed.","description_kind":"plain"},"max_items":1},"sdbf":{"nesting_mode":"list","block":{"attributes":{"disk_id":{"type":"number","description":"The Disk ID to map to this disk slot","description_kind":"plain","optional":true},"volume_id":{"type":"number","description":"The Block Storage volume ID to map to this disk slot","description_kind":"plain","optional":true}},"description":"Device can be either a Disk or Volume identified by disk_id or volume_id. Only one type per slot allowed.","description_kind":"plain"},"max_items":1},"sdbg":{"nesting_mode":"list","block":{"attributes":{"disk_id":{"type":"number","description":"The Disk ID to map to this disk slot","description_kind":"plain","optional":true},"volume_id":{"type":"number","description":"The Block Storage volume ID to map to this disk slot","description_kind":"plain","optional":true}},"description":"Device can be either a Disk or Volume identified by disk_id or volume_id. Only one type per slot allowed.","description_kind":"plain"},"max_items":1},"sdbh":{"nesting_mode":"list","block":{"attributes":{"disk_id":{"type":"number","description":"The Disk ID to map to this disk slot","description_kind":"plain","optional":true},"volume_id":{"type":"number","description":"The Block Storage volume ID to map to this disk slot","description_kind":"plain","optional":true}},"description":"Device can be either a Disk or Volume identified by disk_id or volume_id. Only one type per slot allowed.","description_kind":"plain"},"max_items":1},"sdbi":{"nesting_mode":"list","block":{"attributes":{"disk_id":{"type":"number","description":"The Disk ID to map to this disk slot","description_kind":"plain","optional":true},"volume_id":{"type":"number","description":"The Block Storage volume ID to map to this disk slot","description_kind":"plain","optional":true}},"description":"Device can be either a Disk or Volume identified by disk_id or volume_id. Only one type per slot allowed.","description_kind":"plain"},"max_items":1},"sdbj":{"nesting_mode":"list","block":{"attributes":{"disk_id":{"type":"number","description":"The Disk ID to map to this disk slot","description_kind":"plain","optional":true},"volume_id":{"type":"number","description":"The Block Storage volume ID to map to this disk slot","description_kind":"plain","optional":true}},"description":"Device can be either a Disk or Volume identified by disk_id or volume_id. Only one type per slot allowed.","description_kind":"plain"},"max_items":1},"sdbk":{"nesting_mode":"list","block":{"attributes":{"disk_id":{"type":"number","description":"The Disk ID to map to this disk slot","description_kind":"plain","optional":true},"volume_id":{"type":"number","description":"The Block Storage volume ID to map to this disk slot","description_kind":"plain","optional":true}},"description":"Device can be either a Disk or Volume identified by disk_id or volume_id. Only one type per slot allowed.","description_kind":"plain"},"max_items":1},"sdbl":{"nesting_mode":"list","block":{"attributes":{"disk_id":{"type":"number","description":"The Disk ID to map to this disk slot","description_kind":"plain","optional":true},"volume_id":{"type":"number","description":"The Block Storage volume ID to map to this disk slot","description_kind":"plain","optional":true}},"description":"Device can be either a Disk or Volume identified by disk_id or volume_id. Only one type per slot allowed.","description_kind":"plain"},"max_items":1},"sdc":{"nesting_mode":"list","block":{"attributes":{"disk_id":{"type":"number","description":"The Disk ID to map to this disk slot","description_kind":"plain","optional":true},"volume_id":{"type":"number","description":"The Block Storage volume ID to map to this disk slot","description_kind":"plain","optional":true}},"description":"Device can be either a Disk or Volume identified by disk_id or volume_id. Only one type per slot allowed.","description_kind":"plain"},"max_items":1},"sdd":{"nesting_mode":"list","block":{"attributes":{"disk_id":{"type":"number","description":"The Disk ID to map to this disk slot","description_kind":"plain","optional":true},"volume_id":{"type":"number","description":"The Block Storage volume ID to map to this disk slot","description_kind":"plain","optional":true}},"description":"Device can be either a Disk or Volume identified by disk_id or volume_id. Only one type per slot allowed.","description_kind":"plain"},"max_items":1},"sde":{"nesting_mode":"list","block":{"attributes":{"disk_id":{"type":"number","description":"The Disk ID to map to this disk slot","description_kind":"plain","optional":true},"volume_id":{"type":"number","description":"The Block Storage volume ID to map to this disk slot","description_kind":"plain","optional":true}},"description":"Device can be either a Disk or Volume identified by disk_id or volume_id. Only one type per slot allowed.","description_kind":"plain"},"max_items":1},"sdf":{"nesting_mode":"list","block":{"attributes":{"disk_id":{"type":"number","description":"The Disk ID to map to this disk slot","description_kind":"plain","optional":true},"volume_id":{"type":"number","description":"The Block Storage volume ID to map to this disk slot","description_kind":"plain","optional":true}},"description":"Device can be either a Disk or Volume identified by disk_id or volume_id. Only one type per slot allowed.","description_kind":"plain"},"max_items":1},"sdg":{"nesting_mode":"list","block":{"attributes":{"disk_id":{"type":"number","description":"The Disk ID to map to this disk slot","description_kind":"plain","optional":true},"volume_id":{"type":"number","description":"The Block Storage volume ID to map to this disk slot","description_kind":"plain","optional":true}},"description":"Device can be either a Disk or Volume identified by disk_id or volume_id. Only one type per slot allowed.","description_kind":"plain"},"max_items":1},"sdh":{"nesting_mode":"list","block":{"attributes":{"disk_id":{"type":"number","description":"The Disk ID to map to this disk slot","description_kind":"plain","optional":true},"volume_id":{"type":"number","description":"The Block Storage volume ID to map to this disk slot","description_kind":"plain","optional":true}},"description":"Device can be either a Disk or Volume identified by disk_id or volume_id. Only one type per slot allowed.","description_kind":"plain"},"max_items":1},"sdi":{"nesting_mode":"list","block":{"attributes":{"disk_id":{"type":"number","description":"The Disk ID to map to this disk slot","description_kind":"plain","optional":true},"volume_id":{"type":"number","description":"The Block Storage volume ID to map to this disk slot","description_kind":"plain","optional":true}},"description":"Device can be either a Disk or Volume identified by disk_id or volume_id. Only one type per slot allowed.","description_kind":"plain"},"max_items":1},"sdj":{"nesting_mode":"list","block":{"attributes":{"disk_id":{"type":"number","description":"The Disk ID to map to this disk slot","description_kind":"plain","optional":true},"volume_id":{"type":"number","description":"The Block Storage volume ID to map to this disk slot","description_kind":"plain","optional":true}},"description":"Device can be either a Disk or Volume identified by disk_id or volume_id. Only one type per slot allowed.","description_kind":"plain"},"max_items":1},"sdk":{"nesting_mode":"list","block":{"attributes":{"disk_id":{"type":"number","description":"The Disk ID to map to this disk slot","description_kind":"plain","optional":true},"volume_id":{"type":"number","description":"The Block Storage volume ID to map to this disk slot","description_kind":"plain","optional":true}},"description":"Device can be either a Disk or Volume identified by disk_id or volume_id. Only one type per slot allowed.","description_kind":"plain"},"max_items":1},"sdl":{"nesting_mode":"list","block":{"attributes":{"disk_id":{"type":"number","description":"The Disk ID to map to this disk slot","description_kind":"plain","optional":true},"volume_id":{"type":"number","description":"The Block Storage volume ID to map to this disk slot","description_kind":"plain","optional":true}},"description":"Device can be either a Disk or Volume identified by disk_id or volume_id. Only one type per slot allowed.","description_kind":"plain"},"max_items":1},"sdm":{"nesting_mode":"list","block":{"attributes":{"disk_id":{"type":"number","description":"The Disk ID to map to this disk slot","description_kind":"plain","optional":true},"volume_id":{"type":"number","description":"The Block Storage volume ID to map to this disk slot","description_kind":"plain","optional":true}},"description":"Device can be either a Disk or Volume identified by disk_id or volume_id. Only one type per slot allowed.","description_kind":"plain"},"max_items":1},"sdn":{"nesting_mode":"list","block":{"attributes":{"disk_id":{"type":"number","description":"The Disk ID to map to this disk slot","description_kind":"plain","optional":true},"volume_id":{"type":"number","description":"The Block Storage volume ID to map to this disk slot","description_kind":"plain","optional":true}},"description":"Device can be either a Disk or Volume identified by disk_id or volume_id. Only one type per slot allowed.","description_kind":"plain"},"max_items":1},"sdo":{"nesting_mode":"list","block":{"attributes":{"disk_id":{"type":"number","description":"The Disk ID to map to this disk slot","description_kind":"plain","optional":true},"volume_id":{"type":"number","description":"The Block Storage volume ID to map to this disk slot","description_kind":"plain","optional":true}},"description":"Device can be either a Disk or Volume identified by disk_id or volume_id. Only one type per slot allowed.","description_kind":"plain"},"max_items":1},"sdp":{"nesting_mode":"list","block":{"attributes":{"disk_id":{"type":"number","description":"The Disk ID to map to this disk slot","description_kind":"plain","optional":true},"volume_id":{"type":"number","description":"The Block Storage volume ID to map to this disk slot","description_kind":"plain","optional":true}},"description":"Device can be either a Disk or Volume identified by disk_id or volume_id. Only one type per slot allowed.","description_kind":"plain"},"max_items":1},"sdq":{"nesting_mode":"list","block":{"attributes":{"disk_id":{"type":"number","description":"The Disk ID to map to this disk slot","description_kind":"plain","optional":true},"volume_id":{"type":"number","description":"The Block Storage volume ID to map to this disk slot","description_kind":"plain","optional":true}},"description":"Device can be either a Disk or Volume identified by disk_id or volume_id. Only one type per slot allowed.","description_kind":"plain"},"max_items":1},"sdr":{"nesting_mode":"list","block":{"attributes":{"disk_id":{"type":"number","description":"The Disk ID to map to this disk slot","description_kind":"plain","optional":true},"volume_id":{"type":"number","description":"The Block Storage volume ID to map to this disk slot","description_kind":"plain","optional":true}},"description":"Device can be either a Disk or Volume identified by disk_id or volume_id. Only one type per slot allowed.","description_kind":"plain"},"max_items":1},"sds":{"nesting_mode":"list","block":{"attributes":{"disk_id":{"type":"number","description":"The Disk ID to map to this disk slot","description_kind":"plain","optional":true},"volume_id":{"type":"number","description":"The Block Storage volume ID to map to this disk slot","description_kind":"plain","optional":true}},"description":"Device can be either a Disk or Volume identified by disk_id or volume_id. Only one type per slot allowed.","description_kind":"plain"},"max_items":1},"sdt":{"nesting_mode":"list","block":{"attributes":{"disk_id":{"type":"number","description":"The Disk ID to map to this disk slot","description_kind":"plain","optional":true},"volume_id":{"type":"number","description":"The Block Storage volume ID to map to this disk slot","description_kind":"plain","optional":true}},"description":"Device can be either a Disk or Volume identified by disk_id or volume_id. Only one type per slot allowed.","description_kind":"plain"},"max_items":1},"sdu":{"nesting_mode":"list","block":{"attributes":{"disk_id":{"type":"number","description":"The Disk ID to map to this disk slot","description_kind":"plain","optional":true},"volume_id":{"type":"number","description":"The Block Storage volume ID to map to this disk slot","description_kind":"plain","optional":true}},"description":"Device can be either a Disk or Volume identified by disk_id or volume_id. Only one type per slot allowed.","description_kind":"plain"},"max_items":1},"sdv":{"nesting_mode":"list","block":{"attributes":{"disk_id":{"type":"number","description":"The Disk ID to map to this disk slot","description_kind":"plain","optional":true},"volume_id":{"type":"number","description":"The Block Storage volume ID to map to this disk slot","description_kind":"plain","optional":true}},"description":"Device can be either a Disk or Volume identified by disk_id or volume_id. Only one type per slot allowed.","description_kind":"plain"},"max_items":1},"sdw":{"nesting_mode":"list","block":{"attributes":{"disk_id":{"type":"number","description":"The Disk ID to map to this disk slot","description_kind":"plain","optional":true},"volume_id":{"type":"number","description":"The Block Storage volume ID to map to this disk slot","description_kind":"plain","optional":true}},"description":"Device can be either a Disk or Volume identified by disk_id or volume_id. Only one type per slot allowed.","description_kind":"plain"},"max_items":1},"sdx":{"nesting_mode":"list","block":{"attributes":{"disk_id":{"type":"number","description":"The Disk ID to map to this disk slot","description_kind":"plain","optional":true},"volume_id":{"type":"number","description":"The Block Storage volume ID to map to this disk slot","description_kind":"plain","optional":true}},"description":"Device can be either a Disk or Volume identified by disk_id or volume_id. Only one type per slot allowed.","description_kind":"plain"},"max_items":1},"sdy":{"nesting_mode":"list","block":{"attributes":{"disk_id":{"type":"number","description":"The Disk ID to map to this disk slot","description_kind":"plain","optional":true},"volume_id":{"type":"number","description":"The Block Storage volume ID to map to this disk slot","description_kind":"plain","optional":true}},"description":"Device can be either a Disk or Volume identified by disk_id or volume_id. Only one type per slot allowed.","description_kind":"plain"},"max_items":1},"sdz":{"nesting_mode":"list","block":{"attributes":{"disk_id":{"type":"number","description":"The Disk ID to map to this disk slot","description_kind":"plain","optional":true},"volume_id":{"type":"number","description":"The Block Storage volume ID to map to this disk slot","description_kind":"plain","optional":true}},"description":"Device can be either a Disk or Volume identified by disk_id or volume_id. Only one type per slot allowed.","description_kind":"plain"},"max_items":1}},"description":"A dictionary of device disks to use as a device map in a Linode's configuration profile.","description_kind":"plain","deprecated":true},"max_items":1},"helpers":{"nesting_mode":"list","block":{"attributes":{"devtmpfs_automount":{"type":"bool","description":"Populates the /dev directory early during boot without udev.","description_kind":"plain","optional":true},"distro":{"type":"bool","description":"Helps maintain correct inittab/upstart console device.","description_kind":"plain","optional":true},"modules_dep":{"type":"bool","description":"Creates a modules dependency file for the Kernel you run.","description_kind":"plain","optional":true},"network":{"type":"bool","description":"Automatically configures static networking.","description_kind":"plain","optional":true},"updatedb_disabled":{"type":"bool","description":"Disables updatedb cron job to avoid disk thrashing.","description_kind":"plain","optional":true}},"description":"Helpers enabled when booting to this Linode Config.","description_kind":"plain"}},"interface":{"nesting_mode":"list","block":{"attributes":{"active":{"type":"bool","description":"Whether this interface is currently booted and active.","description_kind":"plain","computed":true},"id":{"type":"number","description":"The ID of the interface.","description_kind":"plain","computed":true},"ip_ranges":{"type":["list","string"],"description":"List of VPC IPs or IP ranges inside the VPC subnet.","description_kind":"plain","optional":true},"ipam_address":{"type":"string","description":"This Network Interface's private IP address in Classless Inter-Domain Routing (CIDR) notation.This attribute is only allowed for VLAN interfaces.","description_kind":"plain","optional":true},"label":{"type":"string","description":"The name of the VALN. This attribute is required for VLAN interfaces. This attribute is only allowed for VLAN interfaces.","description_kind":"plain","optional":true},"primary":{"type":"bool","description":"Whether the interface is the primary interface that should have the default route for this Linode.","description_kind":"plain","optional":true},"purpose":{"type":"string","description":"The type of interface.","description_kind":"plain","required":true},"subnet_id":{"type":"number","description":"The ID of the subnet which the VPC interface is connected to.This attribute is required for VPC interfaces.This attribute is only allowed for VPC interfaces.","description_kind":"plain","optional":true},"vpc_id":{"type":"number","description":"The ID of VPC of the subnet which the VPC interface is connected to.","description_kind":"plain","computed":true}},"block_types":{"ipv4":{"nesting_mode":"list","block":{"attributes":{"nat_1_1":{"type":"string","description":"The public IP that will be used for the one-to-one NAT purpose.","description_kind":"plain","optional":true},"vpc":{"type":"string","description":"The IP from the VPC subnet to use for this interface.","description_kind":"plain","optional":true,"computed":true}},"description":"The IPv4 configuration of the VPC interface.This attribute is only allowed for VPC interfaces.","description_kind":"plain"},"max_items":1},"ipv6":{"nesting_mode":"list","block":{"attributes":{"is_public":{"type":"bool","description":"If true, connections from the interface to IPv6 addresses outside the VPC, and connections from IPv6 addresses outside the VPC to the interface will be permitted.","description_kind":"plain","optional":true,"computed":true}},"block_types":{"range":{"nesting_mode":"list","block":{"attributes":{"assigned_range":{"type":"string","description":"The value of `range` computed by the API. This is necessary when needing to access the range implicitly allocated using `auto`.","description_kind":"plain","computed":true},"range":{"type":"string","description":"A prefix to add to this interface, or `auto` for a new IPv6 prefix to be automatically allocated.","description_kind":"plain","optional":true}},"description":"An array of SLAAC prefixes to use for this interface.","description_kind":"plain"}},"slaac":{"nesting_mode":"list","block":{"attributes":{"address":{"type":"string","description":"The SLAAC address chosen for this interface.","description_kind":"plain","computed":true},"assigned_range":{"type":"string","description":"The value of `range` computed by the API. This is necessary when needing to access the range implicitly allocated using `auto`.","description_kind":"plain","computed":true},"range":{"type":"string","description":"A SLAAC prefix to add to this interface, or `auto` for a new IPv6 prefix to be automatically allocated.","description_kind":"plain","optional":true}},"description":"An array of SLAAC prefixes to use for this interface.","description_kind":"plain"}}},"description":"The IPv6 configuration of the VPC interface. This attribute is only allowed for VPC interfaces.","description_kind":"plain"},"max_items":1}},"description":"An array of Network Interfaces to add to this Linode's Configuration Profile.","description_kind":"plain"}}},"description_kind":"plain"}},"linode_instance_disk":{"version":0,"block":{"attributes":{"authorized_keys":{"type":["set","string"],"description":"A list of public SSH keys that will be automatically appended to the root user's ~/.ssh/authorized_keys file when deploying from an Image.","description_kind":"plain","optional":true},"authorized_users":{"type":["set","string"],"description":"A list of usernames. If the usernames have associated SSH keys, the keys will be appended to the root users ~/.ssh/authorized_keys file automatically when deploying from an Image.","description_kind":"plain","optional":true},"created":{"type":"string","description":"When this disk was created.","description_kind":"plain","computed":true},"disk_encryption":{"type":"string","description":"The disk encryption policy for this disk's parent Linode.","description_kind":"plain","computed":true},"filesystem":{"type":"string","description":"The filesystem of this disk.","description_kind":"plain","optional":true,"computed":true},"id":{"type":"string","description":"The ID of the Linode disk.","description_kind":"plain","computed":true},"image":{"type":"string","description":"An Image ID to deploy the Linode Disk from.","description_kind":"plain","optional":true,"computed":true},"label":{"type":"string","description":"The Disk;s label is for display purposes only.","description_kind":"plain","required":true},"linode_id":{"type":"number","description":"The ID of the Linode to assign this disk to.","description_kind":"plain","required":true},"root_pass":{"type":"string","description":"This sets the root user's password on a newly-created Linode Disk when deploying from an Image. When `image` is provided, at least one of `root_pass`, `authorized_keys`, or `authorized_users` must be specified.","description_kind":"plain","optional":true,"sensitive":true},"size":{"type":"number","description":"The ID of the token.","description_kind":"plain","required":true},"stackscript_data":{"type":["map","string"],"description":"An object containing responses to any User Defined Fields present in the StackScript being deployed to this Disk. Only accepted if 'stackscript_id' is given. The required values depend on the StackScript being deployed.","description_kind":"plain","optional":true,"sensitive":true},"stackscript_id":{"type":"number","description":"A StackScript ID that will cause the referenced StackScript to be run during deployment of this Linode.","description_kind":"plain","optional":true},"status":{"type":"string","description":"A brief description of this Disk's current state.","description_kind":"plain","computed":true},"updated":{"type":"string","description":"When this disk was last updated.","description_kind":"plain","computed":true}},"block_types":{"timeouts":{"nesting_mode":"single","block":{"attributes":{"create":{"type":"string","description":"A string that can be [parsed as a duration](https://pkg.go.dev/time#ParseDuration) consisting of numbers and unit suffixes, such as \"30s\" or \"2h45m\". Valid time units are \"s\" (seconds), \"m\" (minutes), \"h\" (hours).","description_kind":"plain","optional":true},"delete":{"type":"string","description":"A string that can be [parsed as a duration](https://pkg.go.dev/time#ParseDuration) consisting of numbers and unit suffixes, such as \"30s\" or \"2h45m\". Valid time units are \"s\" (seconds), \"m\" (minutes), \"h\" (hours). Setting a timeout for a Delete operation is only applicable if changes are saved into state before the destroy operation occurs.","description_kind":"plain","optional":true},"update":{"type":"string","description":"A string that can be [parsed as a duration](https://pkg.go.dev/time#ParseDuration) consisting of numbers and unit suffixes, such as \"30s\" or \"2h45m\". Valid time units are \"s\" (seconds), \"m\" (minutes), \"h\" (hours).","description_kind":"plain","optional":true}},"description_kind":"plain"}}},"description_kind":"plain"}},"linode_instance_ip":{"version":0,"block":{"attributes":{"address":{"type":"string","description":"The resulting IPv4 address.","description_kind":"plain","computed":true},"apply_immediately":{"type":"bool","description":"If true, the instance will be rebooted to update network interfaces. This functionality is not affected by the `skip_implicit_reboots` provider argument.","description_kind":"plain","optional":true,"computed":true},"gateway":{"type":"string","description":"The default gateway for this address","description_kind":"plain","computed":true},"id":{"type":"string","description":"The ID of the IPv4 address, which will be IPv4 address itself.","description_kind":"plain","computed":true},"linode_id":{"type":"number","description":"The ID of the Linode to allocate an IPv4 address for.","description_kind":"plain","required":true},"prefix":{"type":"number","description":"The number of bits set in the subnet mask.","description_kind":"plain","computed":true},"public":{"type":"bool","description":"Whether the IPv4 address is public or private.","description_kind":"plain","optional":true,"computed":true},"rdns":{"type":"string","description":"The reverse DNS assigned to this address.","description_kind":"plain","optional":true,"computed":true},"region":{"type":"string","description":"The region this IP resides in.","description_kind":"plain","computed":true},"subnet_mask":{"type":"string","description":"The mask that separates host bits from network bits for this address.","description_kind":"plain","computed":true},"type":{"type":"string","description":"The type of IP address.","description_kind":"plain","computed":true},"vpc_nat_1_1":{"type":["list",["object",{"address":"string","subnet_id":"number","vpc_id":"number"}]],"description":"Contains information about the NAT 1:1 mapping of a public IP address to a VPC subnet.","description_kind":"plain","computed":true}},"description_kind":"plain"}},"linode_instance_shared_ips":{"version":0,"block":{"attributes":{"addresses":{"type":["set","string"],"description":"A set of IP addresses to share to the Linode","description_kind":"plain","required":true},"id":{"type":"string","description":"linode_id is used as the ID of linode_instance_shared_ips","description_kind":"plain","computed":true},"linode_id":{"type":"number","description":"The ID of the Linode to share these IP addresses with.","description_kind":"plain","required":true}},"description_kind":"plain"}},"linode_interface":{"version":0,"block":{"attributes":{"default_route":{"nested_type":{"attributes":{"ipv4":{"type":"bool","description":"If set to true, the interface is used for the IPv4 default route.","description_kind":"plain","optional":true,"computed":true},"ipv6":{"type":"bool","description":"If set to true, the interface is used for the IPv6 default route.","description_kind":"plain","optional":true,"computed":true}},"nesting_mode":"single"},"description":"Indicates if the interface serves as the default route when multiple interfaces are eligible for this role.","description_kind":"plain","optional":true,"computed":true},"firewall_id":{"type":"number","description":"ID of an enabled firewall to secure a VPC or public interface. Not allowed for VLAN interfaces.","description_kind":"plain","optional":true},"id":{"type":"string","description":"The unique ID for this interface.","description_kind":"plain","computed":true},"linode_id":{"type":"number","description":"The ID of the Linode to assign this interface to.","description_kind":"plain","required":true},"public":{"nested_type":{"attributes":{"ipv4":{"nested_type":{"attributes":{"addresses":{"nested_type":{"attributes":{"address":{"type":"string","description_kind":"plain","optional":true,"computed":true},"primary":{"type":"bool","description_kind":"plain","optional":true}},"nesting_mode":"list"},"description":"IPv4 addresses configured for this Linode interface.","description_kind":"plain","optional":true},"assigned_addresses":{"nested_type":{"attributes":{"address":{"type":"string","description_kind":"plain","computed":true},"primary":{"type":"bool","description_kind":"plain","computed":true}},"nesting_mode":"set"},"description":"The IPv4 address exclusively assigned to this Linode interface.","description_kind":"plain","computed":true},"shared":{"nested_type":{"attributes":{"address":{"type":"string","description_kind":"plain","computed":true},"linode_id":{"type":"number","description_kind":"plain","computed":true}},"nesting_mode":"set"},"description":"The IPv4 address assigned to this Linode interface, which is also shared with another Linode.","description_kind":"plain","computed":true}},"nesting_mode":"single"},"description":"IPv4 addresses for this interface.","description_kind":"plain","optional":true,"computed":true},"ipv6":{"nested_type":{"attributes":{"assigned_ranges":{"nested_type":{"attributes":{"range":{"type":"string","description_kind":"plain","computed":true},"route_target":{"type":"string","description":"The public IPv6 address that the range is routed to.","description_kind":"plain","computed":true}},"nesting_mode":"set"},"description":"The IPv6 ranges exclusively assigned to this Linode interface.","description_kind":"plain","computed":true},"ranges":{"nested_type":{"attributes":{"range":{"type":"string","description_kind":"plain","required":true}},"nesting_mode":"list"},"description":"Configured IPv6 range in CIDR notation (2600:0db8::1/64) or prefix-only (/64).","description_kind":"plain","optional":true},"shared":{"nested_type":{"attributes":{"range":{"type":"string","description_kind":"plain","computed":true},"route_target":{"type":"string","description":"The public IPv6 address that the range is routed to.","description_kind":"plain","computed":true}},"nesting_mode":"set"},"description":"The IPv6 address assigned to this Linode interface, which is also shared with another Linode.","description_kind":"plain","computed":true},"slaac":{"nested_type":{"attributes":{"address":{"type":"string","description_kind":"plain","computed":true},"prefix":{"type":"number","description_kind":"plain","computed":true}},"nesting_mode":"set"},"description":"The public slaac and subnet prefix settings for this public interface that is used to communicate over the public internet, and with other services in the same data center.","description_kind":"plain","computed":true}},"nesting_mode":"single"},"description":"IPv6 addresses for this interface.","description_kind":"plain","optional":true,"computed":true}},"nesting_mode":"single"},"description":"Linode public interface.","description_kind":"plain","optional":true},"vlan":{"nested_type":{"attributes":{"ipam_address":{"type":"string","description":"This VLAN interface's private IPv4 address in classless inter-domain routing (CIDR) notation.","description_kind":"plain","optional":true},"vlan_label":{"type":"string","description":"The VLAN's unique label.","description_kind":"plain","required":true}},"nesting_mode":"single"},"description":"Linode VLAN interface.","description_kind":"plain","optional":true},"vpc":{"nested_type":{"attributes":{"ipv4":{"nested_type":{"attributes":{"addresses":{"nested_type":{"attributes":{"address":{"type":"string","description_kind":"plain","optional":true,"computed":true},"nat_1_1_address":{"type":"string","description":"The 1:1 NAT IPv4 address used to associate a public IPv4 address with the interface's VPC subnet IPv4 address.","description_kind":"plain","optional":true},"primary":{"type":"bool","description_kind":"plain","optional":true}},"nesting_mode":"list"},"description":"Specifies the IPv4 addresses to use in the VPC subnet.","description_kind":"plain","optional":true},"assigned_addresses":{"nested_type":{"attributes":{"address":{"type":"string","description_kind":"plain","computed":true},"nat_1_1_address":{"type":"string","description":"The assigned 1:1 NAT IPv4 address used to associate a public IPv4 address with the interface's VPC subnet IPv4 address, calculated from `nat_1_1_address`.","description_kind":"plain","computed":true},"primary":{"type":"bool","description_kind":"plain","computed":true}},"nesting_mode":"set"},"description":"Assigned IPv4 addresses to use in the VPC subnet, calculated from `addresses` input.","description_kind":"plain","computed":true},"assigned_ranges":{"nested_type":{"attributes":{"range":{"type":"string","description_kind":"plain","computed":true}},"nesting_mode":"set"},"description":"Assigned IPv4 ranges to use in the VPC subnet, calculated from `ranges` input.","description_kind":"plain","computed":true},"ranges":{"nested_type":{"attributes":{"range":{"type":"string","description_kind":"plain","required":true}},"nesting_mode":"list"},"description":"CIDR notation of a range (1.2.3.4/24) or prefix only (/24).","description_kind":"plain","optional":true}},"nesting_mode":"single"},"description_kind":"plain","optional":true,"computed":true},"ipv6":{"nested_type":{"attributes":{"assigned_ranges":{"nested_type":{"attributes":{"range":{"type":"string","description":"The IPv6 network range in CIDR notation.","description_kind":"plain","computed":true}},"nesting_mode":"set"},"description":"Assigned IPv6 ranges to use in the VPC subnet, calculated from `ranges` input.","description_kind":"plain","computed":true},"assigned_slaac":{"nested_type":{"attributes":{"address":{"type":"string","description":"The assigned IPv6 address within the range.","description_kind":"plain","computed":true},"range":{"type":"string","description":"The IPv6 network range in CIDR notation.","description_kind":"plain","computed":true}},"nesting_mode":"set"},"description":"Assigned IPv6 SLAAC address ranges, calculated from `addresses` input.","description_kind":"plain","computed":true},"is_public":{"type":"bool","description":"Indicates whether the IPv6 configuration on the Linode interface is public.","description_kind":"plain","optional":true,"computed":true},"ranges":{"nested_type":{"attributes":{"range":{"type":"string","description":"The IPv6 network range in CIDR notation.","description_kind":"plain","optional":true,"computed":true}},"nesting_mode":"list"},"description":"CIDR notation of a range (1.2.3.4/24) or prefix only (/24).","description_kind":"plain","optional":true},"slaac":{"nested_type":{"attributes":{"range":{"type":"string","description":"The IPv6 network range in CIDR notation.","description_kind":"plain","optional":true,"computed":true}},"nesting_mode":"list"},"description":"Defines IPv6 SLAAC address ranges.","description_kind":"plain","optional":true}},"nesting_mode":"single"},"description_kind":"plain","optional":true,"computed":true},"subnet_id":{"type":"number","description":"The VPC subnet identifier for this interface.","description_kind":"plain","required":true}},"nesting_mode":"single"},"description":"Linode VPC interface.","description_kind":"plain","optional":true}},"description_kind":"plain"}},"linode_ipv6_range":{"version":0,"block":{"attributes":{"id":{"type":"string","description":"The unique ID for this Resource.","description_kind":"plain","computed":true},"is_bgp":{"type":"bool","description":"Whether this IPv6 range is shared.","description_kind":"plain","computed":true},"linode_id":{"type":"number","description":"The ID of the Linode to assign this range to.","description_kind":"plain","optional":true},"linodes":{"type":["set","number"],"description":"A list of Linodes targeted by this IPv6 range.Includes Linodes with IP sharing.","description_kind":"plain","computed":true},"prefix_length":{"type":"number","description":"The prefix length of the IPv6 range.","description_kind":"plain","required":true},"range":{"type":"string","description":"The IPv6 range of addresses in this pool.","description_kind":"plain","computed":true},"region":{"type":"string","description":"The region for this range of IPv6 addresses.","description_kind":"plain","computed":true},"route_target":{"type":"string","description":"The IPv6 SLAAC address to assign this range to.","description_kind":"plain","optional":true,"computed":true}},"description_kind":"plain"}},"linode_lke_cluster":{"version":0,"block":{"attributes":{"api_endpoints":{"type":["list","string"],"description":"The API endpoints for the cluster.","description_kind":"plain","computed":true},"apl_enabled":{"type":"bool","description":"Enables the App Platform Layer for this cluster. Note: v4beta only and may not currently be available to all users.","description_kind":"plain","optional":true,"computed":true},"external_pool_tags":{"type":["set","string"],"description":"An array of tags indicating that node pools having those tags are defined with a separate nodepool resource, rather than inside the current cluster resource.","description_kind":"plain","optional":true},"id":{"type":"string","description_kind":"plain","optional":true,"computed":true},"k8s_version":{"type":"string","description":"The desired Kubernetes version for this Kubernetes cluster in the format of \u003cmajor\u003e.\u003cminor\u003e. The latest supported patch version will be deployed.","description_kind":"plain","required":true},"kubeconfig":{"type":"string","description":"The Base64-encoded Kubeconfig for the cluster.","description_kind":"plain","computed":true,"sensitive":true},"label":{"type":"string","description":"The unique label for the cluster.","description_kind":"plain","required":true},"region":{"type":"string","description":"This cluster's location.","description_kind":"plain","required":true},"stack_type":{"type":"string","description":"The networking stack type of the Kubernetes cluster.","description_kind":"plain","optional":true,"computed":true},"status":{"type":"string","description":"The status of the cluster.","description_kind":"plain","computed":true},"subnet_id":{"type":"number","description":"The ID of the VPC subnet to use for the Kubernetes cluster. This subnet must be dual stack (IPv4 and IPv6 should both be enabled). ","description_kind":"plain","optional":true,"computed":true},"tags":{"type":["set","string"],"description":"An array of tags applied to this object. Tags are for organizational purposes only.","description_kind":"plain","optional":true,"computed":true},"tier":{"type":"string","description":"The desired Kubernetes tier.","description_kind":"plain","optional":true,"computed":true},"vpc_id":{"type":"number","description":"The ID of the VPC to use for the Kubernetes cluster.","description_kind":"plain","optional":true,"computed":true}},"block_types":{"control_plane":{"nesting_mode":"list","block":{"attributes":{"audit_logs_enabled":{"type":"bool","description":"Enables audit logs on the cluster's control plane.","description_kind":"plain","optional":true,"computed":true},"high_availability":{"type":"bool","description":"Defines whether High Availability is enabled for the Control Plane Components of the cluster.","description_kind":"plain","optional":true,"computed":true}},"block_types":{"acl":{"nesting_mode":"list","block":{"attributes":{"enabled":{"type":"bool","description":"Defines default policy. A value of true results in a default policy of DENY. A value of false results in default policy of ALLOW, and has the same effect as delete the ACL configuration.","description_kind":"plain","optional":true,"computed":true}},"block_types":{"addresses":{"nesting_mode":"list","block":{"attributes":{"ipv4":{"type":["set","string"],"description":"A set of individual ipv4 addresses or CIDRs to ALLOW.","description_kind":"plain","optional":true,"computed":true},"ipv6":{"type":["set","string"],"description":"A set of individual ipv6 addresses or CIDRs to ALLOW.","description_kind":"plain","optional":true,"computed":true}},"description":"A list of ip addresses to allow.","description_kind":"plain"}}},"description":"Defines the ACL configuration for an LKE cluster's control plane.","description_kind":"plain"},"max_items":1}},"description":"Defines settings for the Kubernetes Control Plane.","description_kind":"plain"},"max_items":1},"pool":{"nesting_mode":"list","block":{"attributes":{"count":{"type":"number","description":"The number of nodes in the Node Pool.","description_kind":"plain","optional":true,"computed":true},"disk_encryption":{"type":"string","description":"The disk encryption policy for the nodes in this pool.","description_kind":"plain","optional":true,"computed":true},"firewall_id":{"type":"number","description":"The ID of the Firewall to attach to nodes in this node pool.","description_kind":"plain","optional":true,"computed":true},"id":{"type":"number","description":"The ID of the Node Pool.","description_kind":"plain","computed":true},"k8s_version":{"type":"string","description":"The desired Kubernetes version for this pool. This is only available for Enterprise clusters.","description_kind":"plain","optional":true,"computed":true},"label":{"type":"string","description":"The label of the Node Pool.","description_kind":"plain","optional":true},"labels":{"type":["map","string"],"description":"Key-value pairs added as labels to nodes in the node pool. Labels help classify your nodes and to easily select subsets of objects.","description_kind":"plain","optional":true},"nodes":{"type":["list",["object",{"id":"string","instance_id":"number","status":"string"}]],"description":"The nodes in the node pool.","description_kind":"plain","computed":true},"tags":{"type":["set","string"],"description":"A set of tags applied to this node pool.","description_kind":"plain","optional":true},"type":{"type":"string","description":"A Linode Type for all of the nodes in the Node Pool.","description_kind":"plain","required":true},"update_strategy":{"type":"string","description":"The strategy for updating the node pool k8s version. For LKE enterprise only and may not currently available to all users.","description_kind":"plain","optional":true,"computed":true}},"block_types":{"autoscaler":{"nesting_mode":"list","block":{"attributes":{"max":{"type":"number","description":"The maximum number of nodes to autoscale to.","description_kind":"plain","required":true},"min":{"type":"number","description":"The minimum number of nodes to autoscale to.","description_kind":"plain","required":true}},"description":"When specified, the number of nodes autoscales within the defined minimum and maximum values.","description_kind":"plain"},"max_items":1},"taint":{"nesting_mode":"set","block":{"attributes":{"effect":{"type":"string","description":"The Kubernetes taint effect.","description_kind":"plain","required":true},"key":{"type":"string","description":"The Kubernetes taint key.","description_kind":"plain","required":true},"value":{"type":"string","description":"The Kubernetes taint value.","description_kind":"plain","required":true}},"description":"Kubernetes taints to add to node pool nodes. Taints help control how pods are scheduled onto nodes, specifically allowing them to repel certain pods.","description_kind":"plain"}}},"description":"A node pool in the cluster. At least one pool is required for standard tier clusters.","description_kind":"plain"}},"timeouts":{"nesting_mode":"single","block":{"attributes":{"create":{"type":"string","description_kind":"plain","optional":true},"delete":{"type":"string","description_kind":"plain","optional":true},"update":{"type":"string","description_kind":"plain","optional":true}},"description_kind":"plain"}}},"description_kind":"plain"}},"linode_lke_node_pool":{"version":0,"block":{"attributes":{"cluster_id":{"type":"number","description":"The ID of the cluster to associate this node pool with.","description_kind":"plain","required":true},"disk_encryption":{"type":"string","description":"The disk encryption policy for nodes in this pool.","description_kind":"plain","optional":true,"computed":true},"firewall_id":{"type":"number","description":"The ID of the Firewall to attach to nodes in this node pool.","description_kind":"plain","optional":true,"computed":true},"id":{"type":"string","description":"ID of the Node Pool.","description_kind":"plain","computed":true},"k8s_version":{"type":"string","description":"The k8s version of the nodes in this node pool. For LKE enterprise only and may not currently available to all users.","description_kind":"plain","optional":true,"computed":true},"label":{"type":"string","description":"The label of the Node Pool.","description_kind":"plain","optional":true,"computed":true},"labels":{"type":["map","string"],"description":"Key-value pairs added as labels to nodes in the node pool. Labels help classify your nodes and to easily select subsets of objects.","description_kind":"plain","optional":true,"computed":true},"node_count":{"type":"number","description":"The number of nodes in the Node Pool.","description_kind":"plain","optional":true,"computed":true},"nodes":{"type":["list",["object",{"id":"string","instance_id":"number","status":"string"}]],"description":"A list of nodes in the node pool.","description_kind":"plain","computed":true},"tags":{"type":["set","string"],"description":"An array of tags applied to this object. Tags are for organizational purposes only.","description_kind":"plain","optional":true,"computed":true},"type":{"type":"string","description":"The type of node pool.","description_kind":"plain","required":true},"update_strategy":{"type":"string","description":"The strategy for updating the node pool k8s version. For LKE enterprise only and may not currently available to all users.","description_kind":"plain","optional":true,"computed":true}},"block_types":{"autoscaler":{"nesting_mode":"list","block":{"attributes":{"max":{"type":"number","description":"The maximum number of nodes to automatically scale to.","description_kind":"plain","optional":true},"min":{"type":"number","description":"The minimum number of nodes to automatically scale to.","description_kind":"plain","optional":true}},"description_kind":"plain"}},"taint":{"nesting_mode":"set","block":{"attributes":{"effect":{"type":"string","description":"The Kubernetes taint effect.","description_kind":"plain","required":true},"key":{"type":"string","description":"The Kubernetes taint key.","description_kind":"plain","required":true},"value":{"type":"string","description":"The Kubernetes taint value.","description_kind":"plain","required":true}},"description":"Kubernetes taints to add to node pool nodes. Taints help control how pods are scheduled onto nodes, specifically allowing them to repel certain pods.","description_kind":"plain"}}},"description_kind":"plain"}},"linode_lock":{"version":0,"block":{"attributes":{"entity_id":{"type":"number","description":"The ID of the entity to lock.","description_kind":"plain","required":true},"entity_label":{"type":"string","description":"The label of the locked entity.","description_kind":"plain","computed":true},"entity_type":{"type":"string","description":"The type of the entity to lock. Supported values are 'linode', 'nodebalancer', 'volume', 'lkecluster', and 'lkenodepool'. Note: Linodes that are part of an LKE cluster cannot be locked.","description_kind":"plain","required":true},"entity_url":{"type":"string","description":"The URL of the locked entity.","description_kind":"plain","computed":true},"id":{"type":"string","description":"The unique ID of the Lock.","description_kind":"plain","computed":true},"lock_type":{"type":"string","description":"The type of lock. Only one lock type can exist per resource at a time. Valid values are 'cannot_delete' (prevents deletion, rebuild, and transfer) and 'cannot_delete_with_subresources' (prevents deletion, rebuild, transfer, and deletion of subresources such as disks, configs, interfaces, and IP addresses).","description_kind":"plain","required":true}},"description":"Manages a Linode Lock. Locks prevent accidental deletion of resources.","description_kind":"plain"}},"linode_monitor_alert_definition":{"version":0,"block":{"attributes":{"alert_channels":{"nested_type":{"attributes":{"id":{"type":"number","description":"The unique identifier for this alert channel on your account.","description_kind":"plain","computed":true},"label":{"type":"string","description":"The name of the channel, used to display it in Akamai Cloud Manager.","description_kind":"plain","computed":true},"type":{"type":"string","description":"The type of notification used with the channel. For a user alert definition, only email is supported.","description_kind":"plain","computed":true},"url":{"type":"string","description":"The URL for the channel that ends in the channel's id.","description_kind":"plain","computed":true}},"nesting_mode":"list"},"description":"The alert channels set up for use with this alert. Run the List alert channels operation to see all of the available channels.","description_kind":"plain","computed":true},"channel_ids":{"type":["list","number"],"description":"The identifiers for the alert channels to use for the alert.","description_kind":"plain","required":true},"class":{"type":"string","description":"The plan type for the Managed Database cluster, either shared or dedicated. This only applies to a system alert for a service_type of dbaas (Managed Databases). For user alerts for dbaas, this is returned as null.","description_kind":"plain","computed":true},"created":{"type":"string","description":"When this Alert Definition was created.","description_kind":"plain","computed":true},"created_by":{"type":"string","description":"For a user alert definition, this is the user on your account that created it. For a system alert definition, this is returned as system.","description_kind":"plain","computed":true},"description":{"type":"string","description":"An additional description for the alert definition.","description_kind":"plain","optional":true,"computed":true},"entities":{"nested_type":{"attributes":{"count":{"type":"number","description":"The number of entities associated with the alert definition.","description_kind":"plain","computed":true},"has_more_resources":{"type":"bool","description":"Whether there are additional entities associated with the alert.","description_kind":"plain","computed":true},"url":{"type":"string","description":"The URL to list entities associated with the alert definition.","description_kind":"plain","computed":true}},"nesting_mode":"single"},"description":"Entity metadata for the alert definition.","description_kind":"plain","computed":true},"entity_ids":{"type":["list","string"],"description":"The id for each individual entity from a service_type.","description_kind":"plain","optional":true},"id":{"type":"number","description":"The unique identifier assigned to the alert definition.","description_kind":"plain","computed":true},"label":{"type":"string","description":"The name of the alert definition.","description_kind":"plain","required":true},"regions":{"type":["list","string"],"description":"The regions the alert definition applies to. Only used for region-scoped alerts.","description_kind":"plain","optional":true,"computed":true},"rule_criteria":{"nested_type":{"attributes":{"rules":{"nested_type":{"attributes":{"aggregate_function":{"type":"string","description":"The aggregation function applied to the metric.","description_kind":"plain","optional":true,"computed":true},"dimension_filters":{"nested_type":{"attributes":{"dimension_label":{"type":"string","description":"The name of the dimension to be used in the filter.","description_kind":"plain","optional":true,"computed":true},"label":{"type":"string","description":"The name of the dimension filter. Used for display purposes.","description_kind":"plain","computed":true},"operator":{"type":"string","description":"The operator to apply to the dimension filter. Allowed values: eq, neq, startswith, endswith.","description_kind":"plain","optional":true,"computed":true},"value":{"type":"string","description":"The value to compare the dimension_label against.","description_kind":"plain","optional":true,"computed":true}},"nesting_mode":"list"},"description":"Individual objects that define dimension filters for the rule.","description_kind":"plain","optional":true,"computed":true},"label":{"type":"string","description":"The name of the individual rule. This is used for display purposes in Akamai Cloud Manager.","description_kind":"plain","computed":true},"metric":{"type":"string","description":"The metric to query.","description_kind":"plain","optional":true,"computed":true},"operator":{"type":"string","description":"The operator to apply to the metric. Allowed values: eq, gt, lt, gte, lte.","description_kind":"plain","optional":true,"computed":true},"threshold":{"type":"number","description":"The predefined value or condition that triggers an alert when met or exceeded.","description_kind":"plain","optional":true,"computed":true},"unit":{"type":"string","description":"The unit of the metric. This can be values like percent for percentage or GB for gigabyte.","description_kind":"plain","computed":true}},"nesting_mode":"list"},"description":"The individual rules that make up the alert definition.","description_kind":"plain","required":true}},"nesting_mode":"single"},"description":"Details for the rules required to trigger the alert.","description_kind":"plain","required":true},"scope":{"type":"string","description":"The scope of the alert definition. Allowed values: account, entity, region. Defaults to entity.","description_kind":"plain","optional":true,"computed":true},"service_type":{"type":"string","description":"The Akamai Cloud Computing service being monitored.","description_kind":"plain","required":true},"severity":{"type":"number","description":"The severity of the alert. Supported values: 3 for info, 2 for low, 1 for medium, 0 for severe.","description_kind":"plain","required":true},"status":{"type":"string","description":"The current status of the alert.","description_kind":"plain","optional":true,"computed":true},"trigger_conditions":{"nested_type":{"attributes":{"criteria_condition":{"type":"string","description":"The logical operation applied. Currently only 'ALL' allowed.","description_kind":"plain","optional":true,"computed":true},"evaluation_period_seconds":{"type":"number","description":"Time period over which data is collected before evaluating the threshold.","description_kind":"plain","optional":true,"computed":true},"polling_interval_seconds":{"type":"number","description":"Frequency at which the metric is checked.","description_kind":"plain","optional":true,"computed":true},"trigger_occurrences":{"type":"number","description":"Minimum consecutive polling periods for threshold breach.","description_kind":"plain","optional":true,"computed":true}},"nesting_mode":"single"},"description":"The conditions that need to be met to send a notification for the alert.","description_kind":"plain","required":true},"type":{"type":"string","description":"The type of alert. This can be either user for an alert specific to the current user, or system for one that applies to all users on your account.","description_kind":"plain","computed":true},"updated":{"type":"string","description":"When this Alert Definition was last updated.","description_kind":"plain","computed":true},"updated_by":{"type":"string","description":"For a user alert definition, this is the user on your account that last updated it. For a system alert definition, this is returned as system. If it hasn't been updated, this value is the same as created_by.","description_kind":"plain","computed":true},"wait_for":{"type":"bool","description":"Wait for the alert definition ready (not in progress).","description_kind":"plain","optional":true,"computed":true}},"description_kind":"plain"}},"linode_monitor_logs_destination":{"version":0,"block":{"attributes":{"akamai_object_storage_details":{"nested_type":{"attributes":{"access_key_id":{"type":"string","description":"The access key ID for the object storage bucket.","description_kind":"plain","required":true},"access_key_secret":{"type":"string","description":"The access key secret for the object storage bucket. This value is write-only and will not be returned by the API.","description_kind":"plain","required":true,"sensitive":true},"bucket_name":{"type":"string","description":"The name of the object storage bucket.","description_kind":"plain","required":true},"host":{"type":"string","description":"The hostname of the object storage endpoint.","description_kind":"plain","required":true},"path":{"type":"string","description":"The path within the bucket where logs will be stored.","description_kind":"plain","optional":true,"computed":true}},"nesting_mode":"single"},"description":"Details for an akamai_object_storage logs destination.","description_kind":"plain","optional":true},"created":{"type":"string","description":"When this logs destination was created.","description_kind":"plain","computed":true},"created_by":{"type":"string","description":"The user who created this logs destination.","description_kind":"plain","computed":true},"custom_https_details":{"nested_type":{"attributes":{"authentication":{"nested_type":{"attributes":{"password":{"type":"string","description":"The password for basic authentication. This value is write-only and will not be returned by the API.","description_kind":"plain","optional":true,"sensitive":true},"type":{"type":"string","description":"The authentication type. One of: basic, none.","description_kind":"plain","required":true},"username":{"type":"string","description":"The username for basic authentication. This value is write-only and will not be returned by the API.","description_kind":"plain","optional":true,"sensitive":true}},"nesting_mode":"single"},"description":"Authentication configuration for the HTTPS endpoint.","description_kind":"plain","required":true},"client_certificate_details":{"nested_type":{"attributes":{"client_ca_certificate":{"type":"string","description":"The client CA certificate. This value is write-only and will not be returned by the API.","description_kind":"plain","required":true,"sensitive":true},"client_certificate":{"type":"string","description":"The client certificate. This value is write-only and will not be returned by the API.","description_kind":"plain","required":true,"sensitive":true},"client_private_key":{"type":"string","description":"The client private key. This value is write-only and will not be returned by the API.","description_kind":"plain","required":true,"sensitive":true},"tls_hostname":{"type":"string","description":"The TLS hostname for certificate verification.","description_kind":"plain","required":true}},"nesting_mode":"single"},"description":"TLS client certificate configuration.","description_kind":"plain","optional":true},"content_type":{"type":"string","description":"The content type of the log data. One of: application/json, application/json; charset=utf-8.","description_kind":"plain","required":true},"custom_headers":{"nested_type":{"attributes":{"name":{"type":"string","description":"The name of the HTTP header.","description_kind":"plain","required":true},"value":{"type":"string","description":"The value of the HTTP header. This value is write-only and will not be returned by the API.","description_kind":"plain","required":true,"sensitive":true}},"nesting_mode":"list"},"description":"Custom HTTP headers to include in log delivery requests.","description_kind":"plain","optional":true},"data_compression":{"type":"string","description":"The compression format for log data. One of: none, gzip.","description_kind":"plain","required":true},"endpoint_url":{"type":"string","description":"The HTTPS endpoint URL to send logs to.","description_kind":"plain","required":true}},"nesting_mode":"single"},"description":"Details for a custom_https logs destination.","description_kind":"plain","optional":true},"id":{"type":"string","description":"The unique ID of this logs destination.","description_kind":"plain","computed":true},"label":{"type":"string","description":"The label for this logs destination.","description_kind":"plain","required":true},"status":{"type":"string","description":"The status of this logs destination.","description_kind":"plain","computed":true},"type":{"type":"string","description":"The type of this logs destination. One of: akamai_object_storage, custom_https.","description_kind":"plain","required":true},"updated":{"type":"string","description":"When this logs destination was last updated.","description_kind":"plain","computed":true},"updated_by":{"type":"string","description":"The user who last updated this logs destination.","description_kind":"plain","computed":true},"version":{"type":"number","description":"The version of this logs destination.","description_kind":"plain","computed":true}},"description":"Manages a Linode Monitor Logs Destination.","description_kind":"plain"}},"linode_monitor_logs_stream":{"version":0,"block":{"attributes":{"created":{"type":"string","description":"The date and time when the logs stream was created.","description_kind":"plain","computed":true},"created_by":{"type":"string","description":"The user who created the logs stream.","description_kind":"plain","computed":true},"destinations":{"type":["list","number"],"description":"The list of logs destination IDs attached to this stream.","description_kind":"plain","required":true},"details":{"nested_type":{"attributes":{"cluster_ids":{"type":["list","number"],"description":"The list of LKE cluster IDs to include in this stream.","description_kind":"plain","optional":true,"computed":true},"is_auto_add_all_clusters_enabled":{"type":"bool","description":"When true, all LKE clusters are automatically added to this stream.","description_kind":"plain","optional":true,"computed":true}},"nesting_mode":"single"},"description":"Additional configuration details. Only applies to lke_audit_logs streams.","description_kind":"plain","optional":true,"computed":true},"id":{"type":"string","description":"The ID of the logs stream.","description_kind":"plain","computed":true},"label":{"type":"string","description":"The label of the logs stream.","description_kind":"plain","required":true},"status":{"type":"string","description":"The status of the logs stream (active, inactive, provisioning, deactivating).","description_kind":"plain","optional":true,"computed":true},"type":{"type":"string","description":"The type of the logs stream (audit_logs or lke_audit_logs).","description_kind":"plain","required":true},"updated":{"type":"string","description":"The date and time when the logs stream was last updated.","description_kind":"plain","computed":true},"updated_by":{"type":"string","description":"The user who last updated the logs stream.","description_kind":"plain","computed":true},"version":{"type":"number","description":"The version of the logs stream.","description_kind":"plain","computed":true}},"description_kind":"plain"}},"linode_networking_ip":{"version":0,"block":{"attributes":{"address":{"type":"string","description":"The allocated IPv4 address.","description_kind":"plain","computed":true},"assigned_entity":{"type":["object",{"id":"number","label":"string","type":"string","url":"string"}],"description":"The entity this IP address has been assigned to. This is null if the address is not assigned to an entity.","description_kind":"plain","computed":true},"gateway":{"type":"string","description":"The default gateway for this address.","description_kind":"plain","computed":true},"id":{"type":"string","description":"The ID of the IPv4 address.","description_kind":"plain","computed":true},"linode_id":{"type":"number","description":"The ID of the Linode to allocate an IPv4 address for. Required when reserved is false or not set.","description_kind":"plain","optional":true,"computed":true},"prefix":{"type":"number","description":"The number of bits set in the subnet mask.","description_kind":"plain","computed":true},"public":{"type":"bool","description":"Whether the IPv4 address is public or private.","description_kind":"plain","optional":true,"computed":true},"rdns":{"type":"string","description":"The reverse DNS assigned to this address. For public IPv4 addresses, this will be set to a default value provided by Linode.","description_kind":"plain","computed":true},"region":{"type":"string","description":"The region for the reserved IPv4 address. Required when reserved is true and linode_id is not set.","description_kind":"plain","optional":true,"computed":true},"reserved":{"type":"bool","description":"Whether the IPv4 address should be reserved.","description_kind":"plain","optional":true,"computed":true},"subnet_mask":{"type":"string","description":"The mask that separates host bits from network bits for this address.","description_kind":"plain","computed":true},"tags":{"type":["set","string"],"description":"A set of tags associated with this IP address.","description_kind":"plain","computed":true},"type":{"type":"string","description":"The type of IP address (ipv4).","description_kind":"plain","optional":true,"computed":true},"vpc_nat_1_1":{"type":["object",{"address":"string","subnet_id":"number","vpc_id":"number"}],"description":"Contains information about the NAT 1:1 mapping of a public IP address to a VPC subnet.","description_kind":"plain","computed":true}},"description_kind":"plain"}},"linode_networking_ip_assignment":{"version":0,"block":{"attributes":{"assignments":{"nested_type":{"attributes":{"address":{"type":"string","description":"The IPv4 address or IPv6 range to assign.","description_kind":"plain","required":true},"assigned_entity":{"type":["object",{"id":"number","label":"string","type":"string","url":"string"}],"description":"The entity this IP address has been assigned to. This is null if the address is not assigned to an entity.","description_kind":"plain","computed":true},"linode_id":{"type":"number","description":"The ID of the Linode to which the IP address will be assigned.","description_kind":"plain","required":true},"reserved":{"type":"bool","description":"Whether this IP address is a reserved IP.","description_kind":"plain","computed":true},"tags":{"type":["set","string"],"description":"A set of tags associated with this IP address.","description_kind":"plain","computed":true}},"nesting_mode":"list"},"description_kind":"plain","optional":true},"id":{"type":"string","description":"The ID of the IP assignment operation.","description_kind":"plain","computed":true},"region":{"type":"string","description":"The region for the IP assignments.","description_kind":"plain","required":true}},"description_kind":"plain"}},"linode_nodebalancer":{"version":1,"block":{"attributes":{"client_conn_throttle":{"type":"number","description":"Throttle connections per second (0-20). Set to 0 (zero) to disable throttling.","description_kind":"plain","optional":true,"computed":true},"client_udp_sess_throttle":{"type":"number","description":"Throttle UDP sessions per second (0-20). Set to 0 (zero) to disable throttling.","description_kind":"plain","optional":true,"computed":true},"created":{"type":"string","description":"When this NodeBalancer was created.","description_kind":"plain","computed":true},"firewall_id":{"type":"number","description":"ID for the firewall you'd like to use with this NodeBalancer.","description_kind":"plain","optional":true},"firewalls":{"type":["list",["object",{"created":"string","id":"number","inbound":["list",["object",{"action":"string","description":"string","ipv4":["list","string"],"ipv6":["list","string"],"label":"string","ports":"string","protocol":"string"}]],"inbound_policy":"string","label":"string","outbound":["list",["object",{"action":"string","description":"string","ipv4":["list","string"],"ipv6":["list","string"],"label":"string","ports":"string","protocol":"string"}]],"outbound_policy":"string","status":"string","tags":["set","string"],"updated":"string"}]],"description":"A list of Firewalls assigned to this NodeBalancer.","description_kind":"plain","computed":true},"hostname":{"type":"string","description":"This NodeBalancer's hostname, ending with .nodebalancer.linode.com","description_kind":"plain","computed":true},"id":{"type":"string","description":"The unique ID of the Linode NodeBalancer.","description_kind":"plain","computed":true},"ipv4":{"type":"string","description":"The Public IPv4 Address of this NodeBalancer. When provided, the address must be a reserved IPv4 address that is unassigned and owned by the account. *Changing `ipv4` forces the creation of a new Linode NodeBalancer.* Note: once `ipv4` is set, removing it from configuration will not revert the NodeBalancer to an auto-assigned address — the prior value is retained in state. To switch back to an auto-assigned address, the resource must be explicitly replaced (e.g. via `terraform taint` or by destroying and recreating it).","description_kind":"plain","optional":true,"computed":true},"ipv6":{"type":"string","description":"The Public IPv6 Address of this NodeBalancer","description_kind":"plain","computed":true},"label":{"type":"string","description":"The label of the Linode NodeBalancer.","description_kind":"plain","optional":true},"lke_cluster":{"nested_type":{"attributes":{"id":{"type":"number","description":"The ID of the related LKE cluster.","description_kind":"plain","computed":true},"label":{"type":"string","description":"The label of the related LKE cluster.","description_kind":"plain","computed":true},"type":{"type":"string","description":"The type of the related LKE cluster.","description_kind":"plain","computed":true},"url":{"type":"string","description":"The URL where you can access the related LKE cluster.","description_kind":"plain","computed":true}},"nesting_mode":"list"},"description":"The related LKE cluster for this NodeBalancer, if any.","description_kind":"plain","computed":true},"region":{"type":"string","description":"The region where this NodeBalancer will be deployed.","description_kind":"plain","optional":true,"computed":true},"tags":{"type":["set","string"],"description":"An array of tags applied to this object. Tags are for organizational purposes only.","description_kind":"plain","optional":true,"computed":true},"transfer":{"type":["list",["object",{"in":"number","out":"number","total":"number"}]],"description":"Information about the amount of transfer this NodeBalancer has had so far this month.","description_kind":"plain","computed":true},"updated":{"type":"string","description":"When this NodeBalancer was last updated.","description_kind":"plain","computed":true},"vpcs":{"nested_type":{"attributes":{"ipv4_range":{"type":"string","description":"A CIDR range for the VPC's IPv4 addresses. The NodeBalancer sources IP addresses from this range when routing traffic to the backend VPC nodes.","description_kind":"plain","optional":true,"computed":true},"ipv4_range_auto_assign":{"type":"bool","description":"Enables the use of a larger ipv4_range subnet for multiple NodeBalancers within the same VPC by allocating smaller /30 subnets for each NodeBalancer's backends.","description_kind":"plain","optional":true},"ipv6_range":{"type":"string","description":"A CIDR range for the VPC's IPv6 addresses. The NodeBalancer sources IP addresses from this range when routing traffic to the backend VPC nodes.","description_kind":"plain","optional":true,"computed":true},"subnet_id":{"type":"number","description":"The ID of a subnet to assign to this NodeBalancer.","description_kind":"plain","required":true}},"nesting_mode":"list"},"description":"A list of VPCs to be assigned to this NodeBalancer.","description_kind":"plain","optional":true}},"description_kind":"plain"}},"linode_nodebalancer_config":{"version":1,"block":{"attributes":{"algorithm":{"type":"string","description":"What algorithm this NodeBalancer should use for routing traffic to backends: roundrobin, leastconn, source","description_kind":"plain","optional":true,"computed":true},"check":{"type":"string","description":"The type of check to perform against backends to ensure they are serving requests. This is used to determine if backends are up or down. If none no check is performed. connection requires only a connection to the backend to succeed. http and http_body rely on the backend serving HTTP, and that the response returned matches what is expected.","description_kind":"plain","optional":true,"computed":true},"check_attempts":{"type":"number","description":"How many times to attempt a check before considering a backend to be down. (1-30)","description_kind":"plain","optional":true,"computed":true},"check_body":{"type":"string","description":"This value must be present in the response body of the check in order for it to pass. If this value is not present in the response body of a check request, the backend is considered to be down","description_kind":"plain","optional":true,"computed":true},"check_interval":{"type":"number","description":"How often, in seconds, to check that backends are up and serving requests.","description_kind":"plain","optional":true,"computed":true},"check_passive":{"type":"bool","description":"If true, any response from this backend with a 5xx status code will be enough for it to be considered unhealthy and taken out of rotation.","description_kind":"plain","optional":true,"computed":true},"check_path":{"type":"string","description":"The URL path to check on each backend. If the backend does not respond to this request it is considered to be down.","description_kind":"plain","optional":true,"computed":true},"check_timeout":{"type":"number","description":"How long, in seconds, to wait for a check attempt before considering it failed. (1-30)","description_kind":"plain","optional":true,"computed":true},"cipher_suite":{"type":"string","description":"What ciphers to use for SSL connections served by this NodeBalancer. `legacy` is considered insecure and should only be used if necessary.","description_kind":"plain","optional":true,"computed":true},"id":{"type":"string","description":"The ID of the Linode NodeBalancer Config.","description_kind":"plain","computed":true},"node_status":{"type":["list",["object",{"down":"number","up":"number"}]],"description":"A structure containing information about the health of the backends for this port. This information is updated periodically as checks are performed against backends.","description_kind":"plain","computed":true},"nodebalancer_id":{"type":"number","description":"The ID of the NodeBalancer to access.","description_kind":"plain","required":true},"port":{"type":"number","description":"The TCP port this Config is for. These values must be unique across configs on a single NodeBalancer (you can't have two configs for port 80, for example). While some ports imply some protocols, no enforcement is done and you may configure your NodeBalancer however is useful to you. For example, while port 443 is generally used for HTTPS, you do not need SSL configured to have a NodeBalancer listening on port 443.","description_kind":"plain","optional":true,"computed":true},"protocol":{"type":"string","description":"The protocol this port is configured to serve. If this is set to https you must include an ssl_cert and an ssl_key.","description_kind":"plain","optional":true,"computed":true},"proxy_protocol":{"type":"string","description":"The version of ProxyProtocol to use for the underlying NodeBalancer. This requires protocol to be `tcp`. Valid values are `none`, `v1`, and `v2`.","description_kind":"plain","optional":true,"computed":true},"ssl_cert":{"type":"string","description":"The certificate this port is serving. This is not returned. If set, this field will come back as `\u003cREDACTED\u003e`. Please use the ssl_commonname and ssl_fingerprint to identify the certificate.","description_kind":"plain","optional":true,"sensitive":true},"ssl_commonname":{"type":"string","description":"The read-only common name automatically derived from the SSL certificate assigned to this NodeBalancerConfig. Please refer to this field to verify that the appropriate certificate is assigned to your NodeBalancerConfig.","description_kind":"plain","computed":true},"ssl_fingerprint":{"type":"string","description":"The read-only fingerprint automatically derived from the SSL certificate assigned to this NodeBalancerConfig. Please refer to this field to verify that the appropriate certificate is assigned to your NodeBalancerConfig.","description_kind":"plain","computed":true},"ssl_key":{"type":"string","description":"The private key corresponding to this port's certificate. This is not returned. If set, this field will come back as `\u003cREDACTED\u003e`. Please use the ssl_commonname and ssl_fingerprint to identify the certificate.","description_kind":"plain","optional":true,"sensitive":true},"stickiness":{"type":"string","description":"Controls how session stickiness is handled on this port: 'none', 'table', 'http_cookie'","description_kind":"plain","optional":true,"computed":true},"udp_check_port":{"type":"number","description":"Specifies the port on the backend node used for active health checks, which may differ from the port serving traffic.","description_kind":"plain","optional":true,"computed":true},"udp_session_timeout":{"type":"number","description":"The read-only idle time in seconds after which a session that hasn’t received packets is destroyed.","description_kind":"plain","computed":true}},"description_kind":"plain"}},"linode_nodebalancer_node":{"version":0,"block":{"attributes":{"address":{"type":"string","description":"The private IP Address and port (IP:PORT) where this backend can be reached. This must be a private IP address.","description_kind":"plain","required":true},"config_id":{"type":"number","description":"The ID of the NodeBalancerConfig to access.","description_kind":"plain","required":true},"id":{"type":"string","description":"The ID of the NodeBalancer node resource.","description_kind":"plain","computed":true},"label":{"type":"string","description":"The label for this node. This is for display purposes only.","description_kind":"plain","required":true},"mode":{"type":"string","description":"The mode this NodeBalancer should use when sending traffic to this backend. If set to `accept` this backend is accepting traffic. If set to `reject` this backend will not receive traffic. If set to `drain` this backend will not receive new traffic, but connections already pinned to it will continue to be routed to it. If set to `backup` this backend will only accept traffic if all other nodes are down.","description_kind":"plain","optional":true,"computed":true},"nodebalancer_id":{"type":"number","description":"The ID of the NodeBalancer to access.","description_kind":"plain","required":true},"status":{"type":"string","description":"The current status of this node, based on the configured checks of its NodeBalancer Config. (unknown, UP, DOWN)","description_kind":"plain","computed":true},"subnet_id":{"type":"number","description":"The ID of the VPC subnet for this node.","description_kind":"plain","optional":true},"vpc_config_id":{"type":"number","description":"The ID of the NB-VPC config for this node.","description_kind":"plain","computed":true},"weight":{"type":"number","description":"Used when picking a backend to serve a request and is not pinned to a single backend yet. Nodes with a higher weight will receive more traffic. (1-255)","description_kind":"plain","optional":true,"computed":true}},"description_kind":"plain"}},"linode_object_storage_bucket":{"version":0,"block":{"attributes":{"access_key":{"type":"string","description":"The S3 access key to use for this resource. (Required for lifecycle_rule and versioning). If not specified with the resource, the value will be read from provider-level obj_access_key, or, generated implicitly at apply-time if obj_use_temp_keys in provider configuration is set.","description_kind":"plain","optional":true},"acl":{"type":"string","description":"The Access Control Level of the bucket using a canned ACL string.","description_kind":"plain","optional":true},"cors_enabled":{"type":"bool","description":"If true, the bucket will be created with CORS enabled for all origins.","description_kind":"plain","optional":true,"computed":true},"endpoint":{"type":"string","description":"The endpoint for the bucket used for s3 connections.","description_kind":"plain","deprecated":true,"computed":true},"endpoint_type":{"type":"string","description":"The type of the S3 endpoint available in this region.","description_kind":"plain","optional":true,"computed":true},"hostname":{"type":"string","description":"The hostname where this bucket can be accessed. This hostname can be accessed through a browser if the bucket is made public.","description_kind":"plain","computed":true},"id":{"type":"string","description_kind":"plain","optional":true,"computed":true},"label":{"type":"string","description":"The label of the Linode Object Storage Bucket.","description_kind":"plain","required":true},"region":{"type":"string","description":"The region of the Linode Object Storage Bucket.","description_kind":"plain","required":true},"s3_endpoint":{"type":"string","description":"The endpoint for the bucket used for s3 connections.","description_kind":"plain","optional":true,"computed":true},"secret_key":{"type":"string","description":"The S3 secret key to use for this resource. (Required for lifecycle_rule and versioning). If not specified with the resource, the value will be read from provider-level obj_secret_key, or, generated implicitly at apply-time if obj_use_temp_keys in provider configuration is set.","description_kind":"plain","optional":true,"sensitive":true},"versioning":{"type":"bool","description":"Whether to enable versioning.","description_kind":"plain","optional":true,"computed":true}},"block_types":{"cert":{"nesting_mode":"list","block":{"attributes":{"certificate":{"type":"string","description":"The Base64 encoded and PEM formatted SSL certificate.","description_kind":"plain","required":true,"sensitive":true},"private_key":{"type":"string","description":"The private key associated with the TLS/SSL certificate.","description_kind":"plain","required":true,"sensitive":true}},"description":"The cert used by this Object Storage Bucket.","description_kind":"plain"},"max_items":1},"lifecycle_rule":{"nesting_mode":"list","block":{"attributes":{"abort_incomplete_multipart_upload_days":{"type":"number","description":"Specifies the number of days after initiating a multipart upload when the multipart upload must be completed.","description_kind":"plain","optional":true},"enabled":{"type":"bool","description":"Specifies whether the lifecycle rule is active.","description_kind":"plain","required":true},"id":{"type":"string","description":"The unique identifier for the rule.","description_kind":"plain","optional":true,"computed":true},"prefix":{"type":"string","description":"The object key prefix identifying one or more objects to which the rule applies.","description_kind":"plain","optional":true}},"block_types":{"expiration":{"nesting_mode":"list","block":{"attributes":{"date":{"type":"string","description":"Specifies the date after which you want the corresponding action to take effect.","description_kind":"plain","optional":true},"days":{"type":"number","description":"Specifies the number of days after object creation when the specific rule action takes effect.","description_kind":"plain","optional":true},"expired_object_delete_marker":{"type":"bool","description":"Directs Linode Object Storage to remove expired deleted markers.","description_kind":"plain","optional":true}},"description":"Specifies a period in the object's expire.","description_kind":"plain"},"max_items":1},"noncurrent_version_expiration":{"nesting_mode":"list","block":{"attributes":{"days":{"type":"number","description":"Specifies the number of days non-current object versions expire.","description_kind":"plain","required":true}},"description":"Specifies when non-current object versions expire.","description_kind":"plain"},"max_items":1}},"description":"Lifecycle rules to be applied to the bucket.","description_kind":"plain"}}},"description_kind":"plain"}},"linode_object_storage_key":{"version":0,"block":{"attributes":{"access_key":{"type":"string","description":"This keypair's access key. This is not secret.","description_kind":"plain","computed":true},"id":{"type":"string","description":"The unique ID of this Object Storage key.","description_kind":"plain","computed":true},"label":{"type":"string","description":"The label given to this key. For display purposes only.","description_kind":"plain","required":true},"limited":{"type":"bool","description":"Whether or not this key is a limited access key.","description_kind":"plain","computed":true},"regions":{"type":["set","string"],"description":"A set of regions where the key will grant access to create buckets.","description_kind":"plain","optional":true,"computed":true},"regions_details":{"type":["set",["object",{"endpoint_type":"string","id":"string","s3_endpoint":"string"}]],"description":"A set of objects containing the detailed info of the regions where the key will grant access.","description_kind":"plain","computed":true},"secret_key":{"type":"string","description":"This keypair's secret key.","description_kind":"plain","computed":true,"sensitive":true}},"block_types":{"bucket_access":{"nesting_mode":"set","block":{"attributes":{"bucket_name":{"type":"string","description":"The unique label of the bucket to which the key will grant limited access.","description_kind":"plain","required":true},"permissions":{"type":"string","description":"This Limited Access Key's permissions for the selected bucket.","description_kind":"plain","required":true},"region":{"type":"string","description":"The region where the bucket resides.","description_kind":"plain","required":true}},"description":"A list of permissions to grant this limited access key.","description_kind":"plain"}}},"description_kind":"plain"}},"linode_object_storage_object":{"version":0,"block":{"attributes":{"access_key":{"type":"string","description":"The REQUIRED S3 access key with access to the target bucket. If not specified with the resource, you must provide its value by configuring the obj_access_key, or, opting-in generating it implicitly at apply-time using obj_use_temp_keys at provider-level.","description_kind":"plain","optional":true},"acl":{"type":"string","description":"The ACL config given to this object.","description_kind":"plain","optional":true,"computed":true},"bucket":{"type":"string","description":"The target bucket to put this object in.","description_kind":"plain","required":true},"cache_control":{"type":"string","description":"This cache_control configuration of this object.","description_kind":"plain","optional":true},"content":{"type":"string","description":"The contents of the Object to upload.","description_kind":"plain","optional":true},"content_base64":{"type":"string","description":"The base64 contents of the Object to upload.","description_kind":"plain","optional":true},"content_disposition":{"type":"string","description":"The content disposition configuration of this object.","description_kind":"plain","optional":true},"content_encoding":{"type":"string","description":"The encoding of the content of this object.","description_kind":"plain","optional":true},"content_language":{"type":"string","description":"The language metadata of this object.","description_kind":"plain","optional":true},"content_type":{"type":"string","description":"The MIME type of the content.","description_kind":"plain","optional":true,"computed":true},"endpoint":{"type":"string","description":"The endpoint for the bucket used for s3 connections.","description_kind":"plain","optional":true,"computed":true},"etag":{"type":"string","description":"The specific version of this object.","description_kind":"plain","optional":true,"computed":true},"force_destroy":{"type":"bool","description":"Whether the object should bypass deletion restrictions.","description_kind":"plain","optional":true,"computed":true},"id":{"type":"string","description":"The ID of the object.","description_kind":"plain","computed":true},"key":{"type":"string","description":"The name of the uploaded object.","description_kind":"plain","required":true},"metadata":{"type":["map","string"],"description":"The metadata of this object","description_kind":"plain","optional":true,"computed":true},"region":{"type":"string","description":"The target region that the bucket is in.","description_kind":"plain","required":true},"secret_key":{"type":"string","description":"The REQUIRED S3 secret key with access to the target bucket. If not specified with the resource, you must provide its value by configuring the obj_secret_key, or, opting-in generating it implicitly at apply-time using obj_use_temp_keys at provider-level.","description_kind":"plain","optional":true,"sensitive":true},"source":{"type":"string","description":"The source file to upload.","description_kind":"plain","optional":true},"version_id":{"type":"string","description":"The version ID of this object.","description_kind":"plain","computed":true},"website_redirect":{"type":"string","description":"The website redirect location of this object.","description_kind":"plain","optional":true}},"description_kind":"plain"}},"linode_placement_group":{"version":0,"block":{"attributes":{"id":{"type":"string","description":"The id of the Placement Group.","description_kind":"plain","computed":true},"is_compliant":{"type":"bool","description":"Whether all Linodes in this Placement Group are currently compliant.","description_kind":"plain","computed":true},"label":{"type":"string","description":"The label of the Placement Group.","description_kind":"plain","required":true},"members":{"type":["set",["object",{"is_compliant":"bool","linode_id":"number"}]],"description":"A set of Linodes currently assigned to this Placement Group.","description_kind":"plain","computed":true},"placement_group_policy":{"type":"string","description":"Whether this Placement Group has a strict compliance policy.","description_kind":"plain","optional":true,"computed":true},"placement_group_type":{"type":"string","description":"The placement group type for Linodes in this Placement Group.","description_kind":"plain","required":true},"region":{"type":"string","description":"The region of the Placement Group.","description_kind":"plain","required":true}},"description_kind":"plain"}},"linode_placement_group_assignment":{"version":0,"block":{"attributes":{"compliant_only":{"type":"bool","description_kind":"plain","optional":true},"id":{"type":"string","description":"The unique ID that represents the assignment between a Placement Group and a set of Linodes.","description_kind":"plain","computed":true},"linode_id":{"type":"number","description":"A set of Linode IDs to assign to the Placement Group.","description_kind":"plain","required":true},"placement_group_id":{"type":"number","description":"The ID of the Placement Group for this assignment.","description_kind":"plain","required":true}},"description_kind":"plain"}},"linode_producer_image_share_group":{"version":0,"block":{"attributes":{"created":{"type":"string","description":"When this Image Share Group was created.","description_kind":"plain","computed":true},"description":{"type":"string","description":"The label of the Image Share Group.","description_kind":"plain","optional":true},"expiry":{"type":"string","description":"When this Image Share Group will expire.","description_kind":"plain","computed":true},"id":{"type":"number","description":"The ID of the Image Share Group.","description_kind":"plain","computed":true},"images":{"nested_type":{"attributes":{"description":{"type":"string","description":"The description for the im_ImageShare row associated with this shared image.","description_kind":"plain","optional":true},"id":{"type":"string","description":"The ID of an image to share in this Image Share Group.","description_kind":"plain","required":true},"label":{"type":"string","description":"The label for the im_ImageShare row associated with this shared image.","description_kind":"plain","optional":true}},"nesting_mode":"list"},"description":"The images to be shared using this Image Share Group.","description_kind":"plain","optional":true,"computed":true},"images_count":{"type":"number","description":"The number of images in the Image Share Group.","description_kind":"plain","computed":true},"is_suspended":{"type":"bool","description":"Whether or not the Image Share Group is suspended.","description_kind":"plain","computed":true},"label":{"type":"string","description":"The label of the Image Share Group.","description_kind":"plain","required":true},"members_count":{"type":"number","description":"The number of members in the Image Share Group.","description_kind":"plain","computed":true},"updated":{"type":"string","description":"When this Image Share Group was last updated.","description_kind":"plain","computed":true},"uuid":{"type":"string","description":"The UUID of the Image Share Group.","description_kind":"plain","computed":true}},"description_kind":"plain"}},"linode_producer_image_share_group_member":{"version":0,"block":{"attributes":{"created":{"type":"string","description":"When this member was created.","description_kind":"plain","computed":true},"expiry":{"type":"string","description":"When this member will expire.","description_kind":"plain","computed":true},"label":{"type":"string","description":"The label of the member.","description_kind":"plain","required":true},"sharegroup_id":{"type":"number","description":"The ID of the Image Share Group the member belongs to.","description_kind":"plain","required":true},"status":{"type":"string","description":"The status of the member.","description_kind":"plain","computed":true},"token":{"type":"string","description":"The one-time-use token provided by the prospective member.","description_kind":"plain","required":true,"sensitive":true},"token_uuid":{"type":"string","description":"The UUID of member's token.","description_kind":"plain","computed":true},"updated":{"type":"string","description":"When this member was last updated.","description_kind":"plain","computed":true}},"description_kind":"plain"}},"linode_rdns":{"version":0,"block":{"attributes":{"address":{"type":"string","description":"The public Linode IPv4 or IPv6 address to operate on.","description_kind":"plain","required":true},"id":{"type":"string","description":"Unique identification field for this RDNS Resource. The public Linode IPv4 or IPv6 address to operate on. ","description_kind":"plain","computed":true},"rdns":{"type":"string","description":"The reverse DNS assigned to this address. For public IPv4 addresses, this will be set to a default value provided by Linode if not explicitly set.","description_kind":"plain","required":true},"wait_for_available":{"type":"bool","description":"If true, the RDNS assignment will be retried within the operation timeout period.","description_kind":"plain","optional":true,"computed":true}},"block_types":{"timeouts":{"nesting_mode":"single","block":{"attributes":{"create":{"type":"string","description":"A string that can be [parsed as a duration](https://pkg.go.dev/time#ParseDuration) consisting of numbers and unit suffixes, such as \"30s\" or \"2h45m\". Valid time units are \"s\" (seconds), \"m\" (minutes), \"h\" (hours).","description_kind":"plain","optional":true},"update":{"type":"string","description":"A string that can be [parsed as a duration](https://pkg.go.dev/time#ParseDuration) consisting of numbers and unit suffixes, such as \"30s\" or \"2h45m\". Valid time units are \"s\" (seconds), \"m\" (minutes), \"h\" (hours).","description_kind":"plain","optional":true}},"description_kind":"plain"}}},"description_kind":"plain"}},"linode_reserved_ip":{"version":0,"block":{"attributes":{"address":{"type":"string","description":"The reserved IPv4 address.","description_kind":"plain","computed":true},"assigned_entity":{"type":["list",["object",{"id":"number","label":"string","type":"string","url":"string"}]],"description":"The entity this reserved IP address is currently assigned to, if any.","description_kind":"plain","computed":true},"gateway":{"type":"string","description":"The default gateway for this address.","description_kind":"plain","computed":true},"id":{"type":"string","description":"The ID of the reserved IP address, which is the address itself.","description_kind":"plain","computed":true},"linode_id":{"type":"number","description":"The ID of the Linode this address is currently assigned to, if any.","description_kind":"plain","computed":true},"prefix":{"type":"number","description":"The number of bits set in the subnet mask.","description_kind":"plain","computed":true},"public":{"type":"bool","description":"Whether this is a public or private IP address.","description_kind":"plain","computed":true},"rdns":{"type":"string","description":"The reverse DNS assigned to this address.","description_kind":"plain","computed":true},"region":{"type":"string","description":"The region in which to reserve the IP address.","description_kind":"plain","required":true},"reserved":{"type":"bool","description":"Whether this IP address is reserved.","description_kind":"plain","computed":true},"subnet_mask":{"type":"string","description":"The mask that separates host bits from network bits for this address.","description_kind":"plain","computed":true},"tags":{"type":["set","string"],"description":"Tags assigned to this reserved IP address.","description_kind":"plain","optional":true,"computed":true},"type":{"type":"string","description":"The type of IP address.","description_kind":"plain","computed":true},"vpc_nat_1_1":{"type":["list",["object",{"address":"string","subnet_id":"number","vpc_id":"number"}]],"description":"Contains information about the NAT 1:1 mapping of a public IP address to a VPC subnet.","description_kind":"plain","computed":true}},"description_kind":"plain"}},"linode_reserved_ip_assignment":{"version":0,"block":{"attributes":{"address":{"type":"string","description":"The resulting IPv4 address.","description_kind":"plain","required":true},"apply_immediately":{"type":"bool","description":"If true, the instance will be rebooted to update network interfaces. This functionality is not affected by the `skip_implicit_reboots` provider argument.","description_kind":"plain","optional":true,"computed":true},"assigned_entity":{"type":["object",{"id":"number","label":"string","type":"string","url":"string"}],"description":"The entity this IP address has been assigned to. This is null if the address is not assigned to an entity.","description_kind":"plain","computed":true},"gateway":{"type":"string","description":"The default gateway for this address","description_kind":"plain","computed":true},"id":{"type":"string","description":"The ID of the IPv4 address, which will be IPv4 address itself.","description_kind":"plain","computed":true},"linode_id":{"type":"number","description":"The ID of the Linode to allocate an IPv4 address for.","description_kind":"plain","required":true},"prefix":{"type":"number","description":"The number of bits set in the subnet mask.","description_kind":"plain","computed":true},"public":{"type":"bool","description":"Whether the IPv4 address is public or private.","description_kind":"plain","optional":true,"computed":true},"rdns":{"type":"string","description":"The reverse DNS assigned to this address.","description_kind":"plain","optional":true,"computed":true},"region":{"type":"string","description":"The region this IP resides in.","description_kind":"plain","computed":true},"reserved":{"type":"bool","description":"The reservation status of the IP address","description_kind":"plain","computed":true},"subnet_mask":{"type":"string","description":"The mask that separates host bits from network bits for this address.","description_kind":"plain","computed":true},"tags":{"type":["set","string"],"description":"A set of tags associated with this IP address.","description_kind":"plain","computed":true},"type":{"type":"string","description":"The type of IP address.","description_kind":"plain","computed":true},"vpc_nat_1_1":{"type":["list",["object",{"address":"string","subnet_id":"number","vpc_id":"number"}]],"description":"Contains information about the NAT 1:1 mapping of a public IP address to a VPC subnet.","description_kind":"plain","computed":true}},"description_kind":"plain"}},"linode_sshkey":{"version":0,"block":{"attributes":{"created":{"type":"string","description":"The date this key was added.","description_kind":"plain","computed":true},"id":{"type":"string","description":"The unique identifier for this SSH key.","description_kind":"plain","computed":true},"label":{"type":"string","description":"The label of the Linode SSH Key.","description_kind":"plain","required":true},"ssh_key":{"type":"string","description":"The public SSH Key, which is used to authenticate to the root user of the Linodes you deploy.","description_kind":"plain","required":true}},"description_kind":"plain"}},"linode_stackscript":{"version":1,"block":{"attributes":{"created":{"type":"string","description":"The date this StackScript was created.","description_kind":"plain","computed":true},"deployments_active":{"type":"number","description":"Count of currently active, deployed Linodes created from this StackScript.","description_kind":"plain","computed":true},"deployments_total":{"type":"number","description":"The total number of times this StackScript has been deployed.","description_kind":"plain","computed":true},"description":{"type":"string","description":"A description for the StackScript.","description_kind":"plain","required":true},"id":{"type":"string","description":"The StackScript's unique ID.","description_kind":"plain","computed":true},"images":{"type":["set","string"],"description":"An array of Image IDs representing the Images that this StackScript is compatible for deploying with.","description_kind":"plain","required":true},"is_public":{"type":"bool","description":"This determines whether other users can use your StackScript. Once a StackScript is made public, it cannot be made private.","description_kind":"plain","optional":true,"computed":true},"label":{"type":"string","description":"The StackScript's label is for display purposes only.","description_kind":"plain","required":true},"rev_note":{"type":"string","description":"This field allows you to add notes for the set of revisions made to this StackScript.","description_kind":"plain","optional":true,"computed":true},"script":{"type":"string","description":"The script to execute when provisioning a new Linode with this StackScript.","description_kind":"plain","required":true},"updated":{"type":"string","description":"The date this StackScript was updated.","description_kind":"plain","computed":true},"user_defined_fields":{"type":["list",["object",{"default":"string","example":"string","label":"string","many_of":"string","name":"string","one_of":"string"}]],"description":"This is a list of fields defined with a special syntax inside this StackScript that allow for supplying customized parameters during deployment.","description_kind":"plain","computed":true},"user_gravatar_id":{"type":"string","description":"The Gravatar ID for the User who created the StackScript.","description_kind":"plain","computed":true},"username":{"type":"string","description":"The User who created the StackScript.","description_kind":"plain","computed":true}},"description_kind":"plain"}},"linode_token":{"version":0,"block":{"attributes":{"created":{"type":"string","description":"The date and time this token was created.","description_kind":"plain","computed":true},"expiry":{"type":"string","description":"When this token will expire. Personal Access Tokens cannot be renewed, so after this time the token will be completely unusable and a new token will need to be generated. Tokens may be created with 'null' as their expiry and will never expire unless revoked. Format: 2006-01-02T15:04:05Z","description_kind":"plain","optional":true,"computed":true},"id":{"type":"string","description":"The ID of the token.","description_kind":"plain","computed":true},"label":{"type":"string","description":"The label of the Linode Token.","description_kind":"plain","optional":true},"scopes":{"type":"string","description":"The scopes this token was created with. These define what parts of the Account the token can be used to access. Many command-line tools, such as the Linode CLI, require tokens with access to *. Tokens with more restrictive scopes are generally more secure. Multiple scopes are separated by a space character (e.g., \"databases:read_only events:read_only\"). You can find the list of available scopes on Linode API docs site, https://techdocs.akamai.com/linode-api/reference/get-started#oauth-reference","description_kind":"plain","required":true},"token":{"type":"string","description":"The token used to access the API.","description_kind":"plain","computed":true,"sensitive":true}},"description_kind":"plain"}},"linode_user":{"version":0,"block":{"attributes":{"email":{"type":"string","description":"The email of the user.","description_kind":"plain","required":true},"id":{"type":"string","description_kind":"plain","optional":true,"computed":true},"restricted":{"type":"bool","description":"If true, the user must be explicitly granted access to platform actions and entities.","description_kind":"plain","optional":true},"ssh_keys":{"type":["list","string"],"description":"SSH keys to add to the user profile.","description_kind":"plain","computed":true},"tfa_enabled":{"type":"bool","description":"If the User has Two Factor Authentication (TFA) enabled.","description_kind":"plain","computed":true},"user_type":{"type":"string","description":"The type of this user.","description_kind":"plain","computed":true},"username":{"type":"string","description":"The username of the user.","description_kind":"plain","required":true}},"block_types":{"domain_grant":{"nesting_mode":"set","block":{"attributes":{"id":{"type":"number","description":"The ID of the entity this grant applies to.","description_kind":"plain","required":true},"permissions":{"type":"string","description":"The level of access this User has to this entity. If null, this User has no access.","description_kind":"plain","required":true}},"description":"A set containing all of the user's active grants.","description_kind":"plain"}},"firewall_grant":{"nesting_mode":"set","block":{"attributes":{"id":{"type":"number","description":"The ID of the entity this grant applies to.","description_kind":"plain","required":true},"permissions":{"type":"string","description":"The level of access this User has to this entity. If null, this User has no access.","description_kind":"plain","required":true}},"description":"A set containing all of the user's active grants.","description_kind":"plain"}},"global_grants":{"nesting_mode":"list","block":{"attributes":{"account_access":{"type":"string","description":"The level of access this User has to Account-level actions, like billing information. A restricted User will never be able to manage users.","description_kind":"plain","optional":true},"add_databases":{"type":"bool","description":"If true, this User may add Databases.","description_kind":"plain","optional":true},"add_domains":{"type":"bool","description":"If true, this User may add Domains.","description_kind":"plain","optional":true},"add_firewalls":{"type":"bool","description":"If true, this User may add Firewalls.","description_kind":"plain","optional":true},"add_images":{"type":"bool","description":"If true, this User may add Images.","description_kind":"plain","optional":true},"add_linodes":{"type":"bool","description":"If true, this User may create Linodes.","description_kind":"plain","optional":true},"add_longview":{"type":"bool","description":"If true, this User may create Longview clients and view the current plan.","description_kind":"plain","optional":true},"add_nodebalancers":{"type":"bool","description":"If true, this User may add NodeBalancers.","description_kind":"plain","optional":true},"add_stackscripts":{"type":"bool","description":"If true, this User may add StackScripts.","description_kind":"plain","optional":true},"add_volumes":{"type":"bool","description":"If true, this User may add Volumes.","description_kind":"plain","optional":true},"add_vpcs":{"type":"bool","description":"If true, this User may add Virtual Private Clouds (VPCs).","description_kind":"plain","optional":true},"cancel_account":{"type":"bool","description":"If true, this User may cancel the entire Account.","description_kind":"plain","optional":true},"longview_subscription":{"type":"bool","description":"If true, this User may manage the Account’s Longview subscription.","description_kind":"plain","optional":true}},"description":"A structure containing the Account-level grants a User has.","description_kind":"plain"},"max_items":1},"image_grant":{"nesting_mode":"set","block":{"attributes":{"id":{"type":"number","description":"The ID of the entity this grant applies to.","description_kind":"plain","required":true},"permissions":{"type":"string","description":"The level of access this User has to this entity. If null, this User has no access.","description_kind":"plain","required":true}},"description":"A set containing all of the user's active grants.","description_kind":"plain"}},"linode_grant":{"nesting_mode":"set","block":{"attributes":{"id":{"type":"number","description":"The ID of the entity this grant applies to.","description_kind":"plain","required":true},"permissions":{"type":"string","description":"The level of access this User has to this entity. If null, this User has no access.","description_kind":"plain","required":true}},"description":"A set containing all of the user's active grants.","description_kind":"plain"}},"longview_grant":{"nesting_mode":"set","block":{"attributes":{"id":{"type":"number","description":"The ID of the entity this grant applies to.","description_kind":"plain","required":true},"permissions":{"type":"string","description":"The level of access this User has to this entity. If null, this User has no access.","description_kind":"plain","required":true}},"description":"A set containing all of the user's active grants.","description_kind":"plain"}},"nodebalancer_grant":{"nesting_mode":"set","block":{"attributes":{"id":{"type":"number","description":"The ID of the entity this grant applies to.","description_kind":"plain","required":true},"permissions":{"type":"string","description":"The level of access this User has to this entity. If null, this User has no access.","description_kind":"plain","required":true}},"description":"A set containing all of the user's active grants.","description_kind":"plain"}},"stackscript_grant":{"nesting_mode":"set","block":{"attributes":{"id":{"type":"number","description":"The ID of the entity this grant applies to.","description_kind":"plain","required":true},"permissions":{"type":"string","description":"The level of access this User has to this entity. If null, this User has no access.","description_kind":"plain","required":true}},"description":"A set containing all of the user's active grants.","description_kind":"plain"}},"volume_grant":{"nesting_mode":"set","block":{"attributes":{"id":{"type":"number","description":"The ID of the entity this grant applies to.","description_kind":"plain","required":true},"permissions":{"type":"string","description":"The level of access this User has to this entity. If null, this User has no access.","description_kind":"plain","required":true}},"description":"A set containing all of the user's active grants.","description_kind":"plain"}},"vpc_grant":{"nesting_mode":"set","block":{"attributes":{"id":{"type":"number","description":"The ID of the entity this grant applies to.","description_kind":"plain","required":true},"permissions":{"type":"string","description":"The level of access this User has to this entity. If null, this User has no access.","description_kind":"plain","required":true}},"description":"A set containing all of the user's active grants.","description_kind":"plain"}}},"description_kind":"plain"}},"linode_volume":{"version":0,"block":{"attributes":{"encryption":{"type":"string","description":"Whether Block Storage Disk Encryption is enabled or disabled on this Volume. ","description_kind":"plain","optional":true,"computed":true},"filesystem_path":{"type":"string","description":"The full filesystem path for the Volume based on the Volume's label. Path is /dev/disk/by-id/scsi-0Linode_Volume_ + Volume label.","description_kind":"plain","computed":true},"id":{"type":"string","description":"The id of the volume.","description_kind":"plain","computed":true},"io_ready":{"type":"bool","description":"Indicates whether the volume is successfully attached to a Linode and ready for read and write operations.","description_kind":"plain","computed":true},"label":{"type":"string","description":"The label of the Linode Volume.","description_kind":"plain","required":true},"linode_id":{"type":"number","description":"The Linode ID where the Volume should be attached.","description_kind":"plain","optional":true,"computed":true},"region":{"type":"string","description":"The region where this volume will be deployed.","description_kind":"plain","optional":true,"computed":true},"size":{"type":"number","description":"Size of the Volume in GB","description_kind":"plain","optional":true,"computed":true},"source_volume_id":{"type":"number","description":"The ID of a volume to clone.","description_kind":"plain","optional":true},"status":{"type":"string","description":"The status of the volume, indicating the current readiness state.","description_kind":"plain","computed":true},"tags":{"type":["set","string"],"description":"An array of tags applied to this object. Tags are for organizational purposes only.","description_kind":"plain","optional":true,"computed":true}},"block_types":{"timeouts":{"nesting_mode":"single","block":{"attributes":{"create":{"type":"string","description":"A string that can be [parsed as a duration](https://pkg.go.dev/time#ParseDuration) consisting of numbers and unit suffixes, such as \"30s\" or \"2h45m\". Valid time units are \"s\" (seconds), \"m\" (minutes), \"h\" (hours).","description_kind":"plain","optional":true},"delete":{"type":"string","description":"A string that can be [parsed as a duration](https://pkg.go.dev/time#ParseDuration) consisting of numbers and unit suffixes, such as \"30s\" or \"2h45m\". Valid time units are \"s\" (seconds), \"m\" (minutes), \"h\" (hours). Setting a timeout for a Delete operation is only applicable if changes are saved into state before the destroy operation occurs.","description_kind":"plain","optional":true},"update":{"type":"string","description":"A string that can be [parsed as a duration](https://pkg.go.dev/time#ParseDuration) consisting of numbers and unit suffixes, such as \"30s\" or \"2h45m\". Valid time units are \"s\" (seconds), \"m\" (minutes), \"h\" (hours).","description_kind":"plain","optional":true}},"description_kind":"plain"}}},"description_kind":"plain"}},"linode_vpc":{"version":0,"block":{"attributes":{"created":{"type":"string","description":"The date and time when the VPC was created.","description_kind":"plain","computed":true},"description":{"type":"string","description":"The user-defined description of this VPC.","description_kind":"plain","optional":true,"computed":true},"id":{"type":"string","description":"The id of the VPC.","description_kind":"plain","computed":true},"ipv4":{"nested_type":{"attributes":{"range":{"type":"string","description":"The IPv4 range assigned to this VPC.","description_kind":"plain","required":true}},"nesting_mode":"list"},"description":"The IPv4 configuration of this VPC.","description_kind":"plain","optional":true,"computed":true},"ipv6":{"nested_type":{"attributes":{"allocated_range":{"type":"string","description":"The IPv6 range assigned to this VPC.","description_kind":"plain","computed":true},"allocation_class":{"type":"string","description":"The labeled IPv6 Inventory that the VPC Prefix should be allocated from.","description_kind":"plain","optional":true},"range":{"type":"string","description":"The IPv6 range assigned to this VPC.","description_kind":"plain","optional":true}},"nesting_mode":"list"},"description":"The IPv6 configuration of this VPC.","description_kind":"plain","optional":true},"label":{"type":"string","description":"The label of the VPC. Only contains ascii letters, digits and dashes","description_kind":"plain","required":true},"region":{"type":"string","description":"The region of the VPC.","description_kind":"plain","required":true},"updated":{"type":"string","description":"The date and time when the VPC was updated.","description_kind":"plain","computed":true},"vpc_type":{"type":"string","description":"The type of the VPC. Can be either 'regular' or 'rdma'. Defaults to 'regular'. The 'rdma' type may not be available to all users.","description_kind":"plain","optional":true,"computed":true}},"description_kind":"plain"}},"linode_vpc_subnet":{"version":0,"block":{"attributes":{"created":{"type":"string","description":"The date and time when the VPC Subnet was created.","description_kind":"plain","computed":true},"databases":{"type":["list",["object",{"id":"number","ipv4_range":"string","ipv6_ranges":["list",["object",{"range":"string"}]]}]],"description_kind":"plain","computed":true},"id":{"type":"string","description":"The id of the VPC Subnet.","description_kind":"plain","computed":true},"ipv4":{"type":"string","description":"The IPv4 range of this subnet in CIDR format.","description_kind":"plain","optional":true},"ipv6":{"nested_type":{"attributes":{"allocated_range":{"type":"string","description":"The IPv6 range assigned to this subnet.","description_kind":"plain","computed":true},"range":{"type":"string","description":"An existing IPv6 prefix owned by the current account or a forward slash (/) followed by a valid prefix length. If unspecified, a range with the default prefix will be allocated for this VPC.","description_kind":"plain","optional":true,"computed":true}},"nesting_mode":"list"},"description":"The IPv6 ranges of this subnet.","description_kind":"plain","optional":true},"label":{"type":"string","description":"The label of the VPC subnet.","description_kind":"plain","required":true},"linodes":{"type":["list",["object",{"id":"number","interfaces":["list",["object",{"active":"bool","config_id":"number","id":"number"}]]}]],"description_kind":"plain","computed":true},"nodebalancers":{"type":["list",["object",{"id":"number","ipv4_range":"string","ipv6_ranges":["list",["object",{"range":"string"}]]}]],"description_kind":"plain","computed":true},"updated":{"type":"string","description":"The date and time when the VPC Subnet was updated.","description_kind":"plain","computed":true},"vpc_id":{"type":"number","description":"The id of the parent VPC for this VPC Subnet","description_kind":"plain","required":true},"vpc_type":{"type":"string","description":"The type of the parent VPC ('regular' or 'rdma'). Omitted if the requesting account does not have access to the GPUDirect RDMA functionality.","description_kind":"plain","computed":true}},"description_kind":"plain"}}},"data_source_schemas":{"linode_account":{"version":0,"block":{"attributes":{"active_since":{"type":"string","description":"When this account was activated.","description_kind":"plain","computed":true},"address_1":{"type":"string","description":"First line of this Account's billing address.","description_kind":"plain","computed":true},"address_2":{"type":"string","description":"Second line of this Account's billing address.","description_kind":"plain","computed":true},"balance":{"type":"number","description":"This Account's balance, in US dollars.","description_kind":"plain","computed":true},"capabilities":{"type":["set","string"],"description":"The capabilities of this account.","description_kind":"plain","computed":true},"city":{"type":"string","description":"The city for this Account's billing address.","description_kind":"plain","computed":true},"company":{"type":"string","description":"The company name associated with this Account.","description_kind":"plain","computed":true},"country":{"type":"string","description":"The two-letter country code of this Account's billing address.","description_kind":"plain","computed":true},"email":{"type":"string","description":"The email address for this Account, for account management communications, and may be used for other communications as configured.","description_kind":"plain","computed":true},"euuid":{"type":"string","description":"The unique ID of this Account.","description_kind":"plain","computed":true},"first_name":{"type":"string","description":"The first name of the person associated with this Account.","description_kind":"plain","computed":true},"id":{"type":"string","description":"The Email of the Account.","description_kind":"plain","computed":true},"last_name":{"type":"string","description":"The last name of the person associated with this Account.","description_kind":"plain","computed":true},"phone":{"type":"string","description":"The phone number associated with this Account.","description_kind":"plain","computed":true},"state":{"type":"string","description":"If billing address is in the United States, this is the State portion of the Account's billing address. If the address is outside the US, this is the Province associated with the Account's billing address.","description_kind":"plain","computed":true},"zip":{"type":"string","description":"The zip code of this Account's billing address.","description_kind":"plain","computed":true}},"description_kind":"plain"}},"linode_account_availabilities":{"version":0,"block":{"attributes":{"availabilities":{"nested_type":{"attributes":{"available":{"type":["set","string"],"description":"A set of available services for the current account in this region.","description_kind":"plain","computed":true},"region":{"type":"string","description":"The region of this availability entry.","description_kind":"plain","required":true},"unavailable":{"type":["set","string"],"description":"A set of unavailable services for the current account in this region.","description_kind":"plain","computed":true}},"nesting_mode":"list"},"description":"The returned list of account availabilities.","description_kind":"plain","computed":true},"id":{"type":"string","description":"The data source's unique ID.","description_kind":"plain","computed":true}},"block_types":{"filter":{"nesting_mode":"set","block":{"attributes":{"match_by":{"type":"string","description":"The type of comparison to use for this filter.","description_kind":"plain","optional":true},"name":{"type":"string","description":"The name of the attribute to filter on.","description_kind":"plain","required":true},"values":{"type":["set","string"],"description":"The value(s) to be used in the filter.","description_kind":"plain","required":true}},"description_kind":"plain"}}},"description_kind":"plain"}},"linode_account_availability":{"version":0,"block":{"attributes":{"available":{"type":["set","string"],"description":"A set of available services for the current account in this region.","description_kind":"plain","computed":true},"region":{"type":"string","description":"The region of this availability entry.","description_kind":"plain","required":true},"unavailable":{"type":["set","string"],"description":"A set of unavailable services for the current account in this region.","description_kind":"plain","computed":true}},"description_kind":"plain"}},"linode_account_login":{"version":0,"block":{"attributes":{"datetime":{"type":"string","description":"The time when the login was initiated.","description_kind":"plain","computed":true},"id":{"type":"number","description":"The unique ID of this login object.","description_kind":"plain","required":true},"ip":{"type":"string","description":"The remote IP address that requested the login.","description_kind":"plain","computed":true},"restricted":{"type":"bool","description":"True if the User that was logged into was a restricted User, false otherwise.","description_kind":"plain","computed":true},"status":{"type":"string","description":"Whether the login attempt succeeded or failed.","description_kind":"plain","computed":true},"username":{"type":"string","description":"The username of the User that was logged into.","description_kind":"plain","computed":true}},"description_kind":"plain"}},"linode_account_logins":{"version":0,"block":{"attributes":{"id":{"type":"string","description":"The data source's unique ID.","description_kind":"plain","computed":true},"logins":{"nested_type":{"attributes":{"datetime":{"type":"string","description":"The time when the login was initiated.","description_kind":"plain","computed":true},"id":{"type":"number","description":"The unique ID of this login object.","description_kind":"plain","required":true},"ip":{"type":"string","description":"The remote IP address that requested the login.","description_kind":"plain","computed":true},"restricted":{"type":"bool","description":"True if the User that was logged into was a restricted User, false otherwise.","description_kind":"plain","computed":true},"status":{"type":"string","description":"Whether the login attempt succeeded or failed.","description_kind":"plain","computed":true},"username":{"type":"string","description":"The username of the User that was logged into.","description_kind":"plain","computed":true}},"nesting_mode":"list"},"description":"The returned list of account logins.","description_kind":"plain","computed":true}},"block_types":{"filter":{"nesting_mode":"set","block":{"attributes":{"match_by":{"type":"string","description":"The type of comparison to use for this filter.","description_kind":"plain","optional":true},"name":{"type":"string","description":"The name of the attribute to filter on.","description_kind":"plain","required":true},"values":{"type":["set","string"],"description":"The value(s) to be used in the filter.","description_kind":"plain","required":true}},"description_kind":"plain"}}},"description_kind":"plain"}},"linode_account_settings":{"version":0,"block":{"attributes":{"backups_enabled":{"type":"bool","description":"Account-wide backups default.","description_kind":"plain","computed":true},"id":{"type":"string","description":"The email of the current account.","description_kind":"plain","computed":true},"interfaces_for_new_linodes":{"type":"string","description":"Type of interfaces for new Linode instances.","description_kind":"plain","computed":true},"longview_subscription":{"type":"string","description":"The Longview Pro tier you are currently subscribed to.","description_kind":"plain","computed":true},"maintenance_policy":{"type":"string","description":"The default Maintenance Policy for this account.","description_kind":"plain","computed":true},"managed":{"type":"bool","description":"Enables monitoring for connectivity, response, and total request time.","description_kind":"plain","computed":true},"network_helper":{"type":"bool","description":"Enables network helper across all users by default for new Linodes and Linode Configs.","description_kind":"plain","computed":true},"object_storage":{"type":"string","description":"A string describing the status of this account's Object Storage service enrollment.","description_kind":"plain","computed":true}},"description_kind":"plain"}},"linode_child_account":{"version":0,"block":{"attributes":{"active_since":{"type":"string","description":"When this account was activated.","description_kind":"plain","computed":true},"address_1":{"type":"string","description":"First line of this Account's billing address.","description_kind":"plain","computed":true},"address_2":{"type":"string","description":"Second line of this Account's billing address.","description_kind":"plain","computed":true},"balance":{"type":"number","description":"This Account's balance, in US dollars.","description_kind":"plain","computed":true},"capabilities":{"type":["set","string"],"description":"The capabilities of this account.","description_kind":"plain","computed":true},"city":{"type":"string","description":"The city for this Account's billing address.","description_kind":"plain","computed":true},"company":{"type":"string","description":"The company name associated with this Account.","description_kind":"plain","computed":true},"country":{"type":"string","description":"The two-letter country code of this Account's billing address.","description_kind":"plain","computed":true},"email":{"type":"string","description":"The email address for this Account, for account management communications, and may be used for other communications as configured.","description_kind":"plain","computed":true},"euuid":{"type":"string","description":"The unique ID of this Account.","description_kind":"plain","required":true},"first_name":{"type":"string","description":"The first name of the person associated with this Account.","description_kind":"plain","computed":true},"id":{"type":"string","description":"The Email of the Account.","description_kind":"plain","computed":true},"last_name":{"type":"string","description":"The last name of the person associated with this Account.","description_kind":"plain","computed":true},"phone":{"type":"string","description":"The phone number associated with this Account.","description_kind":"plain","computed":true},"state":{"type":"string","description":"If billing address is in the United States, this is the State portion of the Account's billing address. If the address is outside the US, this is the Province associated with the Account's billing address.","description_kind":"plain","computed":true},"zip":{"type":"string","description":"The zip code of this Account's billing address.","description_kind":"plain","computed":true}},"description_kind":"plain"}},"linode_child_accounts":{"version":0,"block":{"attributes":{"child_accounts":{"nested_type":{"attributes":{"active_since":{"type":"string","description":"When this account was activated.","description_kind":"plain","computed":true},"address_1":{"type":"string","description":"First line of this Account's billing address.","description_kind":"plain","computed":true},"address_2":{"type":"string","description":"Second line of this Account's billing address.","description_kind":"plain","computed":true},"balance":{"type":"number","description":"This Account's balance, in US dollars.","description_kind":"plain","computed":true},"capabilities":{"type":["set","string"],"description":"The capabilities of this account.","description_kind":"plain","computed":true},"city":{"type":"string","description":"The city for this Account's billing address.","description_kind":"plain","computed":true},"company":{"type":"string","description":"The company name associated with this Account.","description_kind":"plain","computed":true},"country":{"type":"string","description":"The two-letter country code of this Account's billing address.","description_kind":"plain","computed":true},"email":{"type":"string","description":"The email address for this Account, for account management communications, and may be used for other communications as configured.","description_kind":"plain","computed":true},"euuid":{"type":"string","description":"The unique ID of this Account.","description_kind":"plain","computed":true},"first_name":{"type":"string","description":"The first name of the person associated with this Account.","description_kind":"plain","computed":true},"id":{"type":"string","description":"The Email of the Account.","description_kind":"plain","computed":true},"last_name":{"type":"string","description":"The last name of the person associated with this Account.","description_kind":"plain","computed":true},"phone":{"type":"string","description":"The phone number associated with this Account.","description_kind":"plain","computed":true},"state":{"type":"string","description":"If billing address is in the United States, this is the State portion of the Account's billing address. If the address is outside the US, this is the Province associated with the Account's billing address.","description_kind":"plain","computed":true},"zip":{"type":"string","description":"The zip code of this Account's billing address.","description_kind":"plain","computed":true}},"nesting_mode":"list"},"description":"The returned list of Child Accounts.","description_kind":"plain","computed":true},"id":{"type":"string","description":"The data source's unique ID.","description_kind":"plain","computed":true}},"block_types":{"filter":{"nesting_mode":"set","block":{"attributes":{"match_by":{"type":"string","description":"The type of comparison to use for this filter.","description_kind":"plain","optional":true},"name":{"type":"string","description":"The name of the attribute to filter on.","description_kind":"plain","required":true},"values":{"type":["set","string"],"description":"The value(s) to be used in the filter.","description_kind":"plain","required":true}},"description_kind":"plain"}}},"description_kind":"plain"}},"linode_consumer_image_share_group":{"version":0,"block":{"attributes":{"created":{"type":"string","description":"When the Image Share Group was created.","description_kind":"plain","computed":true},"description":{"type":"string","description":"The description of the Image Share Group.","description_kind":"plain","computed":true},"id":{"type":"number","description":"The id of the Image Share Group.","description_kind":"plain","computed":true},"is_suspended":{"type":"bool","description":"Whether or not the Image Share Group is suspended..","description_kind":"plain","computed":true},"label":{"type":"string","description":"The label of the Image Share Group.","description_kind":"plain","computed":true},"token_uuid":{"type":"string","description":"The UUID of the token that has been accepted into this Image Share Group.","description_kind":"plain","required":true},"updated":{"type":"string","description":"When the Image Share Group was last updated.","description_kind":"plain","computed":true},"uuid":{"type":"string","description":"The uuid of the Image Share Group.","description_kind":"plain","computed":true}},"description_kind":"plain"}},"linode_consumer_image_share_group_image_shares":{"version":0,"block":{"attributes":{"id":{"type":"string","description":"The data source's unique ID.","description_kind":"plain","computed":true},"order":{"type":"string","description":"The order in which results should be returned.","description_kind":"plain","optional":true},"order_by":{"type":"string","description":"The attribute to order the results by.","description_kind":"plain","optional":true},"token_uuid":{"type":"string","description":"The UUID of the Token that has been granted access to the Images in the Image Share Group.","description_kind":"plain","required":true}},"block_types":{"filter":{"nesting_mode":"set","block":{"attributes":{"match_by":{"type":"string","description":"The type of comparison to use for this filter.","description_kind":"plain","optional":true},"name":{"type":"string","description":"The name of the attribute to filter on.","description_kind":"plain","required":true},"values":{"type":["set","string"],"description":"The value(s) to be used in the filter.","description_kind":"plain","required":true}},"description_kind":"plain"}},"image_shares":{"nesting_mode":"list","block":{"attributes":{"capabilities":{"type":["set","string"],"description":"The capabilities of the Image represented by the Image Share.","description_kind":"plain","computed":true},"created":{"type":"string","description":"When this Image Share was created.","description_kind":"plain","computed":true},"deprecated":{"type":"bool","description":"Whether or not this Image is deprecated.","description_kind":"plain","computed":true},"description":{"type":"string","description":"A description of the Image Share.","description_kind":"plain","computed":true},"id":{"type":"string","description":"The unique ID assigned to this Image Share.","description_kind":"plain","computed":true},"image_sharing":{"nested_type":{"attributes":{"shared_by":{"nested_type":{"attributes":{"sharegroup_id":{"type":"number","description":"The sharegroup_id from the im_ImageShare row.","description_kind":"plain","computed":true},"sharegroup_label":{"type":"string","description":"The label from the associated im_ImageShareGroup row.","description_kind":"plain","computed":true},"sharegroup_uuid":{"type":"string","description":"The sharegroup_uuid from the im_ImageShare row.","description_kind":"plain","computed":true},"source_image_id":{"type":"string","description":"The image id of the base image (will only be shown to producers, will be None for consumers).","description_kind":"plain","computed":true}},"nesting_mode":"single"},"description_kind":"plain","computed":true},"shared_with":{"nested_type":{"attributes":{"sharegroup_count":{"type":"number","description":"The number of sharegroups the private image is present in.","description_kind":"plain","computed":true},"sharegroup_list_url":{"type":"string","description":"The GET api url to view the sharegroups in which the image is shared.","description_kind":"plain","computed":true}},"nesting_mode":"single"},"description_kind":"plain","computed":true}},"nesting_mode":"single"},"description":"Details about image sharing, including who the image is shared with and by.","description_kind":"plain","computed":true},"is_public":{"type":"bool","description":"True if the Image is public.","description_kind":"plain","computed":true},"label":{"type":"string","description":"The label of the Image Share.","description_kind":"plain","computed":true},"size":{"type":"number","description":"The minimum size this Image needs to deploy. Size is in MB.","description_kind":"plain","computed":true},"status":{"type":"string","description":"The current status of this Image.","description_kind":"plain","computed":true},"tags":{"type":["list","string"],"description":"The customized tags for the image.","description_kind":"plain","computed":true},"total_size":{"type":"number","description":"The total size of the image in all available regions.","description_kind":"plain","computed":true},"type":{"type":"string","description":"How the Image was created. 'Manual' Images can be created at any time. 'Automatic' images are created automatically from a deleted Linode.","description_kind":"plain","computed":true}},"description":"The returned list of Image Shares.","description_kind":"plain"}}},"description_kind":"plain"}},"linode_consumer_image_share_group_token":{"version":0,"block":{"attributes":{"created":{"type":"string","description":"When this token was created.","description_kind":"plain","computed":true},"expiry":{"type":"string","description":"When this token will expire.","description_kind":"plain","computed":true},"label":{"type":"string","description":"The label of the token.","description_kind":"plain","computed":true},"sharegroup_label":{"type":"string","description":"The label of the Image Share Group this token is for.","description_kind":"plain","computed":true},"sharegroup_uuid":{"type":"string","description":"The UUID of the Image Share Group this token is for.","description_kind":"plain","computed":true},"status":{"type":"string","description":"The status of the token.","description_kind":"plain","computed":true},"token_uuid":{"type":"string","description":"The UUID of the token.","description_kind":"plain","required":true},"updated":{"type":"string","description":"When this token was last updated.","description_kind":"plain","computed":true},"valid_for_sharegroup_uuid":{"type":"string","description":"The UUID of the Image Share Group this token is for.","description_kind":"plain","computed":true}},"description_kind":"plain"}},"linode_consumer_image_share_group_tokens":{"version":0,"block":{"attributes":{"id":{"type":"string","description":"The data source's unique ID.","description_kind":"plain","computed":true},"order":{"type":"string","description":"The order in which results should be returned.","description_kind":"plain","optional":true},"order_by":{"type":"string","description":"The attribute to order the results by.","description_kind":"plain","optional":true}},"block_types":{"filter":{"nesting_mode":"set","block":{"attributes":{"match_by":{"type":"string","description":"The type of comparison to use for this filter.","description_kind":"plain","optional":true},"name":{"type":"string","description":"The name of the attribute to filter on.","description_kind":"plain","required":true},"values":{"type":["set","string"],"description":"The value(s) to be used in the filter.","description_kind":"plain","required":true}},"description_kind":"plain"}},"tokens":{"nesting_mode":"list","block":{"attributes":{"created":{"type":"string","description":"When this token was created.","description_kind":"plain","computed":true},"expiry":{"type":"string","description":"When this token will expire.","description_kind":"plain","computed":true},"label":{"type":"string","description":"The label of the token.","description_kind":"plain","computed":true},"sharegroup_label":{"type":"string","description":"The label of the Image Share Group this token is for.","description_kind":"plain","computed":true},"sharegroup_uuid":{"type":"string","description":"The UUID of the Image Share Group this token is for.","description_kind":"plain","computed":true},"status":{"type":"string","description":"The status of the token.","description_kind":"plain","computed":true},"token_uuid":{"type":"string","description":"The UUID of the token.","description_kind":"plain","required":true},"updated":{"type":"string","description":"When this token was last updated.","description_kind":"plain","computed":true},"valid_for_sharegroup_uuid":{"type":"string","description":"The UUID of the Image Share Group this token is for.","description_kind":"plain","computed":true}},"description":"The returned list of Image Share Group Tokens.","description_kind":"plain"}}},"description_kind":"plain"}},"linode_database_engines":{"version":0,"block":{"attributes":{"engines":{"nested_type":{"attributes":{"engine":{"type":"string","description":"The Managed Database engine type.","description_kind":"plain","computed":true},"id":{"type":"string","description":"The Managed Database engine ID in engine/version format.","description_kind":"plain","computed":true},"version":{"type":"string","description":"The Managed Database engine version.","description_kind":"plain","computed":true}},"nesting_mode":"list"},"description":"The returned list of engines.","description_kind":"plain","computed":true},"id":{"type":"string","description":"The data source's unique ID.","description_kind":"plain","computed":true},"latest":{"type":"bool","description":"If true, only the latest engine version will be returned.","description_kind":"plain","optional":true},"order":{"type":"string","description":"The order in which results should be returned.","description_kind":"plain","optional":true},"order_by":{"type":"string","description":"The attribute to order the results by.","description_kind":"plain","optional":true}},"block_types":{"filter":{"nesting_mode":"set","block":{"attributes":{"match_by":{"type":"string","description":"The type of comparison to use for this filter.","description_kind":"plain","optional":true},"name":{"type":"string","description":"The name of the attribute to filter on.","description_kind":"plain","required":true},"values":{"type":["set","string"],"description":"The value(s) to be used in the filter.","description_kind":"plain","required":true}},"description_kind":"plain"}}},"description_kind":"plain"}},"linode_database_mysql_config":{"version":0,"block":{"attributes":{"binlog_retention_period":{"type":["list",["object",{"description":"string","example":"number","maximum":"number","minimum":"number","requires_restart":"bool","type":"string"}]],"description":"The minimum amount of time in seconds to keep binlog entries before deletion.This may be extended for services that require binlog entries for longer than the defaultfor example if using the MySQL Debezium Kafka connector.","description_kind":"plain","computed":true},"id":{"type":"string","description":"Unique identifier for this DataSource.","description_kind":"plain","computed":true},"mysql":{"type":["list",["object",{"connect_timeout":["object",{"description":"string","example":"number","maximum":"number","minimum":"number","requires_restart":"bool","type":"string"}],"default_time_zone":["object",{"description":"string","example":"string","maxLength":"number","minLength":"number","pattern":"string","requires_restart":"bool","type":"string"}],"group_concat_max_len":["object",{"description":"string","example":"number","maximum":"number","minimum":"number","requires_restart":"bool","type":"string"}],"information_schema_stats_expiry":["object",{"description":"string","example":"number","maximum":"number","minimum":"number","requires_restart":"bool","type":"string"}],"innodb_change_buffer_max_size":["object",{"description":"string","example":"number","maximum":"number","minimum":"number","requires_restart":"bool","type":"string"}],"innodb_flush_neighbors":["object",{"description":"string","example":"number","maximum":"number","minimum":"number","requires_restart":"bool","type":"string"}],"innodb_ft_min_token_size":["object",{"description":"string","example":"number","maximum":"number","minimum":"number","requires_restart":"bool","type":"string"}],"innodb_ft_server_stopword_table":["object",{"description":"string","example":"string","maxLength":"number","pattern":"string","requires_restart":"bool","type":["list","string"]}],"innodb_lock_wait_timeout":["object",{"description":"string","example":"number","maximum":"number","minimum":"number","requires_restart":"bool","type":"string"}],"innodb_log_buffer_size":["object",{"description":"string","example":"number","maximum":"number","minimum":"number","requires_restart":"bool","type":"string"}],"innodb_online_alter_log_max_size":["object",{"description":"string","example":"number","maximum":"number","minimum":"number","requires_restart":"bool","type":"string"}],"innodb_read_io_threads":["object",{"description":"string","example":"number","maximum":"number","minimum":"number","requires_restart":"bool","type":"string"}],"innodb_rollback_on_timeout":["object",{"description":"string","example":"bool","requires_restart":"bool","type":"string"}],"innodb_thread_concurrency":["object",{"description":"string","example":"number","maximum":"number","minimum":"number","requires_restart":"bool","type":"string"}],"innodb_write_io_threads":["object",{"description":"string","example":"number","maximum":"number","minimum":"number","requires_restart":"bool","type":"string"}],"interactive_timeout":["object",{"description":"string","example":"number","maximum":"number","minimum":"number","requires_restart":"bool","type":"string"}],"internal_tmp_mem_storage_engine":["object",{"description":"string","enum":["list","string"],"example":"string","requires_restart":"bool","type":"string"}],"max_allowed_packet":["object",{"description":"string","example":"number","maximum":"number","minimum":"number","requires_restart":"bool","type":"string"}],"max_heap_table_size":["object",{"description":"string","example":"number","maximum":"number","minimum":"number","requires_restart":"bool","type":"string"}],"net_buffer_length":["object",{"description":"string","example":"number","maximum":"number","minimum":"number","requires_restart":"bool","type":"string"}],"net_read_timeout":["object",{"description":"string","example":"number","maximum":"number","minimum":"number","requires_restart":"bool","type":"string"}],"net_write_timeout":["object",{"description":"string","example":"number","maximum":"number","minimum":"number","requires_restart":"bool","type":"string"}],"sort_buffer_size":["object",{"description":"string","example":"number","maximum":"number","minimum":"number","requires_restart":"bool","type":"string"}],"sql_mode":["object",{"description":"string","example":"string","maxLength":"number","pattern":"string","requires_restart":"bool","type":"string"}],"sql_require_primary_key":["object",{"description":"string","example":"bool","requires_restart":"bool","type":"string"}],"tmp_table_size":["object",{"description":"string","example":"number","maximum":"number","minimum":"number","requires_restart":"bool","type":"string"}],"wait_timeout":["object",{"description":"string","example":"number","maximum":"number","minimum":"number","requires_restart":"bool","type":"string"}]}]],"description":"MySQL configuration settings.","description_kind":"plain","computed":true}},"description_kind":"plain"}},"linode_database_mysql_v2":{"version":0,"block":{"attributes":{"allow_list":{"type":["set","string"],"description":"A list of IP addresses that can access the Managed Database. Each item can be a single IP address or a range in CIDR format.","description_kind":"plain","computed":true},"ca_cert":{"type":"string","description":"The base64-encoded SSL CA certificate for the Managed Database.","description_kind":"plain","computed":true,"sensitive":true},"cluster_size":{"type":"number","description":"The number of Linode instance nodes deployed to the Managed Database.","description_kind":"plain","computed":true},"created":{"type":"string","description":"When this Managed Database was created.","description_kind":"plain","computed":true},"encrypted":{"type":"bool","description":"Whether the Managed Databases is encrypted.","description_kind":"plain","computed":true},"engine":{"type":"string","description":"The Managed Database engine in engine/version format.","description_kind":"plain","computed":true},"engine_config_binlog_retention_period":{"type":"number","description":"The minimum amount of time in seconds to keep binlog entries before deletion. This may be extended for services that require binlog entries for longer than the default for example if using the MySQL Debezium Kafka connector.","description_kind":"plain","computed":true},"engine_config_mysql_connect_timeout":{"type":"number","description":"The number of seconds that the mysqld server waits for a connect packet before responding with Bad handshake.","description_kind":"plain","computed":true},"engine_config_mysql_default_time_zone":{"type":"string","description":"Default server time zone as an offset from UTC (from -12:00 to +12:00), a time zone name, or 'SYSTEM' to use the MySQL server default.","description_kind":"plain","computed":true},"engine_config_mysql_group_concat_max_len":{"type":"number","description":"The maximum permitted result length in bytes for the GROUP_CONCAT() function.","description_kind":"plain","computed":true},"engine_config_mysql_information_schema_stats_expiry":{"type":"number","description":"The time, in seconds, before cached statistics expire.","description_kind":"plain","computed":true},"engine_config_mysql_innodb_change_buffer_max_size":{"type":"number","description":"Maximum size for the InnoDB change buffer, as a percentage of the total size of the buffer pool. Default is 25.","description_kind":"plain","computed":true},"engine_config_mysql_innodb_flush_neighbors":{"type":"number","description":"Specifies whether flushing a page from the InnoDB buffer pool also flushes other dirty pages in the same extent (default is 1): 0 - dirty pages in the same extent are not flushed, 1 - flush contiguous dirty pages in the same extent, 2 - flush dirty pages in the same extent.","description_kind":"plain","computed":true},"engine_config_mysql_innodb_ft_min_token_size":{"type":"number","description":"Minimum length of words that are stored in an InnoDB FULLTEXT index. Changing this parameter will lead to a restart of the MySQL service.","description_kind":"plain","computed":true},"engine_config_mysql_innodb_ft_server_stopword_table":{"type":"string","description":"This option is used to specify your own InnoDB FULLTEXT index stopword list for all InnoDB tables.","description_kind":"plain","computed":true},"engine_config_mysql_innodb_lock_wait_timeout":{"type":"number","description":"The length of time in seconds an InnoDB transaction waits for a row lock before giving up. Default is 120.","description_kind":"plain","computed":true},"engine_config_mysql_innodb_log_buffer_size":{"type":"number","description":"The size in bytes of the buffer that InnoDB uses to write to the log files on disk.","description_kind":"plain","computed":true},"engine_config_mysql_innodb_online_alter_log_max_size":{"type":"number","description":"The upper limit in bytes on the size of the temporary log files used during online DDL operations for InnoDB tables.","description_kind":"plain","computed":true},"engine_config_mysql_innodb_read_io_threads":{"type":"number","description":"The number of I/O threads for read operations in InnoDB. Default is 4. Changing this parameter will lead to a restart of the MySQL service.","description_kind":"plain","computed":true},"engine_config_mysql_innodb_rollback_on_timeout":{"type":"bool","description":"When enabled a transaction timeout causes InnoDB to abort and roll back the entire transaction. Changing this parameter will lead to a restart of the MySQL service.","description_kind":"plain","computed":true},"engine_config_mysql_innodb_thread_concurrency":{"type":"number","description":"Defines the maximum number of threads permitted inside of InnoDB. Default is 0 (infinite concurrency - no limit).","description_kind":"plain","computed":true},"engine_config_mysql_innodb_write_io_threads":{"type":"number","description":"The number of I/O threads for write operations in InnoDB. Default is 4. Changing this parameter will lead to a restart of the MySQL service.","description_kind":"plain","computed":true},"engine_config_mysql_interactive_timeout":{"type":"number","description":"The number of seconds the server waits for activity on an interactive connection before closing it.","description_kind":"plain","computed":true},"engine_config_mysql_internal_tmp_mem_storage_engine":{"type":"string","description":"The storage engine for in-memory internal temporary tables.","description_kind":"plain","computed":true},"engine_config_mysql_max_allowed_packet":{"type":"number","description":"Size of the largest message in bytes that can be received by the server. Default is 67108864 (64M).","description_kind":"plain","computed":true},"engine_config_mysql_max_heap_table_size":{"type":"number","description":"Limits the size of internal in-memory tables. Also set tmp_table_size. Default is 16777216 (16M).","description_kind":"plain","computed":true},"engine_config_mysql_net_buffer_length":{"type":"number","description":"Start sizes of connection buffer and result buffer. Default is 16384 (16K). Changing this parameter will lead to a restart of the MySQL service.","description_kind":"plain","computed":true},"engine_config_mysql_net_read_timeout":{"type":"number","description":"The number of seconds to wait for more data from a connection before aborting the read.","description_kind":"plain","computed":true},"engine_config_mysql_net_write_timeout":{"type":"number","description":"The number of seconds to wait for a block to be written to a connection before aborting the write.","description_kind":"plain","computed":true},"engine_config_mysql_sort_buffer_size":{"type":"number","description":"Sort buffer size in bytes for ORDER BY optimization. Default is 262144 (256K).","description_kind":"plain","computed":true},"engine_config_mysql_sql_mode":{"type":"string","description":"Global SQL mode. Set to empty to use MySQL server defaults. When creating a new service and not setting this field Aiven default SQL mode (strict, SQL standard compliant) will be assigned.","description_kind":"plain","computed":true},"engine_config_mysql_sql_require_primary_key":{"type":"bool","description":"Require primary key to be defined for new tables or old tables modified with ALTER TABLE and fail if missing. It is recommended to always have primary keys because various functionality may break if any large table is missing them.","description_kind":"plain","computed":true},"engine_config_mysql_tmp_table_size":{"type":"number","description":"Limits the size of internal in-memory tables. Also set max_heap_table_size. Default is 16777216 (16M).","description_kind":"plain","computed":true},"engine_config_mysql_wait_timeout":{"type":"number","description":"The number of seconds the server waits for activity on a noninteractive connection before closing it.","description_kind":"plain","computed":true},"engine_id":{"type":"string","description":"The unique ID of the database engine and version to use. (e.g. mysql/8)","description_kind":"plain","computed":true},"fork_restore_time":{"type":"string","description":"The database timestamp from which it was restored.","description_kind":"plain","computed":true},"fork_source":{"type":"number","description":"The ID of the database that was forked from.","description_kind":"plain","computed":true},"host_primary":{"type":"string","description":"The primary host for the Managed Database.","description_kind":"plain","computed":true},"host_secondary":{"type":"string","description":"The secondary/private host for the Managed Database.","description_kind":"plain","deprecated":true,"computed":true},"host_standby":{"type":"string","description":"The standby host for the Managed Database.","description_kind":"plain","computed":true},"id":{"type":"string","description":"The id of the MySQL Database.","description_kind":"plain","required":true},"label":{"type":"string","description":"A unique, user-defined string referring to the Managed Database.","description_kind":"plain","computed":true},"members":{"type":["map","string"],"description":"A mapping between IP addresses and strings designating them as primary or failover.","description_kind":"plain","computed":true},"oldest_restore_time":{"type":"string","description":"The oldest time to which a database can be restored.","description_kind":"plain","computed":true},"pending_updates":{"nested_type":{"attributes":{"deadline":{"type":"string","description":"The time when a mandatory update needs to be applied.","description_kind":"plain","computed":true},"description":{"type":"string","description":"A description of the update.","description_kind":"plain","computed":true},"planned_for":{"type":"string","description":"The date and time a maintenance update will be applied.","description_kind":"plain","computed":true}},"nesting_mode":"set"},"description":"A set of pending updates.","description_kind":"plain","computed":true},"platform":{"type":"string","description":"The back-end platform for relational databases used by the service.","description_kind":"plain","computed":true},"port":{"type":"number","description":"The access port for this Managed Database.","description_kind":"plain","computed":true},"private_network":{"nested_type":{"attributes":{"public_access":{"type":"bool","description":"If true, clients outside of the VPC can connect to the database using a public IP address.","description_kind":"plain","computed":true},"subnet_id":{"type":"number","description":"The ID of the VPC subnet to restrict access to this database using.","description_kind":"plain","computed":true},"vpc_id":{"type":"number","description":"The ID of the virtual private cloud (VPC) to restrict access to this database using.","description_kind":"plain","computed":true}},"nesting_mode":"single"},"description":"Restricts access to this database using a virtual private cloud (VPC) that you've configured in the region where the database will live.","description_kind":"plain","computed":true},"region":{"type":"string","description":"The Region ID for the Managed Database.","description_kind":"plain","computed":true},"root_password":{"type":"string","description":"The randomly generated root password for the Managed Database instance.","description_kind":"plain","computed":true,"sensitive":true},"root_username":{"type":"string","description":"The root username for the Managed Database instance.","description_kind":"plain","computed":true,"sensitive":true},"ssl_connection":{"type":"bool","description":"Whether to require SSL credentials to establish a connection to the Managed Database.","description_kind":"plain","computed":true},"status":{"type":"string","description":"The operating status of the Managed Database.","description_kind":"plain","computed":true},"suspended":{"type":"bool","description":"Whether this database is suspended.","description_kind":"plain","computed":true},"type":{"type":"string","description":"The Linode Instance type used by the Managed Database for its nodes.","description_kind":"plain","computed":true},"updated":{"type":"string","description":"When this Managed Database was last updated.","description_kind":"plain","computed":true},"updates":{"nested_type":{"attributes":{"day_of_week":{"type":"number","description":"The numeric reference for the day of the week to perform maintenance. 1 is Monday, 2 is Tuesday, through to 7 which is Sunday.","description_kind":"plain","computed":true},"duration":{"type":"number","description":"The maximum maintenance window time in hours.","description_kind":"plain","computed":true},"frequency":{"type":"string","description":"How frequently maintenance occurs. Currently can only be weekly.","description_kind":"plain","computed":true},"hour_of_day":{"type":"number","description":"The hour of the day (0-23) when maintenance occurs.","description_kind":"plain","computed":true}},"nesting_mode":"single"},"description":"Configuration settings for automated patch update maintenance for the Managed Database.","description_kind":"plain","computed":true},"version":{"type":"string","description":"The Managed Database engine version.","description_kind":"plain","computed":true}},"description_kind":"plain"}},"linode_database_postgresql_config":{"version":0,"block":{"attributes":{"id":{"type":"string","description":"Unique identifier for this DataSource.","description_kind":"plain","computed":true},"pg":{"type":["list",["object",{"autovacuum_analyze_scale_factor":["object",{"description":"string","maximum":"number","minimum":"number","requires_restart":"bool","type":"string"}],"autovacuum_analyze_threshold":["object",{"description":"string","maximum":"number","minimum":"number","requires_restart":"bool","type":"string"}],"autovacuum_max_workers":["object",{"description":"string","maximum":"number","minimum":"number","requires_restart":"bool","type":"string"}],"autovacuum_naptime":["object",{"description":"string","maximum":"number","minimum":"number","requires_restart":"bool","type":"string"}],"autovacuum_vacuum_cost_delay":["object",{"description":"string","maximum":"number","minimum":"number","requires_restart":"bool","type":"string"}],"autovacuum_vacuum_cost_limit":["object",{"description":"string","maximum":"number","minimum":"number","requires_restart":"bool","type":"string"}],"autovacuum_vacuum_scale_factor":["object",{"description":"string","maximum":"number","minimum":"number","requires_restart":"bool","type":"string"}],"autovacuum_vacuum_threshold":["object",{"description":"string","maximum":"number","minimum":"number","requires_restart":"bool","type":"string"}],"bgwriter_delay":["object",{"description":"string","example":"number","maximum":"number","minimum":"number","requires_restart":"bool","type":"string"}],"bgwriter_flush_after":["object",{"description":"string","example":"number","maximum":"number","minimum":"number","requires_restart":"bool","type":"string"}],"bgwriter_lru_maxpages":["object",{"description":"string","example":"number","maximum":"number","minimum":"number","requires_restart":"bool","type":"string"}],"bgwriter_lru_multiplier":["object",{"description":"string","example":"number","maximum":"number","minimum":"number","requires_restart":"bool","type":"string"}],"deadlock_timeout":["object",{"description":"string","example":"number","maximum":"number","minimum":"number","requires_restart":"bool","type":"string"}],"default_toast_compression":["object",{"description":"string","enum":["list","string"],"example":"string","requires_restart":"bool","type":"string"}],"idle_in_transaction_session_timeout":["object",{"description":"string","maximum":"number","minimum":"number","requires_restart":"bool","type":"string"}],"jit":["object",{"description":"string","example":"bool","requires_restart":"bool","type":"string"}],"max_files_per_process":["object",{"description":"string","maximum":"number","minimum":"number","requires_restart":"bool","type":"string"}],"max_locks_per_transaction":["object",{"description":"string","maximum":"number","minimum":"number","requires_restart":"bool","type":"string"}],"max_logical_replication_workers":["object",{"description":"string","maximum":"number","minimum":"number","requires_restart":"bool","type":"string"}],"max_parallel_workers":["object",{"description":"string","maximum":"number","minimum":"number","requires_restart":"bool","type":"string"}],"max_parallel_workers_per_gather":["object",{"description":"string","maximum":"number","minimum":"number","requires_restart":"bool","type":"string"}],"max_pred_locks_per_transaction":["object",{"description":"string","maximum":"number","minimum":"number","requires_restart":"bool","type":"string"}],"max_replication_slots":["object",{"description":"string","maximum":"number","minimum":"number","requires_restart":"bool","type":"string"}],"max_slot_wal_keep_size":["object",{"description":"string","maximum":"number","minimum":"number","requires_restart":"bool","type":"string"}],"max_stack_depth":["object",{"description":"string","maximum":"number","minimum":"number","requires_restart":"bool","type":"string"}],"max_standby_archive_delay":["object",{"description":"string","maximum":"number","minimum":"number","requires_restart":"bool","type":"string"}],"max_standby_streaming_delay":["object",{"description":"string","maximum":"number","minimum":"number","requires_restart":"bool","type":"string"}],"max_wal_senders":["object",{"description":"string","maximum":"number","minimum":"number","requires_restart":"bool","type":"string"}],"max_worker_processes":["object",{"description":"string","maximum":"number","minimum":"number","requires_restart":"bool","type":"string"}],"password_encryption":["object",{"description":"string","enum":["list","string"],"example":"string","requires_restart":"bool","type":"string"}],"pg_partman_bgw.interval":["object",{"description":"string","example":"number","maximum":"number","minimum":"number","requires_restart":"bool","type":"string"}],"pg_partman_bgw.role":["object",{"description":"string","example":"string","maxLength":"number","pattern":"string","requires_restart":"bool","type":"string"}],"pg_stat_monitor.pgsm_enable_query_plan":["object",{"description":"string","example":"bool","requires_restart":"bool","type":"string"}],"pg_stat_monitor.pgsm_max_buckets":["object",{"description":"string","example":"number","maximum":"number","minimum":"number","requires_restart":"bool","type":"string"}],"pg_stat_statements.track":["object",{"description":"string","enum":["list","string"],"requires_restart":"bool","type":"string"}],"temp_file_limit":["object",{"description":"string","example":"number","maximum":"number","minimum":"number","requires_restart":"bool","type":"string"}],"timezone":["object",{"description":"string","example":"string","maxLength":"number","pattern":"string","requires_restart":"bool","type":"string"}],"track_activity_query_size":["object",{"description":"string","example":"number","maximum":"number","minimum":"number","requires_restart":"bool","type":"string"}],"track_commit_timestamp":["object",{"description":"string","enum":["list","string"],"example":"string","requires_restart":"bool","type":"string"}],"track_functions":["object",{"description":"string","enum":["list","string"],"requires_restart":"bool","type":"string"}],"track_io_timing":["object",{"description":"string","enum":["list","string"],"example":"string","requires_restart":"bool","type":"string"}],"wal_sender_timeout":["object",{"description":"string","example":"number","requires_restart":"bool","type":"string"}],"wal_writer_delay":["object",{"description":"string","example":"number","maximum":"number","minimum":"number","requires_restart":"bool","type":"string"}]}]],"description":"PostgreSQL configuration settings.","description_kind":"plain","computed":true},"pg_stat_monitor_enable":{"type":["list",["object",{"description":"string","requires_restart":"bool","type":"string"}]],"description":"Enable the pg_stat_monitor extension. Enabling this extension will cause the cluster to be restarted.When this extension is enabled, pg_stat_statements results for utility commands are unreliable.","description_kind":"plain","computed":true},"pglookout":{"type":["list",["object",{"max_failover_replication_time_lag":["object",{"description":"string","maximum":"number","minimum":"number","requires_restart":"bool","type":"string"}]}]],"description":"System-wide settings for pglookout.","description_kind":"plain","computed":true},"shared_buffers_percentage":{"type":["list",["object",{"description":"string","example":"number","maximum":"number","minimum":"number","requires_restart":"bool","type":"string"}]],"description":"Percentage of total RAM that the database server uses for shared memory buffers. Valid range is 20-60 (float), which corresponds to 20% - 60%. This setting adjusts the shared_buffers configuration value.","description_kind":"plain","computed":true},"work_mem":{"type":["list",["object",{"description":"string","example":"number","maximum":"number","minimum":"number","requires_restart":"bool","type":"string"}]],"description":"Sets the maximum amount of memory to be used by a query operation (such as a sort or hash table) before writing to temporary disk files, in MB. Default is 1MB + 0.075% of total RAM (up to 32MB).","description_kind":"plain","computed":true}},"description_kind":"plain"}},"linode_database_postgresql_v2":{"version":0,"block":{"attributes":{"allow_list":{"type":["set","string"],"description":"A list of IP addresses that can access the Managed Database. Each item can be a single IP address or a range in CIDR format.","description_kind":"plain","computed":true},"ca_cert":{"type":"string","description":"The base64-encoded SSL CA certificate for the Managed Database.","description_kind":"plain","computed":true,"sensitive":true},"cluster_size":{"type":"number","description":"The number of Linode instance nodes deployed to the Managed Database.","description_kind":"plain","computed":true},"created":{"type":"string","description":"When this Managed Database was created.","description_kind":"plain","computed":true},"encrypted":{"type":"bool","description":"Whether the Managed Databases is encrypted.","description_kind":"plain","computed":true},"engine":{"type":"string","description":"The Managed Database engine in engine/version format.","description_kind":"plain","computed":true},"engine_config_pg_autovacuum_analyze_scale_factor":{"type":"number","description":"Specifies a fraction of the table size to add to autovacuum_analyze_threshold when deciding whether to trigger an ANALYZE. The default is 0.2 (20% of table size)","description_kind":"plain","computed":true},"engine_config_pg_autovacuum_analyze_threshold":{"type":"number","description":"Specifies the minimum number of inserted, updated or deleted tuples needed to trigger an ANALYZE in any one table. The default is 50 tuples.","description_kind":"plain","computed":true},"engine_config_pg_autovacuum_max_workers":{"type":"number","description":"Specifies the maximum number of autovacuum processes (other than the autovacuum launcher) that may be running at any one time. The default is three. This parameter can only be set at server start.","description_kind":"plain","computed":true},"engine_config_pg_autovacuum_naptime":{"type":"number","description":"Specifies the minimum delay between autovacuum runs on any given database. The delay is measured in seconds, and the default is one minute","description_kind":"plain","computed":true},"engine_config_pg_autovacuum_vacuum_cost_delay":{"type":"number","description":"Specifies the cost delay value that will be used in automatic VACUUM operations. If -1 is specified, the regular vacuum_cost_delay value will be used. The default value is 20 milliseconds","description_kind":"plain","computed":true},"engine_config_pg_autovacuum_vacuum_cost_limit":{"type":"number","description":"Specifies the cost limit value that will be used in automatic VACUUM operations. If -1 is specified (which is the default), the regular vacuum_cost_limit value will be used.","description_kind":"plain","computed":true},"engine_config_pg_autovacuum_vacuum_scale_factor":{"type":"number","description":"Specifies a fraction of the table size to add to autovacuum_vacuum_threshold when deciding whether to trigger a VACUUM. The default is 0.2 (20% of table size)","description_kind":"plain","computed":true},"engine_config_pg_autovacuum_vacuum_threshold":{"type":"number","description":"Specifies the minimum number of updated or deleted tuples needed to trigger a VACUUM in any one table. The default is 50 tuples","description_kind":"plain","computed":true},"engine_config_pg_bgwriter_delay":{"type":"number","description":"Specifies the delay between activity rounds for the background writer in milliseconds. Default is 200.","description_kind":"plain","computed":true},"engine_config_pg_bgwriter_flush_after":{"type":"number","description":"Whenever more than bgwriter_flush_after bytes have been written by the background writer, attempt to force the OS to issue these writes to the underlying storage. Specified in kilobytes, default is 512. Setting of 0 disables forced writeback.","description_kind":"plain","computed":true},"engine_config_pg_bgwriter_lru_maxpages":{"type":"number","description":"In each round, no more than this many buffers will be written by the background writer. Setting this to zero disables background writing. Default is 100.","description_kind":"plain","computed":true},"engine_config_pg_bgwriter_lru_multiplier":{"type":"number","description":"The average recent need for new buffers is multiplied by bgwriter_lru_multiplier to arrive at an estimate of the number that will be needed during the next round, (up to bgwriter_lru_maxpages). 1.0 represents a “just in time” policy of writing exactly the number of buffers predicted to be needed. Larger values provide some cushion against spikes in demand, while smaller values intentionally leave writes to be done by server processes. The default is 2.0.","description_kind":"plain","computed":true},"engine_config_pg_deadlock_timeout":{"type":"number","description":"This is the amount of time, in milliseconds, to wait on a lock before checking to see if there is a deadlock condition.","description_kind":"plain","computed":true},"engine_config_pg_default_toast_compression":{"type":"string","description":"Specifies the default TOAST compression method for values of compressible columns (the default is lz4).","description_kind":"plain","computed":true},"engine_config_pg_idle_in_transaction_session_timeout":{"type":"number","description":"Time out sessions with open transactions after this number of milliseconds","description_kind":"plain","computed":true},"engine_config_pg_jit":{"type":"bool","description":"Controls system-wide use of Just-in-Time Compilation (JIT).","description_kind":"plain","computed":true},"engine_config_pg_max_files_per_process":{"type":"number","description":"PostgreSQL maximum number of files that can be open per process","description_kind":"plain","computed":true},"engine_config_pg_max_locks_per_transaction":{"type":"number","description":"PostgreSQL maximum locks per transaction","description_kind":"plain","computed":true},"engine_config_pg_max_logical_replication_workers":{"type":"number","description":"PostgreSQL maximum logical replication workers (taken from the pool of max_parallel_workers)","description_kind":"plain","computed":true},"engine_config_pg_max_parallel_workers":{"type":"number","description":"Sets the maximum number of workers that the system can support for parallel queries","description_kind":"plain","computed":true},"engine_config_pg_max_parallel_workers_per_gather":{"type":"number","description":"Sets the maximum number of workers that can be started by a single Gather or Gather Merge node","description_kind":"plain","computed":true},"engine_config_pg_max_pred_locks_per_transaction":{"type":"number","description":"PostgreSQL maximum predicate locks per transaction","description_kind":"plain","computed":true},"engine_config_pg_max_replication_slots":{"type":"number","description":"PostgreSQL maximum replication slots","description_kind":"plain","computed":true},"engine_config_pg_max_slot_wal_keep_size":{"type":"number","description":"PostgreSQL maximum WAL size (MB) reserved for replication slots. Default is -1 (unlimited). wal_keep_size minimum WAL size setting takes precedence over this.","description_kind":"plain","computed":true},"engine_config_pg_max_stack_depth":{"type":"number","description":"Maximum depth of the stack in bytes","description_kind":"plain","computed":true},"engine_config_pg_max_standby_archive_delay":{"type":"number","description":"Max standby archive delay in milliseconds","description_kind":"plain","computed":true},"engine_config_pg_max_standby_streaming_delay":{"type":"number","description":"Max standby streaming delay in milliseconds","description_kind":"plain","computed":true},"engine_config_pg_max_wal_senders":{"type":"number","description":"PostgreSQL maximum WAL senders","description_kind":"plain","computed":true},"engine_config_pg_max_worker_processes":{"type":"number","description":"Sets the maximum number of background processes that the system can support","description_kind":"plain","computed":true},"engine_config_pg_password_encryption":{"type":"string","description":"Chooses the algorithm for encrypting passwords.","description_kind":"plain","computed":true},"engine_config_pg_pg_partman_bgw_interval":{"type":"number","description":"Sets the time interval to run pg_partman's scheduled tasks","description_kind":"plain","computed":true},"engine_config_pg_pg_partman_bgw_role":{"type":"string","description":"Controls which role to use for pg_partman's scheduled background tasks.","description_kind":"plain","computed":true},"engine_config_pg_pg_stat_monitor_pgsm_enable_query_plan":{"type":"bool","description":"Enables or disables query plan monitoring","description_kind":"plain","computed":true},"engine_config_pg_pg_stat_monitor_pgsm_max_buckets":{"type":"number","description":"Sets the maximum number of buckets","description_kind":"plain","computed":true},"engine_config_pg_pg_stat_statements_track":{"type":"string","description":"Controls which statements are counted. Specify top to track top-level statements (those issued directly by clients), all to also track nested statements (such as statements invoked within functions), or none to disable statement statistics collection. The default value is top.","description_kind":"plain","computed":true},"engine_config_pg_stat_monitor_enable":{"type":"bool","description":"Enable the pg_stat_monitor extension. Enabling this extension will cause the cluster to be restarted. When this extension is enabled, pg_stat_statements results for utility commands are unreliable.","description_kind":"plain","computed":true},"engine_config_pg_temp_file_limit":{"type":"number","description":"PostgreSQL temporary file limit in KiB, -1 for unlimited","description_kind":"plain","computed":true},"engine_config_pg_timezone":{"type":"string","description":"PostgreSQL service timezone","description_kind":"plain","computed":true},"engine_config_pg_track_activity_query_size":{"type":"number","description":"Specifies the number of bytes reserved to track the currently executing command for each active session.","description_kind":"plain","computed":true},"engine_config_pg_track_commit_timestamp":{"type":"string","description":"Record commit time of transactions.","description_kind":"plain","computed":true},"engine_config_pg_track_functions":{"type":"string","description":"Enables tracking of function call counts and time used.","description_kind":"plain","computed":true},"engine_config_pg_track_io_timing":{"type":"string","description":"Enables timing of database I/O calls. This parameter is off by default, because it will repeatedly query the operating system for the current time, which may cause significant overhead on some platforms.","description_kind":"plain","computed":true},"engine_config_pg_wal_sender_timeout":{"type":"number","description":"Terminate replication connections that are inactive for longer than this amount of time, in milliseconds. Setting this value to zero disables the timeout.","description_kind":"plain","computed":true},"engine_config_pg_wal_writer_delay":{"type":"number","description":"WAL flush interval in milliseconds. Note that setting this value to lower than the default 200ms may negatively impact performance.","description_kind":"plain","computed":true},"engine_config_pglookout_max_failover_replication_time_lag":{"type":"number","description":"Number of seconds of master unavailability before triggering database failover to standby.","description_kind":"plain","computed":true},"engine_config_shared_buffers_percentage":{"type":"number","description":"Percentage of total RAM that the database server uses for shared memory buffers. Valid range is 20-60 (float), which corresponds to 20% - 60%. This setting adjusts the shared_buffers configuration value.","description_kind":"plain","computed":true},"engine_config_work_mem":{"type":"number","description":"Sets the maximum amount of memory to be used by a query operation (such as a sort or hash table) before writing to temporary disk files, in MB. Default is 1MB + 0.075% of total RAM (up to 32MB).","description_kind":"plain","computed":true},"engine_id":{"type":"string","description":"The unique ID of the database engine and version to use. (e.g. postgresql/16)","description_kind":"plain","computed":true},"fork_restore_time":{"type":"string","description":"The database timestamp from which it was restored.","description_kind":"plain","computed":true},"fork_source":{"type":"number","description":"The ID of the database that was forked from.","description_kind":"plain","computed":true},"host_primary":{"type":"string","description":"The primary host for the Managed Database.","description_kind":"plain","computed":true},"host_secondary":{"type":"string","description":"The secondary/private host for the Managed Database.","description_kind":"plain","deprecated":true,"computed":true},"host_standby":{"type":"string","description":"The standby host for the Managed Database.","description_kind":"plain","computed":true},"id":{"type":"string","description":"The id of the PostgreSQL Database.","description_kind":"plain","required":true},"label":{"type":"string","description":"A unique, user-defined string referring to the Managed Database.","description_kind":"plain","computed":true},"members":{"type":["map","string"],"description":"A mapping between IP addresses and strings designating them as primary or failover.","description_kind":"plain","computed":true},"oldest_restore_time":{"type":"string","description":"The oldest time to which a database can be restored.","description_kind":"plain","computed":true},"pending_updates":{"nested_type":{"attributes":{"deadline":{"type":"string","description":"The time when a mandatory update needs to be applied.","description_kind":"plain","computed":true},"description":{"type":"string","description":"A description of the update.","description_kind":"plain","computed":true},"planned_for":{"type":"string","description":"The date and time a maintenance update will be applied.","description_kind":"plain","computed":true}},"nesting_mode":"set"},"description":"A set of pending updates.","description_kind":"plain","computed":true},"platform":{"type":"string","description":"The back-end platform for relational databases used by the service.","description_kind":"plain","computed":true},"port":{"type":"number","description":"The access port for this Managed Database.","description_kind":"plain","computed":true},"private_network":{"nested_type":{"attributes":{"public_access":{"type":"bool","description":"If true, clients outside of the VPC can connect to the database using a public IP address.","description_kind":"plain","computed":true},"subnet_id":{"type":"number","description":"The ID of the VPC subnet to restrict access to this database using.","description_kind":"plain","computed":true},"vpc_id":{"type":"number","description":"The ID of the virtual private cloud (VPC) to restrict access to this database using.","description_kind":"plain","computed":true}},"nesting_mode":"single"},"description":"Restricts access to this database using a virtual private cloud (VPC) that you've configured in the region where the database will live.","description_kind":"plain","computed":true},"region":{"type":"string","description":"The Region ID for the Managed Database.","description_kind":"plain","computed":true},"root_password":{"type":"string","description":"The randomly generated root password for the Managed Database instance.","description_kind":"plain","computed":true,"sensitive":true},"root_username":{"type":"string","description":"The root username for the Managed Database instance.","description_kind":"plain","computed":true,"sensitive":true},"ssl_connection":{"type":"bool","description":"Whether to require SSL credentials to establish a connection to the Managed Database.","description_kind":"plain","computed":true},"status":{"type":"string","description":"The operating status of the Managed Database.","description_kind":"plain","computed":true},"suspended":{"type":"bool","description":"Whether this database is suspended.","description_kind":"plain","computed":true},"type":{"type":"string","description":"The Linode Instance type used by the Managed Database for its nodes.\n\n","description_kind":"plain","computed":true},"updated":{"type":"string","description":"When this Managed Database was last updated.","description_kind":"plain","computed":true},"updates":{"nested_type":{"attributes":{"day_of_week":{"type":"number","description":"The numeric reference for the day of the week to perform maintenance. 1 is Monday, 2 is Tuesday, through to 7 which is Sunday.","description_kind":"plain","optional":true,"computed":true},"duration":{"type":"number","description":"The maximum maintenance window time in hours.","description_kind":"plain","optional":true,"computed":true},"frequency":{"type":"string","description":"How frequently maintenance occurs. Currently can only be weekly.","description_kind":"plain","optional":true,"computed":true},"hour_of_day":{"type":"number","description":"How frequently maintenance occurs. Currently can only be weekly.","description_kind":"plain","optional":true,"computed":true}},"nesting_mode":"single"},"description":"Configuration settings for automated patch update maintenance for the Managed Database.","description_kind":"plain","optional":true,"computed":true},"version":{"type":"string","description":"The Managed Database engine version.","description_kind":"plain","computed":true}},"description_kind":"plain"}},"linode_databases":{"version":0,"block":{"attributes":{"databases":{"nested_type":{"attributes":{"allow_list":{"type":["set","string"],"description":"A list of IP addresses that can access the Managed Database. Each item can be a single IP address or a range in CIDR format.","description_kind":"plain","computed":true},"cluster_size":{"type":"number","description":"The number of Linode Instance nodes deployed to the Managed Database.","description_kind":"plain","computed":true},"created":{"type":"string","description":"When this Managed Database was created.","description_kind":"plain","computed":true},"encrypted":{"type":"bool","description":"Whether the Managed Databases is encrypted.","description_kind":"plain","computed":true},"engine":{"type":"string","description":"The Managed Database engine type.","description_kind":"plain","computed":true},"fork_restore_time":{"type":"string","description":"The database timestamp from which it was restored.","description_kind":"plain","computed":true},"fork_source":{"type":"number","description":"The ID of the database that was forked from.","description_kind":"plain","computed":true},"host_primary":{"type":"string","description":"The primary host for the Managed Database.","description_kind":"plain","computed":true},"host_secondary":{"type":"string","description":"The secondary/private host for the Managed Database.","description_kind":"plain","deprecated":true,"computed":true},"host_standby":{"type":"string","description":"The standby host for the Managed Database.","description_kind":"plain","computed":true},"id":{"type":"number","description":"A unique ID that can be used to identify and reference the Managed Database.","description_kind":"plain","computed":true},"instance_uri":{"type":"string","description":"The API route for the database instance.","description_kind":"plain","computed":true},"label":{"type":"string","description":"A unique, user-defined string referring to the Managed Database.","description_kind":"plain","computed":true},"oldest_restore_time":{"type":"string","description":"The oldest time to which a database can be restored.","description_kind":"plain","computed":true},"private_network":{"nested_type":{"attributes":{"public_access":{"type":"bool","description":"If true, clients outside of the VPC can connect to the database using a public IP address.","description_kind":"plain","computed":true},"subnet_id":{"type":"number","description":"The ID of the VPC subnet to restrict access to this database using.","description_kind":"plain","computed":true},"vpc_id":{"type":"number","description":"The ID of the virtual private cloud (VPC) to restrict access to this database using.","description_kind":"plain","computed":true}},"nesting_mode":"single"},"description":"Restricts access to this database using a virtual private cloud (VPC) that you've configured in the region where the database will live.","description_kind":"plain","computed":true},"region":{"type":"string","description":"The Region ID for the Managed Database.","description_kind":"plain","computed":true},"status":{"type":"string","description":"The operating status of the Managed Database.","description_kind":"plain","computed":true},"type":{"type":"string","description":"The Linode Instance type used by the Managed Database for its nodes.","description_kind":"plain","computed":true},"updated":{"type":"string","description":"When this Managed Database was last updated.","description_kind":"plain","computed":true},"version":{"type":"string","description":"The Managed Database engine version.","description_kind":"plain","computed":true}},"nesting_mode":"list"},"description":"The returned list of databases.","description_kind":"plain","computed":true},"id":{"type":"string","description":"The data source's unique ID.","description_kind":"plain","computed":true},"order":{"type":"string","description":"The order in which results should be returned.","description_kind":"plain","optional":true},"order_by":{"type":"string","description":"The attribute to order the results by.","description_kind":"plain","optional":true}},"block_types":{"filter":{"nesting_mode":"set","block":{"attributes":{"match_by":{"type":"string","description":"The type of comparison to use for this filter.","description_kind":"plain","optional":true},"name":{"type":"string","description":"The name of the attribute to filter on.","description_kind":"plain","required":true},"values":{"type":["set","string"],"description":"The value(s) to be used in the filter.","description_kind":"plain","required":true}},"description_kind":"plain"}}},"description_kind":"plain"}},"linode_domain":{"version":0,"block":{"attributes":{"axfr_ips":{"type":["set","string"],"description":"The list of IPs that may perform a zone transfer for this Domain. This is potentially dangerous, and should be set to an empty list unless you intend to use it.","description_kind":"plain","computed":true},"description":{"type":"string","description":"A description for this Domain. This is for display purposes only.","description_kind":"plain","computed":true},"domain":{"type":"string","description":"The domain this Domain represents. These must be unique in our system; you cannot have two Domains representing the same domain.","description_kind":"plain","optional":true},"expire_sec":{"type":"number","description":"The amount of time in seconds that may pass before this Domain is no longer Valid values are 0, 30, 120, 300, 3600, 7200, 14400, 28800, 57600, 86400, 172800, 345600, 604800, 1209600, and 2419200 - any other value will be rounded to the nearest valid value.","description_kind":"plain","computed":true},"id":{"type":"number","description":"The Domain's unique ID.","description_kind":"plain","optional":true},"master_ips":{"type":["set","string"],"description":"The IP addresses representing the master DNS for this Domain.","description_kind":"plain","computed":true},"refresh_sec":{"type":"number","description":"The amount of time in seconds before this Domain should be refreshed. Valid values are 0, 30, 120, 300, 3600, 7200, 14400, 28800, 57600, 86400, 172800, 345600, 604800, 1209600, and 2419200 - any other value will be rounded to the nearest valid value.","description_kind":"plain","computed":true},"retry_sec":{"type":"number","description":"The interval, in seconds, at which a failed refresh should be retried. Valid values are 0, 30, 120, 300, 3600, 7200, 14400, 28800, 57600, 86400, 172800, 345600, 604800, 1209600, and 2419200 - any other value will be rounded to the nearest valid value.","description_kind":"plain","computed":true},"soa_email":{"type":"string","description":"Start of Authority email address. This is required for master Domains.","description_kind":"plain","computed":true},"status":{"type":"string","description":"Used to control whether this Domain is currently being rendered.","description_kind":"plain","computed":true},"tags":{"type":["set","string"],"description":"An array of tags applied to this object. Tags are for organizational purposes only.","description_kind":"plain","computed":true},"ttl_sec":{"type":"number","description":"'Time to Live' - the amount of time in seconds that this Domain's records may be cached by resolvers or other domain servers. Valid values are 0, 30, 120, 300, 3600, 7200, 14400, 28800, 57600, 86400, 172800, 345600, 604800, 1209600, and 2419200 - any other value will be rounded to the nearest valid value.","description_kind":"plain","computed":true},"type":{"type":"string","description":"If this Domain represents the authoritative source of information for the domain it describes, or if it is a read-only copy of a master (also called a slave).","description_kind":"plain","computed":true}},"description_kind":"plain"}},"linode_domain_record":{"version":0,"block":{"attributes":{"domain_id":{"type":"number","description":"The associated domain's ID.","description_kind":"plain","required":true},"id":{"type":"number","description":"The unique ID assigned to this domain record.","description_kind":"plain","optional":true},"name":{"type":"string","description":"The name of the Record.","description_kind":"plain","optional":true},"port":{"type":"number","description":"The port this Record points to.","description_kind":"plain","computed":true},"priority":{"type":"number","description":"The priority of the target host. Lower values are preferred.","description_kind":"plain","computed":true},"protocol":{"type":"string","description":"The protocol this Record's service communicates with. Only valid for SRV records.","description_kind":"plain","computed":true},"service":{"type":"string","description":"The service this Record identified. Only valid for SRV records.","description_kind":"plain","computed":true},"tag":{"type":"string","description":"The tag portion of a CAA record.","description_kind":"plain","computed":true},"target":{"type":"string","description":"The target for this Record. This field's actual usage depends on the type of record this represents. For A and AAAA records, this is the address the named Domain should resolve to.","description_kind":"plain","computed":true},"ttl_sec":{"type":"number","description":"The amount of time in seconds that this Domain's records may be cached by resolvers or other domain servers.","description_kind":"plain","computed":true},"type":{"type":"string","description":"The type of Record this is in the DNS system.","description_kind":"plain","computed":true},"weight":{"type":"number","description":"The relative weight of this Record. Higher values are preferred.","description_kind":"plain","computed":true}},"description_kind":"plain"}},"linode_domain_zonefile":{"version":0,"block":{"attributes":{"domain_id":{"type":"number","description":"The domain's ID.","description_kind":"plain","required":true},"id":{"type":"string","description":"The unique ID for this DataSource","description_kind":"plain","computed":true},"zone_file":{"type":["list","string"],"description":"Lines of the zone file for the last rendered zone for this domain.","description_kind":"plain","computed":true}},"description_kind":"plain"}},"linode_domains":{"version":0,"block":{"attributes":{"domains":{"nested_type":{"attributes":{"axfr_ips":{"type":["set","string"],"description":"The list of IPs that may perform a zone transfer for this Domain. This is potentially dangerous, and should be set to an empty list unless you intend to use it.","description_kind":"plain","computed":true},"description":{"type":"string","description":"A description for this Domain. This is for display purposes only.","description_kind":"plain","computed":true},"domain":{"type":"string","description":"The domain this Domain represents. These must be unique in our system; you cannot have two Domains representing the same domain.","description_kind":"plain","optional":true},"expire_sec":{"type":"number","description":"The amount of time in seconds that may pass before this Domain is no longer Valid values are 0, 30, 120, 300, 3600, 7200, 14400, 28800, 57600, 86400, 172800, 345600, 604800, 1209600, and 2419200 - any other value will be rounded to the nearest valid value.","description_kind":"plain","computed":true},"id":{"type":"number","description":"The Domain's unique ID.","description_kind":"plain","optional":true},"master_ips":{"type":["set","string"],"description":"The IP addresses representing the master DNS for this Domain.","description_kind":"plain","computed":true},"refresh_sec":{"type":"number","description":"The amount of time in seconds before this Domain should be refreshed. Valid values are 0, 30, 120, 300, 3600, 7200, 14400, 28800, 57600, 86400, 172800, 345600, 604800, 1209600, and 2419200 - any other value will be rounded to the nearest valid value.","description_kind":"plain","computed":true},"retry_sec":{"type":"number","description":"The interval, in seconds, at which a failed refresh should be retried. Valid values are 0, 30, 120, 300, 3600, 7200, 14400, 28800, 57600, 86400, 172800, 345600, 604800, 1209600, and 2419200 - any other value will be rounded to the nearest valid value.","description_kind":"plain","computed":true},"soa_email":{"type":"string","description":"Start of Authority email address. This is required for master Domains.","description_kind":"plain","computed":true},"status":{"type":"string","description":"Used to control whether this Domain is currently being rendered.","description_kind":"plain","computed":true},"tags":{"type":["set","string"],"description":"An array of tags applied to this object. Tags are for organizational purposes only.","description_kind":"plain","computed":true},"ttl_sec":{"type":"number","description":"'Time to Live' - the amount of time in seconds that this Domain's records may be cached by resolvers or other domain servers. Valid values are 0, 30, 120, 300, 3600, 7200, 14400, 28800, 57600, 86400, 172800, 345600, 604800, 1209600, and 2419200 - any other value will be rounded to the nearest valid value.","description_kind":"plain","computed":true},"type":{"type":"string","description":"If this Domain represents the authoritative source of information for the domain it describes, or if it is a read-only copy of a master (also called a slave).","description_kind":"plain","computed":true}},"nesting_mode":"list"},"description":"The returned list of Domains.","description_kind":"plain","computed":true},"id":{"type":"string","description":"The data source's unique ID.","description_kind":"plain","computed":true},"order":{"type":"string","description":"The order in which results should be returned.","description_kind":"plain","optional":true},"order_by":{"type":"string","description":"The attribute to order the results by.","description_kind":"plain","optional":true}},"block_types":{"filter":{"nesting_mode":"set","block":{"attributes":{"match_by":{"type":"string","description":"The type of comparison to use for this filter.","description_kind":"plain","optional":true},"name":{"type":"string","description":"The name of the attribute to filter on.","description_kind":"plain","required":true},"values":{"type":["set","string"],"description":"The value(s) to be used in the filter.","description_kind":"plain","required":true}},"description_kind":"plain"}}},"description_kind":"plain"}},"linode_firewall":{"version":0,"block":{"attributes":{"created":{"type":"string","description":"When this Firewall was created.","description_kind":"plain","computed":true},"devices":{"type":["list",["object",{"entity_id":"number","id":"number","label":"string","type":"string","url":"string"}]],"description":"The devices associated with this firewall.","description_kind":"plain","computed":true},"disabled":{"type":"bool","description":"If true, the Firewall is inactive.","description_kind":"plain","computed":true},"fingerprint":{"type":"string","description":"The fingerprint of the current Firewall rules.","description_kind":"plain","computed":true},"id":{"type":"number","description":"The unique ID assigned to this Firewall.","description_kind":"plain","required":true},"inbound":{"type":["list",["object",{"action":"string","description":"string","ipv4":["list","string"],"ipv6":["list","string"],"label":"string","ports":"string","protocol":"string"}]],"description":"A firewall rule that specifies what inbound network traffic is allowed.","description_kind":"plain","computed":true},"inbound_policy":{"type":"string","description":"The default behavior for inbound traffic. This setting can be overridden by updating the inbound.action property for an individual Firewall Rule.","description_kind":"plain","computed":true},"interfaces":{"type":["set","number"],"description":"The IDs of Linode interfaces to apply this firewall to.","description_kind":"plain","computed":true},"label":{"type":"string","description":"The label for the Firewall. For display purposes only. If no label is provided, a default will be assigned.","description_kind":"plain","computed":true},"linodes":{"type":["set","number"],"description":"The IDs of Linodes assigned to this Firewall.","description_kind":"plain","computed":true},"nodebalancers":{"type":["set","number"],"description":"The IDs of NodeBalancers assigned to this Firewall.","description_kind":"plain","computed":true},"outbound":{"type":["list",["object",{"action":"string","description":"string","ipv4":["list","string"],"ipv6":["list","string"],"label":"string","ports":"string","protocol":"string"}]],"description":"A firewall rule that specifies what outbound network traffic is allowed.","description_kind":"plain","computed":true},"outbound_policy":{"type":"string","description":"The default behavior for outbound traffic. This setting can be overridden by updating the outbound.action property for an individual Firewall Rule.","description_kind":"plain","computed":true},"status":{"type":"string","description":"The status of the firewall.","description_kind":"plain","computed":true},"tags":{"type":["set","string"],"description":"An array of tags applied to this object. Tags are for organizational purposes only.","description_kind":"plain","computed":true},"updated":{"type":"string","description":"When this Firewall was last updated.","description_kind":"plain","computed":true},"version":{"type":"number","description":"The current version of the Firewall rules.","description_kind":"plain","computed":true}},"description_kind":"plain"}},"linode_firewall_settings":{"version":0,"block":{"attributes":{"default_firewall_ids":{"nested_type":{"attributes":{"linode":{"type":"number","description_kind":"plain","computed":true},"nodebalancer":{"type":"number","description_kind":"plain","computed":true},"public_interface":{"type":"number","description_kind":"plain","computed":true},"vpc_interface":{"type":"number","description_kind":"plain","computed":true}},"nesting_mode":"single"},"description":"The default firewall ID for a linode, nodebalancer, public_interface, or vpc_interface.","description_kind":"plain","computed":true}},"description_kind":"plain"}},"linode_firewall_template":{"version":0,"block":{"attributes":{"id":{"type":"string","description":"The computed ID of the data source should have the same value as the `slug` attribute.","description_kind":"plain","computed":true},"inbound":{"type":["list",["object",{"action":"string","description":"string","ipv4":["list","string"],"ipv6":["list","string"],"label":"string","ports":"string","protocol":"string"}]],"description":"A firewall rule that specifies what inbound network traffic is allowed.","description_kind":"plain","computed":true},"inbound_policy":{"type":"string","description":"The default behavior for inbound traffic. This setting can be overridden by updating the inbound.action property for an individual Firewall Rule.","description_kind":"plain","computed":true},"outbound":{"type":["list",["object",{"action":"string","description":"string","ipv4":["list","string"],"ipv6":["list","string"],"label":"string","ports":"string","protocol":"string"}]],"description":"A firewall rule that specifies what outbound network traffic is allowed.","description_kind":"plain","computed":true},"outbound_policy":{"type":"string","description":"The default behavior for outbound traffic. This setting can be overridden by updating the outbound.action property for an individual Firewall Rule.","description_kind":"plain","computed":true},"slug":{"type":"string","description":"The slug of the firewall template.","description_kind":"plain","required":true}},"description_kind":"plain"}},"linode_firewall_templates":{"version":0,"block":{"attributes":{"firewall_templates":{"nested_type":{"attributes":{"inbound":{"type":["list",["object",{"action":"string","description":"string","ipv4":["list","string"],"ipv6":["list","string"],"label":"string","ports":"string","protocol":"string"}]],"description":"A firewall rule that specifies what inbound network traffic is allowed.","description_kind":"plain","computed":true},"inbound_policy":{"type":"string","description":"The default behavior for inbound traffic. This setting can be overridden by updating the inbound.action property for an individual Firewall Rule.","description_kind":"plain","computed":true},"outbound":{"type":["list",["object",{"action":"string","description":"string","ipv4":["list","string"],"ipv6":["list","string"],"label":"string","ports":"string","protocol":"string"}]],"description":"A firewall rule that specifies what outbound network traffic is allowed.","description_kind":"plain","computed":true},"outbound_policy":{"type":"string","description":"The default behavior for outbound traffic. This setting can be overridden by updating the outbound.action property for an individual Firewall Rule.","description_kind":"plain","computed":true},"slug":{"type":"string","description":"The slug of the firewall template.","description_kind":"plain","computed":true}},"nesting_mode":"list"},"description":"The returned list of firewall templates.","description_kind":"plain","computed":true},"id":{"type":"string","description":"The data source's unique ID.","description_kind":"plain","computed":true}},"block_types":{"filter":{"nesting_mode":"set","block":{"attributes":{"match_by":{"type":"string","description":"The type of comparison to use for this filter.","description_kind":"plain","optional":true},"name":{"type":"string","description":"The name of the attribute to filter on.","description_kind":"plain","required":true},"values":{"type":["set","string"],"description":"The value(s) to be used in the filter.","description_kind":"plain","required":true}},"description_kind":"plain"}}},"description_kind":"plain"}},"linode_firewalls":{"version":0,"block":{"attributes":{"firewalls":{"nested_type":{"attributes":{"created":{"type":"string","description":"When this Firewall was created.","description_kind":"plain","computed":true},"devices":{"nested_type":{"attributes":{"entity_id":{"type":"number","description":"The ID of the underlying entity this device references (i.e. the Linode's ID).","description_kind":"plain","computed":true},"id":{"type":"number","description":"The unique ID of the Firewall Device.","description_kind":"plain","computed":true},"label":{"type":"string","description":"The label of the underlying entity this device references.","description_kind":"plain","computed":true},"type":{"type":"string","description":"The type of Firewall Device.","description_kind":"plain","computed":true},"url":{"type":"string","description":"The URL of the underlying entity this device references.","description_kind":"plain","computed":true}},"nesting_mode":"list"},"description":"The devices associated with this firewall.","description_kind":"plain","computed":true},"disabled":{"type":"bool","description":"If true, the Firewall is inactive.","description_kind":"plain","computed":true},"fingerprint":{"type":"string","description":"The fingerprint of the current Firewall rules.","description_kind":"plain","computed":true},"id":{"type":"number","description":"The unique ID assigned to this Firewall.","description_kind":"plain","computed":true},"inbound":{"nested_type":{"attributes":{"action":{"type":"string","description":"Controls whether traffic is accepted or dropped by this rule (ACCEPT, DROP).","description_kind":"plain","computed":true},"ipv4":{"type":["set","string"],"description":"A list of IPv4 addresses or networks in IP/mask format.","description_kind":"plain","computed":true},"ipv6":{"type":["set","string"],"description":"A list of IPv6 addresses or networks in IP/mask format.","description_kind":"plain","computed":true},"label":{"type":"string","description":"The label of this rule for display purposes only.","description_kind":"plain","computed":true},"ports":{"type":"string","description":"A string representation of ports and/or port ranges (i.e. \"443\" or \"80-90, 91\").","description_kind":"plain","computed":true},"protocol":{"type":"string","description":"The network protocol this rule controls. Valid values include ALL, TCP, UDP, ICMP, IPENCAP, or a protocol number from 0 to 255.","description_kind":"plain","computed":true}},"nesting_mode":"list"},"description":"A set of firewall rules that specify what inbound network traffic is allowed.","description_kind":"plain","computed":true},"inbound_policy":{"type":"string","description":"The default behavior for inbound traffic.","description_kind":"plain","computed":true},"interfaces":{"type":["set","number"],"description":"The IDs of Interfaces assigned to this Firewall.","description_kind":"plain","computed":true},"label":{"type":"string","description":"The label for the Firewall. For display purposes only. If no label is provided, a default will be assigned.","description_kind":"plain","computed":true},"linodes":{"type":["set","number"],"description":"The IDs of Linodes assigned to this Firewall.","description_kind":"plain","computed":true},"nodebalancers":{"type":["set","number"],"description":"The IDs of NodeBalancers assigned to this Firewall.","description_kind":"plain","computed":true},"outbound":{"nested_type":{"attributes":{"action":{"type":"string","description":"Controls whether traffic is accepted or dropped by this rule (ACCEPT, DROP).","description_kind":"plain","computed":true},"ipv4":{"type":["set","string"],"description":"A list of IPv4 addresses or networks in IP/mask format.","description_kind":"plain","computed":true},"ipv6":{"type":["set","string"],"description":"A list of IPv6 addresses or networks in IP/mask format.","description_kind":"plain","computed":true},"label":{"type":"string","description":"The label of this rule for display purposes only.","description_kind":"plain","computed":true},"ports":{"type":"string","description":"A string representation of ports and/or port ranges (i.e. \"443\" or \"80-90, 91\").","description_kind":"plain","computed":true},"protocol":{"type":"string","description":"The network protocol this rule controls. Valid values include ALL, TCP, UDP, ICMP, IPENCAP, or a protocol number from 0 to 255.","description_kind":"plain","computed":true}},"nesting_mode":"list"},"description":"A set of firewall rules that specify what outbound network traffic is allowed.","description_kind":"plain","computed":true},"outbound_policy":{"type":"string","description":"The default behavior for outbound traffic.","description_kind":"plain","computed":true},"status":{"type":"string","description":"The status of the firewall.","description_kind":"plain","computed":true},"tags":{"type":["set","string"],"description":"An array of tags applied to this object. Tags are for organizational purposes only.","description_kind":"plain","computed":true},"updated":{"type":"string","description":"When this Firewall was last updated.","description_kind":"plain","computed":true},"version":{"type":"number","description":"The current version of the Firewall rules.","description_kind":"plain","computed":true}},"nesting_mode":"list"},"description":"The returned list of Firewalls.","description_kind":"plain","computed":true},"id":{"type":"string","description":"The data source's unique ID.","description_kind":"plain","computed":true},"order":{"type":"string","description":"The order in which results should be returned.","description_kind":"plain","optional":true},"order_by":{"type":"string","description":"The attribute to order the results by.","description_kind":"plain","optional":true}},"block_types":{"filter":{"nesting_mode":"set","block":{"attributes":{"match_by":{"type":"string","description":"The type of comparison to use for this filter.","description_kind":"plain","optional":true},"name":{"type":"string","description":"The name of the attribute to filter on.","description_kind":"plain","required":true},"values":{"type":["set","string"],"description":"The value(s) to be used in the filter.","description_kind":"plain","required":true}},"description_kind":"plain"}}},"description_kind":"plain"}},"linode_iam_entities":{"version":0,"block":{"attributes":{"entities":{"nested_type":{"attributes":{"id":{"type":"number","description":"The ID of the entity.","description_kind":"plain","computed":true},"label":{"type":"string","description":"The entity label.","description_kind":"plain","computed":true},"type":{"type":"string","description":"The entity category.","description_kind":"plain","computed":true}},"nesting_mode":"list"},"description":"The user entity level access.","description_kind":"plain","computed":true},"id":{"type":"string","description":"The datasource's unique ID.","description_kind":"plain","computed":true},"order":{"type":"string","description":"The order in which results should be returned.","description_kind":"plain","optional":true},"order_by":{"type":"string","description":"The attribute to order the results by.","description_kind":"plain","optional":true}},"block_types":{"filter":{"nesting_mode":"set","block":{"attributes":{"match_by":{"type":"string","description":"The type of comparison to use for this filter.","description_kind":"plain","optional":true},"name":{"type":"string","description":"The name of the attribute to filter on.","description_kind":"plain","required":true},"values":{"type":["set","string"],"description":"The value(s) to be used in the filter.","description_kind":"plain","required":true}},"description_kind":"plain"}}},"description_kind":"plain"}},"linode_iam_user":{"version":0,"block":{"attributes":{"account_access":{"type":["list","string"],"description":"The user account level access.","description_kind":"plain","computed":true},"entity_access":{"nested_type":{"attributes":{"id":{"type":"number","description":"The ID of the entity.","description_kind":"plain","computed":true},"roles":{"type":["list","string"],"description":"The roles for this entity and user.","description_kind":"plain","computed":true},"type":{"type":"string","description":"The entity category.","description_kind":"plain","computed":true}},"nesting_mode":"list"},"description":"The user entity level access.","description_kind":"plain","computed":true},"username":{"type":"string","description":"The username to work with.","description_kind":"plain","required":true}},"description_kind":"plain"}},"linode_image":{"version":0,"block":{"attributes":{"capabilities":{"type":["set","string"],"description":"The capabilities of this Image.","description_kind":"plain","computed":true},"created":{"type":"string","description":"When this Image was created.","description_kind":"plain","computed":true},"created_by":{"type":"string","description":"The name of the User who created this Image.","description_kind":"plain","computed":true},"deprecated":{"type":"bool","description":"Whether or not this Image is deprecated. Will only be True for deprecated public Images.","description_kind":"plain","computed":true},"description":{"type":"string","description":"A detailed description of this Image.","description_kind":"plain","computed":true},"expiry":{"type":"string","description":"Only Images created automatically (from a deleted Linode; type=automatic) will expire.","description_kind":"plain","computed":true},"id":{"type":"string","description":"The unique ID assigned to this Image.","description_kind":"plain","required":true},"image_sharing":{"nested_type":{"attributes":{"shared_by":{"nested_type":{"attributes":{"sharegroup_id":{"type":"number","description":"The sharegroup_id from the im_ImageShare row.","description_kind":"plain","computed":true},"sharegroup_label":{"type":"string","description":"The label from the associated im_ImageShareGroup row.","description_kind":"plain","computed":true},"sharegroup_uuid":{"type":"string","description":"The sharegroup_uuid from the im_ImageShare row.","description_kind":"plain","computed":true},"source_image_id":{"type":"string","description":"The image id of the base image (will only be shown to producers, will be None for consumers).","description_kind":"plain","computed":true}},"nesting_mode":"single"},"description_kind":"plain","computed":true},"shared_with":{"nested_type":{"attributes":{"sharegroup_count":{"type":"number","description":"The number of sharegroups the private image is present in.","description_kind":"plain","computed":true},"sharegroup_list_url":{"type":"string","description":"The GET api url to view the sharegroups in which the image is shared.","description_kind":"plain","computed":true}},"nesting_mode":"single"},"description_kind":"plain","computed":true}},"nesting_mode":"single"},"description":"Details about image sharing, including who the image is shared with and by.","description_kind":"plain","computed":true},"is_public":{"type":"bool","description":"True if the Image is public.","description_kind":"plain","computed":true},"is_shared":{"type":"bool","description":"True if the Image is shared.","description_kind":"plain","computed":true},"label":{"type":"string","description":"A short description of the Image. Labels cannot contain special characters.","description_kind":"plain","computed":true},"replications":{"nested_type":{"attributes":{"region":{"type":"string","description":"The region of an image replica.","description_kind":"plain","computed":true},"status":{"type":"string","description":"The status of an image replica.","description_kind":"plain","computed":true}},"nesting_mode":"list"},"description":"A list of image replications region and corresponding status.","description_kind":"plain","computed":true},"size":{"type":"number","description":"The minimum size this Image needs to deploy. Size is in MB.","description_kind":"plain","computed":true},"status":{"type":"string","description":"The current status of this Image.","description_kind":"plain","computed":true},"tags":{"type":["list","string"],"description":"The customized tags for the image.","description_kind":"plain","computed":true},"total_size":{"type":"number","description":"The total size of the image in all available regions.","description_kind":"plain","computed":true},"type":{"type":"string","description":"How the Image was created. 'Manual' Images can be created at any time. 'Automatic' images are created automatically from a deleted Linode.","description_kind":"plain","computed":true},"vendor":{"type":"string","description":"The upstream distribution vendor. Nil for private Images.","description_kind":"plain","computed":true}},"description_kind":"plain"}},"linode_images":{"version":0,"block":{"attributes":{"id":{"type":"string","description":"The data source's unique ID.","description_kind":"plain","computed":true},"images":{"nested_type":{"attributes":{"capabilities":{"type":["set","string"],"description":"The capabilities of this Image.","description_kind":"plain","computed":true},"created":{"type":"string","description":"When this Image was created.","description_kind":"plain","computed":true},"created_by":{"type":"string","description":"The name of the User who created this Image.","description_kind":"plain","computed":true},"deprecated":{"type":"bool","description":"Whether or not this Image is deprecated. Will only be True for deprecated public Images.","description_kind":"plain","computed":true},"description":{"type":"string","description":"A detailed description of this Image.","description_kind":"plain","computed":true},"expiry":{"type":"string","description":"Only Images created automatically (from a deleted Linode; type=automatic) will expire.","description_kind":"plain","computed":true},"id":{"type":"string","description":"The unique ID assigned to this Image.","description_kind":"plain","required":true},"image_sharing":{"nested_type":{"attributes":{"shared_by":{"nested_type":{"attributes":{"sharegroup_id":{"type":"number","description":"The sharegroup_id from the im_ImageShare row.","description_kind":"plain","computed":true},"sharegroup_label":{"type":"string","description":"The label from the associated im_ImageShareGroup row.","description_kind":"plain","computed":true},"sharegroup_uuid":{"type":"string","description":"The sharegroup_uuid from the im_ImageShare row.","description_kind":"plain","computed":true},"source_image_id":{"type":"string","description":"The image id of the base image (will only be shown to producers, will be None for consumers).","description_kind":"plain","computed":true}},"nesting_mode":"single"},"description_kind":"plain","computed":true},"shared_with":{"nested_type":{"attributes":{"sharegroup_count":{"type":"number","description":"The number of sharegroups the private image is present in.","description_kind":"plain","computed":true},"sharegroup_list_url":{"type":"string","description":"The GET api url to view the sharegroups in which the image is shared.","description_kind":"plain","computed":true}},"nesting_mode":"single"},"description_kind":"plain","computed":true}},"nesting_mode":"single"},"description":"Details about image sharing, including who the image is shared with and by.","description_kind":"plain","computed":true},"is_public":{"type":"bool","description":"True if the Image is public.","description_kind":"plain","computed":true},"is_shared":{"type":"bool","description":"True if the Image is shared.","description_kind":"plain","computed":true},"label":{"type":"string","description":"A short description of the Image. Labels cannot contain special characters.","description_kind":"plain","computed":true},"replications":{"nested_type":{"attributes":{"region":{"type":"string","description":"The region of an image replica.","description_kind":"plain","computed":true},"status":{"type":"string","description":"The status of an image replica.","description_kind":"plain","computed":true}},"nesting_mode":"list"},"description":"A list of image replications region and corresponding status.","description_kind":"plain","computed":true},"size":{"type":"number","description":"The minimum size this Image needs to deploy. Size is in MB.","description_kind":"plain","computed":true},"status":{"type":"string","description":"The current status of this Image.","description_kind":"plain","computed":true},"tags":{"type":["list","string"],"description":"The customized tags for the image.","description_kind":"plain","computed":true},"total_size":{"type":"number","description":"The total size of the image in all available regions.","description_kind":"plain","computed":true},"type":{"type":"string","description":"How the Image was created. 'Manual' Images can be created at any time. 'Automatic' images are created automatically from a deleted Linode.","description_kind":"plain","computed":true},"vendor":{"type":"string","description":"The upstream distribution vendor. Nil for private Images.","description_kind":"plain","computed":true}},"nesting_mode":"list"},"description":"The returned list of Images.","description_kind":"plain","computed":true},"latest":{"type":"bool","description":"If true, only the latest image will be returned.","description_kind":"plain","optional":true},"order":{"type":"string","description":"The order in which results should be returned.","description_kind":"plain","optional":true},"order_by":{"type":"string","description":"The attribute to order the results by.","description_kind":"plain","optional":true}},"block_types":{"filter":{"nesting_mode":"set","block":{"attributes":{"match_by":{"type":"string","description":"The type of comparison to use for this filter.","description_kind":"plain","optional":true},"name":{"type":"string","description":"The name of the attribute to filter on.","description_kind":"plain","required":true},"values":{"type":["set","string"],"description":"The value(s) to be used in the filter.","description_kind":"plain","required":true}},"description_kind":"plain"}}},"description_kind":"plain"}},"linode_instance_backups":{"version":0,"block":{"attributes":{"automatic":{"type":["list",["object",{"available":"bool","configs":["list","string"],"created":"string","disks":["list",["object",{"filesystem":"string","label":"string","size":"number"}]],"finished":"string","id":"number","label":"string","status":"string","type":"string","updated":"string"}]],"description":"A list of backups or snapshots for a Linode.","description_kind":"plain","computed":true},"current":{"type":["list",["object",{"available":"bool","configs":["list","string"],"created":"string","disks":["list",["object",{"filesystem":"string","label":"string","size":"number"}]],"finished":"string","id":"number","label":"string","status":"string","type":"string","updated":"string"}]],"description":"The current Backup for a Linode.","description_kind":"plain","computed":true},"id":{"type":"number","description":"The ID of the Backup","description_kind":"plain","computed":true},"in_progress":{"type":["list",["object",{"available":"bool","configs":["list","string"],"created":"string","disks":["list",["object",{"filesystem":"string","label":"string","size":"number"}]],"finished":"string","id":"number","label":"string","status":"string","type":"string","updated":"string"}]],"description":"The in-progress Backup for a Linode","description_kind":"plain","computed":true},"linode_id":{"type":"number","description":"The ID of the Linode to get backups for.","description_kind":"plain","required":true}},"description_kind":"plain"}},"linode_instance_networking":{"version":0,"block":{"attributes":{"id":{"type":"string","description":"Unique identifier for this DataSource.","description_kind":"plain","computed":true},"ipv4":{"type":["list",["object",{"private":["list",["object",{"address":"string","assigned_entity":["object",{"id":"number","label":"string","type":"string","url":"string"}],"gateway":"string","interface_id":"number","linode_id":"number","prefix":"number","public":"bool","rdns":"string","region":"string","reserved":"bool","subnet_mask":"string","tags":["set","string"],"type":"string","vpc_nat_1_1":["object",{"address":"string","subnet_id":"number","vpc_id":"number"}]}]],"public":["list",["object",{"address":"string","assigned_entity":["object",{"id":"number","label":"string","type":"string","url":"string"}],"gateway":"string","interface_id":"number","linode_id":"number","prefix":"number","public":"bool","rdns":"string","region":"string","reserved":"bool","subnet_mask":"string","tags":["set","string"],"type":"string","vpc_nat_1_1":["object",{"address":"string","subnet_id":"number","vpc_id":"number"}]}]],"reserved":["list",["object",{"address":"string","assigned_entity":["object",{"id":"number","label":"string","type":"string","url":"string"}],"gateway":"string","interface_id":"number","linode_id":"number","prefix":"number","public":"bool","rdns":"string","region":"string","reserved":"bool","subnet_mask":"string","tags":["set","string"],"type":"string","vpc_nat_1_1":["object",{"address":"string","subnet_id":"number","vpc_id":"number"}]}]],"shared":["list",["object",{"address":"string","assigned_entity":["object",{"id":"number","label":"string","type":"string","url":"string"}],"gateway":"string","interface_id":"number","linode_id":"number","prefix":"number","public":"bool","rdns":"string","region":"string","reserved":"bool","subnet_mask":"string","tags":["set","string"],"type":"string","vpc_nat_1_1":["object",{"address":"string","subnet_id":"number","vpc_id":"number"}]}]],"vpc":["list",["object",{"active":"bool","address":"string","address_range":"string","config_id":"number","gateway":"string","interface_id":"number","ipv6_addresses":["list",["object",{"slaac_address":"string"}]],"ipv6_is_public":"bool","ipv6_range":"string","linode_id":"number","nat_1_1":"string","prefix":"number","region":"string","subnet_id":"number","subnet_mask":"string","vpc_id":"number"}]]}]],"description":"Information about this Linode's IPv4 addresses.","description_kind":"plain","computed":true},"ipv6":{"type":["list",["object",{"global":["list",["object",{"prefix":"number","range":"string","region":"string","route_target":"string"}]],"link_local":["object",{"address":"string","assigned_entity":["object",{"id":"number","label":"string","type":"string","url":"string"}],"gateway":"string","interface_id":"number","linode_id":"number","prefix":"number","public":"bool","rdns":"string","region":"string","reserved":"bool","subnet_mask":"string","tags":["set","string"],"type":"string","vpc_nat_1_1":["object",{"address":"string","subnet_id":"number","vpc_id":"number"}]}],"slaac":["object",{"address":"string","assigned_entity":["object",{"id":"number","label":"string","type":"string","url":"string"}],"gateway":"string","interface_id":"number","linode_id":"number","prefix":"number","public":"bool","rdns":"string","region":"string","reserved":"bool","subnet_mask":"string","tags":["set","string"],"type":"string","vpc_nat_1_1":["object",{"address":"string","subnet_id":"number","vpc_id":"number"}]}],"vpc":["list",["object",{"active":"bool","address":"string","address_range":"string","config_id":"number","gateway":"string","interface_id":"number","ipv6_addresses":["list",["object",{"slaac_address":"string"}]],"ipv6_is_public":"bool","ipv6_range":"string","linode_id":"number","nat_1_1":"string","prefix":"number","region":"string","subnet_id":"number","subnet_mask":"string","vpc_id":"number"}]]}]],"description":"Information about this Linode's IPv6 addresses.","description_kind":"plain","computed":true},"linode_id":{"type":"number","description":"The ID of the Linode for network info.","description_kind":"plain","required":true}},"description_kind":"plain"}},"linode_instance_type":{"version":0,"block":{"attributes":{"accelerated_devices":{"type":"number","description":"The number of VPUs this Linode Type offers.","description_kind":"plain","computed":true},"addons":{"type":["list",["object",{"backups":["list",["object",{"price":["list",["object",{"hourly":"number","monthly":"number"}]],"region_prices":["list",["object",{"hourly":"number","id":"string","monthly":"number"}]]}]]}]],"description":"Information about the optional Backup service offered for Linodes.","description_kind":"plain","computed":true},"class":{"type":"string","description":"The class of the Linode Type. There are currently three classes of Linodes: nanode, standard, highmem, dedicated","description_kind":"plain","computed":true},"disk":{"type":"number","description":"The Disk size, in MB, of the Linode Type.","description_kind":"plain","computed":true},"id":{"type":"string","description":"The unique ID assigned to this Instance type.","description_kind":"plain","required":true},"label":{"type":"string","description":"The Linode Type's label is for display purposes only.","description_kind":"plain","optional":true,"computed":true},"memory":{"type":"number","description":"Amount of RAM included in this Linode Type.","description_kind":"plain","computed":true},"network_out":{"type":"number","description":"The Mbits outbound bandwidth allocation.","description_kind":"plain","computed":true},"price":{"type":["list",["object",{"hourly":"number","monthly":"number"}]],"description":"Cost in US dollars, broken down into hourly and monthly charges.","description_kind":"plain","computed":true},"region_prices":{"type":["list",["object",{"hourly":"number","id":"string","monthly":"number"}]],"description":"A list of region-specific prices for this plan.","description_kind":"plain","computed":true},"transfer":{"type":"number","description":"The monthly outbound transfer amount, in MB.","description_kind":"plain","computed":true},"vcpus":{"type":"number","description":"The number of VCPU cores this Linode Type offers.","description_kind":"plain","computed":true}},"description_kind":"plain"}},"linode_instance_types":{"version":0,"block":{"attributes":{"id":{"type":"string","description":"The data source's unique ID.","description_kind":"plain","computed":true},"order":{"type":"string","description":"The order in which results should be returned.","description_kind":"plain","optional":true},"order_by":{"type":"string","description":"The attribute to order the results by.","description_kind":"plain","optional":true},"types":{"nested_type":{"attributes":{"accelerated_devices":{"type":"number","description":"The number of VPUs this Linode Type offers.","description_kind":"plain","computed":true},"addons":{"type":["list",["object",{"backups":["list",["object",{"price":["list",["object",{"hourly":"number","monthly":"number"}]],"region_prices":["list",["object",{"hourly":"number","id":"string","monthly":"number"}]]}]]}]],"description":"Information about the optional Backup service offered for Linodes.","description_kind":"plain","computed":true},"class":{"type":"string","description":"The class of the Linode Type. There are currently three classes of Linodes: nanode, standard, highmem, dedicated","description_kind":"plain","computed":true},"disk":{"type":"number","description":"The Disk size, in MB, of the Linode Type.","description_kind":"plain","computed":true},"id":{"type":"string","description":"The unique ID assigned to this Instance type.","description_kind":"plain","required":true},"label":{"type":"string","description":"The Linode Type's label is for display purposes only.","description_kind":"plain","optional":true,"computed":true},"memory":{"type":"number","description":"Amount of RAM included in this Linode Type.","description_kind":"plain","computed":true},"network_out":{"type":"number","description":"The Mbits outbound bandwidth allocation.","description_kind":"plain","computed":true},"price":{"type":["list",["object",{"hourly":"number","monthly":"number"}]],"description":"Cost in US dollars, broken down into hourly and monthly charges.","description_kind":"plain","computed":true},"region_prices":{"type":["list",["object",{"hourly":"number","id":"string","monthly":"number"}]],"description":"A list of region-specific prices for this plan.","description_kind":"plain","computed":true},"transfer":{"type":"number","description":"The monthly outbound transfer amount, in MB.","description_kind":"plain","computed":true},"vcpus":{"type":"number","description":"The number of VCPU cores this Linode Type offers.","description_kind":"plain","computed":true}},"nesting_mode":"list"},"description":"The returned list of instance types.","description_kind":"plain","computed":true}},"block_types":{"filter":{"nesting_mode":"set","block":{"attributes":{"match_by":{"type":"string","description":"The type of comparison to use for this filter.","description_kind":"plain","optional":true},"name":{"type":"string","description":"The name of the attribute to filter on.","description_kind":"plain","required":true},"values":{"type":["set","string"],"description":"The value(s) to be used in the filter.","description_kind":"plain","required":true}},"description_kind":"plain"}}},"description_kind":"plain"}},"linode_instances":{"version":0,"block":{"attributes":{"id":{"type":"string","description_kind":"plain","optional":true,"computed":true},"instances":{"type":["list",["object",{"alerts":["list",["object",{"cpu":"number","io":"number","network_in":"number","network_out":"number","transfer_quota":"number"}]],"backups":["list",["object",{"available":"bool","enabled":"bool","schedule":["list",["object",{"day":"string","window":"string"}]]}]],"boot_config_label":"string","capabilities":["set","string"],"config":["list",["object",{"comments":"string","devices":["list",["object",{"sda":["list",["object",{"disk_id":"number","disk_label":"string","volume_id":"number"}]],"sdaa":["list",["object",{"disk_id":"number","disk_label":"string","volume_id":"number"}]],"sdab":["list",["object",{"disk_id":"number","disk_label":"string","volume_id":"number"}]],"sdac":["list",["object",{"disk_id":"number","disk_label":"string","volume_id":"number"}]],"sdad":["list",["object",{"disk_id":"number","disk_label":"string","volume_id":"number"}]],"sdae":["list",["object",{"disk_id":"number","disk_label":"string","volume_id":"number"}]],"sdaf":["list",["object",{"disk_id":"number","disk_label":"string","volume_id":"number"}]],"sdag":["list",["object",{"disk_id":"number","disk_label":"string","volume_id":"number"}]],"sdah":["list",["object",{"disk_id":"number","disk_label":"string","volume_id":"number"}]],"sdai":["list",["object",{"disk_id":"number","disk_label":"string","volume_id":"number"}]],"sdaj":["list",["object",{"disk_id":"number","disk_label":"string","volume_id":"number"}]],"sdak":["list",["object",{"disk_id":"number","disk_label":"string","volume_id":"number"}]],"sdal":["list",["object",{"disk_id":"number","disk_label":"string","volume_id":"number"}]],"sdam":["list",["object",{"disk_id":"number","disk_label":"string","volume_id":"number"}]],"sdan":["list",["object",{"disk_id":"number","disk_label":"string","volume_id":"number"}]],"sdao":["list",["object",{"disk_id":"number","disk_label":"string","volume_id":"number"}]],"sdap":["list",["object",{"disk_id":"number","disk_label":"string","volume_id":"number"}]],"sdaq":["list",["object",{"disk_id":"number","disk_label":"string","volume_id":"number"}]],"sdar":["list",["object",{"disk_id":"number","disk_label":"string","volume_id":"number"}]],"sdas":["list",["object",{"disk_id":"number","disk_label":"string","volume_id":"number"}]],"sdat":["list",["object",{"disk_id":"number","disk_label":"string","volume_id":"number"}]],"sdau":["list",["object",{"disk_id":"number","disk_label":"string","volume_id":"number"}]],"sdav":["list",["object",{"disk_id":"number","disk_label":"string","volume_id":"number"}]],"sdaw":["list",["object",{"disk_id":"number","disk_label":"string","volume_id":"number"}]],"sdax":["list",["object",{"disk_id":"number","disk_label":"string","volume_id":"number"}]],"sday":["list",["object",{"disk_id":"number","disk_label":"string","volume_id":"number"}]],"sdaz":["list",["object",{"disk_id":"number","disk_label":"string","volume_id":"number"}]],"sdb":["list",["object",{"disk_id":"number","disk_label":"string","volume_id":"number"}]],"sdba":["list",["object",{"disk_id":"number","disk_label":"string","volume_id":"number"}]],"sdbb":["list",["object",{"disk_id":"number","disk_label":"string","volume_id":"number"}]],"sdbc":["list",["object",{"disk_id":"number","disk_label":"string","volume_id":"number"}]],"sdbd":["list",["object",{"disk_id":"number","disk_label":"string","volume_id":"number"}]],"sdbe":["list",["object",{"disk_id":"number","disk_label":"string","volume_id":"number"}]],"sdbf":["list",["object",{"disk_id":"number","disk_label":"string","volume_id":"number"}]],"sdbg":["list",["object",{"disk_id":"number","disk_label":"string","volume_id":"number"}]],"sdbh":["list",["object",{"disk_id":"number","disk_label":"string","volume_id":"number"}]],"sdbi":["list",["object",{"disk_id":"number","disk_label":"string","volume_id":"number"}]],"sdbj":["list",["object",{"disk_id":"number","disk_label":"string","volume_id":"number"}]],"sdbk":["list",["object",{"disk_id":"number","disk_label":"string","volume_id":"number"}]],"sdbl":["list",["object",{"disk_id":"number","disk_label":"string","volume_id":"number"}]],"sdc":["list",["object",{"disk_id":"number","disk_label":"string","volume_id":"number"}]],"sdd":["list",["object",{"disk_id":"number","disk_label":"string","volume_id":"number"}]],"sde":["list",["object",{"disk_id":"number","disk_label":"string","volume_id":"number"}]],"sdf":["list",["object",{"disk_id":"number","disk_label":"string","volume_id":"number"}]],"sdg":["list",["object",{"disk_id":"number","disk_label":"string","volume_id":"number"}]],"sdh":["list",["object",{"disk_id":"number","disk_label":"string","volume_id":"number"}]],"sdi":["list",["object",{"disk_id":"number","disk_label":"string","volume_id":"number"}]],"sdj":["list",["object",{"disk_id":"number","disk_label":"string","volume_id":"number"}]],"sdk":["list",["object",{"disk_id":"number","disk_label":"string","volume_id":"number"}]],"sdl":["list",["object",{"disk_id":"number","disk_label":"string","volume_id":"number"}]],"sdm":["list",["object",{"disk_id":"number","disk_label":"string","volume_id":"number"}]],"sdn":["list",["object",{"disk_id":"number","disk_label":"string","volume_id":"number"}]],"sdo":["list",["object",{"disk_id":"number","disk_label":"string","volume_id":"number"}]],"sdp":["list",["object",{"disk_id":"number","disk_label":"string","volume_id":"number"}]],"sdq":["list",["object",{"disk_id":"number","disk_label":"string","volume_id":"number"}]],"sdr":["list",["object",{"disk_id":"number","disk_label":"string","volume_id":"number"}]],"sds":["list",["object",{"disk_id":"number","disk_label":"string","volume_id":"number"}]],"sdt":["list",["object",{"disk_id":"number","disk_label":"string","volume_id":"number"}]],"sdu":["list",["object",{"disk_id":"number","disk_label":"string","volume_id":"number"}]],"sdv":["list",["object",{"disk_id":"number","disk_label":"string","volume_id":"number"}]],"sdw":["list",["object",{"disk_id":"number","disk_label":"string","volume_id":"number"}]],"sdx":["list",["object",{"disk_id":"number","disk_label":"string","volume_id":"number"}]],"sdy":["list",["object",{"disk_id":"number","disk_label":"string","volume_id":"number"}]],"sdz":["list",["object",{"disk_id":"number","disk_label":"string","volume_id":"number"}]]}]],"helpers":["list",["object",{"devtmpfs_automount":"bool","distro":"bool","modules_dep":"bool","network":"bool","updatedb_disabled":"bool"}]],"id":"number","interface":["list",["object",{"active":"bool","id":"number","ip_ranges":["list","string"],"ipam_address":"string","ipv4":["list",["object",{"nat_1_1":"string","vpc":"string"}]],"ipv6":["list",["object",{"is_public":"bool","range":["list",["object",{"assigned_range":"string","range":"string"}]],"slaac":["list",["object",{"address":"string","assigned_range":"string","range":"string"}]]}]],"label":"string","primary":"bool","purpose":"string","subnet_id":"number","vpc_id":"number"}]],"kernel":"string","label":"string","memory_limit":"number","root_device":"string","run_level":"string","virt_mode":"string"}]],"disk":["list",["object",{"filesystem":"string","id":"number","label":"string","size":"number"}]],"disk_encryption":"string","has_user_data":"bool","host_uuid":"string","id":"number","image":"string","interface_generation":"string","ip_address":"string","ipv4":["set","string"],"ipv6":"string","label":"string","lke_cluster_id":"number","locks":["set","string"],"maintenance_policy":"string","placement_group":["list",["object",{"id":"number","label":"string","placement_group_policy":"string","placement_group_type":"string"}]],"private_ip_address":"string","region":"string","specs":["list",["object",{"accelerated_devices":"number","disk":"number","gpus":"number","memory":"number","transfer":"number","vcpus":"number"}]],"status":"string","swap_size":"number","tags":["set","string"],"type":"string","watchdog_enabled":"bool"}]],"description":"The returned list of Instances.","description_kind":"plain","computed":true},"order":{"type":"string","description":"The order in which results should be returned.","description_kind":"plain","optional":true},"order_by":{"type":"string","description":"The attribute to order the results by.","description_kind":"plain","optional":true}},"block_types":{"filter":{"nesting_mode":"list","block":{"attributes":{"match_by":{"type":"string","description":"The type of comparison to use for this filter.","description_kind":"plain","optional":true},"name":{"type":"string","description":"The name of the attribute to filter on.","description_kind":"plain","required":true},"values":{"type":["list","string"],"description":"The value(s) to be used in the filter.","description_kind":"plain","required":true}},"description_kind":"plain"}}},"description_kind":"plain"}},"linode_interface":{"version":0,"block":{"attributes":{"default_route":{"nested_type":{"attributes":{"ipv4":{"type":"bool","description":"Whether this interface is used for the IPv4 default route.","description_kind":"plain","computed":true},"ipv6":{"type":"bool","description":"Whether this interface is used for the IPv6 default route.","description_kind":"plain","computed":true}},"nesting_mode":"single"},"description":"Default route configuration for the interface.","description_kind":"plain","computed":true},"id":{"type":"string","description":"The ID of the Linode interface.","description_kind":"plain","required":true},"linode_id":{"type":"number","description":"The ID of the Linode.","description_kind":"plain","required":true},"public":{"nested_type":{"attributes":{"ipv4":{"nested_type":{"attributes":{"addresses":{"nested_type":{"attributes":{"address":{"type":"string","description":"The IPv4 address.","description_kind":"plain","computed":true},"primary":{"type":"bool","description":"Whether this is the primary IPv4 address.","description_kind":"plain","computed":true}},"nesting_mode":"set"},"description":"IPv4 addresses assigned to this interface.","description_kind":"plain","computed":true},"shared":{"nested_type":{"attributes":{"address":{"type":"string","description":"The shared IPv4 address.","description_kind":"plain","computed":true},"linode_id":{"type":"number","description":"The ID of the Linode that this shared address belongs to.","description_kind":"plain","computed":true}},"nesting_mode":"set"},"description":"IPv4 addresses shared with other Linodes.","description_kind":"plain","computed":true}},"nesting_mode":"single"},"description":"The public IPv4 configuration for the interface.","description_kind":"plain","computed":true},"ipv6":{"nested_type":{"attributes":{"ranges":{"nested_type":{"attributes":{"range":{"type":"string","description":"The IPv6 range.","description_kind":"plain","computed":true},"route_target":{"type":"string","description":"The route target for this IPv6 range.","description_kind":"plain","computed":true}},"nesting_mode":"set"},"description":"IPv6 ranges assigned to this interface.","description_kind":"plain","computed":true},"shared":{"nested_type":{"attributes":{"range":{"type":"string","description":"The IPv6 range.","description_kind":"plain","computed":true},"route_target":{"type":"string","description":"The route target for this IPv6 range.","description_kind":"plain","computed":true}},"nesting_mode":"set"},"description":"IPv6 ranges shared with other Linodes.","description_kind":"plain","computed":true},"slaac":{"nested_type":{"attributes":{"address":{"type":"string","description":"The IPv6 SLAAC address.","description_kind":"plain","computed":true},"prefix":{"type":"number","description":"The prefix length for the IPv6 SLAAC address.","description_kind":"plain","computed":true}},"nesting_mode":"set"},"description":"IPv6 SLAAC configuration.","description_kind":"plain","computed":true}},"nesting_mode":"single"},"description":"The public IPv6 configuration for the interface.","description_kind":"plain","computed":true}},"nesting_mode":"single"},"description":"Configuration profile for the public interface.","description_kind":"plain","computed":true},"vlan":{"nested_type":{"attributes":{"ipam_address":{"type":"string","description":"The IPAM (IP Address Management) address of the VLAN interface.","description_kind":"plain","computed":true},"vlan_label":{"type":"string","description":"The label of the VLAN.","description_kind":"plain","computed":true}},"nesting_mode":"single"},"description":"Configuration profile for the VLAN interface.","description_kind":"plain","computed":true},"vpc":{"nested_type":{"attributes":{"ipv4":{"nested_type":{"attributes":{"addresses":{"nested_type":{"attributes":{"address":{"type":"string","description":"The VPC IPv4 address.","description_kind":"plain","computed":true},"nat_1_1_address":{"type":"string","description":"The 1:1 NAT address for this VPC IPv4 address.","description_kind":"plain","computed":true},"primary":{"type":"bool","description":"Whether this is the primary VPC IPv4 address.","description_kind":"plain","computed":true}},"nesting_mode":"set"},"description":"IPv4 addresses assigned to this VPC interface.","description_kind":"plain","computed":true},"ranges":{"nested_type":{"attributes":{"range":{"type":"string","description":"The VPC IPv4 range.","description_kind":"plain","computed":true}},"nesting_mode":"set"},"description":"IPv4 ranges assigned to this VPC interface.","description_kind":"plain","computed":true}},"nesting_mode":"single"},"description":"The IPv4 configuration for the VPC interface.","description_kind":"plain","computed":true},"ipv6":{"nested_type":{"attributes":{"is_public":{"type":"bool","description":"Indicates whether the IPv6 configuration on the Linode interface is public.","description_kind":"plain","computed":true},"ranges":{"nested_type":{"attributes":{"range":{"type":"string","description":"The IPv6 network range in CIDR notation.","description_kind":"plain","computed":true}},"nesting_mode":"set"},"description":"IPv6 ranges assigned to this VPC interface.","description_kind":"plain","computed":true},"slaac":{"nested_type":{"attributes":{"address":{"type":"string","description":"The assigned IPv6 address within the range.","description_kind":"plain","computed":true},"range":{"type":"string","description":"The IPv6 network range in CIDR notation.","description_kind":"plain","computed":true}},"nesting_mode":"set"},"description":"IPv6 SLAAC address ranges.","description_kind":"plain","computed":true}},"nesting_mode":"single"},"description":"The IPv6 configuration for the VPC interface.","description_kind":"plain","computed":true},"subnet_id":{"type":"number","description":"The ID of the VPC subnet.","description_kind":"plain","computed":true}},"nesting_mode":"single"},"description":"Configuration profile for the VPC interface.","description_kind":"plain","computed":true}},"description_kind":"plain"}},"linode_ipv6_range":{"version":0,"block":{"attributes":{"id":{"type":"string","description":"The unique ID for this DataSource","description_kind":"plain","computed":true},"is_bgp":{"type":"bool","description":"Whether this IPv6 range is shared.","description_kind":"plain","computed":true},"linodes":{"type":["set","number"],"description":"The IDs of Linodes to apply this firewall to.","description_kind":"plain","computed":true},"prefix":{"type":"number","description":"The prefix length of the address, denoting how many addresses can be assigned from this range.","description_kind":"plain","computed":true},"range":{"type":"string","description":"The IPv6 range to retrieve information about.","description_kind":"plain","required":true},"region":{"type":"string","description":"The region for this range of IPv6 addresses.","description_kind":"plain","computed":true}},"description_kind":"plain"}},"linode_ipv6_ranges":{"version":0,"block":{"attributes":{"id":{"type":"string","description":"The data source's unique ID.","description_kind":"plain","computed":true},"ranges":{"nested_type":{"attributes":{"prefix":{"type":"number","description":"The prefix length of the address, denoting how many addresses can be assigned from this range.","description_kind":"plain","computed":true},"range":{"type":"string","description":"The IPv6 address of this range.","description_kind":"plain","computed":true},"region":{"type":"string","description":"The region for this range of IPv6 addresses.","description_kind":"plain","computed":true},"route_target":{"type":"string","description":"The IPv6 SLAAC address.","description_kind":"plain","computed":true}},"nesting_mode":"list"},"description":"The return list of IPv6 ranges.","description_kind":"plain","computed":true}},"block_types":{"filter":{"nesting_mode":"set","block":{"attributes":{"match_by":{"type":"string","description":"The type of comparison to use for this filter.","description_kind":"plain","optional":true},"name":{"type":"string","description":"The name of the attribute to filter on.","description_kind":"plain","required":true},"values":{"type":["set","string"],"description":"The value(s) to be used in the filter.","description_kind":"plain","required":true}},"description_kind":"plain"}}},"description_kind":"plain"}},"linode_kernel":{"version":0,"block":{"attributes":{"architecture":{"type":"string","description":"The architecture of this Kernel.","description_kind":"plain","computed":true},"built":{"type":"string","description":"The date on which this Kernel was built.","description_kind":"plain","computed":true},"deprecated":{"type":"bool","description":"Whether or not this Kernel is deprecated.","description_kind":"plain","computed":true},"id":{"type":"string","description":"The unique ID of this Kernel.","description_kind":"plain","required":true},"kvm":{"type":"bool","description":"If this Kernel is suitable for KVM Linodes.","description_kind":"plain","computed":true},"label":{"type":"string","description":"The friendly name of this Kernel.","description_kind":"plain","computed":true},"pvops":{"type":"bool","description":"If this Kernel is suitable for paravirtualized operations.","description_kind":"plain","computed":true},"version":{"type":"string","description":"Linux Kernel version.","description_kind":"plain","computed":true}},"description_kind":"plain"}},"linode_kernels":{"version":0,"block":{"attributes":{"id":{"type":"string","description":"The data source's unique ID.","description_kind":"plain","computed":true},"kernels":{"nested_type":{"attributes":{"architecture":{"type":"string","description":"The architecture of this Kernel.","description_kind":"plain","computed":true},"built":{"type":"string","description":"The date on which this Kernel was built.","description_kind":"plain","computed":true},"deprecated":{"type":"bool","description":"Whether or not this Kernel is deprecated.","description_kind":"plain","computed":true},"id":{"type":"string","description":"The unique ID of this Kernel.","description_kind":"plain","required":true},"kvm":{"type":"bool","description":"If this Kernel is suitable for KVM Linodes.","description_kind":"plain","computed":true},"label":{"type":"string","description":"The friendly name of this Kernel.","description_kind":"plain","computed":true},"pvops":{"type":"bool","description":"If this Kernel is suitable for paravirtualized operations.","description_kind":"plain","computed":true},"version":{"type":"string","description":"Linux Kernel version.","description_kind":"plain","computed":true}},"nesting_mode":"list"},"description":"The returned list of Kernels.","description_kind":"plain","computed":true},"order":{"type":"string","description":"The order in which results should be returned.","description_kind":"plain","optional":true},"order_by":{"type":"string","description":"The attribute to order the results by.","description_kind":"plain","optional":true}},"block_types":{"filter":{"nesting_mode":"set","block":{"attributes":{"match_by":{"type":"string","description":"The type of comparison to use for this filter.","description_kind":"plain","optional":true},"name":{"type":"string","description":"The name of the attribute to filter on.","description_kind":"plain","required":true},"values":{"type":["set","string"],"description":"The value(s) to be used in the filter.","description_kind":"plain","required":true}},"description_kind":"plain"}}},"description_kind":"plain"}},"linode_lke_cluster":{"version":0,"block":{"attributes":{"api_endpoints":{"type":["list","string"],"description":"The API endpoints for the cluster.","description_kind":"plain","computed":true},"apl_enabled":{"type":"bool","description":"Enables the App Platform Layer for this cluster. Note: v4beta only and may not currently be available to all users.","description_kind":"plain","computed":true},"control_plane":{"nested_type":{"attributes":{"acl":{"nested_type":{"attributes":{"addresses":{"nested_type":{"attributes":{"ipv4":{"type":["set","string"],"description":"A set of individual ipv4 addresses or CIDRs allowed.","description_kind":"plain","computed":true},"ipv6":{"type":["set","string"],"description":"A set of individual ipv6 addresses or CIDRs allowed.","description_kind":"plain","computed":true}},"nesting_mode":"list"},"description":"A list of ip addresses allowed.","description_kind":"plain","computed":true},"enabled":{"type":"bool","description":"The default policy. A value of true means a default policy of DENY. A value of false means default policy of ALLOW.","description_kind":"plain","computed":true}},"nesting_mode":"list"},"description":"The ACL configuration for an LKE cluster's control plane.","description_kind":"plain","computed":true},"audit_logs_enabled":{"type":"bool","description":"Enables audit logs on the cluster's control plane.","description_kind":"plain","computed":true},"high_availability":{"type":"bool","description":"Defines whether High Availability is enabled for the Control Plane Components of the cluster.","description_kind":"plain","computed":true}},"nesting_mode":"list"},"description":"Defines settings for the Kubernetes Control Plane.","description_kind":"plain","computed":true},"created":{"type":"string","description":"When this Kubernetes cluster was created.","description_kind":"plain","computed":true},"id":{"type":"number","description":"The unique ID of this LKE Cluster.","description_kind":"plain","required":true},"k8s_version":{"type":"string","description":"The desired Kubernetes version for this Kubernetes cluster in the format of \u003cmajor\u003e.\u003cminor\u003e. The latest supported patch version will be deployed.","description_kind":"plain","computed":true},"kubeconfig":{"type":"string","description":"The Base64-encoded Kubeconfig for the cluster.","description_kind":"plain","computed":true,"sensitive":true},"label":{"type":"string","description":"The unique label for the cluster.","description_kind":"plain","computed":true},"pools":{"nested_type":{"attributes":{"autoscaler":{"nested_type":{"attributes":{"enabled":{"type":"bool","description":"Whether autoscaling is enabled for this Node Pool. Defaults to false.","description_kind":"plain","computed":true},"max":{"type":"number","description":"The maximum number of nodes to autoscale to. Defaults to the Node Pool’s count.","description_kind":"plain","computed":true},"min":{"type":"number","description":"The minimum number of nodes to autoscale to. Defaults to the Node Pool’s count.","description_kind":"plain","computed":true}},"nesting_mode":"list"},"description":"The number of nodes autoscales within the defined minimum and maximum values.","description_kind":"plain","computed":true},"count":{"type":"number","description":"The number of nodes in the Node Pool.","description_kind":"plain","computed":true},"disk_encryption":{"type":"string","description":"The disk encryption policy for the nodes in this pool.","description_kind":"plain","computed":true},"disks":{"nested_type":{"attributes":{"size":{"type":"number","description":"The size of this custom disk partition in MB.","description_kind":"plain","computed":true},"type":{"type":"string","description":"This custom disk partition’s filesystem type.","description_kind":"plain","computed":true}},"nesting_mode":"list"},"description":"This Node Pool’s custom disk layout.","description_kind":"plain","computed":true},"firewall_id":{"type":"number","description":"The ID of the firewall associated with the Node Pool.","description_kind":"plain","computed":true},"id":{"type":"number","description":"The ID of the Node Pool.","description_kind":"plain","computed":true},"k8s_version":{"type":"string","description":"The Kubernetes version for this pool in the format of \u003cmajor\u003e.\u003cminor\u003e. This is only available for Enterprise clusters.","description_kind":"plain","computed":true},"label":{"type":"string","description":"The label of the Node Pool.","description_kind":"plain","optional":true},"labels":{"type":["map","string"],"description":"Key-value pairs added as labels to nodes in the node pool. Labels help classify your nodes and to easily select subsets of objects.","description_kind":"plain","computed":true},"nodes":{"nested_type":{"attributes":{"id":{"type":"string","description":"The ID of the node.","description_kind":"plain","computed":true},"instance_id":{"type":"number","description":"The ID of the underlying Linode instance.","description_kind":"plain","computed":true},"status":{"type":"string","description":"The status of the node.","description_kind":"plain","computed":true}},"nesting_mode":"list"},"description":"The nodes in the node pool.","description_kind":"plain","computed":true},"tags":{"type":["list","string"],"description":"An array of tags applied to this object. Tags are for organizational purposes only.","description_kind":"plain","computed":true},"taints":{"type":["set",["object",{"effect":"string","key":"string","value":"string"}]],"description":"Kubernetes taints to add to node pool nodes. Taints help control how pods are scheduled onto nodes, specifically allowing them to repel certain pods.","description_kind":"plain","computed":true},"type":{"type":"string","description":"A Linode Type for all of the nodes in the Node Pool.","description_kind":"plain","computed":true},"update_strategy":{"type":"string","description":"The strategy for updating the node pool k8s version. For LKE enterprise only and may not currently available to all users.","description_kind":"plain","computed":true}},"nesting_mode":"list"},"description":"All active Node Pools on the cluster.","description_kind":"plain","computed":true},"region":{"type":"string","description":"This cluster's location.","description_kind":"plain","computed":true},"stack_type":{"type":"string","description":"The networking stack type of the Kubernetes cluster.","description_kind":"plain","computed":true},"status":{"type":"string","description":"The status of the cluster.","description_kind":"plain","computed":true},"subnet_id":{"type":"number","description":"The ID of the VPC subnet to use for the Kubernetes cluster. This subnet must be dual stack (IPv4 and IPv6 should both be enabled). ","description_kind":"plain","computed":true},"tags":{"type":["set","string"],"description":"An array of tags applied to this object. Tags are for organizational purposes only.","description_kind":"plain","computed":true},"tier":{"type":"string","description":"The desired Kubernetes tier.","description_kind":"plain","computed":true},"updated":{"type":"string","description":"When this Kubernetes cluster was updated.","description_kind":"plain","computed":true},"vpc_id":{"type":"number","description":"The ID of the VPC to use for the Kubernetes cluster.","description_kind":"plain","computed":true}},"description_kind":"plain"}},"linode_lke_clusters":{"version":0,"block":{"attributes":{"id":{"type":"string","description":"The data source's unique ID.","description_kind":"plain","computed":true},"lke_clusters":{"nested_type":{"attributes":{"apl_enabled":{"type":"bool","description":"Enables the App Platform Layer for this cluster. Note: v4beta only and may not currently be available to all users.","description_kind":"plain","computed":true},"control_plane":{"nested_type":{"attributes":{"audit_logs_enabled":{"type":"bool","description":"Enables audit logs on the cluster's control plane.","description_kind":"plain","computed":true},"high_availability":{"type":"bool","description":"Defines whether High Availability is enabled for the Control Plane Components of the cluster.","description_kind":"plain","computed":true}},"nesting_mode":"single"},"description":"Defines settings for the Kubernetes Control Plane.","description_kind":"plain","computed":true},"created":{"type":"string","description":"When this Kubernetes cluster was created.","description_kind":"plain","computed":true},"id":{"type":"number","description":"This Kubernetes cluster’s unique ID.","description_kind":"plain","computed":true},"k8s_version":{"type":"string","description":"The desired Kubernetes version for this Kubernetes cluster in the format of \u003cmajor\u003e.\u003cminor\u003e. The latest supported patch version will be deployed.","description_kind":"plain","computed":true},"label":{"type":"string","description":"The unique label for the cluster.","description_kind":"plain","computed":true},"region":{"type":"string","description":"This cluster's location.","description_kind":"plain","computed":true},"stack_type":{"type":"string","description":"The networking stack type of the Kubernetes cluster.","description_kind":"plain","computed":true},"status":{"type":"string","description":"The status of the cluster.","description_kind":"plain","computed":true},"subnet_id":{"type":"number","description":"The ID of the VPC subnet to use for the Kubernetes cluster. This subnet must be dual stack (IPv4 and IPv6 should both be enabled). ","description_kind":"plain","computed":true},"tags":{"type":["set","string"],"description":"An array of tags applied to this object. Tags are for organizational purposes only.","description_kind":"plain","computed":true},"tier":{"type":"string","description":"The desired Kubernetes tier.","description_kind":"plain","computed":true},"updated":{"type":"string","description":"When this Kubernetes cluster was updated.","description_kind":"plain","computed":true},"vpc_id":{"type":"number","description":"The ID of the VPC to use for the Kubernetes cluster.","description_kind":"plain","computed":true}},"nesting_mode":"list"},"description":"The returned list of LKE clusters available on the account.","description_kind":"plain","computed":true},"order":{"type":"string","description":"The order in which results should be returned.","description_kind":"plain","optional":true},"order_by":{"type":"string","description":"The attribute to order the results by.","description_kind":"plain","optional":true}},"block_types":{"filter":{"nesting_mode":"set","block":{"attributes":{"match_by":{"type":"string","description":"The type of comparison to use for this filter.","description_kind":"plain","optional":true},"name":{"type":"string","description":"The name of the attribute to filter on.","description_kind":"plain","required":true},"values":{"type":["set","string"],"description":"The value(s) to be used in the filter.","description_kind":"plain","required":true}},"description_kind":"plain"}}},"description_kind":"plain"}},"linode_lke_node_pool":{"version":0,"block":{"attributes":{"autoscaler":{"nested_type":{"attributes":{"enabled":{"type":"bool","description":"Whether autoscaling is enabled for this node pool.","description_kind":"plain","computed":true},"max":{"type":"number","description":"The maximum number of nodes to autoscale to.","description_kind":"plain","computed":true},"min":{"type":"number","description":"The minimum number of nodes to autoscale to.","description_kind":"plain","computed":true}},"nesting_mode":"single"},"description":"When enabled, the number of nodes autoscales within the defined minimum and maximum values.","description_kind":"plain","computed":true},"cluster_id":{"type":"number","description":"ID of the Kubernetes cluster to look up.","description_kind":"plain","required":true},"disk_encryption":{"type":"string","description":"Indicates the local disk encryption setting for this LKE node pool.","description_kind":"plain","computed":true},"disks":{"nested_type":{"attributes":{"size":{"type":"number","description":"The size of this custom disk partition in MB.","description_kind":"plain","computed":true},"type":{"type":"string","description":"This custom disk partition's filesystem type.","description_kind":"plain","computed":true}},"nesting_mode":"list"},"description":"This node pool's custom disk layout.","description_kind":"plain","computed":true},"firewall_id":{"type":"number","description":"The ID of the Cloud Firewall assigned to this node pool.","description_kind":"plain","computed":true},"id":{"type":"number","description":"ID of the Pool to look up.","description_kind":"plain","required":true},"k8s_version":{"type":"string","description":"The Kubernetes version used for the worker nodes within this node pool.","description_kind":"plain","computed":true},"label":{"type":"string","description":"The optional label defined for this node pool.","description_kind":"plain","computed":true},"labels":{"type":["map","string"],"description":"Key-value pairs added as labels to nodes in the node pool.","description_kind":"plain","computed":true},"node_count":{"type":"number","description":"The number of nodes in the node pool.","description_kind":"plain","computed":true},"nodes":{"nested_type":{"attributes":{"id":{"type":"string","description":"The Node's ID.","description_kind":"plain","computed":true},"instance_id":{"type":"number","description":"The Linode's ID. When no Linode is currently provisioned for this node, this is null.","description_kind":"plain","computed":true},"status":{"type":"string","description":"The creation status of this node.","description_kind":"plain","computed":true}},"nesting_mode":"list"},"description":"Status information for the nodes that are members of this node pool. If a Linode has not been provisioned for a given node slot, the 'instance_id' is null","description_kind":"plain","computed":true},"tags":{"type":["list","string"],"description":"An array of tags applied to this object.","description_kind":"plain","computed":true},"taints":{"nested_type":{"attributes":{"effect":{"type":"string","description":"The Kubernetes taint effect.","description_kind":"plain","computed":true},"key":{"type":"string","description":"The Kubernetes taint key.","description_kind":"plain","computed":true},"value":{"type":"string","description":"The Kubernetes taint value.","description_kind":"plain","computed":true}},"nesting_mode":"list"},"description":"Kubernetes taints added to nodes in the node pool.","description_kind":"plain","computed":true},"type":{"type":"string","description":"The Linode type for all of the nodes in the node pool.","description_kind":"plain","computed":true},"update_strategy":{"type":"string","description":"Determines when the worker nodes within this node pool upgrade to the latest selected Kubernetes version.","description_kind":"plain","computed":true}},"description_kind":"plain"}},"linode_lke_types":{"version":0,"block":{"attributes":{"id":{"type":"string","description":"The data source's unique ID.","description_kind":"plain","computed":true},"order":{"type":"string","description":"The order in which results should be returned.","description_kind":"plain","optional":true},"order_by":{"type":"string","description":"The attribute to order the results by.","description_kind":"plain","optional":true},"types":{"nested_type":{"attributes":{"id":{"type":"string","description":"The unique ID assigned to this LKE Type.","description_kind":"plain","required":true},"label":{"type":"string","description":"The LKE Type's label.","description_kind":"plain","optional":true,"computed":true},"price":{"type":["list",["object",{"hourly":"number","monthly":"number"}]],"description":"Cost in US dollars, broken down into hourly and monthly charges.","description_kind":"plain","computed":true},"region_prices":{"type":["list",["object",{"hourly":"number","id":"string","monthly":"number"}]],"description":"A list of region-specific prices for this LKE Type.","description_kind":"plain","computed":true},"transfer":{"type":"number","description":"The monthly outbound transfer amount, in MB.","description_kind":"plain","computed":true}},"nesting_mode":"list"},"description":"The returned list of LKE types.","description_kind":"plain","computed":true}},"block_types":{"filter":{"nesting_mode":"set","block":{"attributes":{"match_by":{"type":"string","description":"The type of comparison to use for this filter.","description_kind":"plain","optional":true},"name":{"type":"string","description":"The name of the attribute to filter on.","description_kind":"plain","required":true},"values":{"type":["set","string"],"description":"The value(s) to be used in the filter.","description_kind":"plain","required":true}},"description_kind":"plain"}}},"description_kind":"plain"}},"linode_lke_version":{"version":0,"block":{"attributes":{"id":{"type":"string","description":"The unique ID assigned to this LKE version.","description_kind":"plain","required":true},"tier":{"type":"string","description":"The tier of the LKE version, either standard or enterprise.","description_kind":"plain","optional":true,"computed":true}},"description_kind":"plain"}},"linode_lke_versions":{"version":0,"block":{"attributes":{"id":{"type":"string","description":"Unique identification field for this list of LKE Versions.","description_kind":"plain","computed":true},"tier":{"type":"string","description":"The tier of the LKE versions, either standard or enterprise.","description_kind":"plain","optional":true},"versions":{"nested_type":{"attributes":{"id":{"type":"string","description":"The unique ID assigned to this LKE version.","description_kind":"plain","required":true},"tier":{"type":"string","description":"The tier of the LKE version, either standard or enterprise.","description_kind":"plain","optional":true,"computed":true}},"nesting_mode":"list"},"description":"The Kubernetes version numbers available for deployment to a Kubernetes cluster.","description_kind":"plain","computed":true}},"description_kind":"plain"}},"linode_lock":{"version":0,"block":{"attributes":{"entity_id":{"type":"number","description":"The ID of the locked entity.","description_kind":"plain","computed":true},"entity_label":{"type":"string","description":"The label of the locked entity.","description_kind":"plain","computed":true},"entity_type":{"type":"string","description":"The type of the locked entity.","description_kind":"plain","computed":true},"entity_url":{"type":"string","description":"The URL of the locked entity.","description_kind":"plain","computed":true},"id":{"type":"number","description":"The unique ID of the Lock.","description_kind":"plain","required":true},"lock_type":{"type":"string","description":"The type of lock. Possible values: 'cannot_delete' (prevents deletion, rebuild, and transfer) or 'cannot_delete_with_subresources' (also prevents deletion of subresources).","description_kind":"plain","computed":true}},"description":"Provides information about a Linode Lock.","description_kind":"plain"}},"linode_locks":{"version":0,"block":{"attributes":{"id":{"type":"string","description":"The data source's unique ID.","description_kind":"plain","computed":true},"locks":{"nested_type":{"attributes":{"entity_id":{"type":"number","description":"The ID of the locked entity.","description_kind":"plain","computed":true},"entity_label":{"type":"string","description":"The label of the locked entity.","description_kind":"plain","computed":true},"entity_type":{"type":"string","description":"The type of the locked entity.","description_kind":"plain","computed":true},"entity_url":{"type":"string","description":"The URL of the locked entity.","description_kind":"plain","computed":true},"id":{"type":"number","description":"The unique ID of the Lock.","description_kind":"plain","computed":true},"lock_type":{"type":"string","description":"The type of lock. Possible values: 'cannot_delete' (prevents deletion, rebuild, and transfer) or 'cannot_delete_with_subresources' (also prevents deletion of subresources).","description_kind":"plain","computed":true}},"nesting_mode":"list"},"description":"The returned list of Locks.","description_kind":"plain","computed":true},"order":{"type":"string","description":"The order in which results should be returned.","description_kind":"plain","optional":true},"order_by":{"type":"string","description":"The attribute to order the results by.","description_kind":"plain","optional":true}},"block_types":{"filter":{"nesting_mode":"set","block":{"attributes":{"match_by":{"type":"string","description":"The type of comparison to use for this filter.","description_kind":"plain","optional":true},"name":{"type":"string","description":"The name of the attribute to filter on.","description_kind":"plain","required":true},"values":{"type":["set","string"],"description":"The value(s) to be used in the filter.","description_kind":"plain","required":true}},"description_kind":"plain"}}},"description":"Provides information about Linode Locks that match a set of filters.","description_kind":"plain"}},"linode_maintenance_policies":{"version":0,"block":{"attributes":{"id":{"type":"string","description":"Unique identification field for this list of Maintenance Policies.","description_kind":"plain","computed":true},"maintenance_policies":{"nested_type":{"attributes":{"description":{"type":"string","description":"Description of the policy.","description_kind":"plain","computed":true},"is_default":{"type":"bool","description":"Whether this is the default policy.","description_kind":"plain","computed":true},"label":{"type":"string","description":"The label for the policy.","description_kind":"plain","computed":true},"notification_period_sec":{"type":"number","description":"Notification lead time in seconds.","description_kind":"plain","computed":true},"slug":{"type":"string","description":"Unique identifier for the policy.","description_kind":"plain","computed":true},"type":{"type":"string","description":"Type of action taken during maintenance.","description_kind":"plain","computed":true}},"nesting_mode":"list"},"description":"The returned list list of available maintenance policies.","description_kind":"plain","computed":true}},"block_types":{"filter":{"nesting_mode":"set","block":{"attributes":{"match_by":{"type":"string","description":"The type of comparison to use for this filter.","description_kind":"plain","optional":true},"name":{"type":"string","description":"The name of the attribute to filter on.","description_kind":"plain","required":true},"values":{"type":["set","string"],"description":"The value(s) to be used in the filter.","description_kind":"plain","required":true}},"description_kind":"plain"}}},"description_kind":"plain"}},"linode_monitor_alert_channels":{"version":0,"block":{"attributes":{"id":{"type":"string","description":"The data source's unique ID.","description_kind":"plain","computed":true},"monitor_alert_channels":{"nested_type":{"attributes":{"alerts":{"nested_type":{"attributes":{"alert_count":{"type":"number","description":"The number of alerts associated with this channel.","description_kind":"plain","computed":true},"type":{"type":"string","description":"The alert type associated with this channel.","description_kind":"plain","computed":true},"url":{"type":"string","description":"The API URL for the associated alerts.","description_kind":"plain","computed":true}},"nesting_mode":"single"},"description":"Details about the alerts where this notification channel is applied.","description_kind":"plain","computed":true},"channel_type":{"type":"string","description":"The delivery mechanism used by the channel. Currently, only email is supported.","description_kind":"plain","computed":true},"created":{"type":"string","description":"When the notification channel was created.","description_kind":"plain","computed":true},"created_by":{"type":"string","description":"For user channels, the account user who created it; for system channels, this is system.","description_kind":"plain","computed":true},"details":{"nested_type":{"attributes":{"email":{"nested_type":{"attributes":{"recipient_type":{"type":"string","description":"Recipient selection strategy. For system channels this is read_write_users; for user channels this is user.","description_kind":"plain","computed":true},"usernames":{"type":["list","string"],"description":"Usernames on the account that receive the alert for user channels.","description_kind":"plain","computed":true}},"nesting_mode":"single"},"description":"Email delivery configuration for the notification channel.","description_kind":"plain","computed":true}},"nesting_mode":"single"},"description":"The notification channel configuration details.","description_kind":"plain","computed":true},"id":{"type":"number","description":"The unique identifier for the notification channel.","description_kind":"plain","computed":true},"label":{"type":"string","description":"The name of the notification channel for identification purposes.","description_kind":"plain","computed":true},"type":{"type":"string","description":"The type of notification channel. Valid values are system and user.","description_kind":"plain","computed":true},"updated":{"type":"string","description":"When the notification channel was last updated. If never updated, this equals created.","description_kind":"plain","computed":true},"updated_by":{"type":"string","description":"For user channels, the account user who last updated it; for system channels, this is system.","description_kind":"plain","computed":true}},"nesting_mode":"list"},"description":"The returned list of alert notification channels.","description_kind":"plain","computed":true}},"block_types":{"filter":{"nesting_mode":"set","block":{"attributes":{"match_by":{"type":"string","description":"The type of comparison to use for this filter.","description_kind":"plain","optional":true},"name":{"type":"string","description":"The name of the attribute to filter on.","description_kind":"plain","required":true},"values":{"type":["set","string"],"description":"The value(s) to be used in the filter.","description_kind":"plain","required":true}},"description_kind":"plain"}}},"description_kind":"plain"}},"linode_monitor_alert_definition":{"version":0,"block":{"attributes":{"alert_channels":{"nested_type":{"attributes":{"id":{"type":"number","description":"The unique identifier for this alert channel on your account.","description_kind":"plain","computed":true},"label":{"type":"string","description":"The name of the channel, used to display it in Akamai Cloud Manager.","description_kind":"plain","computed":true},"type":{"type":"string","description":"The type of notification used with the channel. For a user alert definition, only email is supported.","description_kind":"plain","computed":true},"url":{"type":"string","description":"The URL for the channel that ends in the channel's id.","description_kind":"plain","computed":true}},"nesting_mode":"list"},"description":"The alert channels set up for use with this alert.","description_kind":"plain","computed":true},"class":{"type":"string","description":"Plan type for Managed Database clusters (shared or dedicated).","description_kind":"plain","computed":true},"created":{"type":"string","description":"When this Alert Definition was created.","description_kind":"plain","computed":true},"created_by":{"type":"string","description":"The user (or system) that created this alert definition.","description_kind":"plain","computed":true},"description":{"type":"string","description":"An additional description for the alert definition.","description_kind":"plain","computed":true},"entities":{"nested_type":{"attributes":{"count":{"type":"number","description":"The number of entities associated with the alert definition.","description_kind":"plain","computed":true},"has_more_resources":{"type":"bool","description":"Whether there are additional entities associated with the alert.","description_kind":"plain","computed":true},"url":{"type":"string","description":"The URL to list entities associated with the alert definition.","description_kind":"plain","computed":true}},"nesting_mode":"single"},"description":"Entity metadata for the alert definition.","description_kind":"plain","computed":true},"id":{"type":"number","description":"The unique identifier assigned to the alert definition.","description_kind":"plain","required":true},"label":{"type":"string","description":"The name of the alert definition.","description_kind":"plain","computed":true},"regions":{"type":["list","string"],"description":"The regions the alert definition applies to. Only used for region-scoped alerts.","description_kind":"plain","computed":true},"rule_criteria":{"nested_type":{"attributes":{"rules":{"nested_type":{"attributes":{"aggregate_function":{"type":"string","description":"The aggregation function applied to the metric.","description_kind":"plain","computed":true},"dimension_filters":{"nested_type":{"attributes":{"dimension_label":{"type":"string","description":"The name of the dimension to be used in the filter.","description_kind":"plain","computed":true},"label":{"type":"string","description":"The name of the dimension filter. Used for display purposes.","description_kind":"plain","computed":true},"operator":{"type":"string","description":"The operator to apply to the dimension filter. Allowed values: eq, neq, startswith, endswith.","description_kind":"plain","computed":true},"value":{"type":"string","description":"The value to compare the dimension_label against.","description_kind":"plain","computed":true}},"nesting_mode":"list"},"description":"Individual objects that define dimension filters for the rule.","description_kind":"plain","computed":true},"label":{"type":"string","description":"The name of the individual rule. This is used for display purposes in Akamai Cloud Manager.","description_kind":"plain","computed":true},"metric":{"type":"string","description":"The metric to query.","description_kind":"plain","computed":true},"operator":{"type":"string","description":"The operator to apply to the metric. Allowed values: eq, gt, lt, gte, lte.","description_kind":"plain","computed":true},"threshold":{"type":"number","description":"The predefined value or condition that triggers an alert when met or exceeded.","description_kind":"plain","computed":true},"unit":{"type":"string","description":"The unit of the metric. This can be values like percent for percentage or GB for gigabyte.","description_kind":"plain","computed":true}},"nesting_mode":"list"},"description":"The individual rules that make up the alert definition.","description_kind":"plain","computed":true}},"nesting_mode":"single"},"description":"Details for the rules required to trigger the alert.","description_kind":"plain","computed":true},"scope":{"type":"string","description":"The scope of the alert definition. Allowed values: account, entity, region.","description_kind":"plain","computed":true},"service_type":{"type":"string","description":"The Akamai Cloud Computing service being monitored.","description_kind":"plain","required":true},"severity":{"type":"number","description":"The severity of the alert. Supported values: 3 for info, 2 for low, 1 for medium, 0 for severe.","description_kind":"plain","computed":true},"status":{"type":"string","description":"The current status of the alert.","description_kind":"plain","computed":true},"trigger_conditions":{"nested_type":{"attributes":{"criteria_condition":{"type":"string","description":"The logical operation applied. Currently only 'ALL' allowed.","description_kind":"plain","computed":true},"evaluation_period_seconds":{"type":"number","description":"Time period over which data is collected before evaluating the threshold.","description_kind":"plain","computed":true},"polling_interval_seconds":{"type":"number","description":"Frequency at which the metric is checked.","description_kind":"plain","computed":true},"trigger_occurrences":{"type":"number","description":"Minimum consecutive polling periods for threshold breach.","description_kind":"plain","computed":true}},"nesting_mode":"single"},"description":"The conditions that need to be met to send a notification for the alert.","description_kind":"plain","computed":true},"type":{"type":"string","description":"The type of alert.","description_kind":"plain","computed":true},"updated":{"type":"string","description":"When this Alert Definition was last updated.","description_kind":"plain","computed":true},"updated_by":{"type":"string","description":"The user (or system) that last updated this alert definition.","description_kind":"plain","computed":true}},"description_kind":"plain"}},"linode_monitor_alert_definition_entities":{"version":0,"block":{"attributes":{"alert_id":{"type":"number","description":"The unique identifier for the alert definition.","description_kind":"plain","required":true},"entities":{"nested_type":{"attributes":{"id":{"type":"string","description":"The unique identifier for this entity.","description_kind":"plain","computed":true},"label":{"type":"string","description":"The label of this entity.","description_kind":"plain","computed":true},"type":{"type":"string","description":"The type of this entity.","description_kind":"plain","computed":true},"url":{"type":"string","description":"The URL for this entity.","description_kind":"plain","computed":true}},"nesting_mode":"list"},"description":"The returned list of entities associated with the alert definition.","description_kind":"plain","computed":true},"id":{"type":"string","description":"The data source's unique ID.","description_kind":"plain","computed":true},"service_type":{"type":"string","description":"The service type for the alert definition.","description_kind":"plain","required":true}},"block_types":{"filter":{"nesting_mode":"set","block":{"attributes":{"match_by":{"type":"string","description":"The type of comparison to use for this filter.","description_kind":"plain","optional":true},"name":{"type":"string","description":"The name of the attribute to filter on.","description_kind":"plain","required":true},"values":{"type":["set","string"],"description":"The value(s) to be used in the filter.","description_kind":"plain","required":true}},"description_kind":"plain"}}},"description_kind":"plain"}},"linode_monitor_alert_definitions":{"version":0,"block":{"attributes":{"alert_definitions":{"nested_type":{"attributes":{"alert_channels":{"nested_type":{"attributes":{"id":{"type":"number","description":"The unique identifier for this alert channel on your account.","description_kind":"plain","computed":true},"label":{"type":"string","description":"The name of the channel, used to display it in Akamai Cloud Manager.","description_kind":"plain","computed":true},"type":{"type":"string","description":"The type of notification used with the channel. For a user alert definition, only email is supported.","description_kind":"plain","computed":true},"url":{"type":"string","description":"The URL for the channel that ends in the channel's id.","description_kind":"plain","computed":true}},"nesting_mode":"list"},"description":"The alert channels set up for use with this alert.","description_kind":"plain","computed":true},"class":{"type":"string","description":"Plan type for Managed Database clusters (shared or dedicated).","description_kind":"plain","computed":true},"created":{"type":"string","description":"When this Alert Definition was created.","description_kind":"plain","computed":true},"created_by":{"type":"string","description":"The user (or system) that created this alert definition.","description_kind":"plain","computed":true},"description":{"type":"string","description":"An additional description for the alert definition.","description_kind":"plain","computed":true},"entities":{"nested_type":{"attributes":{"count":{"type":"number","description":"The number of entities associated with the alert definition.","description_kind":"plain","computed":true},"has_more_resources":{"type":"bool","description":"Whether there are additional entities associated with the alert.","description_kind":"plain","computed":true},"url":{"type":"string","description":"The URL to list entities associated with the alert definition.","description_kind":"plain","computed":true}},"nesting_mode":"single"},"description":"Entity metadata for the alert definition.","description_kind":"plain","computed":true},"id":{"type":"number","description":"The unique identifier assigned to the alert definition.","description_kind":"plain","required":true},"label":{"type":"string","description":"The name of the alert definition.","description_kind":"plain","computed":true},"regions":{"type":["list","string"],"description":"The regions the alert definition applies to. Only used for region-scoped alerts.","description_kind":"plain","computed":true},"rule_criteria":{"nested_type":{"attributes":{"rules":{"nested_type":{"attributes":{"aggregate_function":{"type":"string","description":"The aggregation function applied to the metric.","description_kind":"plain","computed":true},"dimension_filters":{"nested_type":{"attributes":{"dimension_label":{"type":"string","description":"The name of the dimension to be used in the filter.","description_kind":"plain","computed":true},"label":{"type":"string","description":"The name of the dimension filter. Used for display purposes.","description_kind":"plain","computed":true},"operator":{"type":"string","description":"The operator to apply to the dimension filter. Allowed values: eq, neq, startswith, endswith.","description_kind":"plain","computed":true},"value":{"type":"string","description":"The value to compare the dimension_label against.","description_kind":"plain","computed":true}},"nesting_mode":"list"},"description":"Individual objects that define dimension filters for the rule.","description_kind":"plain","computed":true},"label":{"type":"string","description":"The name of the individual rule. This is used for display purposes in Akamai Cloud Manager.","description_kind":"plain","computed":true},"metric":{"type":"string","description":"The metric to query.","description_kind":"plain","computed":true},"operator":{"type":"string","description":"The operator to apply to the metric. Allowed values: eq, gt, lt, gte, lte.","description_kind":"plain","computed":true},"threshold":{"type":"number","description":"The predefined value or condition that triggers an alert when met or exceeded.","description_kind":"plain","computed":true},"unit":{"type":"string","description":"The unit of the metric. This can be values like percent for percentage or GB for gigabyte.","description_kind":"plain","computed":true}},"nesting_mode":"list"},"description":"The individual rules that make up the alert definition.","description_kind":"plain","computed":true}},"nesting_mode":"single"},"description":"Details for the rules required to trigger the alert.","description_kind":"plain","computed":true},"scope":{"type":"string","description":"The scope of the alert definition. Allowed values: account, entity, region.","description_kind":"plain","computed":true},"service_type":{"type":"string","description":"The Akamai Cloud Computing service being monitored.","description_kind":"plain","required":true},"severity":{"type":"number","description":"The severity of the alert. Supported values: 3 for info, 2 for low, 1 for medium, 0 for severe.","description_kind":"plain","computed":true},"status":{"type":"string","description":"The current status of the alert.","description_kind":"plain","computed":true},"trigger_conditions":{"nested_type":{"attributes":{"criteria_condition":{"type":"string","description":"The logical operation applied. Currently only 'ALL' allowed.","description_kind":"plain","computed":true},"evaluation_period_seconds":{"type":"number","description":"Time period over which data is collected before evaluating the threshold.","description_kind":"plain","computed":true},"polling_interval_seconds":{"type":"number","description":"Frequency at which the metric is checked.","description_kind":"plain","computed":true},"trigger_occurrences":{"type":"number","description":"Minimum consecutive polling periods for threshold breach.","description_kind":"plain","computed":true}},"nesting_mode":"single"},"description":"The conditions that need to be met to send a notification for the alert.","description_kind":"plain","computed":true},"type":{"type":"string","description":"The type of alert.","description_kind":"plain","computed":true},"updated":{"type":"string","description":"When this Alert Definition was last updated.","description_kind":"plain","computed":true},"updated_by":{"type":"string","description":"The user (or system) that last updated this alert definition.","description_kind":"plain","computed":true}},"nesting_mode":"list"},"description":"The returned list of Alert Definitions.","description_kind":"plain","computed":true},"id":{"type":"string","description":"The data source's unique ID.","description_kind":"plain","computed":true},"service_type":{"type":"string","description":"If provided, will restrict results to only Alert Definitions for the given service type.","description_kind":"plain","optional":true}},"block_types":{"filter":{"nesting_mode":"set","block":{"attributes":{"match_by":{"type":"string","description":"The type of comparison to use for this filter.","description_kind":"plain","optional":true},"name":{"type":"string","description":"The name of the attribute to filter on.","description_kind":"plain","required":true},"values":{"type":["set","string"],"description":"The value(s) to be used in the filter.","description_kind":"plain","required":true}},"description_kind":"plain"}}},"description_kind":"plain"}},"linode_monitor_logs_destination":{"version":0,"block":{"attributes":{"created":{"type":"string","description":"When this logs destination was created.","description_kind":"plain","computed":true},"created_by":{"type":"string","description":"The user who created this logs destination.","description_kind":"plain","computed":true},"details":{"nested_type":{"attributes":{"access_key_id":{"type":"string","description":"The access key ID (akamai_object_storage type).","description_kind":"plain","computed":true},"authentication_type":{"type":"string","description":"The authentication type (custom_https type).","description_kind":"plain","computed":true},"bucket_name":{"type":"string","description":"The bucket name (akamai_object_storage type).","description_kind":"plain","computed":true},"content_type":{"type":"string","description":"The content type of log data (custom_https type).","description_kind":"plain","computed":true},"data_compression":{"type":"string","description":"The compression format (custom_https type).","description_kind":"plain","computed":true},"endpoint_url":{"type":"string","description":"The HTTPS endpoint URL (custom_https type).","description_kind":"plain","computed":true},"host":{"type":"string","description":"The storage endpoint hostname (akamai_object_storage type).","description_kind":"plain","computed":true},"path":{"type":"string","description":"The path within the bucket (akamai_object_storage type).","description_kind":"plain","computed":true},"tls_hostname":{"type":"string","description":"The TLS hostname (custom_https type).","description_kind":"plain","computed":true}},"nesting_mode":"single"},"description":"The details returned by the API. Write-only fields are not included.","description_kind":"plain","computed":true},"id":{"type":"number","description":"The unique ID of this logs destination.","description_kind":"plain","required":true},"label":{"type":"string","description":"The label for this logs destination.","description_kind":"plain","computed":true},"status":{"type":"string","description":"The status of this logs destination.","description_kind":"plain","computed":true},"type":{"type":"string","description":"The type of this logs destination.","description_kind":"plain","computed":true},"updated":{"type":"string","description":"When this logs destination was last updated.","description_kind":"plain","computed":true},"updated_by":{"type":"string","description":"The user who last updated this logs destination.","description_kind":"plain","computed":true},"version":{"type":"number","description":"The version of this logs destination.","description_kind":"plain","computed":true}},"description":"Provides details about a Linode Monitor Logs Destination.","description_kind":"plain"}},"linode_monitor_logs_destinations":{"version":0,"block":{"attributes":{"destinations":{"nested_type":{"attributes":{"created":{"type":"string","description":"When this logs destination was created.","description_kind":"plain","computed":true},"created_by":{"type":"string","description":"The user who created this logs destination.","description_kind":"plain","computed":true},"id":{"type":"number","description":"The unique ID of this logs destination.","description_kind":"plain","computed":true},"label":{"type":"string","description":"The label for this logs destination.","description_kind":"plain","computed":true},"status":{"type":"string","description":"The status of this logs destination.","description_kind":"plain","computed":true},"type":{"type":"string","description":"The type of this logs destination.","description_kind":"plain","computed":true},"updated":{"type":"string","description":"When this logs destination was last updated.","description_kind":"plain","computed":true},"updated_by":{"type":"string","description":"The user who last updated this logs destination.","description_kind":"plain","computed":true},"version":{"type":"number","description":"The version of this logs destination.","description_kind":"plain","computed":true}},"nesting_mode":"list"},"description":"The returned list of logs destinations.","description_kind":"plain","computed":true},"id":{"type":"string","description":"The data source's unique ID.","description_kind":"plain","computed":true},"order":{"type":"string","description":"The order in which results should be returned.","description_kind":"plain","optional":true},"order_by":{"type":"string","description":"The attribute to order the results by.","description_kind":"plain","optional":true}},"block_types":{"filter":{"nesting_mode":"set","block":{"attributes":{"match_by":{"type":"string","description":"The type of comparison to use for this filter.","description_kind":"plain","optional":true},"name":{"type":"string","description":"The name of the attribute to filter on.","description_kind":"plain","required":true},"values":{"type":["set","string"],"description":"The value(s) to be used in the filter.","description_kind":"plain","required":true}},"description_kind":"plain"}}},"description":"Provides a list of Linode Monitor Logs Destinations.","description_kind":"plain"}},"linode_monitor_logs_stream":{"version":0,"block":{"attributes":{"created":{"type":"string","description":"The date and time when the logs stream was created.","description_kind":"plain","computed":true},"created_by":{"type":"string","description":"The user who created the logs stream.","description_kind":"plain","computed":true},"destinations":{"type":["list","number"],"description":"The list of logs destination IDs attached to this stream.","description_kind":"plain","computed":true},"details":{"nested_type":{"attributes":{"cluster_ids":{"type":["list","number"],"description":"The list of LKE cluster IDs included in this stream.","description_kind":"plain","computed":true},"is_auto_add_all_clusters_enabled":{"type":"bool","description":"When true, all LKE clusters are automatically added to this stream.","description_kind":"plain","computed":true}},"nesting_mode":"single"},"description":"Additional configuration details. Only applies to lke_audit_logs streams.","description_kind":"plain","computed":true},"id":{"type":"string","description":"The ID of the logs stream.","description_kind":"plain","required":true},"label":{"type":"string","description":"The label of the logs stream.","description_kind":"plain","computed":true},"status":{"type":"string","description":"The status of the logs stream.","description_kind":"plain","computed":true},"type":{"type":"string","description":"The type of the logs stream.","description_kind":"plain","computed":true},"updated":{"type":"string","description":"The date and time when the logs stream was last updated.","description_kind":"plain","computed":true},"updated_by":{"type":"string","description":"The user who last updated the logs stream.","description_kind":"plain","computed":true},"version":{"type":"number","description":"The version of the logs stream.","description_kind":"plain","computed":true}},"description_kind":"plain"}},"linode_monitor_logs_stream_history":{"version":0,"block":{"attributes":{"id":{"type":"string","description":"Unique identifier for this data source (stream_id as string).","description_kind":"plain","computed":true},"stream_id":{"type":"number","description":"The ID of the logs stream to retrieve history for.","description_kind":"plain","required":true},"streams":{"nested_type":{"attributes":{"created":{"type":"string","description":"The date and time when this version was created.","description_kind":"plain","computed":true},"created_by":{"type":"string","description":"The user who created this stream version.","description_kind":"plain","computed":true},"destinations":{"type":["list","number"],"description":"The destination IDs configured at this version.","description_kind":"plain","computed":true},"details":{"nested_type":{"attributes":{"cluster_ids":{"type":["list","number"],"description":"The LKE cluster IDs included in this stream version.","description_kind":"plain","computed":true},"is_auto_add_all_clusters_enabled":{"type":"bool","description":"Whether all clusters were auto-added at this version.","description_kind":"plain","computed":true}},"nesting_mode":"single"},"description":"Additional configuration details at this version.","description_kind":"plain","computed":true},"id":{"type":"number","description":"The ID of the logs stream version.","description_kind":"plain","computed":true},"label":{"type":"string","description":"The label of the logs stream at this version.","description_kind":"plain","computed":true},"status":{"type":"string","description":"The status of the logs stream at this version.","description_kind":"plain","computed":true},"type":{"type":"string","description":"The type of the logs stream (audit_logs or lke_audit_logs).","description_kind":"plain","computed":true},"updated":{"type":"string","description":"The date and time when this version was last updated.","description_kind":"plain","computed":true},"updated_by":{"type":"string","description":"The user who last updated this stream version.","description_kind":"plain","computed":true},"version":{"type":"number","description":"The version number of this history entry.","description_kind":"plain","computed":true}},"nesting_mode":"list"},"description":"The historical versions of the logs stream.","description_kind":"plain","computed":true}},"description_kind":"plain"}},"linode_monitor_logs_streams":{"version":0,"block":{"attributes":{"id":{"type":"string","description":"The data source's unique ID.","description_kind":"plain","computed":true},"order":{"type":"string","description":"The order in which results should be returned.","description_kind":"plain","optional":true},"order_by":{"type":"string","description":"The attribute to order the results by.","description_kind":"plain","optional":true},"streams":{"nested_type":{"attributes":{"created":{"type":"string","description":"When this logs stream was created.","description_kind":"plain","computed":true},"created_by":{"type":"string","description":"The user who created this logs stream.","description_kind":"plain","computed":true},"id":{"type":"number","description":"The unique ID of this logs stream.","description_kind":"plain","computed":true},"label":{"type":"string","description":"The label for this logs stream.","description_kind":"plain","computed":true},"status":{"type":"string","description":"The status of this logs stream.","description_kind":"plain","computed":true},"type":{"type":"string","description":"The type of this logs stream.","description_kind":"plain","computed":true},"updated":{"type":"string","description":"When this logs stream was last updated.","description_kind":"plain","computed":true},"updated_by":{"type":"string","description":"The user who last updated this logs stream.","description_kind":"plain","computed":true},"version":{"type":"number","description":"The version of this logs stream.","description_kind":"plain","computed":true}},"nesting_mode":"list"},"description":"The returned list of logs streams.","description_kind":"plain","computed":true}},"block_types":{"filter":{"nesting_mode":"set","block":{"attributes":{"match_by":{"type":"string","description":"The type of comparison to use for this filter.","description_kind":"plain","optional":true},"name":{"type":"string","description":"The name of the attribute to filter on.","description_kind":"plain","required":true},"values":{"type":["set","string"],"description":"The value(s) to be used in the filter.","description_kind":"plain","required":true}},"description_kind":"plain"}}},"description":"Provides a list of Linode Monitor Logs Streams.","description_kind":"plain"}},"linode_nb_types":{"version":0,"block":{"attributes":{"id":{"type":"string","description":"The data source's unique ID.","description_kind":"plain","computed":true},"order":{"type":"string","description":"The order in which results should be returned.","description_kind":"plain","optional":true},"order_by":{"type":"string","description":"The attribute to order the results by.","description_kind":"plain","optional":true},"types":{"nested_type":{"attributes":{"id":{"type":"string","description":"The unique ID assigned to this Node Balancer Type.","description_kind":"plain","required":true},"label":{"type":"string","description":"The Node Balancer Type's label.","description_kind":"plain","optional":true,"computed":true},"price":{"type":["list",["object",{"hourly":"number","monthly":"number"}]],"description":"Cost in US dollars, broken down into hourly and monthly charges.","description_kind":"plain","computed":true},"region_prices":{"type":["list",["object",{"hourly":"number","id":"string","monthly":"number"}]],"description":"A list of region-specific prices for this Node Balancer Type.","description_kind":"plain","computed":true},"transfer":{"type":"number","description":"The monthly outbound transfer amount, in MB.","description_kind":"plain","computed":true}},"nesting_mode":"list"},"description":"The returned list of Node Balancer types.","description_kind":"plain","computed":true}},"block_types":{"filter":{"nesting_mode":"set","block":{"attributes":{"match_by":{"type":"string","description":"The type of comparison to use for this filter.","description_kind":"plain","optional":true},"name":{"type":"string","description":"The name of the attribute to filter on.","description_kind":"plain","required":true},"values":{"type":["set","string"],"description":"The value(s) to be used in the filter.","description_kind":"plain","required":true}},"description_kind":"plain"}}},"description_kind":"plain"}},"linode_network_transfer_prices":{"version":0,"block":{"attributes":{"id":{"type":"string","description":"The data source's unique ID.","description_kind":"plain","computed":true},"order":{"type":"string","description":"The order in which results should be returned.","description_kind":"plain","optional":true},"order_by":{"type":"string","description":"The attribute to order the results by.","description_kind":"plain","optional":true},"types":{"nested_type":{"attributes":{"id":{"type":"string","description":"The unique ID assigned to this Network Transfer Price.","description_kind":"plain","required":true},"label":{"type":"string","description":"The Network Transfer Price's label.","description_kind":"plain","optional":true,"computed":true},"price":{"type":["list",["object",{"hourly":"number","monthly":"number"}]],"description":"Cost in US dollars, broken down into hourly and monthly charges.","description_kind":"plain","computed":true},"region_prices":{"type":["list",["object",{"hourly":"number","id":"string","monthly":"number"}]],"description":"A list of region-specific prices for this Network Transfer Price.","description_kind":"plain","computed":true},"transfer":{"type":"number","description":"The monthly outbound transfer amount, in MB.","description_kind":"plain","computed":true}},"nesting_mode":"list"},"description":"The returned list of Network Transfer Prices.","description_kind":"plain","computed":true}},"block_types":{"filter":{"nesting_mode":"set","block":{"attributes":{"match_by":{"type":"string","description":"The type of comparison to use for this filter.","description_kind":"plain","optional":true},"name":{"type":"string","description":"The name of the attribute to filter on.","description_kind":"plain","required":true},"values":{"type":["set","string"],"description":"The value(s) to be used in the filter.","description_kind":"plain","required":true}},"description_kind":"plain"}}},"description_kind":"plain"}},"linode_networking_ip":{"version":0,"block":{"attributes":{"address":{"type":"string","description":"The IP address.","description_kind":"plain","required":true},"assigned_entity":{"type":["object",{"id":"number","label":"string","type":"string","url":"string"}],"description":"The entity this IP address has been assigned to. This is null if the address is not assigned to an entity.","description_kind":"plain","computed":true},"gateway":{"type":"string","description":"The default gateway for this address.","description_kind":"plain","computed":true},"id":{"type":"string","description":"A unique identifier for this datasource.","description_kind":"plain","computed":true},"interface_id":{"type":"number","description":"The ID of the interface this address is assigned to.","description_kind":"plain","computed":true},"linode_id":{"type":"number","description":"The ID of the Linode this address currently belongs to.","description_kind":"plain","computed":true},"prefix":{"type":"number","description":"The number of bits set in the subnet mask.","description_kind":"plain","computed":true},"public":{"type":"bool","description":"Whether this is a public or private IP address.","description_kind":"plain","computed":true},"rdns":{"type":"string","description":"The reverse DNS assigned to this address. For public IPv4 addresses, this will be set to a default value provided by Linode if not explicitly set.","description_kind":"plain","computed":true},"region":{"type":"string","description":"The Region this IP address resides in.","description_kind":"plain","computed":true},"reserved":{"type":"bool","description":"Whether the IPv4 address should be reserved.","description_kind":"plain","computed":true},"subnet_mask":{"type":"string","description":"The mask that separates host bits from network bits for this address.","description_kind":"plain","computed":true},"tags":{"type":["set","string"],"description":"A set of tags associated with this IP address.","description_kind":"plain","computed":true},"type":{"type":"string","description":"The type of address this is (ipv4, ipv6, ipv6/pool, ipv6/range).","description_kind":"plain","computed":true},"vpc_nat_1_1":{"type":["object",{"address":"string","subnet_id":"number","vpc_id":"number"}],"description":"Contains information about the NAT 1:1 mapping of a public IP address to a VPC subnet.","description_kind":"plain","computed":true}},"description_kind":"plain"}},"linode_networking_ips":{"version":0,"block":{"attributes":{"id":{"type":"string","description":"The data source's unique ID.","description_kind":"plain","computed":true},"ip_addresses":{"nested_type":{"attributes":{"address":{"type":"string","description":"The IP address.","description_kind":"plain","computed":true},"assigned_entity":{"type":["object",{"id":"number","label":"string","type":"string","url":"string"}],"description":"The entity this IP address has been assigned to. This is null if the address is not assigned to an entity.","description_kind":"plain","computed":true},"gateway":{"type":"string","description":"The default gateway for this address.","description_kind":"plain","computed":true},"interface_id":{"type":"number","description":"The ID of the interface this address is assigned to.","description_kind":"plain","computed":true},"linode_id":{"type":"number","description":"The ID of the Linode this address currently belongs to.","description_kind":"plain","computed":true},"prefix":{"type":"number","description":"The number of bits set in the subnet mask.","description_kind":"plain","computed":true},"public":{"type":"bool","description":"Whether this is a public or private IP address.","description_kind":"plain","computed":true},"rdns":{"type":"string","description":"The reverse DNS assigned to this address. For public IPv4 addresses, this will be set to a default value provided by Linode if not explicitly set.","description_kind":"plain","computed":true},"region":{"type":"string","description":"The Region this IP address resides in.","description_kind":"plain","computed":true},"reserved":{"type":"bool","description":"Whether this IP is reserved or not.","description_kind":"plain","computed":true},"subnet_mask":{"type":"string","description":"The mask that separates host bits from network bits for this address.","description_kind":"plain","computed":true},"tags":{"type":["set","string"],"description":"A set of tags associated with this IP address.","description_kind":"plain","computed":true},"type":{"type":"string","description":"The type of address this is (ipv4, ipv6, ipv6/pool, ipv6/range).","description_kind":"plain","computed":true},"vpc_nat_1_1":{"type":["object",{"address":"string","subnet_id":"number","vpc_id":"number"}],"description":"Contains information about the NAT 1:1 mapping of a public IP address to a VPC subnet.","description_kind":"plain","computed":true}},"nesting_mode":"list"},"description":"The returned list of Images.","description_kind":"plain","computed":true},"order":{"type":"string","description":"The order in which results should be returned.","description_kind":"plain","optional":true},"order_by":{"type":"string","description":"The attribute to order the results by.","description_kind":"plain","optional":true}},"block_types":{"filter":{"nesting_mode":"set","block":{"attributes":{"match_by":{"type":"string","description":"The type of comparison to use for this filter.","description_kind":"plain","optional":true},"name":{"type":"string","description":"The name of the attribute to filter on.","description_kind":"plain","required":true},"values":{"type":["set","string"],"description":"The value(s) to be used in the filter.","description_kind":"plain","required":true}},"description_kind":"plain"}}},"description_kind":"plain"}},"linode_nodebalancer":{"version":1,"block":{"attributes":{"client_conn_throttle":{"type":"number","description":"Throttle connections per second (0-20). Set to 0 (zero) to disable throttling.","description_kind":"plain","computed":true},"client_udp_sess_throttle":{"type":"number","description":"Throttle UDP sessions per second (0-20). Set to 0 (zero) to disable throttling.","description_kind":"plain","computed":true},"created":{"type":"string","description":"When this NodeBalancer was created.","description_kind":"plain","computed":true},"firewalls":{"nested_type":{"attributes":{"created":{"type":"string","description":"When this Firewall was created.","description_kind":"plain","computed":true},"id":{"type":"number","description":"The unique ID assigned to this Firewall.","description_kind":"plain","computed":true},"inbound":{"nested_type":{"attributes":{"action":{"type":"string","description":"Controls whether traffic is accepted or dropped by this rule (ACCEPT, DROP).","description_kind":"plain","computed":true},"ipv4":{"type":["set","string"],"description":"A list of IPv4 addresses or networks in IP/mask format.","description_kind":"plain","computed":true},"ipv6":{"type":["set","string"],"description":"A list of IPv6 addresses or networks in IP/mask format.","description_kind":"plain","computed":true},"label":{"type":"string","description":"The label of this rule for display purposes only.","description_kind":"plain","computed":true},"ports":{"type":"string","description":"A string representation of ports and/or port ranges (i.e. \"443\" or \"80-90, 91\").","description_kind":"plain","computed":true},"protocol":{"type":"string","description":"The network protocol this rule controls. Valid values include ALL, TCP, UDP, ICMP, IPENCAP, or a protocol number from 0 to 255.","description_kind":"plain","computed":true}},"nesting_mode":"list"},"description":"A set of firewall rules that specify what inbound network traffic is allowed.","description_kind":"plain","computed":true},"inbound_policy":{"type":"string","description":"The default behavior for inbound traffic.","description_kind":"plain","computed":true},"label":{"type":"string","description":"The label for the Firewall. For display purposes only. If no label is provided, a default will be assigned.","description_kind":"plain","computed":true},"outbound":{"nested_type":{"attributes":{"action":{"type":"string","description":"Controls whether traffic is accepted or dropped by this rule (ACCEPT, DROP).","description_kind":"plain","computed":true},"ipv4":{"type":["set","string"],"description":"A list of IPv4 addresses or networks in IP/mask format.","description_kind":"plain","computed":true},"ipv6":{"type":["set","string"],"description":"A list of IPv6 addresses or networks in IP/mask format.","description_kind":"plain","computed":true},"label":{"type":"string","description":"The label of this rule for display purposes only.","description_kind":"plain","computed":true},"ports":{"type":"string","description":"A string representation of ports and/or port ranges (i.e. \"443\" or \"80-90, 91\").","description_kind":"plain","computed":true},"protocol":{"type":"string","description":"The network protocol this rule controls. Valid values include ALL, TCP, UDP, ICMP, IPENCAP, or a protocol number from 0 to 255.","description_kind":"plain","computed":true}},"nesting_mode":"list"},"description":"A set of firewall rules that specify what outbound network traffic is allowed.","description_kind":"plain","computed":true},"outbound_policy":{"type":"string","description":"The default behavior for outbound traffic.","description_kind":"plain","computed":true},"status":{"type":"string","description":"The status of the firewall.","description_kind":"plain","computed":true},"tags":{"type":["set","string"],"description":"An array of tags applied to this object. Tags are for organizational purposes only.","description_kind":"plain","computed":true},"updated":{"type":"string","description":"When this Firewall was last updated.","description_kind":"plain","computed":true}},"nesting_mode":"list"},"description":"A list of Firewalls assigned to this NodeBalancer.","description_kind":"plain","computed":true},"hostname":{"type":"string","description":"This NodeBalancer's hostname, ending with .nodebalancer.linode.com","description_kind":"plain","computed":true},"id":{"type":"number","description":"The unique ID of the Linode NodeBalancer.","description_kind":"plain","required":true},"ipv4":{"type":"string","description":"The Public IPv4 Address of this NodeBalancer","description_kind":"plain","computed":true},"ipv6":{"type":"string","description":"The Public IPv6 Address of this NodeBalancer","description_kind":"plain","computed":true},"label":{"type":"string","description":"The label of the Linode NodeBalancer.","description_kind":"plain","computed":true},"lke_cluster":{"nested_type":{"attributes":{"id":{"type":"number","description":"The ID of the related LKE cluster.","description_kind":"plain","computed":true},"label":{"type":"string","description":"The label of the related LKE cluster.","description_kind":"plain","computed":true},"type":{"type":"string","description":"The type of the related LKE cluster.","description_kind":"plain","computed":true},"url":{"type":"string","description":"The URL where you can access the related LKE cluster.","description_kind":"plain","computed":true}},"nesting_mode":"list"},"description":"The related LKE cluster for this NodeBalancer, if any.","description_kind":"plain","computed":true},"region":{"type":"string","description":"The region where this NodeBalancer will be deployed.","description_kind":"plain","computed":true},"tags":{"type":["set","string"],"description":"An array of tags applied to this object. Tags are for organizational purposes only.","description_kind":"plain","computed":true},"transfer":{"type":["list",["object",{"in":"number","out":"number","total":"number"}]],"description":"Information about the amount of transfer this NodeBalancer has had so far this month.","description_kind":"plain","computed":true},"updated":{"type":"string","description":"When this NodeBalancer was last updated.","description_kind":"plain","computed":true},"vpcs":{"nested_type":{"attributes":{"ipv4_range":{"type":"string","description":"A CIDR range for the VPC's IPv4 addresses. The NodeBalancer sources IP addresses from this range when routing traffic to the backend VPC nodes.","description_kind":"plain","computed":true},"ipv6_range":{"type":"string","description":"A CIDR range for the VPC's IPv6 addresses. The NodeBalancer sources IP addresses from this range when routing traffic to the backend VPC nodes.","description_kind":"plain","computed":true},"subnet_id":{"type":"number","description":"The ID of a subnet to assign to this NodeBalancer.","description_kind":"plain","computed":true}},"nesting_mode":"list"},"description":"A list of VPCs assigned to this NodeBalancer.","description_kind":"plain","computed":true}},"description_kind":"plain"}},"linode_nodebalancer_config":{"version":1,"block":{"attributes":{"algorithm":{"type":"string","description":"What algorithm this NodeBalancer should use for routing traffic to backends: roundrobin, leastconn, source","description_kind":"plain","computed":true},"check":{"type":"string","description":"The type of check to perform against backends to ensure they are serving requests. This is used to determine if backends are up or down. If none no check is performed. connection requires only a connection to the backend to succeed. http and http_body rely on the backend serving HTTP, and that the response returned matches what is expected.","description_kind":"plain","computed":true},"check_attempts":{"type":"number","description":"How many times to attempt a check before considering a backend to be down. (1-30)","description_kind":"plain","computed":true},"check_body":{"type":"string","description":"This value must be present in the response body of the check in order for it to pass. If this value is not present in the response body of a check request, the backend is considered to be down","description_kind":"plain","computed":true},"check_interval":{"type":"number","description":"How often, in seconds, to check that backends are up and serving requests.","description_kind":"plain","computed":true},"check_passive":{"type":"bool","description":"If true, any response from this backend with a 5xx status code will be enough for it to be considered unhealthy and taken out of rotation.","description_kind":"plain","computed":true},"check_path":{"type":"string","description":"The URL path to check on each backend. If the backend does not respond to this request it is considered to be down.","description_kind":"plain","computed":true},"check_timeout":{"type":"number","description":"How long, in seconds, to wait for a check attempt before considering it failed. (1-30)","description_kind":"plain","computed":true},"cipher_suite":{"type":"string","description":"What ciphers to use for SSL connections served by this NodeBalancer. `legacy` is considered insecure and should only be used if necessary.","description_kind":"plain","computed":true},"id":{"type":"number","description":"The ID of the NodeBalancer config.","description_kind":"plain","required":true},"node_status":{"type":["list",["object",{"down":"number","up":"number"}]],"description":"A structure containing information about the health of the backends for this port. This information is updated periodically as checks are performed against backends.","description_kind":"plain","computed":true},"nodebalancer_id":{"type":"number","description":"The ID of the NodeBalancer to access.","description_kind":"plain","required":true},"port":{"type":"number","description":"The TCP port this Config is for. These values must be unique across configs on a single NodeBalancer (you can't have two configs for port 80, for example). While some ports imply some protocols, no enforcement is done and you may configure your NodeBalancer however is useful to you. For example, while port 443 is generally used for HTTPS, you do not need SSL configured to have a NodeBalancer listening on port 443.","description_kind":"plain","computed":true},"protocol":{"type":"string","description":"The protocol this port is configured to serve. If this is set to https you must include an ssl_cert and an ssl_key.","description_kind":"plain","computed":true},"proxy_protocol":{"type":"string","description":"The version of ProxyProtocol to use for the underlying NodeBalancer. This requires protocol to be `tcp`. Valid values are `none`, `v1`, and `v2`.","description_kind":"plain","computed":true},"ssl_commonname":{"type":"string","description":"The read-only common name automatically derived from the SSL certificate assigned to this NodeBalancerConfig. Please refer to this field to verify that the appropriate certificate is assigned to your NodeBalancerConfig.","description_kind":"plain","computed":true},"ssl_fingerprint":{"type":"string","description":"The read-only fingerprint automatically derived from the SSL certificate assigned to this NodeBalancerConfig. Please refer to this field to verify that the appropriate certificate is assigned to your NodeBalancerConfig.","description_kind":"plain","computed":true},"stickiness":{"type":"string","description":"Controls how session stickiness is handled on this port: 'none', 'table', 'http_cookie'","description_kind":"plain","computed":true},"udp_check_port":{"type":"number","description":"Specifies the port on the backend node used for active health checks, which may differ from the port serving traffic.","description_kind":"plain","computed":true},"udp_session_timeout":{"type":"number","description":"The idle time in seconds after which a session that hasn’t received packets is destroyed.","description_kind":"plain","computed":true}},"description_kind":"plain"}},"linode_nodebalancer_configs":{"version":0,"block":{"attributes":{"id":{"type":"string","description":"The data source's unique ID.","description_kind":"plain","computed":true},"nodebalancer_configs":{"nested_type":{"attributes":{"algorithm":{"type":"string","description":"What algorithm this NodeBalancer should use for routing traffic to backends: roundrobin, leastconn, source","description_kind":"plain","computed":true},"check":{"type":"string","description":"The type of check to perform against backends to ensure they are serving requests. This is used to determine if backends are up or down. If none no check is performed. connection requires only a connection to the backend to succeed. http and http_body rely on the backend serving HTTP, and that the response returned matches what is expected.","description_kind":"plain","computed":true},"check_attempts":{"type":"number","description":"How many times to attempt a check before considering a backend to be down. (1-30)","description_kind":"plain","computed":true},"check_body":{"type":"string","description":"This value must be present in the response body of the check in order for it to pass. If this value is not present in the response body of a check request, the backend is considered to be down","description_kind":"plain","computed":true},"check_interval":{"type":"number","description":"How often, in seconds, to check that backends are up and serving requests.","description_kind":"plain","computed":true},"check_passive":{"type":"bool","description":"If true, any response from this backend with a 5xx status code will be enough for it to be considered unhealthy and taken out of rotation.","description_kind":"plain","computed":true},"check_path":{"type":"string","description":"The URL path to check on each backend. If the backend does not respond to this request it is considered to be down.","description_kind":"plain","computed":true},"check_timeout":{"type":"number","description":"How long, in seconds, to wait for a check attempt before considering it failed. (1-30)","description_kind":"plain","computed":true},"cipher_suite":{"type":"string","description":"What ciphers to use for SSL connections served by this NodeBalancer. `legacy` is considered insecure and should only be used if necessary.","description_kind":"plain","computed":true},"id":{"type":"number","description":"The ID of the NodeBalancer config.","description_kind":"plain","required":true},"node_status":{"type":["list",["object",{"down":"number","up":"number"}]],"description":"A structure containing information about the health of the backends for this port. This information is updated periodically as checks are performed against backends.","description_kind":"plain","computed":true},"nodebalancer_id":{"type":"number","description":"The ID of the NodeBalancer to access.","description_kind":"plain","required":true},"port":{"type":"number","description":"The TCP port this Config is for. These values must be unique across configs on a single NodeBalancer (you can't have two configs for port 80, for example). While some ports imply some protocols, no enforcement is done and you may configure your NodeBalancer however is useful to you. For example, while port 443 is generally used for HTTPS, you do not need SSL configured to have a NodeBalancer listening on port 443.","description_kind":"plain","computed":true},"protocol":{"type":"string","description":"The protocol this port is configured to serve. If this is set to https you must include an ssl_cert and an ssl_key.","description_kind":"plain","computed":true},"proxy_protocol":{"type":"string","description":"The version of ProxyProtocol to use for the underlying NodeBalancer. This requires protocol to be `tcp`. Valid values are `none`, `v1`, and `v2`.","description_kind":"plain","computed":true},"ssl_commonname":{"type":"string","description":"The read-only common name automatically derived from the SSL certificate assigned to this NodeBalancerConfig. Please refer to this field to verify that the appropriate certificate is assigned to your NodeBalancerConfig.","description_kind":"plain","computed":true},"ssl_fingerprint":{"type":"string","description":"The read-only fingerprint automatically derived from the SSL certificate assigned to this NodeBalancerConfig. Please refer to this field to verify that the appropriate certificate is assigned to your NodeBalancerConfig.","description_kind":"plain","computed":true},"stickiness":{"type":"string","description":"Controls how session stickiness is handled on this port: 'none', 'table', 'http_cookie'","description_kind":"plain","computed":true},"udp_check_port":{"type":"number","description":"Specifies the port on the backend node used for active health checks, which may differ from the port serving traffic.","description_kind":"plain","computed":true},"udp_session_timeout":{"type":"number","description":"The idle time in seconds after which a session that hasn’t received packets is destroyed.","description_kind":"plain","computed":true}},"nesting_mode":"list"},"description":"The returned list of NodeBalancer Configs.","description_kind":"plain","computed":true},"nodebalancer_id":{"type":"number","description":"The ID of the NodeBalancer to access.","description_kind":"plain","required":true},"order":{"type":"string","description":"The order in which results should be returned.","description_kind":"plain","optional":true},"order_by":{"type":"string","description":"The attribute to order the results by.","description_kind":"plain","optional":true}},"block_types":{"filter":{"nesting_mode":"set","block":{"attributes":{"match_by":{"type":"string","description":"The type of comparison to use for this filter.","description_kind":"plain","optional":true},"name":{"type":"string","description":"The name of the attribute to filter on.","description_kind":"plain","required":true},"values":{"type":["set","string"],"description":"The value(s) to be used in the filter.","description_kind":"plain","required":true}},"description_kind":"plain"}}},"description_kind":"plain"}},"linode_nodebalancer_node":{"version":0,"block":{"attributes":{"address":{"type":"string","description":"The private IP Address and port (IP:PORT) where this backend can be reached. This must be a private IP address.","description_kind":"plain","computed":true},"config_id":{"type":"number","description":"The ID of the NodeBalancerConfig to access.","description_kind":"plain","required":true},"id":{"type":"number","description":"The ID of the NodeBalancer node.","description_kind":"plain","required":true},"label":{"type":"string","description":"The label for this node. This is for display purposes only.","description_kind":"plain","computed":true},"mode":{"type":"string","description":"The mode this NodeBalancer should use when sending traffic to this backend. If set to `accept` this backend is accepting traffic. If set to `reject` this backend will not receive traffic. If set to `drain` this backend will not receive new traffic, but connections already pinned to it will continue to be routed to it. If set to `backup` this backend will only accept traffic if all other nodes are down.","description_kind":"plain","computed":true},"nodebalancer_id":{"type":"number","description":"The ID of the NodeBalancer to access.","description_kind":"plain","required":true},"status":{"type":"string","description":"The current status of this node, based on the configured checks of its NodeBalancer Config. (unknown, UP, DOWN)","description_kind":"plain","computed":true},"subnet_id":{"type":"number","description":"The ID of the VPC subnet for this node.","description_kind":"plain","computed":true},"vpc_config_id":{"type":"number","description":"The ID of the NB-VPC config for this node.","description_kind":"plain","computed":true},"weight":{"type":"number","description":"Used when picking a backend to serve a request and is not pinned to a single backend yet. Nodes with a higher weight will receive more traffic. (1-255)","description_kind":"plain","computed":true}},"description_kind":"plain"}},"linode_nodebalancer_vpc":{"version":0,"block":{"attributes":{"id":{"type":"number","description":"The ID of the NodeBalancer-VPC configuration.","description_kind":"plain","required":true},"ipv4_range":{"type":"string","description":"A CIDR range for the VPC's IPv4 addresses. The NodeBalancer sources IP addresses from this range when routing traffic to the backend VPC nodes.","description_kind":"plain","computed":true},"ipv6_range":{"type":"string","description":"A CIDR range for the VPC's IPv6 addresses. The NodeBalancer sources IP addresses from this range when routing traffic to the backend VPC nodes.","description_kind":"plain","computed":true},"nodebalancer_id":{"type":"number","description":"The ID of the NodeBalancer.","description_kind":"plain","required":true},"subnet_id":{"type":"number","description":"The ID of this configuration's VPC subnet.","description_kind":"plain","computed":true},"vpc_id":{"type":"number","description":"The ID of this configuration's VPC.","description_kind":"plain","computed":true}},"description_kind":"plain"}},"linode_nodebalancer_vpcs":{"version":0,"block":{"attributes":{"id":{"type":"string","description":"The data source's unique ID.","description_kind":"plain","computed":true},"nodebalancer_id":{"type":"number","description":"The ID of the NodeBalancer to list VPC configurations for.","description_kind":"plain","required":true},"order":{"type":"string","description":"The order in which results should be returned.","description_kind":"plain","optional":true},"order_by":{"type":"string","description":"The attribute to order the results by.","description_kind":"plain","optional":true},"vpc_configs":{"nested_type":{"attributes":{"id":{"type":"number","description":"The ID of the NodeBalancer-VPC configuration.","description_kind":"plain","required":true},"ipv4_range":{"type":"string","description":"A CIDR range for the VPC's IPv4 addresses. The NodeBalancer sources IP addresses from this range when routing traffic to the backend VPC nodes.","description_kind":"plain","computed":true},"ipv6_range":{"type":"string","description":"A CIDR range for the VPC's IPv6 addresses. The NodeBalancer sources IP addresses from this range when routing traffic to the backend VPC nodes.","description_kind":"plain","computed":true},"nodebalancer_id":{"type":"number","description":"The ID of the NodeBalancer.","description_kind":"plain","required":true},"subnet_id":{"type":"number","description":"The ID of this configuration's VPC subnet.","description_kind":"plain","computed":true},"vpc_id":{"type":"number","description":"The ID of this configuration's VPC.","description_kind":"plain","computed":true}},"nesting_mode":"list"},"description":"The returned list of NodeBalancer-VPC configurations.","description_kind":"plain","computed":true}},"block_types":{"filter":{"nesting_mode":"set","block":{"attributes":{"match_by":{"type":"string","description":"The type of comparison to use for this filter.","description_kind":"plain","optional":true},"name":{"type":"string","description":"The name of the attribute to filter on.","description_kind":"plain","required":true},"values":{"type":["set","string"],"description":"The value(s) to be used in the filter.","description_kind":"plain","required":true}},"description_kind":"plain"}}},"description_kind":"plain"}},"linode_nodebalancers":{"version":0,"block":{"attributes":{"id":{"type":"string","description":"The data source's unique ID.","description_kind":"plain","computed":true},"nodebalancers":{"nested_type":{"attributes":{"client_conn_throttle":{"type":"number","description":"Throttle connections per second (0-20). Set to 0 (zero) to disable throttling.","description_kind":"plain","computed":true},"client_udp_sess_throttle":{"type":"number","description":"Throttle UDP sessions per second (0-20). Set to 0 (zero) to disable throttling.","description_kind":"plain","computed":true},"created":{"type":"string","description":"When this NodeBalancer was created.","description_kind":"plain","computed":true},"hostname":{"type":"string","description":"This NodeBalancer's hostname, ending with .nodebalancer.linode.com","description_kind":"plain","computed":true},"id":{"type":"number","description":"The unique ID of the Linode NodeBalancer.","description_kind":"plain","required":true},"ipv4":{"type":"string","description":"The Public IPv4 Address of this NodeBalancer","description_kind":"plain","computed":true},"ipv6":{"type":"string","description":"The Public IPv6 Address of this NodeBalancer","description_kind":"plain","computed":true},"label":{"type":"string","description":"The label of the Linode NodeBalancer.","description_kind":"plain","computed":true},"lke_cluster":{"nested_type":{"attributes":{"id":{"type":"number","description":"The ID of the related LKE cluster.","description_kind":"plain","computed":true},"label":{"type":"string","description":"The label of the related LKE cluster.","description_kind":"plain","computed":true},"type":{"type":"string","description":"The type of the related LKE cluster.","description_kind":"plain","computed":true},"url":{"type":"string","description":"The URL where you can access the related LKE cluster.","description_kind":"plain","computed":true}},"nesting_mode":"list"},"description":"The related LKE cluster for this NodeBalancer, if any.","description_kind":"plain","computed":true},"region":{"type":"string","description":"The region where this NodeBalancer will be deployed.","description_kind":"plain","computed":true},"tags":{"type":["set","string"],"description":"An array of tags applied to this object. Tags are for organizational purposes only.","description_kind":"plain","computed":true},"transfer":{"type":["list",["object",{"in":"number","out":"number","total":"number"}]],"description":"Information about the amount of transfer this NodeBalancer has had so far this month.","description_kind":"plain","computed":true},"updated":{"type":"string","description":"When this NodeBalancer was last updated.","description_kind":"plain","computed":true}},"nesting_mode":"list"},"description":"The returned list of NodeBalancers.","description_kind":"plain","computed":true},"order":{"type":"string","description":"The order in which results should be returned.","description_kind":"plain","optional":true},"order_by":{"type":"string","description":"The attribute to order the results by.","description_kind":"plain","optional":true}},"block_types":{"filter":{"nesting_mode":"set","block":{"attributes":{"match_by":{"type":"string","description":"The type of comparison to use for this filter.","description_kind":"plain","optional":true},"name":{"type":"string","description":"The name of the attribute to filter on.","description_kind":"plain","required":true},"values":{"type":["set","string"],"description":"The value(s) to be used in the filter.","description_kind":"plain","required":true}},"description_kind":"plain"}}},"description_kind":"plain"}},"linode_object_storage_bucket":{"version":0,"block":{"attributes":{"created":{"type":"string","description":"When this bucket was created.","description_kind":"plain","computed":true},"endpoint_type":{"type":"string","description":"The type of the S3 endpoint of the bucket.","description_kind":"plain","computed":true},"hostname":{"type":"string","description":"The hostname where this bucket can be accessed.This hostname can be accessed through a browser if the bucket is made public.","description_kind":"plain","computed":true},"id":{"type":"string","description":"The id of this bucket.","description_kind":"plain","computed":true},"label":{"type":"string","description":"The name of this bucket.","description_kind":"plain","required":true},"objects":{"type":"number","description":"The number of objects stored in this bucket.","description_kind":"plain","computed":true},"region":{"type":"string","description":"The ID of the region this bucket is in.","description_kind":"plain","optional":true,"computed":true},"s3_endpoint":{"type":"string","description":"The S3 endpoint URL of the bucket, based on the `endpoint_type` and `region`.","description_kind":"plain","computed":true},"size":{"type":"number","description":"The size of the bucket in bytes.","description_kind":"plain","computed":true}},"description_kind":"plain"}},"linode_object_storage_endpoints":{"version":0,"block":{"attributes":{"endpoints":{"nested_type":{"attributes":{"endpoint_type":{"type":"string","description":"The type of `s3_endpoint` available to the active user in this region.","description_kind":"plain","computed":true},"region":{"type":"string","description":"The Akamai cloud computing region, represented by its slug value.","description_kind":"plain","computed":true},"s3_endpoint":{"type":"string","description":"Your s3 endpoint URL, based on the `endpoint_type` and region. Shown as `null` if you haven't assigned an endpoint for your user.","description_kind":"plain","computed":true}},"nesting_mode":"list"},"description":"The returned list of endpoints for the Linode Object Storage.","description_kind":"plain","computed":true},"id":{"type":"string","description":"The data source's unique ID.","description_kind":"plain","computed":true},"order":{"type":"string","description":"The order in which results should be returned.","description_kind":"plain","optional":true},"order_by":{"type":"string","description":"The attribute to order the results by.","description_kind":"plain","optional":true}},"block_types":{"filter":{"nesting_mode":"set","block":{"attributes":{"match_by":{"type":"string","description":"The type of comparison to use for this filter.","description_kind":"plain","optional":true},"name":{"type":"string","description":"The name of the attribute to filter on.","description_kind":"plain","required":true},"values":{"type":["set","string"],"description":"The value(s) to be used in the filter.","description_kind":"plain","required":true}},"description_kind":"plain"}}},"description_kind":"plain"}},"linode_object_storage_global_quota":{"version":0,"block":{"attributes":{"description":{"type":"string","description":"The description of the Object Storage global quota.","description_kind":"plain","computed":true},"has_usage":{"type":"bool","description":"Whether usage data is available for this Object Storage global quota.","description_kind":"plain","computed":true},"id":{"type":"string","description":"The unique ID of the Object Storage global quota data source.","description_kind":"plain","computed":true},"quota_id":{"type":"string","description":"The ID of the Object Storage global quota.","description_kind":"plain","required":true},"quota_limit":{"type":"number","description":"The maximum quantity of the `resource_metric` allowed by the quota.","description_kind":"plain","computed":true},"quota_name":{"type":"string","description":"The name of the Object Storage global quota.","description_kind":"plain","computed":true},"quota_type":{"type":"string","description":"The type of the Object Storage global quota.","description_kind":"plain","computed":true},"quota_usage":{"type":["object",{"quota_limit":"number","usage":"number"}],"description":"The usage data for a specific global Object Storage quota on your account.","description_kind":"plain","computed":true},"resource_metric":{"type":"string","description":"The specific Object Storage resource for the quota.","description_kind":"plain","computed":true}},"description_kind":"plain"}},"linode_object_storage_global_quotas":{"version":0,"block":{"attributes":{"id":{"type":"string","description":"The data source's unique ID.","description_kind":"plain","computed":true},"quotas":{"nested_type":{"attributes":{"description":{"type":"string","description":"The description of the Object Storage global quota.","description_kind":"plain","computed":true},"has_usage":{"type":"bool","description":"Whether usage data is available for this Object Storage global quota.","description_kind":"plain","computed":true},"quota_id":{"type":"string","description":"The ID of the Object Storage global quota.","description_kind":"plain","required":true},"quota_limit":{"type":"number","description":"The maximum quantity of the `resource_metric` allowed by the quota.","description_kind":"plain","computed":true},"quota_name":{"type":"string","description":"The name of the Object Storage global quota.","description_kind":"plain","computed":true},"quota_type":{"type":"string","description":"The type of the Object Storage global quota.","description_kind":"plain","computed":true},"resource_metric":{"type":"string","description":"The specific Object Storage resource for the quota.","description_kind":"plain","computed":true}},"nesting_mode":"list"},"description":"The returned list of Object Storage global quotas.","description_kind":"plain","computed":true}},"block_types":{"filter":{"nesting_mode":"set","block":{"attributes":{"match_by":{"type":"string","description":"The type of comparison to use for this filter.","description_kind":"plain","optional":true},"name":{"type":"string","description":"The name of the attribute to filter on.","description_kind":"plain","required":true},"values":{"type":["set","string"],"description":"The value(s) to be used in the filter.","description_kind":"plain","required":true}},"description_kind":"plain"}}},"description_kind":"plain"}},"linode_object_storage_quota":{"version":0,"block":{"attributes":{"description":{"type":"string","description":"The description of the Object Storage quota.","description_kind":"plain","computed":true},"endpoint_type":{"type":"string","description":"The type of the S3 endpoint of the Object Storage.","description_kind":"plain","computed":true},"has_usage":{"type":"bool","description":"Whether usage data is available for this Object Storage quota.","description_kind":"plain","computed":true},"id":{"type":"string","description":"The unique ID of the Object Storage quota data source.","description_kind":"plain","computed":true},"quota_id":{"type":"string","description":"The ID of the Object Storage quota.","description_kind":"plain","required":true},"quota_limit":{"type":"number","description":"The maximum quantity of the `resource_metric` allowed by the quota.","description_kind":"plain","computed":true},"quota_name":{"type":"string","description":"The name of the Object Storage quota.","description_kind":"plain","computed":true},"quota_type":{"type":"string","description":"The type of the Object Storage quota.","description_kind":"plain","computed":true},"quota_usage":{"type":["object",{"quota_limit":"number","usage":"number"}],"description":"The usage data for a specific Object Storage related quota on your account.","description_kind":"plain","computed":true},"resource_metric":{"type":"string","description":"The specific Object Storage resource for the quota.","description_kind":"plain","computed":true},"s3_endpoint":{"type":"string","description":"The S3 endpoint URL of the Object Storage, based on the `endpoint_type` and `region`.","description_kind":"plain","computed":true}},"description_kind":"plain"}},"linode_object_storage_quotas":{"version":0,"block":{"attributes":{"id":{"type":"string","description":"The data source's unique ID.","description_kind":"plain","computed":true},"quotas":{"nested_type":{"attributes":{"description":{"type":"string","description":"The description of the Object Storage quota.","description_kind":"plain","computed":true},"endpoint_type":{"type":"string","description":"The type of the S3 endpoint of the Object Storage.","description_kind":"plain","computed":true},"has_usage":{"type":"bool","description":"Whether usage data is available for this Object Storage quota.","description_kind":"plain","computed":true},"quota_id":{"type":"string","description":"The ID of the Object Storage quota.","description_kind":"plain","required":true},"quota_limit":{"type":"number","description":"The maximum quantity of the `resource_metric` allowed by the quota.","description_kind":"plain","computed":true},"quota_name":{"type":"string","description":"The name of the Object Storage quota. ","description_kind":"plain","computed":true},"quota_type":{"type":"string","description":"The type of the Object Storage quota.","description_kind":"plain","computed":true},"resource_metric":{"type":"string","description":"The specific Object Storage resource for the quota. ","description_kind":"plain","computed":true},"s3_endpoint":{"type":"string","description":"The S3 endpoint URL of the Object Storage, based on the `endpoint_type` and `region`.","description_kind":"plain","computed":true}},"nesting_mode":"list"},"description":"The returned list of Object Storage quotas.","description_kind":"plain","computed":true}},"block_types":{"filter":{"nesting_mode":"set","block":{"attributes":{"match_by":{"type":"string","description":"The type of comparison to use for this filter.","description_kind":"plain","optional":true},"name":{"type":"string","description":"The name of the attribute to filter on.","description_kind":"plain","required":true},"values":{"type":["set","string"],"description":"The value(s) to be used in the filter.","description_kind":"plain","required":true}},"description_kind":"plain"}}},"description_kind":"plain"}},"linode_placement_group":{"version":0,"block":{"attributes":{"id":{"type":"number","description":"The ID of the placement group.","description_kind":"plain","required":true},"is_compliant":{"type":"bool","description":"Whether all Linodes in this group are currently compliant with the group's placement group type.","description_kind":"plain","computed":true},"label":{"type":"string","description":"The label of the placement group.","description_kind":"plain","computed":true},"members":{"nested_type":{"attributes":{"is_compliant":{"type":"bool","description":"Whether this Linode is currently compliant with the group's placement group type.","description_kind":"plain","computed":true},"linode_id":{"type":"number","description":"The ID of the Linode.","description_kind":"plain","computed":true}},"nesting_mode":"set"},"description":"A list of Linodes assigned to a placement group.","description_kind":"plain","computed":true},"migrations":{"nested_type":{"attributes":{"inbound":{"type":["list",["object",{"linode_id":"number"}]],"description":"The compute instances being migrated into the placement group.","description_kind":"plain","computed":true},"outbound":{"type":["list",["object",{"linode_id":"number"}]],"description":"The compute instances being migrated out of the placement group.","description_kind":"plain","computed":true}},"nesting_mode":"single"},"description":"An object representing migrations associated with the placement group. Contains inbound and outbound migration lists.","description_kind":"plain","computed":true},"placement_group_policy":{"type":"string","description":"Whether Linodes must be able to become compliant during assignment.","description_kind":"plain","computed":true},"placement_group_type":{"type":"string","description":"The placement group type for Linodes in a placement group","description_kind":"plain","computed":true},"region":{"type":"string","description":"The region that the placement group is in.","description_kind":"plain","computed":true}},"description_kind":"plain"}},"linode_placement_groups":{"version":0,"block":{"attributes":{"id":{"type":"string","description":"The data source's unique ID.","description_kind":"plain","computed":true},"order":{"type":"string","description":"The order in which results should be returned.","description_kind":"plain","optional":true},"order_by":{"type":"string","description":"The attribute to order the results by.","description_kind":"plain","optional":true},"placement_groups":{"nested_type":{"attributes":{"id":{"type":"number","description":"The ID of the placement group.","description_kind":"plain","required":true},"is_compliant":{"type":"bool","description":"Whether all Linodes in this group are currently compliant with the group's placement group type.","description_kind":"plain","computed":true},"label":{"type":"string","description":"The label of the placement group.","description_kind":"plain","computed":true},"members":{"nested_type":{"attributes":{"is_compliant":{"type":"bool","description":"Whether this Linode is currently compliant with the group's placement group type.","description_kind":"plain","computed":true},"linode_id":{"type":"number","description":"The ID of the Linode.","description_kind":"plain","computed":true}},"nesting_mode":"set"},"description":"A list of Linodes assigned to a placement group.","description_kind":"plain","computed":true},"migrations":{"nested_type":{"attributes":{"inbound":{"type":["list",["object",{"linode_id":"number"}]],"description":"The compute instances being migrated into the placement group.","description_kind":"plain","computed":true},"outbound":{"type":["list",["object",{"linode_id":"number"}]],"description":"The compute instances being migrated out of the placement group.","description_kind":"plain","computed":true}},"nesting_mode":"single"},"description":"An object representing migrations associated with the placement group. Contains inbound and outbound migration lists.","description_kind":"plain","computed":true},"placement_group_policy":{"type":"string","description":"Whether Linodes must be able to become compliant during assignment.","description_kind":"plain","computed":true},"placement_group_type":{"type":"string","description":"The placement group type for Linodes in a placement group","description_kind":"plain","computed":true},"region":{"type":"string","description":"The region that the placement group is in.","description_kind":"plain","computed":true}},"nesting_mode":"list"},"description":"The returned list of Placement Groups.","description_kind":"plain","computed":true}},"block_types":{"filter":{"nesting_mode":"set","block":{"attributes":{"match_by":{"type":"string","description":"The type of comparison to use for this filter.","description_kind":"plain","optional":true},"name":{"type":"string","description":"The name of the attribute to filter on.","description_kind":"plain","required":true},"values":{"type":["set","string"],"description":"The value(s) to be used in the filter.","description_kind":"plain","required":true}},"description_kind":"plain"}}},"description_kind":"plain"}},"linode_producer_image_share_group":{"version":0,"block":{"attributes":{"created":{"type":"string","description":"When this Image Share Group was created.","description_kind":"plain","computed":true},"description":{"type":"string","description":"The label of the Image Share Group.","description_kind":"plain","computed":true},"expiry":{"type":"string","description":"When this Image Share Group will expire.","description_kind":"plain","computed":true},"id":{"type":"number","description":"The ID of the Image Share Group.","description_kind":"plain","required":true},"images_count":{"type":"number","description":"The number of images in the Image Share Group.","description_kind":"plain","computed":true},"is_suspended":{"type":"bool","description":"Whether or not the Image Share Group is suspended.","description_kind":"plain","computed":true},"label":{"type":"string","description":"The label of the Image Share Group.","description_kind":"plain","computed":true},"members_count":{"type":"number","description":"The number of members in the Image Share Group.","description_kind":"plain","computed":true},"updated":{"type":"string","description":"When this Image Share Group was last updated.","description_kind":"plain","computed":true},"uuid":{"type":"string","description":"The UUID of the Image Share Group.","description_kind":"plain","computed":true}},"description_kind":"plain"}},"linode_producer_image_share_group_image_shares":{"version":0,"block":{"attributes":{"id":{"type":"string","description":"The data source's unique ID.","description_kind":"plain","computed":true},"order":{"type":"string","description":"The order in which results should be returned.","description_kind":"plain","optional":true},"order_by":{"type":"string","description":"The attribute to order the results by.","description_kind":"plain","optional":true},"sharegroup_id":{"type":"number","description":"The ID of the Image Share Group to list Image Shares for.","description_kind":"plain","required":true}},"block_types":{"filter":{"nesting_mode":"set","block":{"attributes":{"match_by":{"type":"string","description":"The type of comparison to use for this filter.","description_kind":"plain","optional":true},"name":{"type":"string","description":"The name of the attribute to filter on.","description_kind":"plain","required":true},"values":{"type":["set","string"],"description":"The value(s) to be used in the filter.","description_kind":"plain","required":true}},"description_kind":"plain"}},"image_shares":{"nesting_mode":"list","block":{"attributes":{"capabilities":{"type":["set","string"],"description":"The capabilities of the Image represented by the Image Share.","description_kind":"plain","computed":true},"created":{"type":"string","description":"When this Image Share was created.","description_kind":"plain","computed":true},"deprecated":{"type":"bool","description":"Whether or not this Image is deprecated.","description_kind":"plain","computed":true},"description":{"type":"string","description":"A description of the Image Share.","description_kind":"plain","computed":true},"id":{"type":"string","description":"The unique ID assigned to this Image Share.","description_kind":"plain","computed":true},"image_sharing":{"nested_type":{"attributes":{"shared_by":{"nested_type":{"attributes":{"sharegroup_id":{"type":"number","description":"The sharegroup_id from the im_ImageShare row.","description_kind":"plain","computed":true},"sharegroup_label":{"type":"string","description":"The label from the associated im_ImageShareGroup row.","description_kind":"plain","computed":true},"sharegroup_uuid":{"type":"string","description":"The sharegroup_uuid from the im_ImageShare row.","description_kind":"plain","computed":true},"source_image_id":{"type":"string","description":"The image id of the base image (will only be shown to producers, will be None for consumers).","description_kind":"plain","computed":true}},"nesting_mode":"single"},"description_kind":"plain","computed":true},"shared_with":{"nested_type":{"attributes":{"sharegroup_count":{"type":"number","description":"The number of sharegroups the private image is present in.","description_kind":"plain","computed":true},"sharegroup_list_url":{"type":"string","description":"The GET api url to view the sharegroups in which the image is shared.","description_kind":"plain","computed":true}},"nesting_mode":"single"},"description_kind":"plain","computed":true}},"nesting_mode":"single"},"description":"Details about image sharing, including who the image is shared with and by.","description_kind":"plain","computed":true},"is_public":{"type":"bool","description":"True if the Image is public.","description_kind":"plain","computed":true},"label":{"type":"string","description":"The label of the Image Share.","description_kind":"plain","computed":true},"size":{"type":"number","description":"The minimum size this Image needs to deploy. Size is in MB.","description_kind":"plain","computed":true},"status":{"type":"string","description":"The current status of this Image.","description_kind":"plain","computed":true},"tags":{"type":["list","string"],"description":"The customized tags for the image.","description_kind":"plain","computed":true},"total_size":{"type":"number","description":"The total size of the image in all available regions.","description_kind":"plain","computed":true},"type":{"type":"string","description":"How the Image was created. 'Manual' Images can be created at any time. 'Automatic' images are created automatically from a deleted Linode.","description_kind":"plain","computed":true}},"description":"The returned list of Image Shares.","description_kind":"plain"}}},"description_kind":"plain"}},"linode_producer_image_share_group_member":{"version":0,"block":{"attributes":{"created":{"type":"string","description":"When this member was created.","description_kind":"plain","computed":true},"expiry":{"type":"string","description":"When this member will expire.","description_kind":"plain","computed":true},"label":{"type":"string","description":"The label of the member.","description_kind":"plain","computed":true},"sharegroup_id":{"type":"number","description":"The ID of the Image Share Group the member belongs to.","description_kind":"plain","required":true},"status":{"type":"string","description":"The status of the member.","description_kind":"plain","computed":true},"token_uuid":{"type":"string","description":"The UUID of member's token.","description_kind":"plain","required":true},"updated":{"type":"string","description":"When this member was last updated.","description_kind":"plain","computed":true}},"description_kind":"plain"}},"linode_producer_image_share_group_members":{"version":0,"block":{"attributes":{"id":{"type":"string","description":"The data source's unique ID.","description_kind":"plain","computed":true},"order":{"type":"string","description":"The order in which results should be returned.","description_kind":"plain","optional":true},"order_by":{"type":"string","description":"The attribute to order the results by.","description_kind":"plain","optional":true},"sharegroup_id":{"type":"number","description":"The ID of the Image Share Group for which to list members.","description_kind":"plain","required":true}},"block_types":{"filter":{"nesting_mode":"set","block":{"attributes":{"match_by":{"type":"string","description":"The type of comparison to use for this filter.","description_kind":"plain","optional":true},"name":{"type":"string","description":"The name of the attribute to filter on.","description_kind":"plain","required":true},"values":{"type":["set","string"],"description":"The value(s) to be used in the filter.","description_kind":"plain","required":true}},"description_kind":"plain"}},"members":{"nesting_mode":"list","block":{"attributes":{"created":{"type":"string","description":"When this member was created.","description_kind":"plain","computed":true},"expiry":{"type":"string","description":"When this member will expire.","description_kind":"plain","computed":true},"label":{"type":"string","description":"The label of the member.","description_kind":"plain","computed":true},"sharegroup_id":{"type":"number","description":"The ID of the Image Share Group the member belongs to.","description_kind":"plain","required":true},"status":{"type":"string","description":"The status of the member.","description_kind":"plain","computed":true},"token_uuid":{"type":"string","description":"The UUID of member's token.","description_kind":"plain","required":true},"updated":{"type":"string","description":"When this member was last updated.","description_kind":"plain","computed":true}},"description":"The returned list of Image Share Group Members.","description_kind":"plain"}}},"description_kind":"plain"}},"linode_producer_image_share_groups":{"version":0,"block":{"attributes":{"id":{"type":"string","description":"The data source's unique ID.","description_kind":"plain","computed":true},"order":{"type":"string","description":"The order in which results should be returned.","description_kind":"plain","optional":true},"order_by":{"type":"string","description":"The attribute to order the results by.","description_kind":"plain","optional":true}},"block_types":{"filter":{"nesting_mode":"set","block":{"attributes":{"match_by":{"type":"string","description":"The type of comparison to use for this filter.","description_kind":"plain","optional":true},"name":{"type":"string","description":"The name of the attribute to filter on.","description_kind":"plain","required":true},"values":{"type":["set","string"],"description":"The value(s) to be used in the filter.","description_kind":"plain","required":true}},"description_kind":"plain"}},"image_share_groups":{"nesting_mode":"list","block":{"attributes":{"created":{"type":"string","description":"When this Image Share Group was created.","description_kind":"plain","computed":true},"description":{"type":"string","description":"The label of the Image Share Group.","description_kind":"plain","computed":true},"expiry":{"type":"string","description":"When this Image Share Group will expire.","description_kind":"plain","computed":true},"id":{"type":"number","description":"The ID of the Image Share Group.","description_kind":"plain","required":true},"images_count":{"type":"number","description":"The number of images in the Image Share Group.","description_kind":"plain","computed":true},"is_suspended":{"type":"bool","description":"Whether or not the Image Share Group is suspended.","description_kind":"plain","computed":true},"label":{"type":"string","description":"The label of the Image Share Group.","description_kind":"plain","computed":true},"members_count":{"type":"number","description":"The number of members in the Image Share Group.","description_kind":"plain","computed":true},"updated":{"type":"string","description":"When this Image Share Group was last updated.","description_kind":"plain","computed":true},"uuid":{"type":"string","description":"The UUID of the Image Share Group.","description_kind":"plain","computed":true}},"description":"The returned list of Image Share Groups.","description_kind":"plain"}}},"description_kind":"plain"}},"linode_profile":{"version":0,"block":{"attributes":{"authorized_keys":{"type":["list","string"],"description":"The list of SSH Keys authorized to use Lish for this user. This value is ignored if lish_auth_method is 'disabled'.","description_kind":"plain","computed":true},"email":{"type":"string","description":"The profile email address. This address will be used for communication with Linode as necessary.","description_kind":"plain","computed":true},"email_notifications":{"type":"bool","description":"If true, email notifications will be sent about account activity. If false, when false business-critical communications may still be sent through email.","description_kind":"plain","computed":true},"id":{"type":"string","description":"Unique identification field for this datasource.","description_kind":"plain","computed":true},"ip_whitelist_enabled":{"type":"bool","description":"If true, logins for the user will only be allowed from whitelisted IPs. This setting is currently deprecated, and cannot be enabled.","description_kind":"plain","computed":true},"lish_auth_method":{"type":"string","description":"The methods of authentication allowed when connecting via Lish. 'keys_only' is the most secure with the intent to use Lish, and 'disabled' is recommended for users that will not use Lish at all.","description_kind":"plain","computed":true},"referrals":{"type":["list",["object",{"code":"string","completed":"number","credit":"number","pending":"number","total":"number","url":"string"}]],"description":"Credit Card information associated with this Account.","description_kind":"plain","computed":true},"restricted":{"type":"bool","description":"If true, the user has restrictions on what can be accessed on the Account.","description_kind":"plain","computed":true},"timezone":{"type":"string","description":"The profile's preferred timezone. This is not used by the API, and is for the benefit of clients only. All times the API returns are in UTC.","description_kind":"plain","computed":true},"two_factor_auth":{"type":"bool","description":"If true, logins from untrusted computers will require Two Factor Authentication.","description_kind":"plain","computed":true},"username":{"type":"string","description":"The username for logging in to Linode services.","description_kind":"plain","computed":true}},"description_kind":"plain"}},"linode_region":{"version":0,"block":{"attributes":{"capabilities":{"type":["set","string"],"description":"A list of capabilities of this region.","description_kind":"plain","computed":true},"country":{"type":"string","description":"The country where this Region resides.","description_kind":"plain","computed":true},"id":{"type":"string","description":"The unique ID of this Region.","description_kind":"plain","required":true},"label":{"type":"string","description":"Detailed location information for this Region, including city, state or region, and country.","description_kind":"plain","computed":true},"monitors":{"type":["object",{"alerts":["list","string"],"metrics":["list","string"]}],"description":"The monitoring services available in a region.","description_kind":"plain","computed":true},"placement_group_limits":{"type":["list",["object",{"maximum_linodes_per_pg":"number","maximum_pgs_per_customer":"number"}]],"description":"Information about placement groups limits for this region.","description_kind":"plain","computed":true},"resolvers":{"nested_type":{"attributes":{"ipv4":{"type":"string","description":"The IPv4 addresses for this region's DNS resolvers, separated by commas.","description_kind":"plain","computed":true},"ipv6":{"type":"string","description":"The IPv6 addresses for this region's DNS resolvers, separated by commas.","description_kind":"plain","computed":true}},"nesting_mode":"list"},"description_kind":"plain","computed":true},"site_type":{"type":"string","description":"The type of this Region.","description_kind":"plain","computed":true},"status":{"type":"string","description":"This region's current operational status.","description_kind":"plain","computed":true}},"description_kind":"plain"}},"linode_region_vpc_availability":{"version":0,"block":{"attributes":{"available":{"type":"bool","description":"Whether VPCs can be created in the region.","description_kind":"plain","computed":true},"available_ipv6_prefix_lengths":{"type":["list","number"],"description":"The IPv6 prefix lengths allowed when creating a VPC in the region.","description_kind":"plain","computed":true},"id":{"type":"string","description":"The ID of the Region.","description_kind":"plain","required":true}},"description_kind":"plain"}},"linode_regions":{"version":0,"block":{"attributes":{"id":{"type":"string","description":"The data source's unique ID.","description_kind":"plain","computed":true},"regions":{"nested_type":{"attributes":{"capabilities":{"type":["set","string"],"description":"A list of capabilities of this region.","description_kind":"plain","computed":true},"country":{"type":"string","description":"The country where this Region resides.","description_kind":"plain","computed":true},"id":{"type":"string","description":"The unique ID of this Region.","description_kind":"plain","required":true},"label":{"type":"string","description":"Detailed location information for this Region, including city, state or region, and country.","description_kind":"plain","computed":true},"monitors":{"type":["object",{"alerts":["list","string"],"metrics":["list","string"]}],"description":"The monitoring services available in a region.","description_kind":"plain","computed":true},"placement_group_limits":{"type":["list",["object",{"maximum_linodes_per_pg":"number","maximum_pgs_per_customer":"number"}]],"description":"Information about placement groups limits for this region.","description_kind":"plain","computed":true},"resolvers":{"nested_type":{"attributes":{"ipv4":{"type":"string","description":"The IPv4 addresses for this region's DNS resolvers, separated by commas.","description_kind":"plain","computed":true},"ipv6":{"type":"string","description":"The IPv6 addresses for this region's DNS resolvers, separated by commas.","description_kind":"plain","computed":true}},"nesting_mode":"list"},"description_kind":"plain","computed":true},"site_type":{"type":"string","description":"The type of this Region.","description_kind":"plain","computed":true},"status":{"type":"string","description":"This region's current operational status.","description_kind":"plain","computed":true}},"nesting_mode":"list"},"description_kind":"plain","computed":true}},"block_types":{"filter":{"nesting_mode":"set","block":{"attributes":{"match_by":{"type":"string","description":"The type of comparison to use for this filter.","description_kind":"plain","optional":true},"name":{"type":"string","description":"The name of the attribute to filter on.","description_kind":"plain","required":true},"values":{"type":["set","string"],"description":"The value(s) to be used in the filter.","description_kind":"plain","required":true}},"description_kind":"plain"}}},"description_kind":"plain"}},"linode_regions_vpc_availability":{"version":0,"block":{"attributes":{"id":{"type":"string","description":"The data source's unique ID.","description_kind":"plain","computed":true},"regions_vpc_availability":{"nested_type":{"attributes":{"available":{"type":"bool","description":"Whether VPCs can be created in the region.","description_kind":"plain","computed":true},"available_ipv6_prefix_lengths":{"type":["list","number"],"description":"The IPv6 prefix lengths allowed when creating a VPC in the region.","description_kind":"plain","computed":true},"id":{"type":"string","description":"The ID of the Region.","description_kind":"plain","required":true}},"nesting_mode":"list"},"description_kind":"plain","computed":true}},"description_kind":"plain"}},"linode_reserved_ip_types":{"version":0,"block":{"attributes":{"id":{"type":"string","description":"The data source's unique ID.","description_kind":"plain","computed":true},"order":{"type":"string","description":"The order in which results should be returned.","description_kind":"plain","optional":true},"order_by":{"type":"string","description":"The attribute to order the results by.","description_kind":"plain","optional":true},"types":{"nested_type":{"attributes":{"id":{"type":"string","description":"The unique ID assigned to this Reserved IP Type.","description_kind":"plain","required":true},"label":{"type":"string","description":"The Reserved IP Type's label.","description_kind":"plain","computed":true},"price":{"type":["list",["object",{"hourly":"number","monthly":"number"}]],"description":"Cost in US dollars, broken down into hourly and monthly charges.","description_kind":"plain","computed":true},"region_prices":{"type":["list",["object",{"hourly":"number","id":"string","monthly":"number"}]],"description":"A list of region-specific prices for this Reserved IP Type.","description_kind":"plain","computed":true}},"nesting_mode":"list"},"description":"The returned list of Reserved IP types.","description_kind":"plain","computed":true}},"block_types":{"filter":{"nesting_mode":"set","block":{"attributes":{"match_by":{"type":"string","description":"The type of comparison to use for this filter.","description_kind":"plain","optional":true},"name":{"type":"string","description":"The name of the attribute to filter on.","description_kind":"plain","required":true},"values":{"type":["set","string"],"description":"The value(s) to be used in the filter.","description_kind":"plain","required":true}},"description_kind":"plain"}}},"description_kind":"plain"}},"linode_sshkey":{"version":0,"block":{"attributes":{"created":{"type":"string","description":"The date this key was added.","description_kind":"plain","computed":true},"id":{"type":"string","description":"A unique identifier for this datasource.","description_kind":"plain","optional":true},"label":{"type":"string","description":"The label of the Linode SSH Key.","description_kind":"plain","required":true},"ssh_key":{"type":"string","description":"The public SSH Key, which is used to authenticate to the root user of the Linodes you deploy.","description_kind":"plain","computed":true}},"description_kind":"plain"}},"linode_sshkeys":{"version":0,"block":{"attributes":{"id":{"type":"string","description":"The data source's unique ID.","description_kind":"plain","computed":true},"order":{"type":"string","description":"The order in which results should be returned.","description_kind":"plain","optional":true},"order_by":{"type":"string","description":"The attribute to order the results by.","description_kind":"plain","optional":true},"sshkeys":{"nested_type":{"attributes":{"created":{"type":"string","description":"The date this key was added.","description_kind":"plain","computed":true},"id":{"type":"string","description":"A unique identifier for this datasource.","description_kind":"plain","optional":true},"label":{"type":"string","description":"The label of the Linode SSH Key.","description_kind":"plain","required":true},"ssh_key":{"type":"string","description":"The public SSH Key, which is used to authenticate to the root user of the Linodes you deploy.","description_kind":"plain","computed":true}},"nesting_mode":"list"},"description":"The returned list of SSH Keys.","description_kind":"plain","computed":true}},"block_types":{"filter":{"nesting_mode":"set","block":{"attributes":{"match_by":{"type":"string","description":"The type of comparison to use for this filter.","description_kind":"plain","optional":true},"name":{"type":"string","description":"The name of the attribute to filter on.","description_kind":"plain","required":true},"values":{"type":["set","string"],"description":"The value(s) to be used in the filter.","description_kind":"plain","required":true}},"description_kind":"plain"}}},"description_kind":"plain"}},"linode_stackscript":{"version":1,"block":{"attributes":{"created":{"type":"string","description":"The date this StackScript was created.","description_kind":"plain","computed":true},"deployments_active":{"type":"number","description":"Count of currently active, deployed Linodes created from this StackScript.","description_kind":"plain","computed":true},"deployments_total":{"type":"number","description":"The total number of times this StackScript has been deployed.","description_kind":"plain","computed":true},"description":{"type":"string","description":"A description for the StackScript.","description_kind":"plain","computed":true},"id":{"type":"string","description":"The StackScript's unique ID.","description_kind":"plain","required":true},"images":{"type":["set","string"],"description":"An array of Image IDs representing the Images that this StackScript is compatible for deploying with.","description_kind":"plain","computed":true},"is_public":{"type":"bool","description":"This determines whether other users can use your StackScript. Once a StackScript is made public, it cannot be made private.","description_kind":"plain","computed":true},"label":{"type":"string","description":"The StackScript's label is for display purposes only.","description_kind":"plain","computed":true},"rev_note":{"type":"string","description":"This field allows you to add notes for the set of revisions made to this StackScript.","description_kind":"plain","computed":true},"script":{"type":"string","description":"The script to execute when provisioning a new Linode with this StackScript.","description_kind":"plain","computed":true},"updated":{"type":"string","description":"The date this StackScript was updated.","description_kind":"plain","computed":true},"user_defined_fields":{"type":["list",["object",{"default":"string","example":"string","label":"string","many_of":"string","name":"string","one_of":"string"}]],"description":"This is a list of fields defined with a special syntax inside this StackScript that allow for supplying customized parameters during deployment.","description_kind":"plain","computed":true},"user_gravatar_id":{"type":"string","description":"The Gravatar ID for the User who created the StackScript.","description_kind":"plain","computed":true},"username":{"type":"string","description":"The User who created the StackScript.","description_kind":"plain","computed":true}},"description_kind":"plain"}},"linode_stackscripts":{"version":0,"block":{"attributes":{"id":{"type":"string","description":"The data source's unique ID.","description_kind":"plain","computed":true},"latest":{"type":"bool","description":"If true, only the latest StackScript will be returned.","description_kind":"plain","optional":true},"order":{"type":"string","description":"The order in which results should be returned.","description_kind":"plain","optional":true},"order_by":{"type":"string","description":"The attribute to order the results by.","description_kind":"plain","optional":true},"stackscripts":{"nested_type":{"attributes":{"created":{"type":"string","description":"The date this StackScript was created.","description_kind":"plain","computed":true},"deployments_active":{"type":"number","description":"Count of currently active, deployed Linodes created from this StackScript.","description_kind":"plain","computed":true},"deployments_total":{"type":"number","description":"The total number of times this StackScript has been deployed.","description_kind":"plain","computed":true},"description":{"type":"string","description":"A description for the StackScript.","description_kind":"plain","computed":true},"id":{"type":"string","description":"The StackScript's unique ID.","description_kind":"plain","required":true},"images":{"type":["set","string"],"description":"An array of Image IDs representing the Images that this StackScript is compatible for deploying with.","description_kind":"plain","computed":true},"is_public":{"type":"bool","description":"This determines whether other users can use your StackScript. Once a StackScript is made public, it cannot be made private.","description_kind":"plain","computed":true},"label":{"type":"string","description":"The StackScript's label is for display purposes only.","description_kind":"plain","computed":true},"rev_note":{"type":"string","description":"This field allows you to add notes for the set of revisions made to this StackScript.","description_kind":"plain","computed":true},"script":{"type":"string","description":"The script to execute when provisioning a new Linode with this StackScript.","description_kind":"plain","computed":true},"updated":{"type":"string","description":"The date this StackScript was updated.","description_kind":"plain","computed":true},"user_defined_fields":{"type":["list",["object",{"default":"string","example":"string","label":"string","many_of":"string","name":"string","one_of":"string"}]],"description":"This is a list of fields defined with a special syntax inside this StackScript that allow for supplying customized parameters during deployment.","description_kind":"plain","computed":true},"user_gravatar_id":{"type":"string","description":"The Gravatar ID for the User who created the StackScript.","description_kind":"plain","computed":true},"username":{"type":"string","description":"The User who created the StackScript.","description_kind":"plain","computed":true}},"nesting_mode":"list"},"description":"The returned list of StackScripts.","description_kind":"plain","computed":true}},"block_types":{"filter":{"nesting_mode":"set","block":{"attributes":{"match_by":{"type":"string","description":"The type of comparison to use for this filter.","description_kind":"plain","optional":true},"name":{"type":"string","description":"The name of the attribute to filter on.","description_kind":"plain","required":true},"values":{"type":["set","string"],"description":"The value(s) to be used in the filter.","description_kind":"plain","required":true}},"description_kind":"plain"}}},"description_kind":"plain"}},"linode_tag":{"version":0,"block":{"attributes":{"id":{"type":"string","description":"The label of this Tag.","description_kind":"plain","computed":true},"label":{"type":"string","description":"A label used to categorize resources. For display purposes only.","description_kind":"plain","required":true},"objects":{"nested_type":{"attributes":{"id":{"type":"string","description":"The ID (or address for reserved_ipv4_address) of the tagged object.","description_kind":"plain","computed":true},"type":{"type":"string","description":"The type of the tagged object (e.g. linode, domain, volume, nodebalancer, reserved_ipv4_address).","description_kind":"plain","computed":true}},"nesting_mode":"list"},"description":"The objects associated with this tag.","description_kind":"plain","computed":true}},"description_kind":"plain"}},"linode_user":{"version":0,"block":{"attributes":{"database_grant":{"type":["set",["object",{"id":"number","label":"string","permissions":"string"}]],"description":"A set containing all of the user's active grants.","description_kind":"plain","optional":true,"computed":true},"domain_grant":{"type":["set",["object",{"id":"number","label":"string","permissions":"string"}]],"description":"A set containing all of the user's active grants.","description_kind":"plain","optional":true,"computed":true},"email":{"type":"string","description":"The email address for this User, for account management communications, and may be used for other communications as configured.","description_kind":"plain","computed":true},"firewall_grant":{"type":["set",["object",{"id":"number","label":"string","permissions":"string"}]],"description":"A set containing all of the user's active grants.","description_kind":"plain","optional":true,"computed":true},"global_grants":{"type":["list",["object",{"account_access":"string","add_databases":"bool","add_domains":"bool","add_firewalls":"bool","add_images":"bool","add_linodes":"bool","add_longview":"bool","add_nodebalancers":"bool","add_stackscripts":"bool","add_volumes":"bool","add_vpcs":"bool","cancel_account":"bool","longview_subscription":"bool"}]],"description":"A structure containing the Account-level grants a User has.","description_kind":"plain","computed":true},"id":{"type":"string","description":"Unique identifier for this DataSource.","description_kind":"plain","computed":true},"image_grant":{"type":["set",["object",{"id":"number","label":"string","permissions":"string"}]],"description":"A set containing all of the user's active grants.","description_kind":"plain","optional":true,"computed":true},"linode_grant":{"type":["set",["object",{"id":"number","label":"string","permissions":"string"}]],"description":"A set containing all of the user's active grants.","description_kind":"plain","optional":true,"computed":true},"longview_grant":{"type":["set",["object",{"id":"number","label":"string","permissions":"string"}]],"description":"A set containing all of the user's active grants.","description_kind":"plain","optional":true,"computed":true},"nodebalancer_grant":{"type":["set",["object",{"id":"number","label":"string","permissions":"string"}]],"description":"A set containing all of the user's active grants.","description_kind":"plain","optional":true,"computed":true},"password_created":{"type":"string","description":"The date and time when this User’s current password was created.User passwords are first created during the Account sign-up process, and updated using the Reset Password webpage.null if this User has not created a password yet.","description_kind":"plain","computed":true},"restricted":{"type":"bool","description":"If true, this User must be granted access to perform actions or access entities on this Account.","description_kind":"plain","computed":true},"ssh_keys":{"type":["list","string"],"description":"A list of SSH Key labels added by this User. These are the keys that will be deployed if this User is included in the authorized_users field of a create Linode, rebuild Linode, or create Disk request.","description_kind":"plain","computed":true},"stackscript_grant":{"type":["set",["object",{"id":"number","label":"string","permissions":"string"}]],"description":"A set containing all of the user's active grants.","description_kind":"plain","optional":true,"computed":true},"tfa_enabled":{"type":"bool","description":"A boolean value indicating if the User has Two Factor Authentication (TFA) enabled.","description_kind":"plain","computed":true},"user_type":{"type":"string","description":"The type of this user.","description_kind":"plain","computed":true},"username":{"type":"string","description":"This User's username. This is used for logging in, and may also be displayed alongside actions the User performs (for example, in Events or public StackScripts).","description_kind":"plain","required":true},"verified_phone_number":{"type":"string","description":"The phone number verified for this User Profile with the Phone Number Verify command.null if this User Profile has no verified phone number.","description_kind":"plain","computed":true},"volume_grant":{"type":["set",["object",{"id":"number","label":"string","permissions":"string"}]],"description":"A set containing all of the user's active grants.","description_kind":"plain","optional":true,"computed":true},"vpc_grant":{"type":["set",["object",{"id":"number","label":"string","permissions":"string"}]],"description":"A set containing all of the user's active grants.","description_kind":"plain","optional":true,"computed":true}},"description_kind":"plain"}},"linode_users":{"version":0,"block":{"attributes":{"id":{"type":"string","description":"The data source's unique ID.","description_kind":"plain","computed":true},"order":{"type":"string","description":"The order in which results should be returned.","description_kind":"plain","optional":true},"order_by":{"type":"string","description":"The attribute to order the results by.","description_kind":"plain","optional":true},"users":{"nested_type":{"attributes":{"database_grant":{"type":["set",["object",{"id":"number","label":"string","permissions":"string"}]],"description":"A set containing all of the user's active grants.","description_kind":"plain","optional":true,"computed":true},"domain_grant":{"type":["set",["object",{"id":"number","label":"string","permissions":"string"}]],"description":"A set containing all of the user's active grants.","description_kind":"plain","optional":true,"computed":true},"email":{"type":"string","description":"The email address for this User, for account management communications, and may be used for other communications as configured.","description_kind":"plain","computed":true},"firewall_grant":{"type":["set",["object",{"id":"number","label":"string","permissions":"string"}]],"description":"A set containing all of the user's active grants.","description_kind":"plain","optional":true,"computed":true},"global_grants":{"type":["list",["object",{"account_access":"string","add_databases":"bool","add_domains":"bool","add_firewalls":"bool","add_images":"bool","add_linodes":"bool","add_longview":"bool","add_nodebalancers":"bool","add_stackscripts":"bool","add_volumes":"bool","add_vpcs":"bool","cancel_account":"bool","longview_subscription":"bool"}]],"description":"A structure containing the Account-level grants a User has.","description_kind":"plain","computed":true},"id":{"type":"string","description":"Unique identifier for this DataSource.","description_kind":"plain","computed":true},"image_grant":{"type":["set",["object",{"id":"number","label":"string","permissions":"string"}]],"description":"A set containing all of the user's active grants.","description_kind":"plain","optional":true,"computed":true},"linode_grant":{"type":["set",["object",{"id":"number","label":"string","permissions":"string"}]],"description":"A set containing all of the user's active grants.","description_kind":"plain","optional":true,"computed":true},"longview_grant":{"type":["set",["object",{"id":"number","label":"string","permissions":"string"}]],"description":"A set containing all of the user's active grants.","description_kind":"plain","optional":true,"computed":true},"nodebalancer_grant":{"type":["set",["object",{"id":"number","label":"string","permissions":"string"}]],"description":"A set containing all of the user's active grants.","description_kind":"plain","optional":true,"computed":true},"password_created":{"type":"string","description":"The date and time when this User’s current password was created.User passwords are first created during the Account sign-up process, and updated using the Reset Password webpage.null if this User has not created a password yet.","description_kind":"plain","computed":true},"restricted":{"type":"bool","description":"If true, this User must be granted access to perform actions or access entities on this Account.","description_kind":"plain","computed":true},"ssh_keys":{"type":["list","string"],"description":"A list of SSH Key labels added by this User. These are the keys that will be deployed if this User is included in the authorized_users field of a create Linode, rebuild Linode, or create Disk request.","description_kind":"plain","computed":true},"stackscript_grant":{"type":["set",["object",{"id":"number","label":"string","permissions":"string"}]],"description":"A set containing all of the user's active grants.","description_kind":"plain","optional":true,"computed":true},"tfa_enabled":{"type":"bool","description":"A boolean value indicating if the User has Two Factor Authentication (TFA) enabled.","description_kind":"plain","computed":true},"user_type":{"type":"string","description":"The type of this user.","description_kind":"plain","computed":true},"username":{"type":"string","description":"This User's username. This is used for logging in, and may also be displayed alongside actions the User performs (for example, in Events or public StackScripts).","description_kind":"plain","required":true},"verified_phone_number":{"type":"string","description":"The phone number verified for this User Profile with the Phone Number Verify command.null if this User Profile has no verified phone number.","description_kind":"plain","computed":true},"volume_grant":{"type":["set",["object",{"id":"number","label":"string","permissions":"string"}]],"description":"A set containing all of the user's active grants.","description_kind":"plain","optional":true,"computed":true},"vpc_grant":{"type":["set",["object",{"id":"number","label":"string","permissions":"string"}]],"description":"A set containing all of the user's active grants.","description_kind":"plain","optional":true,"computed":true}},"nesting_mode":"list"},"description":"The returned list of Users.","description_kind":"plain","computed":true}},"block_types":{"filter":{"nesting_mode":"set","block":{"attributes":{"match_by":{"type":"string","description":"The type of comparison to use for this filter.","description_kind":"plain","optional":true},"name":{"type":"string","description":"The name of the attribute to filter on.","description_kind":"plain","required":true},"values":{"type":["set","string"],"description":"The value(s) to be used in the filter.","description_kind":"plain","required":true}},"description_kind":"plain"}}},"description_kind":"plain"}},"linode_vlans":{"version":0,"block":{"attributes":{"id":{"type":"string","description":"The data source's unique ID.","description_kind":"plain","computed":true},"order":{"type":"string","description":"The order in which results should be returned.","description_kind":"plain","optional":true},"order_by":{"type":"string","description":"The attribute to order the results by.","description_kind":"plain","optional":true},"vlans":{"nested_type":{"attributes":{"created":{"type":"string","description":"When this VLAN was created.","description_kind":"plain","computed":true},"label":{"type":"string","description":"The unique label of this VLAN.","description_kind":"plain","computed":true},"linodes":{"type":["set","number"],"description":"The Linodes currently attached to this VLAN.","description_kind":"plain","computed":true},"region":{"type":"string","description":"The region this VLAN is located in.","description_kind":"plain","computed":true}},"nesting_mode":"list"},"description":"The returned list of VLANs.","description_kind":"plain","computed":true}},"block_types":{"filter":{"nesting_mode":"set","block":{"attributes":{"match_by":{"type":"string","description":"The type of comparison to use for this filter.","description_kind":"plain","optional":true},"name":{"type":"string","description":"The name of the attribute to filter on.","description_kind":"plain","required":true},"values":{"type":["set","string"],"description":"The value(s) to be used in the filter.","description_kind":"plain","required":true}},"description_kind":"plain"}}},"description_kind":"plain"}},"linode_volume":{"version":0,"block":{"attributes":{"created":{"type":"string","description":"Datetime string representing when the Volume was created.","description_kind":"plain","computed":true},"encryption":{"type":"string","description":"Whether Block Storage Disk Encryption is enabled or disabled on this Volume.","description_kind":"plain","computed":true},"filesystem_path":{"type":"string","description":"The full filesystem path for the Volume based on the Volume's label. Path is /dev/disk/by-id/scsi-0LinodeVolume + Volume label.","description_kind":"plain","computed":true},"id":{"type":"number","description":"The unique id of this Volume.","description_kind":"plain","required":true},"io_ready":{"type":"bool","description":"Indicates whether the volume is successfully attached to a Linode and ready for read and write operations.","description_kind":"plain","computed":true},"label":{"type":"string","description":"The Volume's label. For display purposes only.","description_kind":"plain","computed":true},"linode_id":{"type":"number","description":"If a Volume is attached to a specific Linode, the ID of that Linode will be displayed here.","description_kind":"plain","computed":true},"region":{"type":"string","description":"The datacenter where this Volume is located.","description_kind":"plain","computed":true},"size":{"type":"number","description":"The size of this Volume in GiB.","description_kind":"plain","computed":true},"status":{"type":"string","description":"The status of the Volume. Can be one of active | creating | resizing | contact_support","description_kind":"plain","computed":true},"tags":{"type":["set","string"],"description":"An array of tags applied to this Volume. Tags are for organizational purposes only.","description_kind":"plain","computed":true},"updated":{"type":"string","description":"Datetime string representing when the Volume was last updated.","description_kind":"plain","computed":true}},"description_kind":"plain"}},"linode_volume_types":{"version":0,"block":{"attributes":{"id":{"type":"string","description":"The data source's unique ID.","description_kind":"plain","computed":true},"order":{"type":"string","description":"The order in which results should be returned.","description_kind":"plain","optional":true},"order_by":{"type":"string","description":"The attribute to order the results by.","description_kind":"plain","optional":true},"types":{"nested_type":{"attributes":{"id":{"type":"string","description":"The unique ID assigned to this Volume Type.","description_kind":"plain","required":true},"label":{"type":"string","description":"The Volume Type's label.","description_kind":"plain","optional":true,"computed":true},"price":{"type":["list",["object",{"hourly":"number","monthly":"number"}]],"description":"Cost in US dollars, broken down into hourly and monthly charges.","description_kind":"plain","computed":true},"region_prices":{"type":["list",["object",{"hourly":"number","id":"string","monthly":"number"}]],"description":"A list of region-specific prices for this Volume Type.","description_kind":"plain","computed":true},"transfer":{"type":"number","description":"The monthly outbound transfer amount, in MB.","description_kind":"plain","computed":true}},"nesting_mode":"list"},"description":"The returned list of Volume types.","description_kind":"plain","computed":true}},"block_types":{"filter":{"nesting_mode":"set","block":{"attributes":{"match_by":{"type":"string","description":"The type of comparison to use for this filter.","description_kind":"plain","optional":true},"name":{"type":"string","description":"The name of the attribute to filter on.","description_kind":"plain","required":true},"values":{"type":["set","string"],"description":"The value(s) to be used in the filter.","description_kind":"plain","required":true}},"description_kind":"plain"}}},"description_kind":"plain"}},"linode_volumes":{"version":0,"block":{"attributes":{"id":{"type":"string","description":"The data source's unique ID.","description_kind":"plain","computed":true},"order":{"type":"string","description":"The order in which results should be returned.","description_kind":"plain","optional":true},"order_by":{"type":"string","description":"The attribute to order the results by.","description_kind":"plain","optional":true},"volumes":{"nested_type":{"attributes":{"created":{"type":"string","description":"Datetime string representing when the Volume was created.","description_kind":"plain","computed":true},"encryption":{"type":"string","description":"Whether Block Storage Disk Encryption is enabled or disabled on this Volume.","description_kind":"plain","computed":true},"filesystem_path":{"type":"string","description":"The full filesystem path for the Volume based on the Volume's label. Path is /dev/disk/by-id/scsi-0LinodeVolume + Volume label.","description_kind":"plain","computed":true},"id":{"type":"number","description":"The unique id of this Volume.","description_kind":"plain","required":true},"io_ready":{"type":"bool","description":"Indicates whether the volume is successfully attached to a Linode and ready for read and write operations.","description_kind":"plain","computed":true},"label":{"type":"string","description":"The Volume's label. For display purposes only.","description_kind":"plain","computed":true},"linode_id":{"type":"number","description":"If a Volume is attached to a specific Linode, the ID of that Linode will be displayed here.","description_kind":"plain","computed":true},"region":{"type":"string","description":"The datacenter where this Volume is located.","description_kind":"plain","computed":true},"size":{"type":"number","description":"The size of this Volume in GiB.","description_kind":"plain","computed":true},"status":{"type":"string","description":"The status of the Volume. Can be one of active | creating | resizing | contact_support","description_kind":"plain","computed":true},"tags":{"type":["set","string"],"description":"An array of tags applied to this Volume. Tags are for organizational purposes only.","description_kind":"plain","computed":true},"updated":{"type":"string","description":"Datetime string representing when the Volume was last updated.","description_kind":"plain","computed":true}},"nesting_mode":"list"},"description":"The return list of Volumes.","description_kind":"plain","computed":true}},"block_types":{"filter":{"nesting_mode":"set","block":{"attributes":{"match_by":{"type":"string","description":"The type of comparison to use for this filter.","description_kind":"plain","optional":true},"name":{"type":"string","description":"The name of the attribute to filter on.","description_kind":"plain","required":true},"values":{"type":["set","string"],"description":"The value(s) to be used in the filter.","description_kind":"plain","required":true}},"description_kind":"plain"}}},"description_kind":"plain"}},"linode_vpc":{"version":0,"block":{"attributes":{"created":{"type":"string","description":"The date and time when the VPC was created.","description_kind":"plain","computed":true},"description":{"type":"string","description":"The user-defined description of this VPC.","description_kind":"plain","computed":true},"id":{"type":"string","description":"The id of the VPC.","description_kind":"plain","required":true},"ipv4":{"nested_type":{"attributes":{"range":{"type":"string","description":"The IPv4 range assigned to this VPC.","description_kind":"plain","computed":true}},"nesting_mode":"list"},"description":"The IPv4 configuration of this VPC.","description_kind":"plain","computed":true},"ipv6":{"nested_type":{"attributes":{"range":{"type":"string","description":"The IPv6 range assigned to this VPC.","description_kind":"plain","computed":true}},"nesting_mode":"list"},"description":"The IPv6 configuration of this VPC.","description_kind":"plain","computed":true},"label":{"type":"string","description":"The label of the VPC.","description_kind":"plain","computed":true},"region":{"type":"string","description":"The region of the VPC.","description_kind":"plain","computed":true},"updated":{"type":"string","description":"The date and time when the VPC was updated.","description_kind":"plain","computed":true},"vpc_type":{"type":"string","description":"The type of the VPC ('regular' or 'rdma'). Omitted if the requesting account does not have access to the GPUDirect RDMA functionality.","description_kind":"plain","computed":true}},"description_kind":"plain"}},"linode_vpc_default_ranges":{"version":0,"block":{"attributes":{"default_ipv4_ranges":{"type":["set","string"],"description":"The default IPv4 address ranges for all VPCs.","description_kind":"plain","computed":true},"forbidden_ipv4_ranges":{"type":["set","string"],"description":"List of the IPv4 address ranges that are not allowed to be used.","description_kind":"plain","computed":true}},"description_kind":"plain"}},"linode_vpc_ips":{"version":0,"block":{"attributes":{"id":{"type":"string","description":"The data source's unique ID.","description_kind":"plain","computed":true},"ipv6":{"type":"bool","description":"If true, only IPv6 addresses will be returned by this data source.","description_kind":"plain","optional":true},"vpc_id":{"type":"number","description":"The ID of the VPC that the list of IP addresses is associated with.","description_kind":"plain","optional":true},"vpc_ips":{"nested_type":{"attributes":{"active":{"type":"bool","description":"Returns true if the VPC interface is in use, meaning that the Linode was powered on using the config_id to which the interface belongs. Otherwise returns false","description_kind":"plain","computed":true},"address":{"type":"string","description":"An IPv4 address configured for this VPC interface. These follow the RFC 1918 private address format. Displayed as null if an address_range.","description_kind":"plain","computed":true},"address_range":{"type":"string","description":"A range of IPv4 addresses configured for this VPC interface. Displayed as null if a single address.","description_kind":"plain","computed":true},"config_id":{"type":"number","description":"The globally general entity identifier for the Linode configuration profile where the VPC is included.","description_kind":"plain","computed":true},"gateway":{"type":"string","description":"The default gateway for the VPC subnet that the IP or IP range belongs to.","description_kind":"plain","computed":true},"interface_id":{"type":"number","description":"The globally general API entity identifier for the Linode interface.","description_kind":"plain","computed":true},"ipv6_addresses":{"nested_type":{"attributes":{"slaac_address":{"type":"string","description":"The specific address within the prefix that the interface is expected to autoconfigure through SLAAC","description_kind":"plain","computed":true}},"nesting_mode":"set"},"description":"The addresses within the prefix that the interface is associated with.","description_kind":"plain","computed":true},"ipv6_is_public":{"type":"bool","description":"The is_public setting for the interface associated with this address.","description_kind":"plain","computed":true},"ipv6_range":{"type":"string","description":"The /64 prefix, in CIDR notation, assigned to an interface.","description_kind":"plain","computed":true},"linode_id":{"type":"number","description":"The identifier for the Linode the VPC interface currently belongs to.","description_kind":"plain","computed":true},"nat_1_1":{"type":"string","description":"The public IP address used for NAT 1:1 with the VPC. This is empty if NAT 1:1 isn't used.","description_kind":"plain","computed":true},"prefix":{"type":"number","description":"The number of bits set in the subnet_mask.","description_kind":"plain","computed":true},"region":{"type":"string","description":"The region of the VPC.","description_kind":"plain","computed":true},"subnet_id":{"type":"number","description":"The id of the VPC Subnet for this interface.","description_kind":"plain","computed":true},"subnet_mask":{"type":"string","description":"The mask that separates host bits from network bits for the address or address_range.","description_kind":"plain","computed":true},"vpc_id":{"type":"number","description":"The unique globally general API entity identifier for the VPC.","description_kind":"plain","computed":true}},"nesting_mode":"list"},"description":"The returned list of IP addresses that exist in Linode's system, either IPv4 or IPv6.","description_kind":"plain","computed":true}},"block_types":{"filter":{"nesting_mode":"set","block":{"attributes":{"match_by":{"type":"string","description":"The type of comparison to use for this filter.","description_kind":"plain","optional":true},"name":{"type":"string","description":"The name of the attribute to filter on.","description_kind":"plain","required":true},"values":{"type":["set","string"],"description":"The value(s) to be used in the filter.","description_kind":"plain","required":true}},"description_kind":"plain"}}},"description_kind":"plain"}},"linode_vpc_subnet":{"version":0,"block":{"attributes":{"created":{"type":"string","description":"The date and time when the VPC Subnet was created.","description_kind":"plain","computed":true},"databases":{"type":["list",["object",{"id":"number","ipv4_range":"string","ipv6_ranges":["list",["object",{"range":"string"}]]}]],"description_kind":"plain","computed":true},"id":{"type":"string","description":"The id of the VPC Subnet.","description_kind":"plain","required":true},"ipv4":{"type":"string","description":"The IPv4 range of this subnet in CIDR format.","description_kind":"plain","computed":true},"ipv6":{"nested_type":{"attributes":{"range":{"type":"string","description":"An IPv6 range allocated to this subnet.","description_kind":"plain","computed":true}},"nesting_mode":"list"},"description":"The IPv6 ranges of this subnet.","description_kind":"plain","computed":true},"label":{"type":"string","description":"The label of the VPC Subnet.","description_kind":"plain","computed":true},"linodes":{"type":["list",["object",{"id":"number","interfaces":["list",["object",{"active":"bool","config_id":"number","id":"number"}]]}]],"description_kind":"plain","computed":true},"nodebalancers":{"type":["list",["object",{"id":"number","ipv4_range":"string","ipv6_ranges":["list",["object",{"range":"string"}]]}]],"description_kind":"plain","computed":true},"updated":{"type":"string","description":"The date and time when the VPC Subnet was updated.","description_kind":"plain","computed":true},"vpc_id":{"type":"number","description":"The id of the parent VPC for this VPC Subnet","description_kind":"plain","required":true},"vpc_type":{"type":"string","description":"The type of the parent VPC ('regular' or 'rdma'). Omitted if the requesting account does not have access to the GPUDirect RDMA functionality.","description_kind":"plain","computed":true}},"description_kind":"plain"}},"linode_vpc_subnets":{"version":0,"block":{"attributes":{"id":{"type":"string","description":"The data source's unique ID.","description_kind":"plain","computed":true},"vpc_id":{"type":"number","description":"The id of the parent VPC for the list of VPC subnets","description_kind":"plain","required":true},"vpc_subnets":{"nested_type":{"attributes":{"created":{"type":"string","description":"The date and time when the VPC Subnet was created.","description_kind":"plain","computed":true},"databases":{"type":["list",["object",{"id":"number","ipv4_range":"string","ipv6_ranges":["list",["object",{"range":"string"}]]}]],"description_kind":"plain","computed":true},"id":{"type":"number","description":"The id of the VPC Subnet.","description_kind":"plain","computed":true},"ipv4":{"type":"string","description":"The IPv4 range of this subnet in CIDR format.","description_kind":"plain","computed":true},"ipv6":{"nested_type":{"attributes":{"range":{"type":"string","description":"An IPv6 range allocated to this subnet.","description_kind":"plain","computed":true}},"nesting_mode":"list"},"description":"The IPv6 ranges of this subnet.","description_kind":"plain","computed":true},"label":{"type":"string","description":"The label of the VPC Subnet.","description_kind":"plain","computed":true},"linodes":{"type":["list",["object",{"id":"number","interfaces":["list",["object",{"active":"bool","config_id":"number","id":"number"}]]}]],"description_kind":"plain","computed":true},"nodebalancers":{"type":["list",["object",{"id":"number","ipv4_range":"string","ipv6_ranges":["list",["object",{"range":"string"}]]}]],"description_kind":"plain","computed":true},"updated":{"type":"string","description":"The date and time when the VPC Subnet was updated.","description_kind":"plain","computed":true}},"nesting_mode":"list"},"description":"The returned list of subnets under a VPC.","description_kind":"plain","computed":true}},"block_types":{"filter":{"nesting_mode":"set","block":{"attributes":{"match_by":{"type":"string","description":"The type of comparison to use for this filter.","description_kind":"plain","optional":true},"name":{"type":"string","description":"The name of the attribute to filter on.","description_kind":"plain","required":true},"values":{"type":["set","string"],"description":"The value(s) to be used in the filter.","description_kind":"plain","required":true}},"description_kind":"plain"}}},"description_kind":"plain"}},"linode_vpcs":{"version":0,"block":{"attributes":{"id":{"type":"string","description":"The data source's unique ID.","description_kind":"plain","computed":true},"vpcs":{"nested_type":{"attributes":{"created":{"type":"string","description":"The date and time when the VPC was created.","description_kind":"plain","computed":true},"description":{"type":"string","description":"The user-defined description of this VPC.","description_kind":"plain","computed":true},"id":{"type":"string","description":"The id of the VPC.","description_kind":"plain","required":true},"ipv4":{"nested_type":{"attributes":{"range":{"type":"string","description":"The IPv4 range assigned to this VPC.","description_kind":"plain","computed":true}},"nesting_mode":"list"},"description":"The IPv4 configuration of this VPC.","description_kind":"plain","computed":true},"ipv6":{"nested_type":{"attributes":{"range":{"type":"string","description":"The IPv6 range assigned to this VPC.","description_kind":"plain","computed":true}},"nesting_mode":"list"},"description":"The IPv6 configuration of this VPC.","description_kind":"plain","computed":true},"label":{"type":"string","description":"The label of the VPC.","description_kind":"plain","computed":true},"region":{"type":"string","description":"The region of the VPC.","description_kind":"plain","computed":true},"updated":{"type":"string","description":"The date and time when the VPC was updated.","description_kind":"plain","computed":true},"vpc_type":{"type":"string","description":"The type of the VPC ('regular' or 'rdma'). Omitted if the requesting account does not have access to the GPUDirect RDMA functionality.","description_kind":"plain","computed":true}},"nesting_mode":"list"},"description":"The returned list of VPCs.","description_kind":"plain","computed":true}},"block_types":{"filter":{"nesting_mode":"set","block":{"attributes":{"match_by":{"type":"string","description":"The type of comparison to use for this filter.","description_kind":"plain","optional":true},"name":{"type":"string","description":"The name of the attribute to filter on.","description_kind":"plain","required":true},"values":{"type":["set","string"],"description":"The value(s) to be used in the filter.","description_kind":"plain","required":true}},"description_kind":"plain"}}},"description_kind":"plain"}}}}}}
