{"format_version":"1.0","provider_schemas":{"registry.terraform.io/linode/linode":{"provider":{"version":0,"block":{"attributes":{"api_ca_path":{"type":"string","description":"The path to a Linode API CA file to trust.","description_kind":"plain","optional":true},"api_version":{"type":"string","description":"The version of Linode API.","description_kind":"plain","optional":true},"config_path":{"type":"string","description":"The path to the Linode config file to use. (default `~/.config/linode`)","description_kind":"plain","optional":true},"config_profile":{"type":"string","description":"The Linode config profile to use. (default `default`)","description_kind":"plain","optional":true},"disable_internal_cache":{"type":"bool","description":"Disable the internal caching system that backs certain Linode API requests.","description_kind":"plain","optional":true},"event_poll_ms":{"type":"number","description":"The rate in milliseconds to poll for events.","description_kind":"plain","optional":true},"lke_event_poll_ms":{"type":"number","description":"The rate in milliseconds to poll for LKE events.","description_kind":"plain","optional":true},"lke_node_ready_poll_ms":{"type":"number","description":"The rate in milliseconds to poll for an LKE node to be ready.","description_kind":"plain","optional":true},"max_retry_delay_ms":{"type":"number","description":"Maximum delay in milliseconds before retrying a request.","description_kind":"plain","optional":true},"min_retry_delay_ms":{"type":"number","description":"Minimum delay in milliseconds before retrying a request.","description_kind":"plain","optional":true},"obj_access_key":{"type":"string","description":"The access key to be used in linode_object_storage_bucket and linode_object_storage_object.","description_kind":"plain","optional":true},"obj_bucket_force_delete":{"type":"bool","description":"If true, when deleting a linode_object_storage_bucket any objects and versions will be force deleted.","description_kind":"plain","optional":true},"obj_secret_key":{"type":"string","description":"The secret key to be used in linode_object_storage_bucket and linode_object_storage_object.","description_kind":"plain","optional":true,"sensitive":true},"obj_use_temp_keys":{"type":"bool","description":"If true, temporary object keys will be created implicitly at apply-time for the linode_object_storage_object and linode_object_sorage_bucket resource.","description_kind":"plain","optional":true},"skip_implicit_reboots":{"type":"bool","description":"If true, Linode Instances will not be rebooted on config and interface changes.","description_kind":"plain","optional":true},"skip_instance_delete_poll":{"type":"bool","description":"Skip waiting for a linode_instance resource to finish deleting.","description_kind":"plain","optional":true},"skip_instance_ready_poll":{"type":"bool","description":"Skip waiting for a linode_instance resource to be running.","description_kind":"plain","optional":true},"token":{"type":"string","description":"The token that allows you access to your Linode account","description_kind":"plain","optional":true},"ua_prefix":{"type":"string","description":"An HTTP User-Agent Prefix to prepend in API requests.","description_kind":"plain","optional":true},"url":{"type":"string","description":"The HTTP(S) API address of the Linode API to use.","description_kind":"plain","optional":true}},"description_kind":"plain"}},"resource_schemas":{"linode_account_settings":{"version":0,"block":{"attributes":{"backups_enabled":{"type":"bool","description":"Account-wide backups default.","description_kind":"plain","optional":true,"computed":true},"id":{"type":"string","description":"The email of the current account.","description_kind":"plain","computed":true},"longview_subscription":{"type":"string","description":"The Longview Pro tier you are currently subscribed to.","description_kind":"plain","optional":true,"computed":true},"managed":{"type":"bool","description":"Enables monitoring for connectivity, response, and total request time.","description_kind":"plain","computed":true},"network_helper":{"type":"bool","description":"Enables network helper across all users by default for new Linodes and Linode Configs.","description_kind":"plain","optional":true,"computed":true},"object_storage":{"type":"string","description":"A string describing the status of this account's Object Storage service enrollment.","description_kind":"plain","computed":true}},"description_kind":"plain"}},"linode_database_access_controls":{"version":0,"block":{"attributes":{"allow_list":{"type":["set","string"],"description":"A list of IP addresses that can access the Managed Database. Each item can be a single IP address or a range in CIDR format.","description_kind":"plain","required":true},"database_id":{"type":"number","description":"The ID of the database to manage the allow list for.","description_kind":"plain","required":true},"database_type":{"type":"string","description":"The type of the  database to manage the allow list for.","description_kind":"plain","required":true},"id":{"type":"string","description_kind":"plain","optional":true,"computed":true}},"description_kind":"plain"}},"linode_database_mysql":{"version":0,"block":{"attributes":{"allow_list":{"type":["set","string"],"description":"A list of IP addresses that can access the Managed Database. Each item can be a single IP address or a range in CIDR format.","description_kind":"plain","optional":true,"computed":true},"ca_cert":{"type":"string","description":"The base64-encoded SSL CA certificate for the Managed Database instance.","description_kind":"plain","computed":true,"sensitive":true},"cluster_size":{"type":"number","description":"The number of Linode Instance nodes deployed to the Managed Database. Defaults to 1.","description_kind":"plain","optional":true},"created":{"type":"string","description":"When this Managed Database was created.","description_kind":"plain","computed":true},"encrypted":{"type":"bool","description":"Whether the Managed Databases is encrypted.","description_kind":"plain","optional":true},"engine":{"type":"string","description":"The Managed Database engine.","description_kind":"plain","computed":true},"engine_id":{"type":"string","description":"The Managed Database engine in engine/version format. (e.g. mysql/8.0.30)","description_kind":"plain","required":true},"host_primary":{"type":"string","description":"The primary host for the Managed Database.","description_kind":"plain","computed":true},"host_secondary":{"type":"string","description":"The secondary host for the Managed Database.","description_kind":"plain","computed":true},"id":{"type":"string","description_kind":"plain","optional":true,"computed":true},"label":{"type":"string","description":"A unique, user-defined string referring to the Managed Database.","description_kind":"plain","required":true},"region":{"type":"string","description":"The region to use for the Managed Database.","description_kind":"plain","required":true},"replication_type":{"type":"string","description":"The replication method used for the Managed Database.","description_kind":"plain","optional":true},"root_password":{"type":"string","description":"The randomly-generated root password for the Managed Database instance.","description_kind":"plain","computed":true,"sensitive":true},"root_username":{"type":"string","description":"The root username for the Managed Database instance.","description_kind":"plain","computed":true,"sensitive":true},"ssl_connection":{"type":"bool","description":"Whether to require SSL credentials to establish a connection to the Managed Database.","description_kind":"plain","optional":true},"status":{"type":"string","description":"The operating status of the Managed Database.","description_kind":"plain","computed":true},"type":{"type":"string","description":"The Linode Instance type used by the Managed Database for its nodes.","description_kind":"plain","required":true},"updated":{"type":"string","description":"When this Managed Database was last updated.","description_kind":"plain","computed":true},"version":{"type":"string","description":"The Managed Database engine version.","description_kind":"plain","computed":true}},"block_types":{"timeouts":{"nesting_mode":"single","block":{"attributes":{"create":{"type":"string","description_kind":"plain","optional":true},"delete":{"type":"string","description_kind":"plain","optional":true},"update":{"type":"string","description_kind":"plain","optional":true}},"description_kind":"plain"}},"updates":{"nesting_mode":"list","block":{"attributes":{"day_of_week":{"type":"string","description":"The day to perform maintenance.","description_kind":"plain","required":true},"duration":{"type":"number","description":"The maximum maintenance window time in hours.","description_kind":"plain","required":true},"frequency":{"type":"string","description":"Whether maintenance occurs on a weekly or monthly basis.","description_kind":"plain","required":true},"hour_of_day":{"type":"number","description":"The hour to begin maintenance based in UTC time.","description_kind":"plain","required":true},"week_of_month":{"type":"number","description":"The week of the month to perform monthly frequency updates. Required for monthly frequency updates.","description_kind":"plain","optional":true}},"description":"Configuration settings for automated patch update maintenance for the Managed Database.","description_kind":"plain"},"max_items":1}},"description_kind":"plain","deprecated":true}},"linode_database_mysql_v2":{"version":0,"block":{"attributes":{"allow_list":{"type":["set","string"],"description":"A list of IP addresses that can access the Managed Database. Each item can be a single IP address or a range in CIDR format.","description_kind":"plain","optional":true,"computed":true},"ca_cert":{"type":"string","description":"The base64-encoded SSL CA certificate for the Managed Database.","description_kind":"plain","computed":true,"sensitive":true},"cluster_size":{"type":"number","description":"The number of Linode instance nodes deployed to the Managed Database.","description_kind":"plain","optional":true,"computed":true},"created":{"type":"string","description":"When this Managed Database was created.","description_kind":"plain","computed":true},"encrypted":{"type":"bool","description":"Whether the Managed Databases is encrypted.","description_kind":"plain","computed":true},"engine":{"type":"string","description":"The Managed Database engine in engine/version format.","description_kind":"plain","computed":true},"engine_config_binlog_retention_period":{"type":"number","description":"The minimum amount of time in seconds to keep binlog entries before deletion. This may be extended for services that require binlog entries for longer than the default for example if using the MySQL Debezium Kafka connector.","description_kind":"plain","optional":true,"computed":true},"engine_config_mysql_connect_timeout":{"type":"number","description":"The number of seconds that the mysqld server waits for a connect packet before responding with Bad handshake.","description_kind":"plain","optional":true,"computed":true},"engine_config_mysql_default_time_zone":{"type":"string","description":"Default server time zone as an offset from UTC (from -12:00 to +12:00), a time zone name, or 'SYSTEM' to use the MySQL server default.","description_kind":"plain","optional":true,"computed":true},"engine_config_mysql_group_concat_max_len":{"type":"number","description":"The maximum permitted result length in bytes for the GROUP_CONCAT() function.","description_kind":"plain","optional":true,"computed":true},"engine_config_mysql_information_schema_stats_expiry":{"type":"number","description":"The time, in seconds, before cached statistics expire.","description_kind":"plain","optional":true,"computed":true},"engine_config_mysql_innodb_change_buffer_max_size":{"type":"number","description":"Maximum size for the InnoDB change buffer, as a percentage of the total size of the buffer pool. Default is 25.","description_kind":"plain","optional":true,"computed":true},"engine_config_mysql_innodb_flush_neighbors":{"type":"number","description":"Specifies whether flushing a page from the InnoDB buffer pool also flushes other dirty pages in the same extent (default is 1): 0 - dirty pages in the same extent are not flushed, 1 - flush contiguous dirty pages in the same extent, 2 - flush dirty pages in the same extent.","description_kind":"plain","optional":true,"computed":true},"engine_config_mysql_innodb_ft_min_token_size":{"type":"number","description":"Minimum length of words that are stored in an InnoDB FULLTEXT index. Changing this parameter will lead to a restart of the MySQL service.","description_kind":"plain","optional":true,"computed":true},"engine_config_mysql_innodb_ft_server_stopword_table":{"type":"string","description":"This option is used to specify your own InnoDB FULLTEXT index stopword list for all InnoDB tables.","description_kind":"plain","optional":true},"engine_config_mysql_innodb_lock_wait_timeout":{"type":"number","description":"The length of time in seconds an InnoDB transaction waits for a row lock before giving up. Default is 120.","description_kind":"plain","optional":true,"computed":true},"engine_config_mysql_innodb_log_buffer_size":{"type":"number","description":"The size in bytes of the buffer that InnoDB uses to write to the log files on disk.","description_kind":"plain","optional":true,"computed":true},"engine_config_mysql_innodb_online_alter_log_max_size":{"type":"number","description":"The upper limit in bytes on the size of the temporary log files used during online DDL operations for InnoDB tables.","description_kind":"plain","optional":true,"computed":true},"engine_config_mysql_innodb_read_io_threads":{"type":"number","description":"The number of I/O threads for read operations in InnoDB. Default is 4. Changing this parameter will lead to a restart of the MySQL service.","description_kind":"plain","optional":true,"computed":true},"engine_config_mysql_innodb_rollback_on_timeout":{"type":"bool","description":"When enabled a transaction timeout causes InnoDB to abort and roll back the entire transaction. Changing this parameter will lead to a restart of the MySQL service.","description_kind":"plain","optional":true,"computed":true},"engine_config_mysql_innodb_thread_concurrency":{"type":"number","description":"Defines the maximum number of threads permitted inside of InnoDB. Default is 0 (infinite concurrency - no limit).","description_kind":"plain","optional":true,"computed":true},"engine_config_mysql_innodb_write_io_threads":{"type":"number","description":"The number of I/O threads for write operations in InnoDB. Default is 4. Changing this parameter will lead to a restart of the MySQL service.","description_kind":"plain","optional":true,"computed":true},"engine_config_mysql_interactive_timeout":{"type":"number","description":"The number of seconds the server waits for activity on an interactive connection before closing it.","description_kind":"plain","optional":true,"computed":true},"engine_config_mysql_internal_tmp_mem_storage_engine":{"type":"string","description":"The storage engine for in-memory internal temporary tables.","description_kind":"plain","optional":true,"computed":true},"engine_config_mysql_max_allowed_packet":{"type":"number","description":"Size of the largest message in bytes that can be received by the server. Default is 67108864 (64M).","description_kind":"plain","optional":true,"computed":true},"engine_config_mysql_max_heap_table_size":{"type":"number","description":"Limits the size of internal in-memory tables. Also set tmp_table_size. Default is 16777216 (16M).","description_kind":"plain","optional":true,"computed":true},"engine_config_mysql_net_buffer_length":{"type":"number","description":"Start sizes of connection buffer and result buffer. Default is 16384 (16K). Changing this parameter will lead to a restart of the MySQL service.","description_kind":"plain","optional":true,"computed":true},"engine_config_mysql_net_read_timeout":{"type":"number","description":"The number of seconds to wait for more data from a connection before aborting the read.","description_kind":"plain","optional":true,"computed":true},"engine_config_mysql_net_write_timeout":{"type":"number","description":"The number of seconds to wait for a block to be written to a connection before aborting the write.","description_kind":"plain","optional":true,"computed":true},"engine_config_mysql_sort_buffer_size":{"type":"number","description":"Sort buffer size in bytes for ORDER BY optimization. Default is 262144 (256K).","description_kind":"plain","optional":true,"computed":true},"engine_config_mysql_sql_mode":{"type":"string","description":"Global SQL mode. Set to empty to use MySQL server defaults. When creating a new service and not setting this field Aiven default SQL mode (strict, SQL standard compliant) will be assigned.","description_kind":"plain","optional":true,"computed":true},"engine_config_mysql_sql_require_primary_key":{"type":"bool","description":"Require primary key to be defined for new tables or old tables modified with ALTER TABLE and fail if missing. It is recommended to always have primary keys because various functionality may break if any large table is missing them.","description_kind":"plain","optional":true,"computed":true},"engine_config_mysql_tmp_table_size":{"type":"number","description":"Limits the size of internal in-memory tables. Also set max_heap_table_size. Default is 16777216 (16M).","description_kind":"plain","optional":true,"computed":true},"engine_config_mysql_wait_timeout":{"type":"number","description":"The number of seconds the server waits for activity on a noninteractive connection before closing it.","description_kind":"plain","optional":true,"computed":true},"engine_id":{"type":"string","description":"The unique ID of the database engine and version to use. (e.g. mysql/8)","description_kind":"plain","required":true},"fork_restore_time":{"type":"string","description":"The database timestamp from which it was restored.","description_kind":"plain","optional":true,"computed":true},"fork_source":{"type":"number","description":"The ID of the database that was forked from.","description_kind":"plain","optional":true},"host_primary":{"type":"string","description":"The primary host for the Managed Database.","description_kind":"plain","computed":true},"host_secondary":{"type":"string","description":"The secondary/private host for the Managed Database.","description_kind":"plain","computed":true},"id":{"type":"string","description":"The id of the MySQL Database.","description_kind":"plain","computed":true},"label":{"type":"string","description":"A unique, user-defined string referring to the Managed Database.","description_kind":"plain","required":true},"members":{"type":["map","string"],"description":"A mapping between IP addresses and strings designating them as primary or failover.","description_kind":"plain","computed":true},"oldest_restore_time":{"type":"string","description":"The oldest time to which a database can be restored.","description_kind":"plain","computed":true},"pending_updates":{"type":["set",["object",{"deadline":"string","description":"string","planned_for":"string"}]],"description":"A set of pending updates.","description_kind":"plain","computed":true},"platform":{"type":"string","description":"The back-end platform for relational databases used by the service.","description_kind":"plain","computed":true},"port":{"type":"number","description":"The access port for this Managed Database.","description_kind":"plain","computed":true},"region":{"type":"string","description":"The Region ID for the Managed Database.","description_kind":"plain","required":true},"root_password":{"type":"string","description":"The randomly generated root password for the Managed Database instance.","description_kind":"plain","computed":true,"sensitive":true},"root_username":{"type":"string","description":"The root username for the Managed Database instance.","description_kind":"plain","computed":true,"sensitive":true},"ssl_connection":{"type":"bool","description":"Whether to require SSL credentials to establish a connection to the Managed Database.","description_kind":"plain","computed":true},"status":{"type":"string","description":"The operating status of the Managed Database.","description_kind":"plain","computed":true},"suspended":{"type":"bool","description":"Whether this database is suspended.","description_kind":"plain","optional":true,"computed":true},"type":{"type":"string","description":"The Linode Instance type used by the Managed Database for its nodes.\n\n","description_kind":"plain","required":true},"updated":{"type":"string","description":"When this Managed Database was last updated.","description_kind":"plain","computed":true},"updates":{"type":["object",{"day_of_week":"number","duration":"number","frequency":"string","hour_of_day":"number"}],"description":"Configuration settings for automated patch update maintenance for the Managed Database.","description_kind":"plain","optional":true,"computed":true},"version":{"type":"string","description":"The Managed Database engine version.","description_kind":"plain","computed":true}},"block_types":{"timeouts":{"nesting_mode":"single","block":{"attributes":{"create":{"type":"string","description":"A string that can be [parsed as a duration](https://pkg.go.dev/time#ParseDuration) consisting of numbers and unit suffixes, such as \"30s\" or \"2h45m\". Valid time units are \"s\" (seconds), \"m\" (minutes), \"h\" (hours).","description_kind":"plain","optional":true},"delete":{"type":"string","description":"A string that can be [parsed as a duration](https://pkg.go.dev/time#ParseDuration) consisting of numbers and unit suffixes, such as \"30s\" or \"2h45m\". Valid time units are \"s\" (seconds), \"m\" (minutes), \"h\" (hours). Setting a timeout for a Delete operation is only applicable if changes are saved into state before the destroy operation occurs.","description_kind":"plain","optional":true},"update":{"type":"string","description":"A string that can be [parsed as a duration](https://pkg.go.dev/time#ParseDuration) consisting of numbers and unit suffixes, such as \"30s\" or \"2h45m\". Valid time units are \"s\" (seconds), \"m\" (minutes), \"h\" (hours).","description_kind":"plain","optional":true}},"description_kind":"plain"}}},"description_kind":"plain"}},"linode_database_postgresql":{"version":0,"block":{"attributes":{"allow_list":{"type":["set","string"],"description":"A list of IP addresses that can access the Managed Database. Each item can be a single IP address or a range in CIDR format.","description_kind":"plain","optional":true,"computed":true},"ca_cert":{"type":"string","description":"The base64-encoded SSL CA certificate for the Managed Database instance.","description_kind":"plain","computed":true,"sensitive":true},"cluster_size":{"type":"number","description":"The number of Linode Instance nodes deployed to the Managed Database. Defaults to 1.","description_kind":"plain","optional":true},"created":{"type":"string","description":"When this Managed Database was created.","description_kind":"plain","computed":true},"encrypted":{"type":"bool","description":"Whether the Managed Databases is encrypted.","description_kind":"plain","optional":true},"engine":{"type":"string","description":"The Managed Database engine.","description_kind":"plain","computed":true},"engine_id":{"type":"string","description":"The Managed Database engine in engine/version format. (e.g. mysql/8.0.30)","description_kind":"plain","required":true},"host_primary":{"type":"string","description":"The primary host for the Managed Database.","description_kind":"plain","computed":true},"host_secondary":{"type":"string","description":"The secondary host for the Managed Database.","description_kind":"plain","computed":true},"id":{"type":"string","description_kind":"plain","optional":true,"computed":true},"label":{"type":"string","description":"A unique, user-defined string referring to the Managed Database.","description_kind":"plain","required":true},"port":{"type":"number","description":"The access port for this Managed Database.","description_kind":"plain","computed":true},"region":{"type":"string","description":"The region to use for the Managed Database.","description_kind":"plain","required":true},"replication_commit_type":{"type":"string","description":"The synchronization level of the replicating server.Must be `local` or `off` for the `asynch` replication type. Must be `on`, `remote_write`, or `remote_apply` for the `semi_synch` replication type.","description_kind":"plain","optional":true},"replication_type":{"type":"string","description":"The replication method used for the Managed Database. Must be `none` for a single node cluster. Must be `asynch` or `semi_synch` for a high availability cluster.","description_kind":"plain","optional":true},"root_password":{"type":"string","description":"The randomly-generated root password for the Managed Database instance.","description_kind":"plain","computed":true,"sensitive":true},"root_username":{"type":"string","description":"The root username for the Managed Database instance.","description_kind":"plain","computed":true,"sensitive":true},"ssl_connection":{"type":"bool","description":"Whether to require SSL credentials to establish a connection to the Managed Database.","description_kind":"plain","optional":true},"status":{"type":"string","description":"The operating status of the Managed Database.","description_kind":"plain","computed":true},"type":{"type":"string","description":"The Linode Instance type used by the Managed Database for its nodes.","description_kind":"plain","required":true},"updated":{"type":"string","description":"When this Managed Database was last updated.","description_kind":"plain","computed":true},"version":{"type":"string","description":"The Managed Database engine version.","description_kind":"plain","computed":true}},"block_types":{"timeouts":{"nesting_mode":"single","block":{"attributes":{"create":{"type":"string","description_kind":"plain","optional":true},"delete":{"type":"string","description_kind":"plain","optional":true},"update":{"type":"string","description_kind":"plain","optional":true}},"description_kind":"plain"}},"updates":{"nesting_mode":"list","block":{"attributes":{"day_of_week":{"type":"string","description":"The day to perform maintenance.","description_kind":"plain","required":true},"duration":{"type":"number","description":"The maximum maintenance window time in hours.","description_kind":"plain","required":true},"frequency":{"type":"string","description":"Whether maintenance occurs on a weekly or monthly basis.","description_kind":"plain","required":true},"hour_of_day":{"type":"number","description":"The hour to begin maintenance based in UTC time.","description_kind":"plain","required":true},"week_of_month":{"type":"number","description":"The week of the month to perform monthly frequency updates. Required for monthly frequency updates.","description_kind":"plain","optional":true}},"description":"Configuration settings for automated patch update maintenance for the Managed Database.","description_kind":"plain"},"max_items":1}},"description_kind":"plain","deprecated":true}},"linode_database_postgresql_v2":{"version":0,"block":{"attributes":{"allow_list":{"type":["set","string"],"description":"A list of IP addresses that can access the Managed Database. Each item can be a single IP address or a range in CIDR format.","description_kind":"plain","optional":true,"computed":true},"ca_cert":{"type":"string","description":"The base64-encoded SSL CA certificate for the Managed Database.","description_kind":"plain","computed":true,"sensitive":true},"cluster_size":{"type":"number","description":"The number of Linode instance nodes deployed to the Managed Database.","description_kind":"plain","optional":true,"computed":true},"created":{"type":"string","description":"When this Managed Database was created.","description_kind":"plain","computed":true},"encrypted":{"type":"bool","description":"Whether the Managed Databases is encrypted.","description_kind":"plain","computed":true},"engine":{"type":"string","description":"The Managed Database engine in engine/version format.","description_kind":"plain","computed":true},"engine_config_pg_autovacuum_analyze_scale_factor":{"type":"number","description":"Specifies a fraction of the table size to add to autovacuum_analyze_threshold when deciding whether to trigger an ANALYZE. The default is 0.2 (20% of table size)","description_kind":"plain","optional":true,"computed":true},"engine_config_pg_autovacuum_analyze_threshold":{"type":"number","description":"Specifies the minimum number of inserted, updated or deleted tuples needed to trigger an ANALYZE in any one table. The default is 50 tuples.","description_kind":"plain","optional":true,"computed":true},"engine_config_pg_autovacuum_max_workers":{"type":"number","description":"Specifies the maximum number of autovacuum processes (other than the autovacuum launcher) that may be running at any one time. The default is three. This parameter can only be set at server start.","description_kind":"plain","optional":true,"computed":true},"engine_config_pg_autovacuum_naptime":{"type":"number","description":"Specifies the minimum delay between autovacuum runs on any given database. The delay is measured in seconds, and the default is one minute","description_kind":"plain","optional":true,"computed":true},"engine_config_pg_autovacuum_vacuum_cost_delay":{"type":"number","description":"Specifies the cost delay value that will be used in automatic VACUUM operations. If -1 is specified, the regular vacuum_cost_delay value will be used. The default value is 20 milliseconds","description_kind":"plain","optional":true,"computed":true},"engine_config_pg_autovacuum_vacuum_cost_limit":{"type":"number","description":"Specifies the cost limit value that will be used in automatic VACUUM operations. If -1 is specified (which is the default), the regular vacuum_cost_limit value will be used.","description_kind":"plain","optional":true,"computed":true},"engine_config_pg_autovacuum_vacuum_scale_factor":{"type":"number","description":"Specifies a fraction of the table size to add to autovacuum_vacuum_threshold when deciding whether to trigger a VACUUM. The default is 0.2 (20% of table size)","description_kind":"plain","optional":true,"computed":true},"engine_config_pg_autovacuum_vacuum_threshold":{"type":"number","description":"Specifies the minimum number of updated or deleted tuples needed to trigger a VACUUM in any one table. The default is 50 tuples","description_kind":"plain","optional":true,"computed":true},"engine_config_pg_bgwriter_delay":{"type":"number","description":"Specifies the delay between activity rounds for the background writer in milliseconds. Default is 200.","description_kind":"plain","optional":true,"computed":true},"engine_config_pg_bgwriter_flush_after":{"type":"number","description":"Whenever more than bgwriter_flush_after bytes have been written by the background writer, attempt to force the OS to issue these writes to the underlying storage. Specified in kilobytes, default is 512. Setting of 0 disables forced writeback.","description_kind":"plain","optional":true,"computed":true},"engine_config_pg_bgwriter_lru_maxpages":{"type":"number","description":"In each round, no more than this many buffers will be written by the background writer. Setting this to zero disables background writing. Default is 100.","description_kind":"plain","optional":true,"computed":true},"engine_config_pg_bgwriter_lru_multiplier":{"type":"number","description":"The average recent need for new buffers is multiplied by bgwriter_lru_multiplier to arrive at an estimate of the number that will be needed during the next round, (up to bgwriter_lru_maxpages). 1.0 represents a “just in time” policy of writing exactly the number of buffers predicted to be needed. Larger values provide some cushion against spikes in demand, while smaller values intentionally leave writes to be done by server processes. The default is 2.0.","description_kind":"plain","optional":true,"computed":true},"engine_config_pg_deadlock_timeout":{"type":"number","description":"This is the amount of time, in milliseconds, to wait on a lock before checking to see if there is a deadlock condition.","description_kind":"plain","optional":true,"computed":true},"engine_config_pg_default_toast_compression":{"type":"string","description":"Specifies the default TOAST compression method for values of compressible columns (the default is lz4).","description_kind":"plain","optional":true,"computed":true},"engine_config_pg_idle_in_transaction_session_timeout":{"type":"number","description":"Time out sessions with open transactions after this number of milliseconds","description_kind":"plain","optional":true,"computed":true},"engine_config_pg_jit":{"type":"bool","description":"Controls system-wide use of Just-in-Time Compilation (JIT).","description_kind":"plain","optional":true,"computed":true},"engine_config_pg_max_files_per_process":{"type":"number","description":"PostgreSQL maximum number of files that can be open per process","description_kind":"plain","optional":true,"computed":true},"engine_config_pg_max_locks_per_transaction":{"type":"number","description":"PostgreSQL maximum locks per transaction","description_kind":"plain","optional":true,"computed":true},"engine_config_pg_max_logical_replication_workers":{"type":"number","description":"PostgreSQL maximum logical replication workers (taken from the pool of max_parallel_workers)","description_kind":"plain","optional":true,"computed":true},"engine_config_pg_max_parallel_workers":{"type":"number","description":"Sets the maximum number of workers that the system can support for parallel queries","description_kind":"plain","optional":true,"computed":true},"engine_config_pg_max_parallel_workers_per_gather":{"type":"number","description":"Sets the maximum number of workers that can be started by a single Gather or Gather Merge node","description_kind":"plain","optional":true,"computed":true},"engine_config_pg_max_pred_locks_per_transaction":{"type":"number","description":"PostgreSQL maximum predicate locks per transaction","description_kind":"plain","optional":true,"computed":true},"engine_config_pg_max_replication_slots":{"type":"number","description":"PostgreSQL maximum replication slots","description_kind":"plain","optional":true,"computed":true},"engine_config_pg_max_slot_wal_keep_size":{"type":"number","description":"PostgreSQL maximum WAL size (MB) reserved for replication slots. Default is -1 (unlimited). wal_keep_size minimum WAL size setting takes precedence over this.","description_kind":"plain","optional":true,"computed":true},"engine_config_pg_max_stack_depth":{"type":"number","description":"Maximum depth of the stack in bytes","description_kind":"plain","optional":true,"computed":true},"engine_config_pg_max_standby_archive_delay":{"type":"number","description":"Max standby archive delay in milliseconds","description_kind":"plain","optional":true,"computed":true},"engine_config_pg_max_standby_streaming_delay":{"type":"number","description":"Max standby streaming delay in milliseconds","description_kind":"plain","optional":true,"computed":true},"engine_config_pg_max_wal_senders":{"type":"number","description":"PostgreSQL maximum WAL senders","description_kind":"plain","optional":true,"computed":true},"engine_config_pg_max_worker_processes":{"type":"number","description":"Sets the maximum number of background processes that the system can support","description_kind":"plain","optional":true,"computed":true},"engine_config_pg_password_encryption":{"type":"string","description":"Chooses the algorithm for encrypting passwords.","description_kind":"plain","optional":true,"computed":true},"engine_config_pg_pg_partman_bgw_interval":{"type":"number","description":"Sets the time interval to run pg_partman's scheduled tasks","description_kind":"plain","optional":true,"computed":true},"engine_config_pg_pg_partman_bgw_role":{"type":"string","description":"Controls which role to use for pg_partman's scheduled background tasks.","description_kind":"plain","optional":true,"computed":true},"engine_config_pg_pg_stat_monitor_pgsm_enable_query_plan":{"type":"bool","description":"Enables or disables query plan monitoring","description_kind":"plain","optional":true,"computed":true},"engine_config_pg_pg_stat_monitor_pgsm_max_buckets":{"type":"number","description":"Sets the maximum number of buckets","description_kind":"plain","optional":true,"computed":true},"engine_config_pg_pg_stat_statements_track":{"type":"string","description":"Controls which statements are counted. Specify top to track top-level statements (those issued directly by clients), all to also track nested statements (such as statements invoked within functions), or none to disable statement statistics collection. The default value is top.","description_kind":"plain","optional":true,"computed":true},"engine_config_pg_stat_monitor_enable":{"type":"bool","description":"Enable the pg_stat_monitor extension. Enabling this extension will cause the cluster to be restarted. When this extension is enabled, pg_stat_statements results for utility commands are unreliable.","description_kind":"plain","optional":true,"computed":true},"engine_config_pg_temp_file_limit":{"type":"number","description":"PostgreSQL temporary file limit in KiB, -1 for unlimited","description_kind":"plain","optional":true,"computed":true},"engine_config_pg_timezone":{"type":"string","description":"PostgreSQL service timezone","description_kind":"plain","optional":true,"computed":true},"engine_config_pg_track_activity_query_size":{"type":"number","description":"Specifies the number of bytes reserved to track the currently executing command for each active session.","description_kind":"plain","optional":true,"computed":true},"engine_config_pg_track_commit_timestamp":{"type":"string","description":"Record commit time of transactions.","description_kind":"plain","optional":true,"computed":true},"engine_config_pg_track_functions":{"type":"string","description":"Enables tracking of function call counts and time used.","description_kind":"plain","optional":true,"computed":true},"engine_config_pg_track_io_timing":{"type":"string","description":"Enables timing of database I/O calls. This parameter is off by default, because it will repeatedly query the operating system for the current time, which may cause significant overhead on some platforms.","description_kind":"plain","optional":true,"computed":true},"engine_config_pg_wal_sender_timeout":{"type":"number","description":"Terminate replication connections that are inactive for longer than this amount of time, in milliseconds. Setting this value to zero disables the timeout.","description_kind":"plain","optional":true,"computed":true},"engine_config_pg_wal_writer_delay":{"type":"number","description":"WAL flush interval in milliseconds. Note that setting this value to lower than the default 200ms may negatively impact performance.","description_kind":"plain","optional":true,"computed":true},"engine_config_pglookout_max_failover_replication_time_lag":{"type":"number","description":"Number of seconds of master unavailability before triggering database failover to standby.","description_kind":"plain","optional":true,"computed":true},"engine_config_shared_buffers_percentage":{"type":"number","description":"Percentage of total RAM that the database server uses for shared memory buffers. Valid range is 20-60 (float), which corresponds to 20% - 60%. This setting adjusts the shared_buffers configuration value.","description_kind":"plain","optional":true,"computed":true},"engine_config_work_mem":{"type":"number","description":"Sets the maximum amount of memory to be used by a query operation (such as a sort or hash table) before writing to temporary disk files, in MB. Default is 1MB + 0.075% of total RAM (up to 32MB).","description_kind":"plain","optional":true,"computed":true},"engine_id":{"type":"string","description":"The unique ID of the database engine and version to use. (e.g. postgresql/16)","description_kind":"plain","required":true},"fork_restore_time":{"type":"string","description":"The database timestamp from which it was restored.","description_kind":"plain","optional":true,"computed":true},"fork_source":{"type":"number","description":"The ID of the database that was forked from.","description_kind":"plain","optional":true},"host_primary":{"type":"string","description":"The primary host for the Managed Database.","description_kind":"plain","computed":true},"host_secondary":{"type":"string","description":"The secondary/private host for the Managed Database.","description_kind":"plain","computed":true},"id":{"type":"string","description":"The id of the PostgreSQL Database.","description_kind":"plain","computed":true},"label":{"type":"string","description":"A unique, user-defined string referring to the Managed Database.","description_kind":"plain","required":true},"members":{"type":["map","string"],"description":"A mapping between IP addresses and strings designating them as primary or failover.","description_kind":"plain","computed":true},"oldest_restore_time":{"type":"string","description":"The oldest time to which a database can be restored.","description_kind":"plain","computed":true},"pending_updates":{"type":["set",["object",{"deadline":"string","description":"string","planned_for":"string"}]],"description":"A set of pending updates.","description_kind":"plain","computed":true},"platform":{"type":"string","description":"The back-end platform for relational databases used by the service.","description_kind":"plain","computed":true},"port":{"type":"number","description":"The access port for this Managed Database.","description_kind":"plain","computed":true},"region":{"type":"string","description":"The Region ID for the Managed Database.","description_kind":"plain","required":true},"root_password":{"type":"string","description":"The randomly generated root password for the Managed Database instance.","description_kind":"plain","computed":true,"sensitive":true},"root_username":{"type":"string","description":"The root username for the Managed Database instance.","description_kind":"plain","computed":true,"sensitive":true},"ssl_connection":{"type":"bool","description":"Whether to require SSL credentials to establish a connection to the Managed Database.","description_kind":"plain","computed":true},"status":{"type":"string","description":"The operating status of the Managed Database.","description_kind":"plain","computed":true},"suspended":{"type":"bool","description":"Whether this database is suspended.","description_kind":"plain","optional":true,"computed":true},"type":{"type":"string","description":"The Linode Instance type used by the Managed Database for its nodes.\n\n","description_kind":"plain","required":true},"updated":{"type":"string","description":"When this Managed Database was last updated.","description_kind":"plain","computed":true},"updates":{"type":["object",{"day_of_week":"number","duration":"number","frequency":"string","hour_of_day":"number"}],"description":"Configuration settings for automated patch update maintenance for the Managed Database.","description_kind":"plain","optional":true,"computed":true},"version":{"type":"string","description":"The Managed Database engine version.","description_kind":"plain","computed":true}},"block_types":{"timeouts":{"nesting_mode":"single","block":{"attributes":{"create":{"type":"string","description":"A string that can be [parsed as a duration](https://pkg.go.dev/time#ParseDuration) consisting of numbers and unit suffixes, such as \"30s\" or \"2h45m\". Valid time units are \"s\" (seconds), \"m\" (minutes), \"h\" (hours).","description_kind":"plain","optional":true},"delete":{"type":"string","description":"A string that can be [parsed as a duration](https://pkg.go.dev/time#ParseDuration) consisting of numbers and unit suffixes, such as \"30s\" or \"2h45m\". Valid time units are \"s\" (seconds), \"m\" (minutes), \"h\" (hours). Setting a timeout for a Delete operation is only applicable if changes are saved into state before the destroy operation occurs.","description_kind":"plain","optional":true},"update":{"type":"string","description":"A string that can be [parsed as a duration](https://pkg.go.dev/time#ParseDuration) consisting of numbers and unit suffixes, such as \"30s\" or \"2h45m\". Valid time units are \"s\" (seconds), \"m\" (minutes), \"h\" (hours).","description_kind":"plain","optional":true}},"description_kind":"plain"}}},"description_kind":"plain"}},"linode_domain":{"version":0,"block":{"attributes":{"axfr_ips":{"type":["set","string"],"description":"The list of IPs that may perform a zone transfer for this Domain. This is potentially dangerous, and should be set to an empty list unless you intend to use it.","description_kind":"plain","optional":true},"description":{"type":"string","description":"A description for this Domain. This is for display purposes only.","description_kind":"plain","optional":true},"domain":{"type":"string","description":"The domain this Domain represents. These must be unique in our system; you cannot have two Domains representing the same domain.","description_kind":"plain","required":true},"expire_sec":{"type":"number","description":"The amount of time in seconds that may pass before this Domain is no longer Valid values are 0, 30, 120, 300, 3600, 7200, 14400, 28800, 57600, 86400, 172800, 345600, 604800, 1209600, and 2419200 - any other value will be rounded to the nearest valid value.","description_kind":"plain","optional":true},"group":{"type":"string","description":"The group this Domain belongs to. This is for display purposes only.","description_kind":"plain","optional":true},"id":{"type":"string","description_kind":"plain","optional":true,"computed":true},"master_ips":{"type":["set","string"],"description":"The IP addresses representing the master DNS for this Domain.","description_kind":"plain","optional":true},"refresh_sec":{"type":"number","description":"The amount of time in seconds before this Domain should be refreshed. Valid values are 0, 30, 120, 300, 3600, 7200, 14400, 28800, 57600, 86400, 172800, 345600, 604800, 1209600, and 2419200 - any other value will be rounded to the nearest valid value.","description_kind":"plain","optional":true},"retry_sec":{"type":"number","description":"The interval, in seconds, at which a failed refresh should be retried. Valid values are 0, 30, 120, 300, 3600, 7200, 14400, 28800, 57600, 86400, 172800, 345600, 604800, 1209600, and 2419200 - any other value will be rounded to the nearest valid value.","description_kind":"plain","optional":true},"soa_email":{"type":"string","description":"Start of Authority email address. This is required for master Domains.","description_kind":"plain","optional":true},"status":{"type":"string","description":"Used to control whether this Domain is currently being rendered.","description_kind":"plain","optional":true,"computed":true},"tags":{"type":["set","string"],"description":"An array of tags applied to this object. Tags are for organizational purposes only.","description_kind":"plain","optional":true,"computed":true},"ttl_sec":{"type":"number","description":"'Time to Live' - the amount of time in seconds that this Domain's records may be cached by resolvers or other domain servers. Valid values are 0, 30, 120, 300, 3600, 7200, 14400, 28800, 57600, 86400, 172800, 345600, 604800, 1209600, and 2419200 - any other value will be rounded to the nearest valid value.","description_kind":"plain","optional":true},"type":{"type":"string","description":"If this Domain represents the authoritative source of information for the domain it describes, or if it is a read-only copy of a master (also called a slave).","description_kind":"plain","required":true}},"description_kind":"plain"}},"linode_domain_record":{"version":0,"block":{"attributes":{"domain_id":{"type":"number","description":"The ID of the Domain to access.","description_kind":"plain","required":true},"id":{"type":"string","description_kind":"plain","optional":true,"computed":true},"name":{"type":"string","description":"The name of this Record. This field's actual usage depends on the type of record this represents. For A and AAAA records, this is the subdomain being associated with an IP address. Generated for SRV records.","description_kind":"plain","optional":true,"computed":true},"port":{"type":"number","description":"The port this Record points to.","description_kind":"plain","optional":true},"priority":{"type":"number","description":"The priority of the target host. Lower values are preferred.","description_kind":"plain","optional":true},"protocol":{"type":"string","description":"The protocol this Record's service communicates with. Only valid for SRV records.","description_kind":"plain","optional":true},"record_type":{"type":"string","description":"The type of Record this is in the DNS system. For example, A records associate a domain name with an IPv4 address, and AAAA records associate a domain name with an IPv6 address.","description_kind":"plain","required":true},"service":{"type":"string","description":"The service this Record identified. Only valid for SRV records.","description_kind":"plain","optional":true},"tag":{"type":"string","description":"The tag portion of a CAA record. It is invalid to set this on other record types.","description_kind":"plain","optional":true},"target":{"type":"string","description":"The target for this Record. This field's actual usage depends on the type of record this represents. For A and AAAA records, this is the address the named Domain should resolve to.","description_kind":"plain","required":true},"ttl_sec":{"type":"number","description":"'Time to Live' - the amount of time in seconds that this Domain's records may be cached by resolvers or other domain servers. Valid values are 30, 120, 300, 3600, 7200, 14400, 28800, 57600, 86400, 172800, 345600, 604800, 1209600, and 2419200 - any other value will be rounded to the nearest valid value.","description_kind":"plain","optional":true},"weight":{"type":"number","description":"The relative weight of this Record. Higher values are preferred.","description_kind":"plain","optional":true}},"description_kind":"plain"}},"linode_firewall":{"version":0,"block":{"attributes":{"created":{"type":"string","description":"When this firewall was created","description_kind":"plain","computed":true},"devices":{"type":["list",["object",{"entity_id":"number","id":"number","label":"string","type":"string","url":"string"}]],"description":"The devices associated with this firewall.","description_kind":"plain","computed":true},"disabled":{"type":"bool","description":"If true, the Firewall is inactive.","description_kind":"plain","optional":true,"computed":true},"id":{"type":"string","description":"The unique ID of this Object Storage key.","description_kind":"plain","computed":true},"inbound_policy":{"type":"string","description":"The default behavior for inbound traffic. This setting can be overridden by updating the inbound.action property for an individual Firewall Rule.","description_kind":"plain","required":true},"label":{"type":"string","description":"The label for the Firewall. For display purposes only. If no label is provided, a default will be assigned.","description_kind":"plain","required":true},"linodes":{"type":["set","number"],"description":"The IDs of Linodes to apply this firewall to.","description_kind":"plain","optional":true,"computed":true},"nodebalancers":{"type":["set","number"],"description":"The IDs of NodeBalancers to apply this firewall to.","description_kind":"plain","optional":true,"computed":true},"outbound_policy":{"type":"string","description":"The default behavior for outbound traffic. This setting can be overridden by updating the outbound.action property for an individual Firewall Rule.","description_kind":"plain","required":true},"status":{"type":"string","description":"The status of the firewall.","description_kind":"plain","computed":true},"tags":{"type":["set","string"],"description":"An array of tags applied to the firewall. Tags are for organizational purposes only.","description_kind":"plain","optional":true,"computed":true},"updated":{"type":"string","description":"When this firewall was last updated","description_kind":"plain","computed":true}},"block_types":{"inbound":{"nesting_mode":"list","block":{"attributes":{"action":{"type":"string","description":"Controls whether traffic is accepted or dropped by this rule. Overrides the Firewall's inbound_policy if this is an inbound rule, or the outbound_policy if this is an outbound rule.","description_kind":"plain","required":true},"description":{"type":"string","description":"Used to describe this rule. For display purposes only.","description_kind":"plain","optional":true,"computed":true},"ipv4":{"type":["list","string"],"description":"A list of CIDR blocks or 0.0.0.0/0 (to allow all) this rule applies to.","description_kind":"plain","optional":true},"ipv6":{"type":["list","string"],"description":"A list of IPv6 addresses or networks this rule applies to.","description_kind":"plain","optional":true},"label":{"type":"string","description":"Used to identify this rule. For display purposes only.","description_kind":"plain","required":true},"ports":{"type":"string","description":"A string representation of ports and/or port ranges (i.e. \"443\" or \"80-90, 91\").","description_kind":"plain","optional":true},"protocol":{"type":"string","description":"The network protocol this rule controls.","description_kind":"plain","required":true}},"description":"A firewall rule that specifies what inbound network traffic is allowed.","description_kind":"plain"}},"outbound":{"nesting_mode":"list","block":{"attributes":{"action":{"type":"string","description":"Controls whether traffic is accepted or dropped by this rule. Overrides the Firewall's inbound_policy if this is an inbound rule, or the outbound_policy if this is an outbound rule.","description_kind":"plain","required":true},"description":{"type":"string","description":"Used to describe this rule. For display purposes only.","description_kind":"plain","optional":true,"computed":true},"ipv4":{"type":["list","string"],"description":"A list of CIDR blocks or 0.0.0.0/0 (to allow all) this rule applies to.","description_kind":"plain","optional":true},"ipv6":{"type":["list","string"],"description":"A list of IPv6 addresses or networks this rule applies to.","description_kind":"plain","optional":true},"label":{"type":"string","description":"Used to identify this rule. For display purposes only.","description_kind":"plain","required":true},"ports":{"type":"string","description":"A string representation of ports and/or port ranges (i.e. \"443\" or \"80-90, 91\").","description_kind":"plain","optional":true},"protocol":{"type":"string","description":"The network protocol this rule controls.","description_kind":"plain","required":true}},"description":"A firewall rule that specifies what outbound network traffic is allowed.","description_kind":"plain"}}},"description_kind":"plain"}},"linode_firewall_device":{"version":0,"block":{"attributes":{"created":{"type":"string","description":"When this Firewall Device was created.","description_kind":"plain","computed":true},"entity_id":{"type":"number","description":"The ID of the entity to create a Firewall device for.","description_kind":"plain","required":true},"entity_type":{"type":"string","description":"The type of the entity to create a Firewall device for.","description_kind":"plain","optional":true,"computed":true},"firewall_id":{"type":"number","description":"The ID of the Firewall to access.","description_kind":"plain","required":true},"id":{"type":"string","description":"The unique ID that represents the firewall device in the Terraform state.","description_kind":"plain","computed":true},"updated":{"type":"string","description":"When this Firewall Device was updated.","description_kind":"plain","computed":true}},"description_kind":"plain"}},"linode_image":{"version":0,"block":{"attributes":{"capabilities":{"type":["list","string"],"description":"The capabilities of this Image.","description_kind":"plain","computed":true},"cloud_init":{"type":"bool","description":"Whether this image supports cloud-init.","description_kind":"plain","optional":true,"computed":true},"created":{"type":"string","description":"When this Image was created.","description_kind":"plain","computed":true},"created_by":{"type":"string","description":"The name of the User who created this Image.","description_kind":"plain","computed":true},"deprecated":{"type":"bool","description":"Whether or not this Image is deprecated. Will only be True for deprecated public Images.","description_kind":"plain","computed":true},"description":{"type":"string","description":"A detailed description of this Image.","description_kind":"plain","optional":true},"disk_id":{"type":"number","description":"The ID of the Linode Disk that this Image will be created from.","description_kind":"plain","optional":true},"expiry":{"type":"string","description":"Only Images created automatically (from a deleted Linode; type=automatic) will expire.","description_kind":"plain","computed":true},"file_hash":{"type":"string","description":"The MD5 hash of the image file.","description_kind":"plain","optional":true},"file_path":{"type":"string","description":"The name of the file to upload to this image.","description_kind":"plain","optional":true},"id":{"type":"string","description":"The ID of the Linode image.","description_kind":"plain","computed":true},"is_public":{"type":"bool","description":"True if the Image is public.","description_kind":"plain","computed":true},"label":{"type":"string","description":"A short description of the Image. Labels cannot contain special characters.","description_kind":"plain","required":true},"linode_id":{"type":"number","description":"The ID of the Linode that this Image will be created from.","description_kind":"plain","optional":true},"region":{"type":"string","description":"The region to upload to.","description_kind":"plain","optional":true},"replica_regions":{"type":["list","string"],"description":"A list of regions that customer wants to replicate this image in. At least one available region is required and only core regions allowed. Existing images in the regions not passed will be removed.","description_kind":"plain","optional":true},"replications":{"type":["list",["object",{"region":"string","status":"string"}]],"description":"A list of image replications region and corresponding status.","description_kind":"plain","computed":true},"size":{"type":"number","description":"The minimum size this Image needs to deploy. Size is in MB.","description_kind":"plain","computed":true},"status":{"type":"string","description":"The current status of this Image.","description_kind":"plain","computed":true},"tags":{"type":["list","string"],"description":"The customized tags for the image.","description_kind":"plain","optional":true,"computed":true},"total_size":{"type":"number","description":"The total size of the image in all available regions.","description_kind":"plain","computed":true},"type":{"type":"string","description":"How the Image was created. 'Manual' Images can be created at any time. 'Automatic' images are created automatically from a deleted Linode.","description_kind":"plain","computed":true},"vendor":{"type":"string","description":"The upstream distribution vendor. Nil for private Images.","description_kind":"plain","computed":true},"wait_for_replications":{"type":"bool","description":"Whether to wait for all image replications become `available`.","description_kind":"plain","optional":true,"computed":true}},"block_types":{"timeouts":{"nesting_mode":"single","block":{"attributes":{"create":{"type":"string","description":"A string that can be [parsed as a duration](https://pkg.go.dev/time#ParseDuration) consisting of numbers and unit suffixes, such as \"30s\" or \"2h45m\". Valid time units are \"s\" (seconds), \"m\" (minutes), \"h\" (hours).","description_kind":"plain","optional":true}},"description_kind":"plain"}}},"description_kind":"plain"}},"linode_instance":{"version":0,"block":{"attributes":{"authorized_keys":{"type":["list","string"],"description":"A list of SSH public keys to deploy for the root user on the newly created Linode. Only accepted if 'image' is provided.","description_kind":"plain","optional":true},"authorized_users":{"type":["list","string"],"description":"A list of Linode usernames. If the usernames have associated SSH keys, the keys will be appended to the `root` user's `~/.ssh/authorized_keys` file automatically. Only accepted if 'image' is provided.","description_kind":"plain","optional":true},"backup_id":{"type":"number","description":"A Backup ID from another Linode's available backups. Your User must have read_write access to that Linode, the Backup must have a status of successful, and the Linode must be deployed to the same region as the Backup. See /linode/instances/{linodeId}/backups for a Linode's available backups. This field and the image field are mutually exclusive.","description_kind":"plain","optional":true},"backups":{"type":["list",["object",{"available":"bool","enabled":"bool","schedule":["list",["object",{"day":"string","window":"string"}]]}]],"description":"Information about this Linode's backups status.","description_kind":"plain","computed":true},"backups_enabled":{"type":"bool","description":"If this field is set to true, the created Linode will automatically be enrolled in the Linode Backup service. This will incur an additional charge. The cost for the Backup service is dependent on the Type of Linode deployed.","description_kind":"plain","optional":true,"computed":true},"boot_config_label":{"type":"string","description":"The Label of the Instance Config that should be used to boot the Linode instance.","description_kind":"plain","optional":true,"computed":true},"booted":{"type":"bool","description_kind":"plain","optional":true,"computed":true},"capabilities":{"type":["set","string"],"description":"A list of capabilities of this Linode instance.","description_kind":"plain","computed":true},"disk_encryption":{"type":"string","description":"The disk encryption policy for this Instance. NOTE: Disk encryption may not currently be available to all users.","description_kind":"plain","optional":true,"computed":true},"firewall_id":{"type":"number","description":"The ID of the firewall applied to the Linode instance during creation.","description_kind":"plain","optional":true},"group":{"type":"string","description":"The display group of the Linode instance.","description_kind":"plain","deprecated":true,"optional":true},"has_user_data":{"type":"bool","description":"Whether or not this Instance was created with user-data.","description_kind":"plain","computed":true},"host_uuid":{"type":"string","description":"The Linode’s host machine, as a UUID.","description_kind":"plain","computed":true},"id":{"type":"string","description_kind":"plain","optional":true,"computed":true},"image":{"type":"string","description":"An Image ID to deploy the Disk from. Official Linode Images start with linode/, while your Images start with private/. See /images for more information on the Images available for you to use.","description_kind":"plain","optional":true},"ip_address":{"type":"string","description":"This Linode's Public IPv4 Address. If there are multiple public IPv4 addresses on this Instance, an arbitrary address will be used for this field.","description_kind":"plain","deprecated":true,"computed":true},"ipv4":{"type":["set","string"],"description":"This Linode's IPv4 Addresses. Each Linode is assigned a single public IPv4 address upon creation, and may get a single private IPv4 address if needed. You could pass a reserved IPv4 address here to create a linode with a particular reserved IP address. You may need to open a support ticket to get additional IPv4 addresses.","description_kind":"plain","optional":true,"computed":true},"ipv6":{"type":"string","description":"This Linode's IPv6 SLAAC addresses. This address is specific to a Linode, and may not be shared.","description_kind":"plain","computed":true},"label":{"type":"string","description":"The Linode's label is for display purposes only. If no label is provided for a Linode, a default will be assigned","description_kind":"plain","optional":true,"computed":true},"lke_cluster_id":{"type":"number","description":"If applicable, the ID of the LKE cluster this Instance is a node of.","description_kind":"plain","computed":true},"migration_type":{"type":"string","description":"The type of migration to use for resize and migration operations.","description_kind":"plain","optional":true},"placement_group_externally_managed":{"type":"bool","description":"If true, this placement group's assignment is externally managed and will NOT be updated by this resource.","description_kind":"plain","optional":true},"private_ip":{"type":"bool","description":"If true, the created Linode will have private networking enabled, allowing use of the 192.168.128.0/17 network within the Linode's region.","description_kind":"plain","optional":true},"private_ip_address":{"type":"string","description":"This Linode's Private IPv4 Address.  The regional private IP address range is 192.168.128/17 address shared by all Linode Instances in a region.","description_kind":"plain","computed":true},"region":{"type":"string","description":"This is the location where the Linode was deployed. This cannot be changed without opening a support ticket.","description_kind":"plain","required":true},"resize_disk":{"type":"bool","description":"If true, changes in Linode type will attempt to upsize or downsize implicitly created disks. This must be false if explicit disks are defined. This is an irreversible action as Linode disks cannot be automatically downsized.","description_kind":"plain","optional":true},"root_pass":{"type":"string","description":"The password that will be initially assigned to the 'root' user account.","description_kind":"plain","optional":true,"sensitive":true},"shared_ipv4":{"type":["set","string"],"description":"A set of IPv4 addresses to share with this Linode.","description_kind":"plain","optional":true,"computed":true},"specs":{"type":["list",["object",{"accelerated_devices":"number","disk":"number","gpus":"number","memory":"number","transfer":"number","vcpus":"number"}]],"description":"Information about the resources available to this Linode.","description_kind":"plain","computed":true},"stackscript_data":{"type":["map","string"],"description":"An object containing responses to any User Defined Fields present in the StackScript being deployed to this Linode. Only accepted if 'stackscript_id' is given. The required values depend on the StackScript being deployed.","description_kind":"plain","optional":true,"sensitive":true},"stackscript_id":{"type":"number","description":"The StackScript to deploy to the newly created Linode. If provided, 'image' must also be provided, and must be an Image that is compatible with this StackScript.","description_kind":"plain","optional":true},"status":{"type":"string","description":"The status of the instance, indicating the current readiness state.","description_kind":"plain","computed":true},"swap_size":{"type":"number","description":"When deploying from an Image, this field is optional with a Linode API default of 512mb, otherwise it is ignored. This is used to set the swap disk size for the newly-created Linode.","description_kind":"plain","optional":true,"computed":true},"tags":{"type":["set","string"],"description":"An array of tags applied to this object. Tags are for organizational purposes only.","description_kind":"plain","optional":true,"computed":true},"type":{"type":"string","description":"The type of instance to be deployed, determining the price and size.","description_kind":"plain","optional":true},"watchdog_enabled":{"type":"bool","description":"The watchdog, named Lassie, is a Shutdown Watchdog that monitors your Linode and will reboot it if it powers off unexpectedly. It works by issuing a boot job when your Linode powers off without a shutdown job being responsible. To prevent a loop, Lassie will give up if there have been more than 5 boot jobs issued within 15 minutes.","description_kind":"plain","optional":true}},"block_types":{"alerts":{"nesting_mode":"list","block":{"attributes":{"cpu":{"type":"number","description":"The percentage of CPU usage required to trigger an alert. If the average CPU usage over two hours exceeds this value, we'll send you an alert. If this is set to 0, the alert is disabled.","description_kind":"plain","optional":true,"computed":true},"io":{"type":"number","description":"The amount of disk IO operation per second required to trigger an alert. If the average disk IO over two hours exceeds this value, we'll send you an alert. If set to 0, this alert is disabled.","description_kind":"plain","optional":true,"computed":true},"network_in":{"type":"number","description":"The amount of incoming traffic, in Mbit/s, required to trigger an alert. If the average incoming traffic over two hours exceeds this value, we'll send you an alert. If this is set to 0 (zero), the alert is disabled.","description_kind":"plain","optional":true,"computed":true},"network_out":{"type":"number","description":"The amount of outbound traffic, in Mbit/s, required to trigger an alert. If the average outbound traffic over two hours exceeds this value, we'll send you an alert. If this is set to 0 (zero), the alert is disabled.","description_kind":"plain","optional":true,"computed":true},"transfer_quota":{"type":"number","description":"The percentage of network transfer that may be used before an alert is triggered. When this value is exceeded, we'll alert you. If this is set to 0 (zero), the alert is disabled.","description_kind":"plain","optional":true,"computed":true}},"description":"Configuration options for alert triggers on this Linode.","description_kind":"plain"},"max_items":1},"config":{"nesting_mode":"list","block":{"attributes":{"comments":{"type":"string","description":"Optional field for arbitrary User comments on this Config.","description_kind":"plain","optional":true},"id":{"type":"number","description":"The unique ID of this Config.","description_kind":"plain","computed":true},"kernel":{"type":"string","description":"A Kernel ID to boot a Linode with. Default is based on image choice. (examples: linode/latest-64bit, linode/grub2, linode/direct-disk)","description_kind":"plain","optional":true},"label":{"type":"string","description":"The Config's label for display purposes.  Also used by `boot_config_label`.","description_kind":"plain","required":true},"memory_limit":{"type":"number","description":"Defaults to the total RAM of the Linode","description_kind":"plain","optional":true},"root_device":{"type":"string","description":"The root device to boot. The corresponding disk must be attached.","description_kind":"plain","optional":true,"computed":true},"run_level":{"type":"string","description":"Defines the state of your Linode after booting. Defaults to default.","description_kind":"plain","optional":true},"virt_mode":{"type":"string","description":"Controls the virtualization mode. Defaults to paravirt.","description_kind":"plain","optional":true}},"block_types":{"devices":{"nesting_mode":"list","block":{"block_types":{"sda":{"nesting_mode":"list","block":{"attributes":{"disk_id":{"type":"number","description":"The Disk ID to map to this disk slot","description_kind":"plain","optional":true,"computed":true},"disk_label":{"type":"string","description":"The `label` of the `disk` to map to this `device` slot.","description_kind":"plain","optional":true},"volume_id":{"type":"number","description":"The Block Storage volume ID to map to this disk slot","description_kind":"plain","optional":true}},"description":"Device can be either a Disk or Volume identified by disk_id or volume_id. Only one type per slot allowed.","description_kind":"plain"},"max_items":1},"sdb":{"nesting_mode":"list","block":{"attributes":{"disk_id":{"type":"number","description":"The Disk ID to map to this disk slot","description_kind":"plain","optional":true,"computed":true},"disk_label":{"type":"string","description":"The `label` of the `disk` to map to this `device` slot.","description_kind":"plain","optional":true},"volume_id":{"type":"number","description":"The Block Storage volume ID to map to this disk slot","description_kind":"plain","optional":true}},"description":"Device can be either a Disk or Volume identified by disk_id or volume_id. Only one type per slot allowed.","description_kind":"plain"},"max_items":1},"sdc":{"nesting_mode":"list","block":{"attributes":{"disk_id":{"type":"number","description":"The Disk ID to map to this disk slot","description_kind":"plain","optional":true,"computed":true},"disk_label":{"type":"string","description":"The `label` of the `disk` to map to this `device` slot.","description_kind":"plain","optional":true},"volume_id":{"type":"number","description":"The Block Storage volume ID to map to this disk slot","description_kind":"plain","optional":true}},"description":"Device can be either a Disk or Volume identified by disk_id or volume_id. Only one type per slot allowed.","description_kind":"plain"},"max_items":1},"sdd":{"nesting_mode":"list","block":{"attributes":{"disk_id":{"type":"number","description":"The Disk ID to map to this disk slot","description_kind":"plain","optional":true,"computed":true},"disk_label":{"type":"string","description":"The `label` of the `disk` to map to this `device` slot.","description_kind":"plain","optional":true},"volume_id":{"type":"number","description":"The Block Storage volume ID to map to this disk slot","description_kind":"plain","optional":true}},"description":"Device can be either a Disk or Volume identified by disk_id or volume_id. Only one type per slot allowed.","description_kind":"plain"},"max_items":1},"sde":{"nesting_mode":"list","block":{"attributes":{"disk_id":{"type":"number","description":"The Disk ID to map to this disk slot","description_kind":"plain","optional":true,"computed":true},"disk_label":{"type":"string","description":"The `label` of the `disk` to map to this `device` slot.","description_kind":"plain","optional":true},"volume_id":{"type":"number","description":"The Block Storage volume ID to map to this disk slot","description_kind":"plain","optional":true}},"description":"Device can be either a Disk or Volume identified by disk_id or volume_id. Only one type per slot allowed.","description_kind":"plain"},"max_items":1},"sdf":{"nesting_mode":"list","block":{"attributes":{"disk_id":{"type":"number","description":"The Disk ID to map to this disk slot","description_kind":"plain","optional":true,"computed":true},"disk_label":{"type":"string","description":"The `label` of the `disk` to map to this `device` slot.","description_kind":"plain","optional":true},"volume_id":{"type":"number","description":"The Block Storage volume ID to map to this disk slot","description_kind":"plain","optional":true}},"description":"Device can be either a Disk or Volume identified by disk_id or volume_id. Only one type per slot allowed.","description_kind":"plain"},"max_items":1},"sdg":{"nesting_mode":"list","block":{"attributes":{"disk_id":{"type":"number","description":"The Disk ID to map to this disk slot","description_kind":"plain","optional":true,"computed":true},"disk_label":{"type":"string","description":"The `label` of the `disk` to map to this `device` slot.","description_kind":"plain","optional":true},"volume_id":{"type":"number","description":"The Block Storage volume ID to map to this disk slot","description_kind":"plain","optional":true}},"description":"Device can be either a Disk or Volume identified by disk_id or volume_id. Only one type per slot allowed.","description_kind":"plain"},"max_items":1},"sdh":{"nesting_mode":"list","block":{"attributes":{"disk_id":{"type":"number","description":"The Disk ID to map to this disk slot","description_kind":"plain","optional":true,"computed":true},"disk_label":{"type":"string","description":"The `label` of the `disk` to map to this `device` slot.","description_kind":"plain","optional":true},"volume_id":{"type":"number","description":"The Block Storage volume ID to map to this disk slot","description_kind":"plain","optional":true}},"description":"Device can be either a Disk or Volume identified by disk_id or volume_id. Only one type per slot allowed.","description_kind":"plain"},"max_items":1}},"description":"Device sda-sdh can be either a Disk or Volume identified by disk_label or volume_id. Only one type per slot allowed.","description_kind":"plain"},"max_items":1},"helpers":{"nesting_mode":"list","block":{"attributes":{"devtmpfs_automount":{"type":"bool","description":"Populates the /dev directory early during boot without udev. Defaults to false.","description_kind":"plain","optional":true},"distro":{"type":"bool","description":"Controls the behavior of the Linode Config's Distribution Helper setting.","description_kind":"plain","optional":true},"modules_dep":{"type":"bool","description":"Creates a modules dependency file for the Kernel you run.","description_kind":"plain","optional":true},"network":{"type":"bool","description":"Controls the behavior of the Linode Config's Network Helper setting, used to automatically configure additional IP addresses assigned to this instance.","description_kind":"plain","optional":true},"updatedb_disabled":{"type":"bool","description":"Disables updatedb cron job to avoid disk thrashing.","description_kind":"plain","optional":true}},"description":"Helpers enabled when booting to this Linode Config.","description_kind":"plain"},"max_items":1},"interface":{"nesting_mode":"list","block":{"attributes":{"active":{"type":"bool","description":"Whether this interface is currently booted and active.","description_kind":"plain","computed":true},"id":{"type":"number","description":"The ID of the interface.","description_kind":"plain","computed":true},"ip_ranges":{"type":["list","string"],"description":"List of VPC IPs or IP ranges inside the VPC subnet.","description_kind":"plain","optional":true},"ipam_address":{"type":"string","description":"This Network Interface's private IP address in Classless Inter-Domain Routing (CIDR) notation.This attribute is only allowed for VLAN interfaces.","description_kind":"plain","optional":true},"label":{"type":"string","description":"The name of the VALN. This attribute is required for VLAN interfaces. This attribute is only allowed for VLAN interfaces.","description_kind":"plain","optional":true},"primary":{"type":"bool","description":"Whether the interface is the primary interface that should have the default route for this Linode.","description_kind":"plain","optional":true},"purpose":{"type":"string","description":"The type of interface.","description_kind":"plain","required":true},"subnet_id":{"type":"number","description":"The ID of the subnet which the VPC interface is connected to.This attribute is required for VPC interfaces.This attribute is only allowed for VPC interfaces.","description_kind":"plain","optional":true},"vpc_id":{"type":"number","description":"The ID of VPC of the subnet which the VPC interface is connected to.","description_kind":"plain","computed":true}},"block_types":{"ipv4":{"nesting_mode":"list","block":{"attributes":{"nat_1_1":{"type":"string","description":"The public IP that will be used for the one-to-one NAT purpose.","description_kind":"plain","optional":true,"computed":true},"vpc":{"type":"string","description":"The IP from the VPC subnet to use for this interface.","description_kind":"plain","optional":true,"computed":true}},"description":"The IPv4 configuration of the VPC interface.This attribute is only allowed for VPC interfaces.","description_kind":"plain"},"max_items":1}},"description":"An array of Network Interfaces for this Linode’s Configuration Profile.","description_kind":"plain"}}},"description":"Configuration profiles define the VM settings and boot behavior of the Linode Instance.","description_kind":"plain","deprecated":true}},"disk":{"nesting_mode":"list","block":{"attributes":{"authorized_keys":{"type":["list","string"],"description":"A list of SSH public keys to deploy for the root user on the newly created Linode. Only accepted if 'image' is provided.","description_kind":"plain","optional":true},"authorized_users":{"type":["list","string"],"description":"A list of Linode usernames. If the usernames have associated SSH keys, the keys will be appended to the `root` user's `~/.ssh/authorized_keys` file automatically. Only accepted if 'image' is provided.","description_kind":"plain","optional":true},"filesystem":{"type":"string","description":"The Disk filesystem can be one of: raw, swap, ext3, ext4, initrd (max 32mb)","description_kind":"plain","optional":true,"computed":true},"id":{"type":"number","description":"The ID of the Disk (for use in Linode Image resources and Linode Instance Config Devices)","description_kind":"plain","computed":true},"image":{"type":"string","description":"An Image ID to deploy the Disk from. Official Linode Images start with linode/, while your Images start with private/.","description_kind":"plain","optional":true,"computed":true},"label":{"type":"string","description":"The disks label, which acts as an identifier in Terraform.","description_kind":"plain","required":true},"read_only":{"type":"bool","description":"If true, this Disk is read-only.","description_kind":"plain","optional":true,"computed":true},"root_pass":{"type":"string","description":"The password that will be initialially assigned to the 'root' user account.","description_kind":"plain","optional":true,"sensitive":true},"size":{"type":"number","description":"The size of the Disk in MB.","description_kind":"plain","required":true},"stackscript_data":{"type":["map","string"],"description":"An object containing responses to any User Defined Fields present in the StackScript being deployed to this Linode. Only accepted if 'stackscript_id' is given. The required values depend on the StackScript being deployed.","description_kind":"plain","optional":true,"computed":true,"sensitive":true},"stackscript_id":{"type":"number","description":"The StackScript to deploy to the newly created Linode. If provided, 'image' must also be provided, and must be an Image that is compatible with this StackScript.","description_kind":"plain","optional":true,"computed":true}},"description_kind":"plain","deprecated":true}},"interface":{"nesting_mode":"list","block":{"attributes":{"active":{"type":"bool","description":"Whether this interface is currently booted and active.","description_kind":"plain","computed":true},"id":{"type":"number","description":"The ID of the interface.","description_kind":"plain","computed":true},"ip_ranges":{"type":["list","string"],"description":"List of VPC IPs or IP ranges inside the VPC subnet.","description_kind":"plain","optional":true},"ipam_address":{"type":"string","description":"This Network Interface's private IP address in Classless Inter-Domain Routing (CIDR) notation.This attribute is only allowed for VLAN interfaces.","description_kind":"plain","optional":true},"label":{"type":"string","description":"The name of the VALN. This attribute is required for VLAN interfaces. This attribute is only allowed for VLAN interfaces.","description_kind":"plain","optional":true},"primary":{"type":"bool","description":"Whether the interface is the primary interface that should have the default route for this Linode.","description_kind":"plain","optional":true},"purpose":{"type":"string","description":"The type of interface.","description_kind":"plain","required":true},"subnet_id":{"type":"number","description":"The ID of the subnet which the VPC interface is connected to.This attribute is required for VPC interfaces.This attribute is only allowed for VPC interfaces.","description_kind":"plain","optional":true},"vpc_id":{"type":"number","description":"The ID of VPC of the subnet which the VPC interface is connected to.","description_kind":"plain","computed":true}},"block_types":{"ipv4":{"nesting_mode":"list","block":{"attributes":{"nat_1_1":{"type":"string","description":"The public IP that will be used for the one-to-one NAT purpose.","description_kind":"plain","optional":true,"computed":true},"vpc":{"type":"string","description":"The IP from the VPC subnet to use for this interface.","description_kind":"plain","optional":true,"computed":true}},"description":"The IPv4 configuration of the VPC interface.This attribute is only allowed for VPC interfaces.","description_kind":"plain"},"max_items":1}},"description":"An array of Network Interfaces for this Linode to be created with. If an explicit config or disk is defined, interfaces must be declared in the config block.","description_kind":"plain"}},"metadata":{"nesting_mode":"list","block":{"attributes":{"user_data":{"type":"string","description":"The base64-encoded user-defined data exposed to this instance through the Linode Metadata service. Refer to the base64encode(...) function for information on encoding content for this field.","description_kind":"plain","optional":true}},"description":"Various fields related to the Linode Metadata service.","description_kind":"plain"}},"placement_group":{"nesting_mode":"list","block":{"attributes":{"compliant_only":{"type":"bool","description_kind":"plain","optional":true},"id":{"type":"number","description":"The ID of the Placement Group to assign this Linode to.","description_kind":"plain","required":true},"label":{"type":"string","description":"The label of this Placement Group.","description_kind":"plain","computed":true},"placement_group_policy":{"type":"string","description":"Whether compliance is strictly enforced by this Placement Group.","description_kind":"plain","optional":true,"computed":true},"placement_group_type":{"type":"string","description":"The placement group type for this Placement Group.","description_kind":"plain","computed":true}},"description":"Fields related to the Placement Group this instance is assigned to.","description_kind":"plain"},"max_items":1},"timeouts":{"nesting_mode":"single","block":{"attributes":{"create":{"type":"string","description_kind":"plain","optional":true},"delete":{"type":"string","description_kind":"plain","optional":true},"update":{"type":"string","description_kind":"plain","optional":true}},"description_kind":"plain"}}},"description_kind":"plain"}},"linode_instance_config":{"version":0,"block":{"attributes":{"booted":{"type":"bool","description":"If true, the Linode will be booted to running state. If false, the Linode will be shutdown. If undefined, no action will be taken.","description_kind":"plain","optional":true,"computed":true},"comments":{"type":"string","description":"Optional field for arbitrary User comments on this Config.","description_kind":"plain","optional":true},"id":{"type":"string","description_kind":"plain","optional":true,"computed":true},"kernel":{"type":"string","description":"A Kernel ID to boot a Linode with. Defaults to “linode/latest-64bit”.","description_kind":"plain","optional":true},"label":{"type":"string","description":"The Config's label for display purposes only.","description_kind":"plain","required":true},"linode_id":{"type":"number","description":"The ID of the Linode to create this configuration profile under.","description_kind":"plain","required":true},"memory_limit":{"type":"number","description":"The memory limit of the Linode.","description_kind":"plain","optional":true,"computed":true},"root_device":{"type":"string","description":"The root device to boot. If no value or an invalid value is provided, root device will default to /dev/sda. If the device specified at the root device location is not mounted, the Linode will not boot until a device is mounted.","description_kind":"plain","optional":true},"run_level":{"type":"string","description":"Defines the state of your Linode after booting.","description_kind":"plain","optional":true},"virt_mode":{"type":"string","description":"Controls the virtualization mode.","description_kind":"plain","optional":true}},"block_types":{"device":{"nesting_mode":"set","block":{"attributes":{"device_name":{"type":"string","description":"The Disk ID to map to this disk slot","description_kind":"plain","required":true},"disk_id":{"type":"number","description":"The Disk ID to map to this disk slot","description_kind":"plain","optional":true},"volume_id":{"type":"number","description":"The Block Storage volume ID to map to this disk slot","description_kind":"plain","optional":true}},"description":"Blocks for device disks in a Linode's configuration profile.","description_kind":"plain"}},"devices":{"nesting_mode":"list","block":{"block_types":{"sda":{"nesting_mode":"list","block":{"attributes":{"disk_id":{"type":"number","description":"The Disk ID to map to this disk slot","description_kind":"plain","optional":true},"volume_id":{"type":"number","description":"The Block Storage volume ID to map to this disk slot","description_kind":"plain","optional":true}},"description":"Device can be either a Disk or Volume identified by disk_id or volume_id. Only one type per slot allowed.","description_kind":"plain"},"max_items":1},"sdb":{"nesting_mode":"list","block":{"attributes":{"disk_id":{"type":"number","description":"The Disk ID to map to this disk slot","description_kind":"plain","optional":true},"volume_id":{"type":"number","description":"The Block Storage volume ID to map to this disk slot","description_kind":"plain","optional":true}},"description":"Device can be either a Disk or Volume identified by disk_id or volume_id. Only one type per slot allowed.","description_kind":"plain"},"max_items":1},"sdc":{"nesting_mode":"list","block":{"attributes":{"disk_id":{"type":"number","description":"The Disk ID to map to this disk slot","description_kind":"plain","optional":true},"volume_id":{"type":"number","description":"The Block Storage volume ID to map to this disk slot","description_kind":"plain","optional":true}},"description":"Device can be either a Disk or Volume identified by disk_id or volume_id. Only one type per slot allowed.","description_kind":"plain"},"max_items":1},"sdd":{"nesting_mode":"list","block":{"attributes":{"disk_id":{"type":"number","description":"The Disk ID to map to this disk slot","description_kind":"plain","optional":true},"volume_id":{"type":"number","description":"The Block Storage volume ID to map to this disk slot","description_kind":"plain","optional":true}},"description":"Device can be either a Disk or Volume identified by disk_id or volume_id. Only one type per slot allowed.","description_kind":"plain"},"max_items":1},"sde":{"nesting_mode":"list","block":{"attributes":{"disk_id":{"type":"number","description":"The Disk ID to map to this disk slot","description_kind":"plain","optional":true},"volume_id":{"type":"number","description":"The Block Storage volume ID to map to this disk slot","description_kind":"plain","optional":true}},"description":"Device can be either a Disk or Volume identified by disk_id or volume_id. Only one type per slot allowed.","description_kind":"plain"},"max_items":1},"sdf":{"nesting_mode":"list","block":{"attributes":{"disk_id":{"type":"number","description":"The Disk ID to map to this disk slot","description_kind":"plain","optional":true},"volume_id":{"type":"number","description":"The Block Storage volume ID to map to this disk slot","description_kind":"plain","optional":true}},"description":"Device can be either a Disk or Volume identified by disk_id or volume_id. Only one type per slot allowed.","description_kind":"plain"},"max_items":1},"sdg":{"nesting_mode":"list","block":{"attributes":{"disk_id":{"type":"number","description":"The Disk ID to map to this disk slot","description_kind":"plain","optional":true},"volume_id":{"type":"number","description":"The Block Storage volume ID to map to this disk slot","description_kind":"plain","optional":true}},"description":"Device can be either a Disk or Volume identified by disk_id or volume_id. Only one type per slot allowed.","description_kind":"plain"},"max_items":1},"sdh":{"nesting_mode":"list","block":{"attributes":{"disk_id":{"type":"number","description":"The Disk ID to map to this disk slot","description_kind":"plain","optional":true},"volume_id":{"type":"number","description":"The Block Storage volume ID to map to this disk slot","description_kind":"plain","optional":true}},"description":"Device can be either a Disk or Volume identified by disk_id or volume_id. Only one type per slot allowed.","description_kind":"plain"},"max_items":1}},"description":"A dictionary of device disks to use as a device map in a Linode's configuration profile.","description_kind":"plain","deprecated":true},"max_items":1},"helpers":{"nesting_mode":"list","block":{"attributes":{"devtmpfs_automount":{"type":"bool","description":"Populates the /dev directory early during boot without udev.","description_kind":"plain","optional":true},"distro":{"type":"bool","description":"Helps maintain correct inittab/upstart console device.","description_kind":"plain","optional":true},"modules_dep":{"type":"bool","description":"Creates a modules dependency file for the Kernel you run.","description_kind":"plain","optional":true},"network":{"type":"bool","description":"Automatically configures static networking.","description_kind":"plain","optional":true},"updatedb_disabled":{"type":"bool","description":"Disables updatedb cron job to avoid disk thrashing.","description_kind":"plain","optional":true}},"description":"Helpers enabled when booting to this Linode Config.","description_kind":"plain"}},"interface":{"nesting_mode":"list","block":{"attributes":{"active":{"type":"bool","description":"Whether this interface is currently booted and active.","description_kind":"plain","computed":true},"id":{"type":"number","description":"The ID of the interface.","description_kind":"plain","computed":true},"ip_ranges":{"type":["list","string"],"description":"List of VPC IPs or IP ranges inside the VPC subnet.","description_kind":"plain","optional":true},"ipam_address":{"type":"string","description":"This Network Interface's private IP address in Classless Inter-Domain Routing (CIDR) notation.This attribute is only allowed for VLAN interfaces.","description_kind":"plain","optional":true},"label":{"type":"string","description":"The name of the VALN. This attribute is required for VLAN interfaces. This attribute is only allowed for VLAN interfaces.","description_kind":"plain","optional":true},"primary":{"type":"bool","description":"Whether the interface is the primary interface that should have the default route for this Linode.","description_kind":"plain","optional":true},"purpose":{"type":"string","description":"The type of interface.","description_kind":"plain","required":true},"subnet_id":{"type":"number","description":"The ID of the subnet which the VPC interface is connected to.This attribute is required for VPC interfaces.This attribute is only allowed for VPC interfaces.","description_kind":"plain","optional":true},"vpc_id":{"type":"number","description":"The ID of VPC of the subnet which the VPC interface is connected to.","description_kind":"plain","computed":true}},"block_types":{"ipv4":{"nesting_mode":"list","block":{"attributes":{"nat_1_1":{"type":"string","description":"The public IP that will be used for the one-to-one NAT purpose.","description_kind":"plain","optional":true,"computed":true},"vpc":{"type":"string","description":"The IP from the VPC subnet to use for this interface.","description_kind":"plain","optional":true,"computed":true}},"description":"The IPv4 configuration of the VPC interface.This attribute is only allowed for VPC interfaces.","description_kind":"plain"},"max_items":1}},"description":"An array of Network Interfaces to add to this Linode's Configuration Profile.","description_kind":"plain"}}},"description_kind":"plain"}},"linode_instance_disk":{"version":0,"block":{"attributes":{"authorized_keys":{"type":["set","string"],"description":"A list of public SSH keys that will be automatically appended to the root user's ~/.ssh/authorized_keys file when deploying from an Image.","description_kind":"plain","optional":true},"authorized_users":{"type":["set","string"],"description":"A list of usernames. If the usernames have associated SSH keys, the keys will be appended to the root users ~/.ssh/authorized_keys file automatically when deploying from an Image.","description_kind":"plain","optional":true},"created":{"type":"string","description":"When this disk was created.","description_kind":"plain","computed":true},"disk_encryption":{"type":"string","description":"The disk encryption policy for this disk's parent Linode. NOTE: Disk encryption may not currently be available to all users.","description_kind":"plain","computed":true},"filesystem":{"type":"string","description":"The filesystem of this disk.","description_kind":"plain","optional":true,"computed":true},"id":{"type":"string","description":"The ID of the Linode disk.","description_kind":"plain","computed":true},"image":{"type":"string","description":"An Image ID to deploy the Linode Disk from.","description_kind":"plain","optional":true},"label":{"type":"string","description":"The Disk;s label is for display purposes only.","description_kind":"plain","required":true},"linode_id":{"type":"number","description":"The ID of the Linode to assign this disk to.","description_kind":"plain","required":true},"root_pass":{"type":"string","description":"This sets the root user's password on a newly-created Linode Disk when deploying from an Image.","description_kind":"plain","optional":true,"sensitive":true},"size":{"type":"number","description":"The ID of the token.","description_kind":"plain","required":true},"stackscript_data":{"type":["map","string"],"description":"An object containing responses to any User Defined Fields present in the StackScript being deployed to this Disk. Only accepted if 'stackscript_id' is given. The required values depend on the StackScript being deployed.","description_kind":"plain","optional":true,"sensitive":true},"stackscript_id":{"type":"number","description":"A StackScript ID that will cause the referenced StackScript to be run during deployment of this Linode.","description_kind":"plain","optional":true},"status":{"type":"string","description":"A brief description of this Disk's current state.","description_kind":"plain","computed":true},"updated":{"type":"string","description":"When this disk was last updated.","description_kind":"plain","computed":true}},"block_types":{"timeouts":{"nesting_mode":"single","block":{"attributes":{"create":{"type":"string","description":"A string that can be [parsed as a duration](https://pkg.go.dev/time#ParseDuration) consisting of numbers and unit suffixes, such as \"30s\" or \"2h45m\". Valid time units are \"s\" (seconds), \"m\" (minutes), \"h\" (hours).","description_kind":"plain","optional":true},"delete":{"type":"string","description":"A string that can be [parsed as a duration](https://pkg.go.dev/time#ParseDuration) consisting of numbers and unit suffixes, such as \"30s\" or \"2h45m\". Valid time units are \"s\" (seconds), \"m\" (minutes), \"h\" (hours). Setting a timeout for a Delete operation is only applicable if changes are saved into state before the destroy operation occurs.","description_kind":"plain","optional":true},"update":{"type":"string","description":"A string that can be [parsed as a duration](https://pkg.go.dev/time#ParseDuration) consisting of numbers and unit suffixes, such as \"30s\" or \"2h45m\". Valid time units are \"s\" (seconds), \"m\" (minutes), \"h\" (hours).","description_kind":"plain","optional":true}},"description_kind":"plain"}}},"description_kind":"plain"}},"linode_instance_ip":{"version":0,"block":{"attributes":{"address":{"type":"string","description":"The resulting IPv4 address.","description_kind":"plain","computed":true},"apply_immediately":{"type":"bool","description":"If true, the instance will be rebooted to update network interfaces. This functionality is not affected by the `skip_implicit_reboots` provider argument.","description_kind":"plain","optional":true,"computed":true},"gateway":{"type":"string","description":"The default gateway for this address","description_kind":"plain","computed":true},"id":{"type":"string","description":"The ID of the IPv4 address, which will be IPv4 address itself.","description_kind":"plain","computed":true},"linode_id":{"type":"number","description":"The ID of the Linode to allocate an IPv4 address for.","description_kind":"plain","required":true},"prefix":{"type":"number","description":"The number of bits set in the subnet mask.","description_kind":"plain","computed":true},"public":{"type":"bool","description":"Whether the IPv4 address is public or private.","description_kind":"plain","optional":true,"computed":true},"rdns":{"type":"string","description":"The reverse DNS assigned to this address.","description_kind":"plain","optional":true,"computed":true},"region":{"type":"string","description":"The region this IP resides in.","description_kind":"plain","computed":true},"subnet_mask":{"type":"string","description":"The mask that separates host bits from network bits for this address.","description_kind":"plain","computed":true},"type":{"type":"string","description":"The type of IP address.","description_kind":"plain","computed":true},"vpc_nat_1_1":{"type":["list",["object",{"address":"string","subnet_id":"number","vpc_id":"number"}]],"description":"Contains information about the NAT 1:1 mapping of a public IP address to a VPC subnet.","description_kind":"plain","computed":true}},"description_kind":"plain"}},"linode_instance_shared_ips":{"version":0,"block":{"attributes":{"addresses":{"type":["set","string"],"description":"A set of IP addresses to share to the Linode","description_kind":"plain","required":true},"id":{"type":"string","description":"linode_id is used as the ID of linode_instance_shared_ips","description_kind":"plain","computed":true},"linode_id":{"type":"number","description":"The ID of the Linode to share these IP addresses with.","description_kind":"plain","required":true}},"description_kind":"plain"}},"linode_ipv6_range":{"version":0,"block":{"attributes":{"id":{"type":"string","description":"The unique ID for this Resource.","description_kind":"plain","computed":true},"is_bgp":{"type":"bool","description":"Whether this IPv6 range is shared.","description_kind":"plain","computed":true},"linode_id":{"type":"number","description":"The ID of the Linode to assign this range to.","description_kind":"plain","optional":true},"linodes":{"type":["set","number"],"description":"A list of Linodes targeted by this IPv6 range.Includes Linodes with IP sharing.","description_kind":"plain","computed":true},"prefix_length":{"type":"number","description":"The prefix length of the IPv6 range.","description_kind":"plain","required":true},"range":{"type":"string","description":"The IPv6 range of addresses in this pool.","description_kind":"plain","computed":true},"region":{"type":"string","description":"The region for this range of IPv6 addresses.","description_kind":"plain","computed":true},"route_target":{"type":"string","description":"The IPv6 SLAAC address to assign this range to.","description_kind":"plain","optional":true,"computed":true}},"description_kind":"plain"}},"linode_lke_cluster":{"version":0,"block":{"attributes":{"api_endpoints":{"type":["list","string"],"description":"The API endpoints for the cluster.","description_kind":"plain","computed":true},"apl_enabled":{"type":"bool","description":"Enables the App Platform Layer for this cluster. Note: v4beta only and may not currently be available to all users.","description_kind":"plain","optional":true,"computed":true},"dashboard_url":{"type":"string","description":"The dashboard URL of the cluster.","description_kind":"plain","computed":true},"external_pool_tags":{"type":["set","string"],"description":"An array of tags indicating that node pools having those tags are defined with a separate nodepool resource, rather than inside the current cluster resource.","description_kind":"plain","optional":true},"id":{"type":"string","description_kind":"plain","optional":true,"computed":true},"k8s_version":{"type":"string","description":"The desired Kubernetes version for this Kubernetes cluster in the format of \u003cmajor\u003e.\u003cminor\u003e. The latest supported patch version will be deployed.","description_kind":"plain","required":true},"kubeconfig":{"type":"string","description":"The Base64-encoded Kubeconfig for the cluster.","description_kind":"plain","computed":true,"sensitive":true},"label":{"type":"string","description":"The unique label for the cluster.","description_kind":"plain","required":true},"region":{"type":"string","description":"This cluster's location.","description_kind":"plain","required":true},"status":{"type":"string","description":"The status of the cluster.","description_kind":"plain","computed":true},"tags":{"type":["set","string"],"description":"An array of tags applied to this object. Tags are for organizational purposes only.","description_kind":"plain","optional":true,"computed":true},"tier":{"type":"string","description":"The desired Kubernetes tier.","description_kind":"plain","optional":true,"computed":true}},"block_types":{"control_plane":{"nesting_mode":"list","block":{"attributes":{"high_availability":{"type":"bool","description":"Defines whether High Availability is enabled for the Control Plane Components of the cluster.","description_kind":"plain","optional":true,"computed":true}},"block_types":{"acl":{"nesting_mode":"list","block":{"attributes":{"enabled":{"type":"bool","description":"Defines default policy. A value of true results in a default policy of DENY. A value of false results in default policy of ALLOW, and has the same effect as delete the ACL configuration.","description_kind":"plain","optional":true,"computed":true}},"block_types":{"addresses":{"nesting_mode":"list","block":{"attributes":{"ipv4":{"type":["set","string"],"description":"A set of individual ipv4 addresses or CIDRs to ALLOW.","description_kind":"plain","optional":true,"computed":true},"ipv6":{"type":["set","string"],"description":"A set of individual ipv6 addresses or CIDRs to ALLOW.","description_kind":"plain","optional":true,"computed":true}},"description":"A list of ip addresses to allow.","description_kind":"plain"}}},"description":"Defines the ACL configuration for an LKE cluster's control plane.","description_kind":"plain"},"max_items":1}},"description":"Defines settings for the Kubernetes Control Plane.","description_kind":"plain"},"max_items":1},"pool":{"nesting_mode":"list","block":{"attributes":{"count":{"type":"number","description":"The number of nodes in the Node Pool.","description_kind":"plain","optional":true,"computed":true},"disk_encryption":{"type":"string","description":"The disk encryption policy for the nodes in this pool. NOTE: Disk encryption may not currently be available to all users.","description_kind":"plain","computed":true},"id":{"type":"number","description":"The ID of the Node Pool.","description_kind":"plain","computed":true},"labels":{"type":["map","string"],"description":"Key-value pairs added as labels to nodes in the node pool. Labels help classify your nodes and to easily select subsets of objects.","description_kind":"plain","optional":true},"nodes":{"type":["list",["object",{"id":"string","instance_id":"number","status":"string"}]],"description":"The nodes in the node pool.","description_kind":"plain","computed":true},"tags":{"type":["set","string"],"description":"A set of tags applied to this node pool.","description_kind":"plain","optional":true},"type":{"type":"string","description":"A Linode Type for all of the nodes in the Node Pool.","description_kind":"plain","required":true}},"block_types":{"autoscaler":{"nesting_mode":"list","block":{"attributes":{"max":{"type":"number","description":"The maximum number of nodes to autoscale to.","description_kind":"plain","required":true},"min":{"type":"number","description":"The minimum number of nodes to autoscale to.","description_kind":"plain","required":true}},"description":"When specified, the number of nodes autoscales within the defined minimum and maximum values.","description_kind":"plain"},"max_items":1},"taint":{"nesting_mode":"set","block":{"attributes":{"effect":{"type":"string","description":"The Kubernetes taint effect.","description_kind":"plain","required":true},"key":{"type":"string","description":"The Kubernetes taint key.","description_kind":"plain","required":true},"value":{"type":"string","description":"The Kubernetes taint value.","description_kind":"plain","required":true}},"description":"Kubernetes taints to add to node pool nodes. Taints help control how pods are scheduled onto nodes, specifically allowing them to repel certain pods.","description_kind":"plain"}}},"description":"A node pool in the cluster.","description_kind":"plain"},"min_items":1},"timeouts":{"nesting_mode":"single","block":{"attributes":{"create":{"type":"string","description_kind":"plain","optional":true},"delete":{"type":"string","description_kind":"plain","optional":true},"update":{"type":"string","description_kind":"plain","optional":true}},"description_kind":"plain"}}},"description_kind":"plain"}},"linode_lke_node_pool":{"version":0,"block":{"attributes":{"cluster_id":{"type":"number","description":"The ID of the cluster to associate this node pool with.","description_kind":"plain","required":true},"disk_encryption":{"type":"string","description":"The disk encryption policy for nodes in this pool. NOTE: Disk encryption may not currently be available to all users.","description_kind":"plain","computed":true},"id":{"type":"string","description":"ID of the Node Pool.","description_kind":"plain","computed":true},"k8s_version":{"type":"string","description":"The k8s version of the nodes in this node pool. For LKE enterprise only and may not currently available to all users.","description_kind":"plain","optional":true,"computed":true},"labels":{"type":["map","string"],"description":"Key-value pairs added as labels to nodes in the node pool. Labels help classify your nodes and to easily select subsets of objects.","description_kind":"plain","optional":true,"computed":true},"node_count":{"type":"number","description":"The number of nodes in the Node Pool.","description_kind":"plain","optional":true,"computed":true},"nodes":{"type":["list",["object",{"id":"string","instance_id":"number","status":"string"}]],"description":"A list of nodes in the node pool.","description_kind":"plain","computed":true},"tags":{"type":["set","string"],"description":"An array of tags applied to this object. Tags are for organizational purposes only.","description_kind":"plain","optional":true,"computed":true},"type":{"type":"string","description":"The type of node pool.","description_kind":"plain","required":true},"update_strategy":{"type":"string","description":"The strategy for updating the node pool k8s version. For LKE enterprise only and may not currently available to all users.","description_kind":"plain","optional":true,"computed":true}},"block_types":{"autoscaler":{"nesting_mode":"list","block":{"attributes":{"max":{"type":"number","description":"The maximum number of nodes to automatically scale to.","description_kind":"plain","optional":true},"min":{"type":"number","description":"The minimum number of nodes to automatically scale to.","description_kind":"plain","optional":true}},"description_kind":"plain"}},"taint":{"nesting_mode":"set","block":{"attributes":{"effect":{"type":"string","description":"The Kubernetes taint effect.","description_kind":"plain","required":true},"key":{"type":"string","description":"The Kubernetes taint key.","description_kind":"plain","required":true},"value":{"type":"string","description":"The Kubernetes taint value.","description_kind":"plain","required":true}},"description":"Kubernetes taints to add to node pool nodes. Taints help control how pods are scheduled onto nodes, specifically allowing them to repel certain pods.","description_kind":"plain"}}},"description_kind":"plain"}},"linode_networking_ip":{"version":0,"block":{"attributes":{"address":{"type":"string","description":"The allocated IPv4 address.","description_kind":"plain","computed":true},"gateway":{"type":"string","description":"The default gateway for this address.","description_kind":"plain","computed":true},"id":{"type":"string","description":"The ID of the IPv4 address.","description_kind":"plain","computed":true},"linode_id":{"type":"number","description":"The ID of the Linode to allocate an IPv4 address for. Required when reserved is false or not set.","description_kind":"plain","optional":true,"computed":true},"prefix":{"type":"number","description":"The number of bits set in the subnet mask.","description_kind":"plain","computed":true},"public":{"type":"bool","description":"Whether the IPv4 address is public or private.","description_kind":"plain","optional":true,"computed":true},"rdns":{"type":"string","description":"The reverse DNS assigned to this address. For public IPv4 addresses, this will be set to a default value provided by Linode.","description_kind":"plain","computed":true},"region":{"type":"string","description":"The region for the reserved IPv4 address. Required when reserved is true and linode_id is not set.","description_kind":"plain","optional":true,"computed":true},"reserved":{"type":"bool","description":"Whether the IPv4 address should be reserved.","description_kind":"plain","optional":true,"computed":true},"subnet_mask":{"type":"string","description":"The mask that separates host bits from network bits for this address.","description_kind":"plain","computed":true},"type":{"type":"string","description":"The type of IP address (ipv4).","description_kind":"plain","optional":true,"computed":true},"vpc_nat_1_1":{"type":["object",{"address":"string","subnet_id":"number","vpc_id":"number"}],"description":"Contains information about the NAT 1:1 mapping of a public IP address to a VPC subnet.","description_kind":"plain","computed":true}},"description_kind":"plain"}},"linode_networking_ip_assignment":{"version":0,"block":{"attributes":{"assignments":{"type":["list",["object",{"address":"string","linode_id":"number"}]],"description_kind":"plain","optional":true},"id":{"type":"string","description":"The ID of the IP assignment operation.","description_kind":"plain","computed":true},"region":{"type":"string","description":"The region for the IP assignments.","description_kind":"plain","required":true}},"description_kind":"plain"}},"linode_nodebalancer":{"version":1,"block":{"attributes":{"client_conn_throttle":{"type":"number","description":"Throttle connections per second (0-20). Set to 0 (zero) to disable throttling.","description_kind":"plain","optional":true,"computed":true},"client_udp_sess_throttle":{"type":"number","description":"Throttle UDP sessions per second (0-20). Set to 0 (zero) to disable throttling.","description_kind":"plain","optional":true,"computed":true},"created":{"type":"string","description":"When this NodeBalancer was created.","description_kind":"plain","computed":true},"firewall_id":{"type":"number","description":"ID for the firewall you'd like to use with this NodeBalancer.","description_kind":"plain","optional":true},"firewalls":{"type":["list",["object",{"created":"string","id":"number","inbound":["list",["object",{"action":"string","description":"string","ipv4":["list","string"],"ipv6":["list","string"],"label":"string","ports":"string","protocol":"string"}]],"inbound_policy":"string","label":"string","outbound":["list",["object",{"action":"string","description":"string","ipv4":["list","string"],"ipv6":["list","string"],"label":"string","ports":"string","protocol":"string"}]],"outbound_policy":"string","status":"string","tags":["set","string"],"updated":"string"}]],"description":"A list of Firewalls assigned to this NodeBalancer.","description_kind":"plain","computed":true},"hostname":{"type":"string","description":"This NodeBalancer's hostname, ending with .nodebalancer.linode.com","description_kind":"plain","computed":true},"id":{"type":"string","description":"The unique ID of the Linode NodeBalancer.","description_kind":"plain","computed":true},"ipv4":{"type":"string","description":"The Public IPv4 Address of this NodeBalancer","description_kind":"plain","computed":true},"ipv6":{"type":"string","description":"The Public IPv6 Address of this NodeBalancer","description_kind":"plain","computed":true},"label":{"type":"string","description":"The label of the Linode NodeBalancer.","description_kind":"plain","optional":true},"region":{"type":"string","description":"The region where this NodeBalancer will be deployed.","description_kind":"plain","optional":true,"computed":true},"tags":{"type":["set","string"],"description":"An array of tags applied to this object. Tags are for organizational purposes only.","description_kind":"plain","optional":true,"computed":true},"transfer":{"type":["list",["object",{"in":"number","out":"number","total":"number"}]],"description":"Information about the amount of transfer this NodeBalancer has had so far this month.","description_kind":"plain","computed":true},"updated":{"type":"string","description":"When this NodeBalancer was last updated.","description_kind":"plain","computed":true}},"description_kind":"plain"}},"linode_nodebalancer_config":{"version":1,"block":{"attributes":{"algorithm":{"type":"string","description":"What algorithm this NodeBalancer should use for routing traffic to backends: roundrobin, leastconn, source","description_kind":"plain","optional":true,"computed":true},"check":{"type":"string","description":"The type of check to perform against backends to ensure they are serving requests. This is used to determine if backends are up or down. If none no check is performed. connection requires only a connection to the backend to succeed. http and http_body rely on the backend serving HTTP, and that the response returned matches what is expected.","description_kind":"plain","optional":true,"computed":true},"check_attempts":{"type":"number","description":"How many times to attempt a check before considering a backend to be down. (1-30)","description_kind":"plain","optional":true,"computed":true},"check_body":{"type":"string","description":"This value must be present in the response body of the check in order for it to pass. If this value is not present in the response body of a check request, the backend is considered to be down","description_kind":"plain","optional":true,"computed":true},"check_interval":{"type":"number","description":"How often, in seconds, to check that backends are up and serving requests.","description_kind":"plain","optional":true,"computed":true},"check_passive":{"type":"bool","description":"If true, any response from this backend with a 5xx status code will be enough for it to be considered unhealthy and taken out of rotation.","description_kind":"plain","optional":true,"computed":true},"check_path":{"type":"string","description":"The URL path to check on each backend. If the backend does not respond to this request it is considered to be down.","description_kind":"plain","optional":true,"computed":true},"check_timeout":{"type":"number","description":"How long, in seconds, to wait for a check attempt before considering it failed. (1-30)","description_kind":"plain","optional":true,"computed":true},"cipher_suite":{"type":"string","description":"What ciphers to use for SSL connections served by this NodeBalancer. `legacy` is considered insecure and should only be used if necessary.","description_kind":"plain","optional":true,"computed":true},"id":{"type":"string","description":"The ID of the Linode NodeBalancer Config.","description_kind":"plain","computed":true},"node_status":{"type":["list",["object",{"down":"number","up":"number"}]],"description":"A structure containing information about the health of the backends for this port. This information is updated periodically as checks are performed against backends.","description_kind":"plain","computed":true},"nodebalancer_id":{"type":"number","description":"The ID of the NodeBalancer to access.","description_kind":"plain","required":true},"port":{"type":"number","description":"The TCP port this Config is for. These values must be unique across configs on a single NodeBalancer (you can't have two configs for port 80, for example). While some ports imply some protocols, no enforcement is done and you may configure your NodeBalancer however is useful to you. For example, while port 443 is generally used for HTTPS, you do not need SSL configured to have a NodeBalancer listening on port 443.","description_kind":"plain","optional":true,"computed":true},"protocol":{"type":"string","description":"The protocol this port is configured to serve. If this is set to https you must include an ssl_cert and an ssl_key.","description_kind":"plain","optional":true,"computed":true},"proxy_protocol":{"type":"string","description":"The version of ProxyProtocol to use for the underlying NodeBalancer. This requires protocol to be `tcp`. Valid values are `none`, `v1`, and `v2`.","description_kind":"plain","optional":true,"computed":true},"ssl_cert":{"type":"string","description":"The certificate this port is serving. This is not returned. If set, this field will come back as `\u003cREDACTED\u003e`. Please use the ssl_commonname and ssl_fingerprint to identify the certificate.","description_kind":"plain","optional":true,"sensitive":true},"ssl_commonname":{"type":"string","description":"The read-only common name automatically derived from the SSL certificate assigned to this NodeBalancerConfig. Please refer to this field to verify that the appropriate certificate is assigned to your NodeBalancerConfig.","description_kind":"plain","computed":true},"ssl_fingerprint":{"type":"string","description":"The read-only fingerprint automatically derived from the SSL certificate assigned to this NodeBalancerConfig. Please refer to this field to verify that the appropriate certificate is assigned to your NodeBalancerConfig.","description_kind":"plain","computed":true},"ssl_key":{"type":"string","description":"The private key corresponding to this port's certificate. This is not returned. If set, this field will come back as `\u003cREDACTED\u003e`. Please use the ssl_commonname and ssl_fingerprint to identify the certificate.","description_kind":"plain","optional":true,"sensitive":true},"stickiness":{"type":"string","description":"Controls how session stickiness is handled on this port: 'none', 'table', 'http_cookie'","description_kind":"plain","optional":true,"computed":true},"udp_check_port":{"type":"number","description":"Specifies the port on the backend node used for active health checks, which may differ from the port serving traffic.","description_kind":"plain","optional":true,"computed":true},"udp_session_timeout":{"type":"number","description":"The read-only idle time in seconds after which a session that hasn’t received packets is destroyed.","description_kind":"plain","computed":true}},"description_kind":"plain"}},"linode_nodebalancer_node":{"version":0,"block":{"attributes":{"address":{"type":"string","description":"The private IP Address and port (IP:PORT) where this backend can be reached. This must be a private IP address.","description_kind":"plain","required":true},"config_id":{"type":"number","description":"The ID of the NodeBalancerConfig to access.","description_kind":"plain","required":true},"id":{"type":"string","description":"The ID of the NodeBalancer node resource.","description_kind":"plain","computed":true},"label":{"type":"string","description":"The label for this node. This is for display purposes only.","description_kind":"plain","required":true},"mode":{"type":"string","description":"The mode this NodeBalancer should use when sending traffic to this backend. If set to `accept` this backend is accepting traffic. If set to `reject` this backend will not receive traffic. If set to `drain` this backend will not receive new traffic, but connections already pinned to it will continue to be routed to it. If set to `backup` this backend will only accept traffic if all other nodes are down.","description_kind":"plain","optional":true,"computed":true},"nodebalancer_id":{"type":"number","description":"The ID of the NodeBalancer to access.","description_kind":"plain","required":true},"status":{"type":"string","description":"The current status of this node, based on the configured checks of its NodeBalancer Config. (unknown, UP, DOWN)","description_kind":"plain","computed":true},"weight":{"type":"number","description":"Used when picking a backend to serve a request and is not pinned to a single backend yet. Nodes with a higher weight will receive more traffic. (1-255)","description_kind":"plain","optional":true,"computed":true}},"description_kind":"plain"}},"linode_object_storage_bucket":{"version":0,"block":{"attributes":{"access_key":{"type":"string","description":"The S3 access key to use for this resource. (Required for lifecycle_rule and versioning). If not specified with the resource, the value will be read from provider-level obj_access_key, or, generated implicitly at apply-time if obj_use_temp_keys in provider configuration is set.","description_kind":"plain","optional":true},"acl":{"type":"string","description":"The Access Control Level of the bucket using a canned ACL string.","description_kind":"plain","optional":true},"cluster":{"type":"string","description":"The cluster of the Linode Object Storage Bucket.","description_kind":"plain","deprecated":true,"optional":true,"computed":true},"cors_enabled":{"type":"bool","description":"If true, the bucket will be created with CORS enabled for all origins.","description_kind":"plain","optional":true,"computed":true},"endpoint":{"type":"string","description":"The endpoint for the bucket used for s3 connections.","description_kind":"plain","deprecated":true,"computed":true},"endpoint_type":{"type":"string","description":"The type of the S3 endpoint available in this region.","description_kind":"plain","optional":true,"computed":true},"hostname":{"type":"string","description":"The hostname where this bucket can be accessed. This hostname can be accessed through a browser if the bucket is made public.","description_kind":"plain","computed":true},"id":{"type":"string","description_kind":"plain","optional":true,"computed":true},"label":{"type":"string","description":"The label of the Linode Object Storage Bucket.","description_kind":"plain","required":true},"region":{"type":"string","description":"The region of the Linode Object Storage Bucket.","description_kind":"plain","optional":true,"computed":true},"s3_endpoint":{"type":"string","description":"The endpoint for the bucket used for s3 connections.","description_kind":"plain","optional":true,"computed":true},"secret_key":{"type":"string","description":"The S3 secret key to use for this resource. (Required for lifecycle_rule and versioning). If not specified with the resource, the value will be read from provider-level obj_secret_key, or, generated implicitly at apply-time if obj_use_temp_keys in provider configuration is set.","description_kind":"plain","optional":true,"sensitive":true},"versioning":{"type":"bool","description":"Whether to enable versioning.","description_kind":"plain","optional":true,"computed":true}},"block_types":{"cert":{"nesting_mode":"list","block":{"attributes":{"certificate":{"type":"string","description":"The Base64 encoded and PEM formatted SSL certificate.","description_kind":"plain","required":true,"sensitive":true},"private_key":{"type":"string","description":"The private key associated with the TLS/SSL certificate.","description_kind":"plain","required":true,"sensitive":true}},"description":"The cert used by this Object Storage Bucket.","description_kind":"plain"},"max_items":1},"lifecycle_rule":{"nesting_mode":"list","block":{"attributes":{"abort_incomplete_multipart_upload_days":{"type":"number","description":"Specifies the number of days after initiating a multipart upload when the multipart upload must be completed.","description_kind":"plain","optional":true},"enabled":{"type":"bool","description":"Specifies whether the lifecycle rule is active.","description_kind":"plain","required":true},"id":{"type":"string","description":"The unique identifier for the rule.","description_kind":"plain","optional":true,"computed":true},"prefix":{"type":"string","description":"The object key prefix identifying one or more objects to which the rule applies.","description_kind":"plain","optional":true}},"block_types":{"expiration":{"nesting_mode":"list","block":{"attributes":{"date":{"type":"string","description":"Specifies the date after which you want the corresponding action to take effect.","description_kind":"plain","optional":true},"days":{"type":"number","description":"Specifies the number of days after object creation when the specific rule action takes effect.","description_kind":"plain","optional":true},"expired_object_delete_marker":{"type":"bool","description":"Directs Linode Object Storage to remove expired deleted markers.","description_kind":"plain","optional":true}},"description":"Specifies a period in the object's expire.","description_kind":"plain"},"max_items":1},"noncurrent_version_expiration":{"nesting_mode":"list","block":{"attributes":{"days":{"type":"number","description":"Specifies the number of days non-current object versions expire.","description_kind":"plain","required":true}},"description":"Specifies when non-current object versions expire.","description_kind":"plain"},"max_items":1}},"description":"Lifecycle rules to be applied to the bucket.","description_kind":"plain"}}},"description_kind":"plain"}},"linode_object_storage_key":{"version":0,"block":{"attributes":{"access_key":{"type":"string","description":"This keypair's access key. This is not secret.","description_kind":"plain","computed":true},"id":{"type":"string","description":"The unique ID of this Object Storage key.","description_kind":"plain","computed":true},"label":{"type":"string","description":"The label given to this key. For display purposes only.","description_kind":"plain","required":true},"limited":{"type":"bool","description":"Whether or not this key is a limited access key.","description_kind":"plain","computed":true},"regions":{"type":["set","string"],"description":"A set of regions where the key will grant access to create buckets.","description_kind":"plain","optional":true,"computed":true},"regions_details":{"type":["set",["object",{"endpoint_type":"string","id":"string","s3_endpoint":"string"}]],"description":"A set of objects containing the detailed info of the regions where the key will grant access.","description_kind":"plain","computed":true},"secret_key":{"type":"string","description":"This keypair's secret key.","description_kind":"plain","computed":true,"sensitive":true}},"block_types":{"bucket_access":{"nesting_mode":"set","block":{"attributes":{"bucket_name":{"type":"string","description":"The unique label of the bucket to which the key will grant limited access.","description_kind":"plain","required":true},"cluster":{"type":"string","description":"The Object Storage cluster where the bucket resides. Deprecated in favor of `region`","description_kind":"plain","deprecated":true,"optional":true,"computed":true},"permissions":{"type":"string","description":"This Limited Access Key's permissions for the selected bucket.","description_kind":"plain","required":true},"region":{"type":"string","description":"The region where the bucket resides.","description_kind":"plain","optional":true,"computed":true}},"description":"A list of permissions to grant this limited access key.","description_kind":"plain"}}},"description_kind":"plain"}},"linode_object_storage_object":{"version":0,"block":{"attributes":{"access_key":{"type":"string","description":"The REQUIRED S3 access key with access to the target bucket. If not specified with the resource, you must provide its value by configuring the obj_access_key, or, opting-in generating it implicitly at apply-time using obj_use_temp_keys at provider-level.","description_kind":"plain","optional":true},"acl":{"type":"string","description":"The ACL config given to this object.","description_kind":"plain","optional":true,"computed":true},"bucket":{"type":"string","description":"The target bucket to put this object in.","description_kind":"plain","required":true},"cache_control":{"type":"string","description":"This cache_control configuration of this object.","description_kind":"plain","optional":true},"cluster":{"type":"string","description":"The target cluster that the bucket is in.","description_kind":"plain","deprecated":true,"optional":true},"content":{"type":"string","description":"The contents of the Object to upload.","description_kind":"plain","optional":true},"content_base64":{"type":"string","description":"The base64 contents of the Object to upload.","description_kind":"plain","optional":true},"content_disposition":{"type":"string","description":"The content disposition configuration of this object.","description_kind":"plain","optional":true},"content_encoding":{"type":"string","description":"The encoding of the content of this object.","description_kind":"plain","optional":true},"content_language":{"type":"string","description":"The language metadata of this object.","description_kind":"plain","optional":true},"content_type":{"type":"string","description":"The MIME type of the content.","description_kind":"plain","optional":true,"computed":true},"endpoint":{"type":"string","description":"The endpoint for the bucket used for s3 connections.","description_kind":"plain","optional":true,"computed":true},"etag":{"type":"string","description":"The specific version of this object.","description_kind":"plain","optional":true,"computed":true},"force_destroy":{"type":"bool","description":"Whether the object should bypass deletion restrictions.","description_kind":"plain","optional":true,"computed":true},"id":{"type":"string","description":"The ID of the object.","description_kind":"plain","computed":true},"key":{"type":"string","description":"The name of the uploaded object.","description_kind":"plain","required":true},"metadata":{"type":["map","string"],"description":"The metadata of this object","description_kind":"plain","optional":true,"computed":true},"region":{"type":"string","description":"The target region that the bucket is in.","description_kind":"plain","optional":true},"secret_key":{"type":"string","description":"The REQUIRED S3 secret key with access to the target bucket. If not specified with the resource, you must provide its value by configuring the obj_secret_key, or, opting-in generating it implicitly at apply-time using obj_use_temp_keys at provider-level.","description_kind":"plain","optional":true,"sensitive":true},"source":{"type":"string","description":"The source file to upload.","description_kind":"plain","optional":true},"version_id":{"type":"string","description":"The version ID of this object.","description_kind":"plain","computed":true},"website_redirect":{"type":"string","description":"The website redirect location of this object.","description_kind":"plain","optional":true}},"description_kind":"plain"}},"linode_placement_group":{"version":0,"block":{"attributes":{"id":{"type":"string","description":"The id of the Placement Group.","description_kind":"plain","computed":true},"is_compliant":{"type":"bool","description":"Whether all Linodes in this Placement Group are currently compliant.","description_kind":"plain","computed":true},"label":{"type":"string","description":"The label of the Placement Group.","description_kind":"plain","required":true},"members":{"type":["set",["object",{"is_compliant":"bool","linode_id":"number"}]],"description":"A set of Linodes currently assigned to this Placement Group.","description_kind":"plain","computed":true},"placement_group_policy":{"type":"string","description":"Whether this Placement Group has a strict compliance policy.","description_kind":"plain","optional":true,"computed":true},"placement_group_type":{"type":"string","description":"The placement group type for Linodes in this Placement Group.","description_kind":"plain","required":true},"region":{"type":"string","description":"The region of the Placement Group.","description_kind":"plain","required":true}},"description_kind":"plain"}},"linode_placement_group_assignment":{"version":0,"block":{"attributes":{"compliant_only":{"type":"bool","description_kind":"plain","optional":true},"id":{"type":"string","description":"The unique ID that represents the assignment between a Placement Group and a set of Linodes.","description_kind":"plain","computed":true},"linode_id":{"type":"number","description":"A set of Linode IDs to assign to the Placement Group.","description_kind":"plain","required":true},"placement_group_id":{"type":"number","description":"The ID of the Placement Group for this assignment.","description_kind":"plain","required":true}},"description_kind":"plain"}},"linode_rdns":{"version":0,"block":{"attributes":{"address":{"type":"string","description":"The public Linode IPv4 or IPv6 address to operate on.","description_kind":"plain","required":true},"id":{"type":"string","description":"Unique identification field for this RDNS Resource. The public Linode IPv4 or IPv6 address to operate on. ","description_kind":"plain","computed":true},"rdns":{"type":"string","description":"The reverse DNS assigned to this address. For public IPv4 addresses, this will be set to a default value provided by Linode if not explicitly set.","description_kind":"plain","required":true},"wait_for_available":{"type":"bool","description":"If true, the RDNS assignment will be retried within the operation timeout period.","description_kind":"plain","optional":true,"computed":true}},"block_types":{"timeouts":{"nesting_mode":"single","block":{"attributes":{"create":{"type":"string","description":"A string that can be [parsed as a duration](https://pkg.go.dev/time#ParseDuration) consisting of numbers and unit suffixes, such as \"30s\" or \"2h45m\". Valid time units are \"s\" (seconds), \"m\" (minutes), \"h\" (hours).","description_kind":"plain","optional":true},"update":{"type":"string","description":"A string that can be [parsed as a duration](https://pkg.go.dev/time#ParseDuration) consisting of numbers and unit suffixes, such as \"30s\" or \"2h45m\". Valid time units are \"s\" (seconds), \"m\" (minutes), \"h\" (hours).","description_kind":"plain","optional":true}},"description_kind":"plain"}}},"description_kind":"plain"}},"linode_reserved_ip_assignment":{"version":0,"block":{"attributes":{"address":{"type":"string","description":"The resulting IPv4 address.","description_kind":"plain","required":true},"apply_immediately":{"type":"bool","description":"If true, the instance will be rebooted to update network interfaces. This functionality is not affected by the `skip_implicit_reboots` provider argument.","description_kind":"plain","optional":true,"computed":true},"gateway":{"type":"string","description":"The default gateway for this address","description_kind":"plain","computed":true},"id":{"type":"string","description":"The ID of the IPv4 address, which will be IPv4 address itself.","description_kind":"plain","computed":true},"linode_id":{"type":"number","description":"The ID of the Linode to allocate an IPv4 address for.","description_kind":"plain","required":true},"prefix":{"type":"number","description":"The number of bits set in the subnet mask.","description_kind":"plain","computed":true},"public":{"type":"bool","description":"Whether the IPv4 address is public or private.","description_kind":"plain","optional":true,"computed":true},"rdns":{"type":"string","description":"The reverse DNS assigned to this address.","description_kind":"plain","optional":true,"computed":true},"region":{"type":"string","description":"The region this IP resides in.","description_kind":"plain","computed":true},"reserved":{"type":"bool","description":"The reservation status of the IP address","description_kind":"plain","computed":true},"subnet_mask":{"type":"string","description":"The mask that separates host bits from network bits for this address.","description_kind":"plain","computed":true},"type":{"type":"string","description":"The type of IP address.","description_kind":"plain","computed":true},"vpc_nat_1_1":{"type":["list",["object",{"address":"string","subnet_id":"number","vpc_id":"number"}]],"description":"Contains information about the NAT 1:1 mapping of a public IP address to a VPC subnet.","description_kind":"plain","computed":true}},"description_kind":"plain"}},"linode_sshkey":{"version":0,"block":{"attributes":{"created":{"type":"string","description":"The date this key was added.","description_kind":"plain","computed":true},"id":{"type":"string","description":"The unique identifier for this SSH key.","description_kind":"plain","computed":true},"label":{"type":"string","description":"The label of the Linode SSH Key.","description_kind":"plain","required":true},"ssh_key":{"type":"string","description":"The public SSH Key, which is used to authenticate to the root user of the Linodes you deploy.","description_kind":"plain","required":true}},"description_kind":"plain"}},"linode_stackscript":{"version":1,"block":{"attributes":{"created":{"type":"string","description":"The date this StackScript was created.","description_kind":"plain","computed":true},"deployments_active":{"type":"number","description":"Count of currently active, deployed Linodes created from this StackScript.","description_kind":"plain","computed":true},"deployments_total":{"type":"number","description":"The total number of times this StackScript has been deployed.","description_kind":"plain","computed":true},"description":{"type":"string","description":"A description for the StackScript.","description_kind":"plain","required":true},"id":{"type":"string","description":"The StackScript's unique ID.","description_kind":"plain","computed":true},"images":{"type":["set","string"],"description":"An array of Image IDs representing the Images that this StackScript is compatible for deploying with.","description_kind":"plain","required":true},"is_public":{"type":"bool","description":"This determines whether other users can use your StackScript. Once a StackScript is made public, it cannot be made private.","description_kind":"plain","optional":true,"computed":true},"label":{"type":"string","description":"The StackScript's label is for display purposes only.","description_kind":"plain","required":true},"rev_note":{"type":"string","description":"This field allows you to add notes for the set of revisions made to this StackScript.","description_kind":"plain","optional":true,"computed":true},"script":{"type":"string","description":"The script to execute when provisioning a new Linode with this StackScript.","description_kind":"plain","required":true},"updated":{"type":"string","description":"The date this StackScript was updated.","description_kind":"plain","computed":true},"user_defined_fields":{"type":["list",["object",{"default":"string","example":"string","label":"string","many_of":"string","name":"string","one_of":"string"}]],"description":"This is a list of fields defined with a special syntax inside this StackScript that allow for supplying customized parameters during deployment.","description_kind":"plain","computed":true},"user_gravatar_id":{"type":"string","description":"The Gravatar ID for the User who created the StackScript.","description_kind":"plain","computed":true},"username":{"type":"string","description":"The User who created the StackScript.","description_kind":"plain","computed":true}},"description_kind":"plain"}},"linode_token":{"version":0,"block":{"attributes":{"created":{"type":"string","description":"The date and time this token was created.","description_kind":"plain","computed":true},"expiry":{"type":"string","description":"When this token will expire. Personal Access Tokens cannot be renewed, so after this time the token will be completely unusable and a new token will need to be generated. Tokens may be created with 'null' as their expiry and will never expire unless revoked. Format: 2006-01-02T15:04:05Z","description_kind":"plain","optional":true,"computed":true},"id":{"type":"string","description":"The ID of the token.","description_kind":"plain","computed":true},"label":{"type":"string","description":"The label of the Linode Token.","description_kind":"plain","optional":true},"scopes":{"type":"string","description":"The scopes this token was created with. These define what parts of the Account the token can be used to access. Many command-line tools, such as the Linode CLI, require tokens with access to *. Tokens with more restrictive scopes are generally more secure. Multiple scopes are separated by a space character (e.g., \"databases:read_only events:read_only\"). You can find the list of available scopes on Linode API docs site, https://techdocs.akamai.com/linode-api/reference/get-started#oauth-reference","description_kind":"plain","required":true},"token":{"type":"string","description":"The token used to access the API.","description_kind":"plain","computed":true,"sensitive":true}},"description_kind":"plain"}},"linode_user":{"version":0,"block":{"attributes":{"email":{"type":"string","description":"The email of the user.","description_kind":"plain","required":true},"id":{"type":"string","description_kind":"plain","optional":true,"computed":true},"restricted":{"type":"bool","description":"If true, the user must be explicitly granted access to platform actions and entities.","description_kind":"plain","optional":true},"ssh_keys":{"type":["list","string"],"description":"SSH keys to add to the user profile.","description_kind":"plain","computed":true},"tfa_enabled":{"type":"bool","description":"If the User has Two Factor Authentication (TFA) enabled.","description_kind":"plain","computed":true},"user_type":{"type":"string","description":"The type of this user.","description_kind":"plain","computed":true},"username":{"type":"string","description":"The username of the user.","description_kind":"plain","required":true}},"block_types":{"domain_grant":{"nesting_mode":"set","block":{"attributes":{"id":{"type":"number","description":"The ID of the entity this grant applies to.","description_kind":"plain","required":true},"permissions":{"type":"string","description":"The level of access this User has to this entity. If null, this User has no access.","description_kind":"plain","required":true}},"description":"A set containing all of the user's active grants.","description_kind":"plain"}},"firewall_grant":{"nesting_mode":"set","block":{"attributes":{"id":{"type":"number","description":"The ID of the entity this grant applies to.","description_kind":"plain","required":true},"permissions":{"type":"string","description":"The level of access this User has to this entity. If null, this User has no access.","description_kind":"plain","required":true}},"description":"A set containing all of the user's active grants.","description_kind":"plain"}},"global_grants":{"nesting_mode":"list","block":{"attributes":{"account_access":{"type":"string","description":"The level of access this User has to Account-level actions, like billing information. A restricted User will never be able to manage users.","description_kind":"plain","optional":true},"add_databases":{"type":"bool","description":"If true, this User may add Databases.","description_kind":"plain","optional":true},"add_domains":{"type":"bool","description":"If true, this User may add Domains.","description_kind":"plain","optional":true},"add_firewalls":{"type":"bool","description":"If true, this User may add Firewalls.","description_kind":"plain","optional":true},"add_images":{"type":"bool","description":"If true, this User may add Images.","description_kind":"plain","optional":true},"add_linodes":{"type":"bool","description":"If true, this User may create Linodes.","description_kind":"plain","optional":true},"add_longview":{"type":"bool","description":"If true, this User may create Longview clients and view the current plan.","description_kind":"plain","optional":true},"add_nodebalancers":{"type":"bool","description":"If true, this User may add NodeBalancers.","description_kind":"plain","optional":true},"add_placement_groups":{"type":"bool","description":"If true, this User may add Placement Groups.","description_kind":"plain","optional":true},"add_stackscripts":{"type":"bool","description":"If true, this User may add StackScripts.","description_kind":"plain","optional":true},"add_volumes":{"type":"bool","description":"If true, this User may add Volumes.","description_kind":"plain","optional":true},"add_vpcs":{"type":"bool","description":"If true, this User may add Virtual Private Clouds (VPCs).","description_kind":"plain","optional":true},"cancel_account":{"type":"bool","description":"If true, this User may cancel the entire Account.","description_kind":"plain","optional":true},"longview_subscription":{"type":"bool","description":"If true, this User may manage the Account’s Longview subscription.","description_kind":"plain","optional":true}},"description":"A structure containing the Account-level grants a User has.","description_kind":"plain"},"max_items":1},"image_grant":{"nesting_mode":"set","block":{"attributes":{"id":{"type":"number","description":"The ID of the entity this grant applies to.","description_kind":"plain","required":true},"permissions":{"type":"string","description":"The level of access this User has to this entity. If null, this User has no access.","description_kind":"plain","required":true}},"description":"A set containing all of the user's active grants.","description_kind":"plain"}},"linode_grant":{"nesting_mode":"set","block":{"attributes":{"id":{"type":"number","description":"The ID of the entity this grant applies to.","description_kind":"plain","required":true},"permissions":{"type":"string","description":"The level of access this User has to this entity. If null, this User has no access.","description_kind":"plain","required":true}},"description":"A set containing all of the user's active grants.","description_kind":"plain"}},"longview_grant":{"nesting_mode":"set","block":{"attributes":{"id":{"type":"number","description":"The ID of the entity this grant applies to.","description_kind":"plain","required":true},"permissions":{"type":"string","description":"The level of access this User has to this entity. If null, this User has no access.","description_kind":"plain","required":true}},"description":"A set containing all of the user's active grants.","description_kind":"plain"}},"nodebalancer_grant":{"nesting_mode":"set","block":{"attributes":{"id":{"type":"number","description":"The ID of the entity this grant applies to.","description_kind":"plain","required":true},"permissions":{"type":"string","description":"The level of access this User has to this entity. If null, this User has no access.","description_kind":"plain","required":true}},"description":"A set containing all of the user's active grants.","description_kind":"plain"}},"placement_group_grant":{"nesting_mode":"set","block":{"attributes":{"id":{"type":"number","description":"The ID of the entity this grant applies to.","description_kind":"plain","required":true},"permissions":{"type":"string","description":"The level of access this User has to this entity. If null, this User has no access.","description_kind":"plain","required":true}},"description":"A set containing all of the user's active grants.","description_kind":"plain"}},"stackscript_grant":{"nesting_mode":"set","block":{"attributes":{"id":{"type":"number","description":"The ID of the entity this grant applies to.","description_kind":"plain","required":true},"permissions":{"type":"string","description":"The level of access this User has to this entity. If null, this User has no access.","description_kind":"plain","required":true}},"description":"A set containing all of the user's active grants.","description_kind":"plain"}},"volume_grant":{"nesting_mode":"set","block":{"attributes":{"id":{"type":"number","description":"The ID of the entity this grant applies to.","description_kind":"plain","required":true},"permissions":{"type":"string","description":"The level of access this User has to this entity. If null, this User has no access.","description_kind":"plain","required":true}},"description":"A set containing all of the user's active grants.","description_kind":"plain"}},"vpc_grant":{"nesting_mode":"set","block":{"attributes":{"id":{"type":"number","description":"The ID of the entity this grant applies to.","description_kind":"plain","required":true},"permissions":{"type":"string","description":"The level of access this User has to this entity. If null, this User has no access.","description_kind":"plain","required":true}},"description":"A set containing all of the user's active grants.","description_kind":"plain"}}},"description_kind":"plain"}},"linode_volume":{"version":0,"block":{"attributes":{"encryption":{"type":"string","description":"Whether Block Storage Disk Encryption is enabled or disabled on this Volume. ","description_kind":"plain","optional":true,"computed":true},"filesystem_path":{"type":"string","description":"The full filesystem path for the Volume based on the Volume's label. Path is /dev/disk/by-id/scsi-0Linode_Volume_ + Volume label.","description_kind":"plain","computed":true},"id":{"type":"string","description":"The id of the volume.","description_kind":"plain","computed":true},"label":{"type":"string","description":"The label of the Linode Volume.","description_kind":"plain","required":true},"linode_id":{"type":"number","description":"The Linode ID where the Volume should be attached.","description_kind":"plain","optional":true,"computed":true},"region":{"type":"string","description":"The region where this volume will be deployed.","description_kind":"plain","optional":true,"computed":true},"size":{"type":"number","description":"Size of the Volume in GB","description_kind":"plain","optional":true,"computed":true},"source_volume_id":{"type":"number","description":"The ID of a volume to clone.","description_kind":"plain","optional":true},"status":{"type":"string","description":"The status of the volume, indicating the current readiness state.","description_kind":"plain","computed":true},"tags":{"type":["set","string"],"description":"An array of tags applied to this object. Tags are for organizational purposes only.","description_kind":"plain","optional":true,"computed":true}},"block_types":{"timeouts":{"nesting_mode":"single","block":{"attributes":{"create":{"type":"string","description":"A string that can be [parsed as a duration](https://pkg.go.dev/time#ParseDuration) consisting of numbers and unit suffixes, such as \"30s\" or \"2h45m\". Valid time units are \"s\" (seconds), \"m\" (minutes), \"h\" (hours).","description_kind":"plain","optional":true},"delete":{"type":"string","description":"A string that can be [parsed as a duration](https://pkg.go.dev/time#ParseDuration) consisting of numbers and unit suffixes, such as \"30s\" or \"2h45m\". Valid time units are \"s\" (seconds), \"m\" (minutes), \"h\" (hours). Setting a timeout for a Delete operation is only applicable if changes are saved into state before the destroy operation occurs.","description_kind":"plain","optional":true},"update":{"type":"string","description":"A string that can be [parsed as a duration](https://pkg.go.dev/time#ParseDuration) consisting of numbers and unit suffixes, such as \"30s\" or \"2h45m\". Valid time units are \"s\" (seconds), \"m\" (minutes), \"h\" (hours).","description_kind":"plain","optional":true}},"description_kind":"plain"}}},"description_kind":"plain"}},"linode_vpc":{"version":0,"block":{"attributes":{"created":{"type":"string","description":"The date and time when the VPC was created.","description_kind":"plain","computed":true},"description":{"type":"string","description":"The user-defined description of this VPC.","description_kind":"plain","optional":true,"computed":true},"id":{"type":"string","description":"The id of the VPC.","description_kind":"plain","computed":true},"label":{"type":"string","description":"The label of the VPC. Only contains ascii letters, digits and dashes","description_kind":"plain","required":true},"region":{"type":"string","description":"The region of the VPC.","description_kind":"plain","required":true},"updated":{"type":"string","description":"The date and time when the VPC was updated.","description_kind":"plain","computed":true}},"description_kind":"plain"}},"linode_vpc_subnet":{"version":0,"block":{"attributes":{"created":{"type":"string","description":"The date and time when the VPC Subnet was created.","description_kind":"plain","computed":true},"id":{"type":"string","description":"The id of the VPC Subnet.","description_kind":"plain","computed":true},"ipv4":{"type":"string","description":"The IPv4 range of this subnet in CIDR format.","description_kind":"plain","required":true},"label":{"type":"string","description":"The label of the VPC subnet.","description_kind":"plain","required":true},"linodes":{"type":["list",["object",{"id":"number","interfaces":["list",["object",{"active":"bool","id":"number"}]]}]],"description_kind":"plain","computed":true},"updated":{"type":"string","description":"The date and time when the VPC Subnet was updated.","description_kind":"plain","computed":true},"vpc_id":{"type":"number","description":"The id of the parent VPC for this VPC Subnet","description_kind":"plain","required":true}},"description_kind":"plain"}}},"data_source_schemas":{"linode_account":{"version":0,"block":{"attributes":{"active_since":{"type":"string","description":"When this account was activated.","description_kind":"plain","computed":true},"address_1":{"type":"string","description":"First line of this Account's billing address.","description_kind":"plain","computed":true},"address_2":{"type":"string","description":"Second line of this Account's billing address.","description_kind":"plain","computed":true},"balance":{"type":"number","description":"This Account's balance, in US dollars.","description_kind":"plain","computed":true},"capabilities":{"type":["set","string"],"description":"The capabilities of this account.","description_kind":"plain","computed":true},"city":{"type":"string","description":"The city for this Account's billing address.","description_kind":"plain","computed":true},"company":{"type":"string","description":"The company name associated with this Account.","description_kind":"plain","computed":true},"country":{"type":"string","description":"The two-letter country code of this Account's billing address.","description_kind":"plain","computed":true},"email":{"type":"string","description":"The email address for this Account, for account management communications, and may be used for other communications as configured.","description_kind":"plain","computed":true},"euuid":{"type":"string","description":"The unique ID of this Account.","description_kind":"plain","computed":true},"first_name":{"type":"string","description":"The first name of the person associated with this Account.","description_kind":"plain","computed":true},"id":{"type":"string","description":"The Email of the Account.","description_kind":"plain","computed":true},"last_name":{"type":"string","description":"The last name of the person associated with this Account.","description_kind":"plain","computed":true},"phone":{"type":"string","description":"The phone number associated with this Account.","description_kind":"plain","computed":true},"state":{"type":"string","description":"If billing address is in the United States, this is the State portion of the Account's billing address. If the address is outside the US, this is the Province associated with the Account's billing address.","description_kind":"plain","computed":true},"zip":{"type":"string","description":"The zip code of this Account's billing address.","description_kind":"plain","computed":true}},"description_kind":"plain"}},"linode_account_availabilities":{"version":0,"block":{"attributes":{"id":{"type":"string","description":"The data source's unique ID.","description_kind":"plain","computed":true}},"block_types":{"availabilities":{"nesting_mode":"list","block":{"attributes":{"available":{"type":["set","string"],"description":"A set of available services for the current account in this region.","description_kind":"plain","computed":true},"region":{"type":"string","description":"The region of this availability entry.","description_kind":"plain","required":true},"unavailable":{"type":["set","string"],"description":"A set of unavailable services for the current account in this region.","description_kind":"plain","computed":true}},"description":"The returned list of account availabilities.","description_kind":"plain"}},"filter":{"nesting_mode":"set","block":{"attributes":{"match_by":{"type":"string","description":"The type of comparison to use for this filter.","description_kind":"plain","optional":true},"name":{"type":"string","description":"The name of the attribute to filter on.","description_kind":"plain","required":true},"values":{"type":["set","string"],"description":"The value(s) to be used in the filter.","description_kind":"plain","required":true}},"description_kind":"plain"}}},"description_kind":"plain"}},"linode_account_availability":{"version":0,"block":{"attributes":{"available":{"type":["set","string"],"description":"A set of available services for the current account in this region.","description_kind":"plain","computed":true},"region":{"type":"string","description":"The region of this availability entry.","description_kind":"plain","required":true},"unavailable":{"type":["set","string"],"description":"A set of unavailable services for the current account in this region.","description_kind":"plain","computed":true}},"description_kind":"plain"}},"linode_account_login":{"version":0,"block":{"attributes":{"datetime":{"type":"string","description":"The time when the login was initiated.","description_kind":"plain","computed":true},"id":{"type":"number","description":"The unique ID of this login object.","description_kind":"plain","required":true},"ip":{"type":"string","description":"The remote IP address that requested the login.","description_kind":"plain","computed":true},"restricted":{"type":"bool","description":"True if the User that was logged into was a restricted User, false otherwise.","description_kind":"plain","computed":true},"status":{"type":"string","description":"Whether the login attempt succeeded or failed.","description_kind":"plain","computed":true},"username":{"type":"string","description":"The username of the User that was logged into.","description_kind":"plain","computed":true}},"description_kind":"plain"}},"linode_account_logins":{"version":0,"block":{"attributes":{"id":{"type":"string","description":"The data source's unique ID.","description_kind":"plain","computed":true}},"block_types":{"filter":{"nesting_mode":"set","block":{"attributes":{"match_by":{"type":"string","description":"The type of comparison to use for this filter.","description_kind":"plain","optional":true},"name":{"type":"string","description":"The name of the attribute to filter on.","description_kind":"plain","required":true},"values":{"type":["set","string"],"description":"The value(s) to be used in the filter.","description_kind":"plain","required":true}},"description_kind":"plain"}},"logins":{"nesting_mode":"list","block":{"attributes":{"datetime":{"type":"string","description":"The time when the login was initiated.","description_kind":"plain","computed":true},"id":{"type":"number","description":"The unique ID of this login object.","description_kind":"plain","required":true},"ip":{"type":"string","description":"The remote IP address that requested the login.","description_kind":"plain","computed":true},"restricted":{"type":"bool","description":"True if the User that was logged into was a restricted User, false otherwise.","description_kind":"plain","computed":true},"status":{"type":"string","description":"Whether the login attempt succeeded or failed.","description_kind":"plain","computed":true},"username":{"type":"string","description":"The username of the User that was logged into.","description_kind":"plain","computed":true}},"description":"The returned list of account logins.","description_kind":"plain"}}},"description_kind":"plain"}},"linode_account_settings":{"version":0,"block":{"attributes":{"backups_enabled":{"type":"bool","description":"Account-wide backups default.","description_kind":"plain","computed":true},"id":{"type":"string","description":"The email of the current account.","description_kind":"plain","computed":true},"longview_subscription":{"type":"string","description":"The Longview Pro tier you are currently subscribed to.","description_kind":"plain","computed":true},"managed":{"type":"bool","description":"Enables monitoring for connectivity, response, and total request time.","description_kind":"plain","computed":true},"network_helper":{"type":"bool","description":"Enables network helper across all users by default for new Linodes and Linode Configs.","description_kind":"plain","computed":true},"object_storage":{"type":"string","description":"A string describing the status of this account's Object Storage service enrollment.","description_kind":"plain","computed":true}},"description_kind":"plain"}},"linode_child_account":{"version":0,"block":{"attributes":{"active_since":{"type":"string","description":"When this account was activated.","description_kind":"plain","computed":true},"address_1":{"type":"string","description":"First line of this Account's billing address.","description_kind":"plain","computed":true},"address_2":{"type":"string","description":"Second line of this Account's billing address.","description_kind":"plain","computed":true},"balance":{"type":"number","description":"This Account's balance, in US dollars.","description_kind":"plain","computed":true},"capabilities":{"type":["set","string"],"description":"The capabilities of this account.","description_kind":"plain","computed":true},"city":{"type":"string","description":"The city for this Account's billing address.","description_kind":"plain","computed":true},"company":{"type":"string","description":"The company name associated with this Account.","description_kind":"plain","computed":true},"country":{"type":"string","description":"The two-letter country code of this Account's billing address.","description_kind":"plain","computed":true},"email":{"type":"string","description":"The email address for this Account, for account management communications, and may be used for other communications as configured.","description_kind":"plain","computed":true},"euuid":{"type":"string","description":"The unique ID of this Account.","description_kind":"plain","required":true},"first_name":{"type":"string","description":"The first name of the person associated with this Account.","description_kind":"plain","computed":true},"id":{"type":"string","description":"The Email of the Account.","description_kind":"plain","computed":true},"last_name":{"type":"string","description":"The last name of the person associated with this Account.","description_kind":"plain","computed":true},"phone":{"type":"string","description":"The phone number associated with this Account.","description_kind":"plain","computed":true},"state":{"type":"string","description":"If billing address is in the United States, this is the State portion of the Account's billing address. If the address is outside the US, this is the Province associated with the Account's billing address.","description_kind":"plain","computed":true},"zip":{"type":"string","description":"The zip code of this Account's billing address.","description_kind":"plain","computed":true}},"description_kind":"plain"}},"linode_child_accounts":{"version":0,"block":{"attributes":{"id":{"type":"string","description":"The data source's unique ID.","description_kind":"plain","computed":true}},"block_types":{"child_accounts":{"nesting_mode":"list","block":{"attributes":{"active_since":{"type":"string","description":"When this account was activated.","description_kind":"plain","computed":true},"address_1":{"type":"string","description":"First line of this Account's billing address.","description_kind":"plain","computed":true},"address_2":{"type":"string","description":"Second line of this Account's billing address.","description_kind":"plain","computed":true},"balance":{"type":"number","description":"This Account's balance, in US dollars.","description_kind":"plain","computed":true},"capabilities":{"type":["set","string"],"description":"The capabilities of this account.","description_kind":"plain","computed":true},"city":{"type":"string","description":"The city for this Account's billing address.","description_kind":"plain","computed":true},"company":{"type":"string","description":"The company name associated with this Account.","description_kind":"plain","computed":true},"country":{"type":"string","description":"The two-letter country code of this Account's billing address.","description_kind":"plain","computed":true},"email":{"type":"string","description":"The email address for this Account, for account management communications, and may be used for other communications as configured.","description_kind":"plain","computed":true},"euuid":{"type":"string","description":"The unique ID of this Account.","description_kind":"plain","computed":true},"first_name":{"type":"string","description":"The first name of the person associated with this Account.","description_kind":"plain","computed":true},"id":{"type":"string","description":"The Email of the Account.","description_kind":"plain","computed":true},"last_name":{"type":"string","description":"The last name of the person associated with this Account.","description_kind":"plain","computed":true},"phone":{"type":"string","description":"The phone number associated with this Account.","description_kind":"plain","computed":true},"state":{"type":"string","description":"If billing address is in the United States, this is the State portion of the Account's billing address. If the address is outside the US, this is the Province associated with the Account's billing address.","description_kind":"plain","computed":true},"zip":{"type":"string","description":"The zip code of this Account's billing address.","description_kind":"plain","computed":true}},"description":"The returned list of Child Accounts.","description_kind":"plain"}},"filter":{"nesting_mode":"set","block":{"attributes":{"match_by":{"type":"string","description":"The type of comparison to use for this filter.","description_kind":"plain","optional":true},"name":{"type":"string","description":"The name of the attribute to filter on.","description_kind":"plain","required":true},"values":{"type":["set","string"],"description":"The value(s) to be used in the filter.","description_kind":"plain","required":true}},"description_kind":"plain"}}},"description_kind":"plain"}},"linode_database_backups":{"version":0,"block":{"attributes":{"database_id":{"type":"number","description":"The ID of the Managed Database.","description_kind":"plain","required":true},"database_type":{"type":"string","description":"The type of the Managed Database","description_kind":"plain","required":true},"id":{"type":"number","description":"The data source's unique ID.","description_kind":"plain","computed":true},"latest":{"type":"bool","description":"If true, only the latest engine version will be returned.","description_kind":"plain","optional":true},"order":{"type":"string","description":"The order in which results should be returned.","description_kind":"plain","optional":true},"order_by":{"type":"string","description":"The attribute to order the results by.","description_kind":"plain","optional":true}},"block_types":{"backups":{"nesting_mode":"list","block":{"attributes":{"created":{"type":"string","description":"A time value given in a combined date and time format that represents when the database backup was created.","description_kind":"plain","computed":true},"id":{"type":"number","description":"The ID of the database backup object.","description_kind":"plain","computed":true},"label":{"type":"string","description":"The database backup’s label, for display purposes only.","description_kind":"plain","computed":true},"type":{"type":"string","description":"The type of database backup, determined by how the backup was created.","description_kind":"plain","computed":true}},"description":"The returned list of backups.","description_kind":"plain"}},"filter":{"nesting_mode":"set","block":{"attributes":{"match_by":{"type":"string","description":"The type of comparison to use for this filter.","description_kind":"plain","optional":true},"name":{"type":"string","description":"The name of the attribute to filter on.","description_kind":"plain","required":true},"values":{"type":["set","string"],"description":"The value(s) to be used in the filter.","description_kind":"plain","required":true}},"description_kind":"plain"}}},"description_kind":"plain","deprecated":true}},"linode_database_engines":{"version":0,"block":{"attributes":{"id":{"type":"string","description":"The data source's unique ID.","description_kind":"plain","computed":true},"latest":{"type":"bool","description":"If true, only the latest engine version will be returned.","description_kind":"plain","optional":true},"order":{"type":"string","description":"The order in which results should be returned.","description_kind":"plain","optional":true},"order_by":{"type":"string","description":"The attribute to order the results by.","description_kind":"plain","optional":true}},"block_types":{"engines":{"nesting_mode":"list","block":{"attributes":{"engine":{"type":"string","description":"The Managed Database engine type.","description_kind":"plain","computed":true},"id":{"type":"string","description":"The Managed Database engine ID in engine/version format.","description_kind":"plain","computed":true},"version":{"type":"string","description":"The Managed Database engine version.","description_kind":"plain","computed":true}},"description":"The returned list of engines.","description_kind":"plain"}},"filter":{"nesting_mode":"set","block":{"attributes":{"match_by":{"type":"string","description":"The type of comparison to use for this filter.","description_kind":"plain","optional":true},"name":{"type":"string","description":"The name of the attribute to filter on.","description_kind":"plain","required":true},"values":{"type":["set","string"],"description":"The value(s) to be used in the filter.","description_kind":"plain","required":true}},"description_kind":"plain"}}},"description_kind":"plain"}},"linode_database_mysql":{"version":0,"block":{"attributes":{"allow_list":{"type":["set","string"],"description":"A list of IP addresses that can access the Managed Database. Each item can be a single IP address or a range in CIDR format.","description_kind":"plain","computed":true},"ca_cert":{"type":"string","description":"The base64-encoded SSL CA certificate for the Managed Database instance.","description_kind":"plain","computed":true,"sensitive":true},"cluster_size":{"type":"number","description":"The number of Linode Instance nodes deployed to the Managed Database. Defaults to 1.","description_kind":"plain","computed":true},"created":{"type":"string","description":"When this Managed Database was created.","description_kind":"plain","computed":true},"database_id":{"type":"number","description":"The ID of the MySQL database. DEPRECATED: Use ID instead","description_kind":"plain","deprecated":true,"optional":true},"encrypted":{"type":"bool","description":"Whether the Managed Databases is encrypted.","description_kind":"plain","computed":true},"engine":{"type":"string","description":"The Managed Database engine.","description_kind":"plain","computed":true},"engine_id":{"type":"string","description":"The Managed Database engine in engine/version format. (e.g. mysql/8.0.30)","description_kind":"plain","computed":true},"host_primary":{"type":"string","description":"The primary host for the Managed Database.","description_kind":"plain","computed":true},"host_secondary":{"type":"string","description":"The secondary host for the Managed Database.","description_kind":"plain","computed":true},"id":{"type":"number","description":"Unique identifier for this DataSource. The ID of the MySQL database.","description_kind":"plain","optional":true},"label":{"type":"string","description":"A unique, user-defined string referring to the Managed Database.","description_kind":"plain","computed":true},"region":{"type":"string","description":"The region to use for the Managed Database.","description_kind":"plain","computed":true},"replication_type":{"type":"string","description":"The replication method used for the Managed Database.","description_kind":"plain","computed":true},"root_password":{"type":"string","description":"The randomly-generated root password for the Managed Database instance.","description_kind":"plain","computed":true,"sensitive":true},"root_username":{"type":"string","description":"The root username for the Managed Database instance.","description_kind":"plain","computed":true,"sensitive":true},"ssl_connection":{"type":"bool","description":"Whether to require SSL credentials to establish a connection to the Managed Database.","description_kind":"plain","computed":true},"status":{"type":"string","description":"The operating status of the Managed Database.","description_kind":"plain","computed":true},"type":{"type":"string","description":"The Linode Instance type used by the Managed Database for its nodes.","description_kind":"plain","computed":true},"updated":{"type":"string","description":"When this Managed Database was last updated.","description_kind":"plain","computed":true},"updates":{"type":["list",["object",{"day_of_week":"string","duration":"number","frequency":"string","hour_of_day":"number","week_of_month":"number"}]],"description":"Configuration settings for automated patch update maintenance for the Managed Database.","description_kind":"plain","computed":true},"version":{"type":"string","description":"The Managed Database engine version.","description_kind":"plain","computed":true}},"description_kind":"plain","deprecated":true}},"linode_database_mysql_backups":{"version":0,"block":{"attributes":{"backups":{"type":["list",["object",{"created":"string","id":"number","label":"string","type":"string"}]],"description":"The returned list of backups.","description_kind":"plain","computed":true},"database_id":{"type":"number","description":"The ID of the Managed MySQL Database.","description_kind":"plain","required":true},"id":{"type":"string","description_kind":"plain","optional":true,"computed":true},"latest":{"type":"bool","description":"If true, only the latest backup will be returned.","description_kind":"plain","optional":true},"order":{"type":"string","description":"The order in which results should be returned.","description_kind":"plain","optional":true},"order_by":{"type":"string","description":"The attribute to order the results by.","description_kind":"plain","optional":true}},"block_types":{"filter":{"nesting_mode":"list","block":{"attributes":{"match_by":{"type":"string","description":"The type of comparison to use for this filter.","description_kind":"plain","optional":true},"name":{"type":"string","description":"The name of the attribute to filter on.","description_kind":"plain","required":true},"values":{"type":["list","string"],"description":"The value(s) to be used in the filter.","description_kind":"plain","required":true}},"description_kind":"plain"}}},"description_kind":"plain","deprecated":true}},"linode_database_mysql_config":{"version":0,"block":{"attributes":{"binlog_retention_period":{"type":["list",["object",{"description":"string","example":"number","maximum":"number","minimum":"number","requires_restart":"bool","type":"string"}]],"description":"The minimum amount of time in seconds to keep binlog entries before deletion.This may be extended for services that require binlog entries for longer than the defaultfor example if using the MySQL Debezium Kafka connector.","description_kind":"plain","computed":true},"id":{"type":"string","description":"Unique identifier for this DataSource.","description_kind":"plain","computed":true},"mysql":{"type":["list",["object",{"connect_timeout":["object",{"description":"string","example":"number","maximum":"number","minimum":"number","requires_restart":"bool","type":"string"}],"default_time_zone":["object",{"description":"string","example":"string","maxLength":"number","minLength":"number","pattern":"string","requires_restart":"bool","type":"string"}],"group_concat_max_len":["object",{"description":"string","example":"number","maximum":"number","minimum":"number","requires_restart":"bool","type":"string"}],"information_schema_stats_expiry":["object",{"description":"string","example":"number","maximum":"number","minimum":"number","requires_restart":"bool","type":"string"}],"innodb_change_buffer_max_size":["object",{"description":"string","example":"number","maximum":"number","minimum":"number","requires_restart":"bool","type":"string"}],"innodb_flush_neighbors":["object",{"description":"string","example":"number","maximum":"number","minimum":"number","requires_restart":"bool","type":"string"}],"innodb_ft_min_token_size":["object",{"description":"string","example":"number","maximum":"number","minimum":"number","requires_restart":"bool","type":"string"}],"innodb_ft_server_stopword_table":["object",{"description":"string","example":"string","maxLength":"number","pattern":"string","requires_restart":"bool","type":["list","string"]}],"innodb_lock_wait_timeout":["object",{"description":"string","example":"number","maximum":"number","minimum":"number","requires_restart":"bool","type":"string"}],"innodb_log_buffer_size":["object",{"description":"string","example":"number","maximum":"number","minimum":"number","requires_restart":"bool","type":"string"}],"innodb_online_alter_log_max_size":["object",{"description":"string","example":"number","maximum":"number","minimum":"number","requires_restart":"bool","type":"string"}],"innodb_read_io_threads":["object",{"description":"string","example":"number","maximum":"number","minimum":"number","requires_restart":"bool","type":"string"}],"innodb_rollback_on_timeout":["object",{"description":"string","example":"bool","requires_restart":"bool","type":"string"}],"innodb_thread_concurrency":["object",{"description":"string","example":"number","maximum":"number","minimum":"number","requires_restart":"bool","type":"string"}],"innodb_write_io_threads":["object",{"description":"string","example":"number","maximum":"number","minimum":"number","requires_restart":"bool","type":"string"}],"interactive_timeout":["object",{"description":"string","example":"number","maximum":"number","minimum":"number","requires_restart":"bool","type":"string"}],"internal_tmp_mem_storage_engine":["object",{"description":"string","enum":["list","string"],"example":"string","requires_restart":"bool","type":"string"}],"max_allowed_packet":["object",{"description":"string","example":"number","maximum":"number","minimum":"number","requires_restart":"bool","type":"string"}],"max_heap_table_size":["object",{"description":"string","example":"number","maximum":"number","minimum":"number","requires_restart":"bool","type":"string"}],"net_buffer_length":["object",{"description":"string","example":"number","maximum":"number","minimum":"number","requires_restart":"bool","type":"string"}],"net_read_timeout":["object",{"description":"string","example":"number","maximum":"number","minimum":"number","requires_restart":"bool","type":"string"}],"net_write_timeout":["object",{"description":"string","example":"number","maximum":"number","minimum":"number","requires_restart":"bool","type":"string"}],"sort_buffer_size":["object",{"description":"string","example":"number","maximum":"number","minimum":"number","requires_restart":"bool","type":"string"}],"sql_mode":["object",{"description":"string","example":"string","maxLength":"number","pattern":"string","requires_restart":"bool","type":"string"}],"sql_require_primary_key":["object",{"description":"string","example":"bool","requires_restart":"bool","type":"string"}],"tmp_table_size":["object",{"description":"string","example":"number","maximum":"number","minimum":"number","requires_restart":"bool","type":"string"}],"wait_timeout":["object",{"description":"string","example":"number","maximum":"number","minimum":"number","requires_restart":"bool","type":"string"}]}]],"description":"MySQL configuration settings.","description_kind":"plain","computed":true}},"description_kind":"plain"}},"linode_database_mysql_v2":{"version":0,"block":{"attributes":{"allow_list":{"type":["set","string"],"description":"A list of IP addresses that can access the Managed Database. Each item can be a single IP address or a range in CIDR format.","description_kind":"plain","computed":true},"ca_cert":{"type":"string","description":"The base64-encoded SSL CA certificate for the Managed Database.","description_kind":"plain","computed":true,"sensitive":true},"cluster_size":{"type":"number","description":"The number of Linode instance nodes deployed to the Managed Database.","description_kind":"plain","computed":true},"created":{"type":"string","description":"When this Managed Database was created.","description_kind":"plain","computed":true},"encrypted":{"type":"bool","description":"Whether the Managed Databases is encrypted.","description_kind":"plain","computed":true},"engine":{"type":"string","description":"The Managed Database engine in engine/version format.","description_kind":"plain","computed":true},"engine_config_binlog_retention_period":{"type":"number","description":"The minimum amount of time in seconds to keep binlog entries before deletion. This may be extended for services that require binlog entries for longer than the default for example if using the MySQL Debezium Kafka connector.","description_kind":"plain","computed":true},"engine_config_mysql_connect_timeout":{"type":"number","description":"The number of seconds that the mysqld server waits for a connect packet before responding with Bad handshake.","description_kind":"plain","computed":true},"engine_config_mysql_default_time_zone":{"type":"string","description":"Default server time zone as an offset from UTC (from -12:00 to +12:00), a time zone name, or 'SYSTEM' to use the MySQL server default.","description_kind":"plain","computed":true},"engine_config_mysql_group_concat_max_len":{"type":"number","description":"The maximum permitted result length in bytes for the GROUP_CONCAT() function.","description_kind":"plain","computed":true},"engine_config_mysql_information_schema_stats_expiry":{"type":"number","description":"The time, in seconds, before cached statistics expire.","description_kind":"plain","computed":true},"engine_config_mysql_innodb_change_buffer_max_size":{"type":"number","description":"Maximum size for the InnoDB change buffer, as a percentage of the total size of the buffer pool. Default is 25.","description_kind":"plain","computed":true},"engine_config_mysql_innodb_flush_neighbors":{"type":"number","description":"Specifies whether flushing a page from the InnoDB buffer pool also flushes other dirty pages in the same extent (default is 1): 0 - dirty pages in the same extent are not flushed, 1 - flush contiguous dirty pages in the same extent, 2 - flush dirty pages in the same extent.","description_kind":"plain","computed":true},"engine_config_mysql_innodb_ft_min_token_size":{"type":"number","description":"Minimum length of words that are stored in an InnoDB FULLTEXT index. Changing this parameter will lead to a restart of the MySQL service.","description_kind":"plain","computed":true},"engine_config_mysql_innodb_ft_server_stopword_table":{"type":"string","description":"This option is used to specify your own InnoDB FULLTEXT index stopword list for all InnoDB tables.","description_kind":"plain","computed":true},"engine_config_mysql_innodb_lock_wait_timeout":{"type":"number","description":"The length of time in seconds an InnoDB transaction waits for a row lock before giving up. Default is 120.","description_kind":"plain","computed":true},"engine_config_mysql_innodb_log_buffer_size":{"type":"number","description":"The size in bytes of the buffer that InnoDB uses to write to the log files on disk.","description_kind":"plain","computed":true},"engine_config_mysql_innodb_online_alter_log_max_size":{"type":"number","description":"The upper limit in bytes on the size of the temporary log files used during online DDL operations for InnoDB tables.","description_kind":"plain","computed":true},"engine_config_mysql_innodb_read_io_threads":{"type":"number","description":"The number of I/O threads for read operations in InnoDB. Default is 4. Changing this parameter will lead to a restart of the MySQL service.","description_kind":"plain","computed":true},"engine_config_mysql_innodb_rollback_on_timeout":{"type":"bool","description":"When enabled a transaction timeout causes InnoDB to abort and roll back the entire transaction. Changing this parameter will lead to a restart of the MySQL service.","description_kind":"plain","computed":true},"engine_config_mysql_innodb_thread_concurrency":{"type":"number","description":"Defines the maximum number of threads permitted inside of InnoDB. Default is 0 (infinite concurrency - no limit).","description_kind":"plain","computed":true},"engine_config_mysql_innodb_write_io_threads":{"type":"number","description":"The number of I/O threads for write operations in InnoDB. Default is 4. Changing this parameter will lead to a restart of the MySQL service.","description_kind":"plain","computed":true},"engine_config_mysql_interactive_timeout":{"type":"number","description":"The number of seconds the server waits for activity on an interactive connection before closing it.","description_kind":"plain","computed":true},"engine_config_mysql_internal_tmp_mem_storage_engine":{"type":"string","description":"The storage engine for in-memory internal temporary tables.","description_kind":"plain","computed":true},"engine_config_mysql_max_allowed_packet":{"type":"number","description":"Size of the largest message in bytes that can be received by the server. Default is 67108864 (64M).","description_kind":"plain","computed":true},"engine_config_mysql_max_heap_table_size":{"type":"number","description":"Limits the size of internal in-memory tables. Also set tmp_table_size. Default is 16777216 (16M).","description_kind":"plain","computed":true},"engine_config_mysql_net_buffer_length":{"type":"number","description":"Start sizes of connection buffer and result buffer. Default is 16384 (16K). Changing this parameter will lead to a restart of the MySQL service.","description_kind":"plain","computed":true},"engine_config_mysql_net_read_timeout":{"type":"number","description":"The number of seconds to wait for more data from a connection before aborting the read.","description_kind":"plain","computed":true},"engine_config_mysql_net_write_timeout":{"type":"number","description":"The number of seconds to wait for a block to be written to a connection before aborting the write.","description_kind":"plain","computed":true},"engine_config_mysql_sort_buffer_size":{"type":"number","description":"Sort buffer size in bytes for ORDER BY optimization. Default is 262144 (256K).","description_kind":"plain","computed":true},"engine_config_mysql_sql_mode":{"type":"string","description":"Global SQL mode. Set to empty to use MySQL server defaults. When creating a new service and not setting this field Aiven default SQL mode (strict, SQL standard compliant) will be assigned.","description_kind":"plain","computed":true},"engine_config_mysql_sql_require_primary_key":{"type":"bool","description":"Require primary key to be defined for new tables or old tables modified with ALTER TABLE and fail if missing. It is recommended to always have primary keys because various functionality may break if any large table is missing them.","description_kind":"plain","computed":true},"engine_config_mysql_tmp_table_size":{"type":"number","description":"Limits the size of internal in-memory tables. Also set max_heap_table_size. Default is 16777216 (16M).","description_kind":"plain","computed":true},"engine_config_mysql_wait_timeout":{"type":"number","description":"The number of seconds the server waits for activity on a noninteractive connection before closing it.","description_kind":"plain","computed":true},"engine_id":{"type":"string","description":"The unique ID of the database engine and version to use. (e.g. mysql/8)","description_kind":"plain","computed":true},"fork_restore_time":{"type":"string","description":"The database timestamp from which it was restored.","description_kind":"plain","computed":true},"fork_source":{"type":"number","description":"The ID of the database that was forked from.","description_kind":"plain","computed":true},"host_primary":{"type":"string","description":"The primary host for the Managed Database.","description_kind":"plain","computed":true},"host_secondary":{"type":"string","description":"The secondary/private host for the Managed Database.","description_kind":"plain","computed":true},"id":{"type":"string","description":"The id of the MySQL Database.","description_kind":"plain","required":true},"label":{"type":"string","description":"A unique, user-defined string referring to the Managed Database.","description_kind":"plain","computed":true},"members":{"type":["map","string"],"description":"A mapping between IP addresses and strings designating them as primary or failover.","description_kind":"plain","computed":true},"oldest_restore_time":{"type":"string","description":"The oldest time to which a database can be restored.","description_kind":"plain","computed":true},"pending_updates":{"type":["set",["object",{"deadline":"string","description":"string","planned_for":"string"}]],"description":"A set of pending updates.","description_kind":"plain","computed":true},"platform":{"type":"string","description":"The back-end platform for relational databases used by the service.","description_kind":"plain","computed":true},"port":{"type":"number","description":"The access port for this Managed Database.","description_kind":"plain","computed":true},"region":{"type":"string","description":"The Region ID for the Managed Database.","description_kind":"plain","computed":true},"root_password":{"type":"string","description":"The randomly generated root password for the Managed Database instance.","description_kind":"plain","computed":true,"sensitive":true},"root_username":{"type":"string","description":"The root username for the Managed Database instance.","description_kind":"plain","computed":true,"sensitive":true},"ssl_connection":{"type":"bool","description":"Whether to require SSL credentials to establish a connection to the Managed Database.","description_kind":"plain","computed":true},"status":{"type":"string","description":"The operating status of the Managed Database.","description_kind":"plain","computed":true},"suspended":{"type":"bool","description":"Whether this database is suspended.","description_kind":"plain","computed":true},"type":{"type":"string","description":"The Linode Instance type used by the Managed Database for its nodes.","description_kind":"plain","computed":true},"updated":{"type":"string","description":"When this Managed Database was last updated.","description_kind":"plain","computed":true},"updates":{"type":["object",{"day_of_week":"number","duration":"number","frequency":"string","hour_of_day":"number"}],"description":"Configuration settings for automated patch update maintenance for the Managed Database.","description_kind":"plain","computed":true},"version":{"type":"string","description":"The Managed Database engine version.","description_kind":"plain","computed":true}},"description_kind":"plain"}},"linode_database_postgresql":{"version":0,"block":{"attributes":{"allow_list":{"type":["set","string"],"description":"A list of IP addresses that can access the Managed Database. Each item can be a single IP address or a range in CIDR format.","description_kind":"plain","computed":true},"ca_cert":{"type":"string","description":"The base64-encoded SSL CA certificate for the Managed Database instance.","description_kind":"plain","computed":true,"sensitive":true},"cluster_size":{"type":"number","description":"The number of Linode Instance nodes deployed to the Managed Database. Defaults to 1.","description_kind":"plain","computed":true},"created":{"type":"string","description":"When this Managed Database was created.","description_kind":"plain","computed":true},"database_id":{"type":"number","description":"The ID of the PostgreSQL database. DEPRECATED: Use ID instead","description_kind":"plain","deprecated":true,"optional":true},"encrypted":{"type":"bool","description":"Whether the Managed Databases is encrypted.","description_kind":"plain","computed":true},"engine":{"type":"string","description":"The Managed Database engine.","description_kind":"plain","computed":true},"engine_id":{"type":"string","description":"The Managed Database engine in engine/version format. (e.g. postgresql/12.6)","description_kind":"plain","computed":true},"host_primary":{"type":"string","description":"The primary host for the Managed Database.","description_kind":"plain","computed":true},"host_secondary":{"type":"string","description":"The secondary host for the Managed Database.","description_kind":"plain","computed":true},"id":{"type":"number","description":"Unique identifier for this DataSource. The ID of the PostgreSQL database.","description_kind":"plain","optional":true},"label":{"type":"string","description":"A unique, user-defined string referring to the Managed Database.","description_kind":"plain","computed":true},"port":{"type":"number","description":"The access port for this Managed Database.","description_kind":"plain","computed":true},"region":{"type":"string","description":"The region to use for the Managed Database.","description_kind":"plain","computed":true},"replication_commit_type":{"type":"string","description":"The synchronization level of the replicating server.","description_kind":"plain","computed":true},"replication_type":{"type":"string","description":"The replication method used for the Managed Database.","description_kind":"plain","computed":true},"root_password":{"type":"string","description":"The randomly-generated root password for the Managed Database instance.","description_kind":"plain","computed":true,"sensitive":true},"root_username":{"type":"string","description":"The root username for the Managed Database instance.","description_kind":"plain","computed":true,"sensitive":true},"ssl_connection":{"type":"bool","description":"Whether to require SSL credentials to establish a connection to the Managed Database.","description_kind":"plain","computed":true},"status":{"type":"string","description":"The operating status of the Managed Database.","description_kind":"plain","computed":true},"type":{"type":"string","description":"The Linode Instance type used by the Managed Database for its nodes.","description_kind":"plain","computed":true},"updated":{"type":"string","description":"When this Managed Database was last updated.","description_kind":"plain","computed":true},"updates":{"type":["list",["object",{"day_of_week":"string","duration":"number","frequency":"string","hour_of_day":"number","week_of_month":"number"}]],"description":"Configuration settings for automated patch update maintenance for the Managed Database.","description_kind":"plain","computed":true},"version":{"type":"string","description":"The Managed Database engine version.","description_kind":"plain","computed":true}},"description_kind":"plain","deprecated":true}},"linode_database_postgresql_config":{"version":0,"block":{"attributes":{"id":{"type":"string","description":"Unique identifier for this DataSource.","description_kind":"plain","computed":true},"pg":{"type":["list",["object",{"autovacuum_analyze_scale_factor":["object",{"description":"string","maximum":"number","minimum":"number","requires_restart":"bool","type":"string"}],"autovacuum_analyze_threshold":["object",{"description":"string","maximum":"number","minimum":"number","requires_restart":"bool","type":"string"}],"autovacuum_max_workers":["object",{"description":"string","maximum":"number","minimum":"number","requires_restart":"bool","type":"string"}],"autovacuum_naptime":["object",{"description":"string","maximum":"number","minimum":"number","requires_restart":"bool","type":"string"}],"autovacuum_vacuum_cost_delay":["object",{"description":"string","maximum":"number","minimum":"number","requires_restart":"bool","type":"string"}],"autovacuum_vacuum_cost_limit":["object",{"description":"string","maximum":"number","minimum":"number","requires_restart":"bool","type":"string"}],"autovacuum_vacuum_scale_factor":["object",{"description":"string","maximum":"number","minimum":"number","requires_restart":"bool","type":"string"}],"autovacuum_vacuum_threshold":["object",{"description":"string","maximum":"number","minimum":"number","requires_restart":"bool","type":"string"}],"bgwriter_delay":["object",{"description":"string","example":"number","maximum":"number","minimum":"number","requires_restart":"bool","type":"string"}],"bgwriter_flush_after":["object",{"description":"string","example":"number","maximum":"number","minimum":"number","requires_restart":"bool","type":"string"}],"bgwriter_lru_maxpages":["object",{"description":"string","example":"number","maximum":"number","minimum":"number","requires_restart":"bool","type":"string"}],"bgwriter_lru_multiplier":["object",{"description":"string","example":"number","maximum":"number","minimum":"number","requires_restart":"bool","type":"string"}],"deadlock_timeout":["object",{"description":"string","example":"number","maximum":"number","minimum":"number","requires_restart":"bool","type":"string"}],"default_toast_compression":["object",{"description":"string","enum":["list","string"],"example":"string","requires_restart":"bool","type":"string"}],"idle_in_transaction_session_timeout":["object",{"description":"string","maximum":"number","minimum":"number","requires_restart":"bool","type":"string"}],"jit":["object",{"description":"string","example":"bool","requires_restart":"bool","type":"string"}],"max_files_per_process":["object",{"description":"string","maximum":"number","minimum":"number","requires_restart":"bool","type":"string"}],"max_locks_per_transaction":["object",{"description":"string","maximum":"number","minimum":"number","requires_restart":"bool","type":"string"}],"max_logical_replication_workers":["object",{"description":"string","maximum":"number","minimum":"number","requires_restart":"bool","type":"string"}],"max_parallel_workers":["object",{"description":"string","maximum":"number","minimum":"number","requires_restart":"bool","type":"string"}],"max_parallel_workers_per_gather":["object",{"description":"string","maximum":"number","minimum":"number","requires_restart":"bool","type":"string"}],"max_pred_locks_per_transaction":["object",{"description":"string","maximum":"number","minimum":"number","requires_restart":"bool","type":"string"}],"max_replication_slots":["object",{"description":"string","maximum":"number","minimum":"number","requires_restart":"bool","type":"string"}],"max_slot_wal_keep_size":["object",{"description":"string","maximum":"number","minimum":"number","requires_restart":"bool","type":"string"}],"max_stack_depth":["object",{"description":"string","maximum":"number","minimum":"number","requires_restart":"bool","type":"string"}],"max_standby_archive_delay":["object",{"description":"string","maximum":"number","minimum":"number","requires_restart":"bool","type":"string"}],"max_standby_streaming_delay":["object",{"description":"string","maximum":"number","minimum":"number","requires_restart":"bool","type":"string"}],"max_wal_senders":["object",{"description":"string","maximum":"number","minimum":"number","requires_restart":"bool","type":"string"}],"max_worker_processes":["object",{"description":"string","maximum":"number","minimum":"number","requires_restart":"bool","type":"string"}],"password_encryption":["object",{"description":"string","enum":["list","string"],"example":"string","requires_restart":"bool","type":"string"}],"pg_partman_bgw.interval":["object",{"description":"string","example":"number","maximum":"number","minimum":"number","requires_restart":"bool","type":"string"}],"pg_partman_bgw.role":["object",{"description":"string","example":"string","maxLength":"number","pattern":"string","requires_restart":"bool","type":"string"}],"pg_stat_monitor.pgsm_enable_query_plan":["object",{"description":"string","example":"bool","requires_restart":"bool","type":"string"}],"pg_stat_monitor.pgsm_max_buckets":["object",{"description":"string","example":"number","maximum":"number","minimum":"number","requires_restart":"bool","type":"string"}],"pg_stat_statements.track":["object",{"description":"string","enum":["list","string"],"requires_restart":"bool","type":"string"}],"temp_file_limit":["object",{"description":"string","example":"number","maximum":"number","minimum":"number","requires_restart":"bool","type":"string"}],"timezone":["object",{"description":"string","example":"string","maxLength":"number","pattern":"string","requires_restart":"bool","type":"string"}],"track_activity_query_size":["object",{"description":"string","example":"number","maximum":"number","minimum":"number","requires_restart":"bool","type":"string"}],"track_commit_timestamp":["object",{"description":"string","enum":["list","string"],"example":"string","requires_restart":"bool","type":"string"}],"track_functions":["object",{"description":"string","enum":["list","string"],"requires_restart":"bool","type":"string"}],"track_io_timing":["object",{"description":"string","enum":["list","string"],"example":"string","requires_restart":"bool","type":"string"}],"wal_sender_timeout":["object",{"description":"string","example":"number","requires_restart":"bool","type":"string"}],"wal_writer_delay":["object",{"description":"string","example":"number","maximum":"number","minimum":"number","requires_restart":"bool","type":"string"}]}]],"description":"PostgreSQL configuration settings.","description_kind":"plain","computed":true},"pg_stat_monitor_enable":{"type":["list",["object",{"description":"string","requires_restart":"bool","type":"string"}]],"description":"Enable the pg_stat_monitor extension. Enabling this extension will cause the cluster to be restarted.When this extension is enabled, pg_stat_statements results for utility commands are unreliable.","description_kind":"plain","computed":true},"pglookout":{"type":["list",["object",{"max_failover_replication_time_lag":["object",{"description":"string","maximum":"number","minimum":"number","requires_restart":"bool","type":"string"}]}]],"description":"System-wide settings for pglookout.","description_kind":"plain","computed":true},"shared_buffers_percentage":{"type":["list",["object",{"description":"string","example":"number","maximum":"number","minimum":"number","requires_restart":"bool","type":"string"}]],"description":"Percentage of total RAM that the database server uses for shared memory buffers. Valid range is 20-60 (float), which corresponds to 20% - 60%. This setting adjusts the shared_buffers configuration value.","description_kind":"plain","computed":true},"work_mem":{"type":["list",["object",{"description":"string","example":"number","maximum":"number","minimum":"number","requires_restart":"bool","type":"string"}]],"description":"Sets the maximum amount of memory to be used by a query operation (such as a sort or hash table) before writing to temporary disk files, in MB. Default is 1MB + 0.075% of total RAM (up to 32MB).","description_kind":"plain","computed":true}},"description_kind":"plain"}},"linode_database_postgresql_v2":{"version":0,"block":{"attributes":{"allow_list":{"type":["set","string"],"description":"A list of IP addresses that can access the Managed Database. Each item can be a single IP address or a range in CIDR format.","description_kind":"plain","computed":true},"ca_cert":{"type":"string","description":"The base64-encoded SSL CA certificate for the Managed Database.","description_kind":"plain","computed":true,"sensitive":true},"cluster_size":{"type":"number","description":"The number of Linode instance nodes deployed to the Managed Database.","description_kind":"plain","computed":true},"created":{"type":"string","description":"When this Managed Database was created.","description_kind":"plain","computed":true},"encrypted":{"type":"bool","description":"Whether the Managed Databases is encrypted.","description_kind":"plain","computed":true},"engine":{"type":"string","description":"The Managed Database engine in engine/version format.","description_kind":"plain","computed":true},"engine_config_pg_autovacuum_analyze_scale_factor":{"type":"number","description":"Specifies a fraction of the table size to add to autovacuum_analyze_threshold when deciding whether to trigger an ANALYZE. The default is 0.2 (20% of table size)","description_kind":"plain","computed":true},"engine_config_pg_autovacuum_analyze_threshold":{"type":"number","description":"Specifies the minimum number of inserted, updated or deleted tuples needed to trigger an ANALYZE in any one table. The default is 50 tuples.","description_kind":"plain","computed":true},"engine_config_pg_autovacuum_max_workers":{"type":"number","description":"Specifies the maximum number of autovacuum processes (other than the autovacuum launcher) that may be running at any one time. The default is three. This parameter can only be set at server start.","description_kind":"plain","computed":true},"engine_config_pg_autovacuum_naptime":{"type":"number","description":"Specifies the minimum delay between autovacuum runs on any given database. The delay is measured in seconds, and the default is one minute","description_kind":"plain","computed":true},"engine_config_pg_autovacuum_vacuum_cost_delay":{"type":"number","description":"Specifies the cost delay value that will be used in automatic VACUUM operations. If -1 is specified, the regular vacuum_cost_delay value will be used. The default value is 20 milliseconds","description_kind":"plain","computed":true},"engine_config_pg_autovacuum_vacuum_cost_limit":{"type":"number","description":"Specifies the cost limit value that will be used in automatic VACUUM operations. If -1 is specified (which is the default), the regular vacuum_cost_limit value will be used.","description_kind":"plain","computed":true},"engine_config_pg_autovacuum_vacuum_scale_factor":{"type":"number","description":"Specifies a fraction of the table size to add to autovacuum_vacuum_threshold when deciding whether to trigger a VACUUM. The default is 0.2 (20% of table size)","description_kind":"plain","computed":true},"engine_config_pg_autovacuum_vacuum_threshold":{"type":"number","description":"Specifies the minimum number of updated or deleted tuples needed to trigger a VACUUM in any one table. The default is 50 tuples","description_kind":"plain","computed":true},"engine_config_pg_bgwriter_delay":{"type":"number","description":"Specifies the delay between activity rounds for the background writer in milliseconds. Default is 200.","description_kind":"plain","computed":true},"engine_config_pg_bgwriter_flush_after":{"type":"number","description":"Whenever more than bgwriter_flush_after bytes have been written by the background writer, attempt to force the OS to issue these writes to the underlying storage. Specified in kilobytes, default is 512. Setting of 0 disables forced writeback.","description_kind":"plain","computed":true},"engine_config_pg_bgwriter_lru_maxpages":{"type":"number","description":"In each round, no more than this many buffers will be written by the background writer. Setting this to zero disables background writing. Default is 100.","description_kind":"plain","computed":true},"engine_config_pg_bgwriter_lru_multiplier":{"type":"number","description":"The average recent need for new buffers is multiplied by bgwriter_lru_multiplier to arrive at an estimate of the number that will be needed during the next round, (up to bgwriter_lru_maxpages). 1.0 represents a “just in time” policy of writing exactly the number of buffers predicted to be needed. Larger values provide some cushion against spikes in demand, while smaller values intentionally leave writes to be done by server processes. The default is 2.0.","description_kind":"plain","computed":true},"engine_config_pg_deadlock_timeout":{"type":"number","description":"This is the amount of time, in milliseconds, to wait on a lock before checking to see if there is a deadlock condition.","description_kind":"plain","computed":true},"engine_config_pg_default_toast_compression":{"type":"string","description":"Specifies the default TOAST compression method for values of compressible columns (the default is lz4).","description_kind":"plain","computed":true},"engine_config_pg_idle_in_transaction_session_timeout":{"type":"number","description":"Time out sessions with open transactions after this number of milliseconds","description_kind":"plain","computed":true},"engine_config_pg_jit":{"type":"bool","description":"Controls system-wide use of Just-in-Time Compilation (JIT).","description_kind":"plain","computed":true},"engine_config_pg_max_files_per_process":{"type":"number","description":"PostgreSQL maximum number of files that can be open per process","description_kind":"plain","computed":true},"engine_config_pg_max_locks_per_transaction":{"type":"number","description":"PostgreSQL maximum locks per transaction","description_kind":"plain","computed":true},"engine_config_pg_max_logical_replication_workers":{"type":"number","description":"PostgreSQL maximum logical replication workers (taken from the pool of max_parallel_workers)","description_kind":"plain","computed":true},"engine_config_pg_max_parallel_workers":{"type":"number","description":"Sets the maximum number of workers that the system can support for parallel queries","description_kind":"plain","computed":true},"engine_config_pg_max_parallel_workers_per_gather":{"type":"number","description":"Sets the maximum number of workers that can be started by a single Gather or Gather Merge node","description_kind":"plain","computed":true},"engine_config_pg_max_pred_locks_per_transaction":{"type":"number","description":"PostgreSQL maximum predicate locks per transaction","description_kind":"plain","computed":true},"engine_config_pg_max_replication_slots":{"type":"number","description":"PostgreSQL maximum replication slots","description_kind":"plain","computed":true},"engine_config_pg_max_slot_wal_keep_size":{"type":"number","description":"PostgreSQL maximum WAL size (MB) reserved for replication slots. Default is -1 (unlimited). wal_keep_size minimum WAL size setting takes precedence over this.","description_kind":"plain","computed":true},"engine_config_pg_max_stack_depth":{"type":"number","description":"Maximum depth of the stack in bytes","description_kind":"plain","computed":true},"engine_config_pg_max_standby_archive_delay":{"type":"number","description":"Max standby archive delay in milliseconds","description_kind":"plain","computed":true},"engine_config_pg_max_standby_streaming_delay":{"type":"number","description":"Max standby streaming delay in milliseconds","description_kind":"plain","computed":true},"engine_config_pg_max_wal_senders":{"type":"number","description":"PostgreSQL maximum WAL senders","description_kind":"plain","computed":true},"engine_config_pg_max_worker_processes":{"type":"number","description":"Sets the maximum number of background processes that the system can support","description_kind":"plain","computed":true},"engine_config_pg_password_encryption":{"type":"string","description":"Chooses the algorithm for encrypting passwords.","description_kind":"plain","computed":true},"engine_config_pg_pg_partman_bgw_interval":{"type":"number","description":"Sets the time interval to run pg_partman's scheduled tasks","description_kind":"plain","computed":true},"engine_config_pg_pg_partman_bgw_role":{"type":"string","description":"Controls which role to use for pg_partman's scheduled background tasks.","description_kind":"plain","computed":true},"engine_config_pg_pg_stat_monitor_pgsm_enable_query_plan":{"type":"bool","description":"Enables or disables query plan monitoring","description_kind":"plain","computed":true},"engine_config_pg_pg_stat_monitor_pgsm_max_buckets":{"type":"number","description":"Sets the maximum number of buckets","description_kind":"plain","computed":true},"engine_config_pg_pg_stat_statements_track":{"type":"string","description":"Controls which statements are counted. Specify top to track top-level statements (those issued directly by clients), all to also track nested statements (such as statements invoked within functions), or none to disable statement statistics collection. The default value is top.","description_kind":"plain","computed":true},"engine_config_pg_stat_monitor_enable":{"type":"bool","description":"Enable the pg_stat_monitor extension. Enabling this extension will cause the cluster to be restarted. When this extension is enabled, pg_stat_statements results for utility commands are unreliable.","description_kind":"plain","computed":true},"engine_config_pg_temp_file_limit":{"type":"number","description":"PostgreSQL temporary file limit in KiB, -1 for unlimited","description_kind":"plain","computed":true},"engine_config_pg_timezone":{"type":"string","description":"PostgreSQL service timezone","description_kind":"plain","computed":true},"engine_config_pg_track_activity_query_size":{"type":"number","description":"Specifies the number of bytes reserved to track the currently executing command for each active session.","description_kind":"plain","computed":true},"engine_config_pg_track_commit_timestamp":{"type":"string","description":"Record commit time of transactions.","description_kind":"plain","computed":true},"engine_config_pg_track_functions":{"type":"string","description":"Enables tracking of function call counts and time used.","description_kind":"plain","computed":true},"engine_config_pg_track_io_timing":{"type":"string","description":"Enables timing of database I/O calls. This parameter is off by default, because it will repeatedly query the operating system for the current time, which may cause significant overhead on some platforms.","description_kind":"plain","computed":true},"engine_config_pg_wal_sender_timeout":{"type":"number","description":"Terminate replication connections that are inactive for longer than this amount of time, in milliseconds. Setting this value to zero disables the timeout.","description_kind":"plain","computed":true},"engine_config_pg_wal_writer_delay":{"type":"number","description":"WAL flush interval in milliseconds. Note that setting this value to lower than the default 200ms may negatively impact performance.","description_kind":"plain","computed":true},"engine_config_pglookout_max_failover_replication_time_lag":{"type":"number","description":"Number of seconds of master unavailability before triggering database failover to standby.","description_kind":"plain","computed":true},"engine_config_shared_buffers_percentage":{"type":"number","description":"Percentage of total RAM that the database server uses for shared memory buffers. Valid range is 20-60 (float), which corresponds to 20% - 60%. This setting adjusts the shared_buffers configuration value.","description_kind":"plain","computed":true},"engine_config_work_mem":{"type":"number","description":"Sets the maximum amount of memory to be used by a query operation (such as a sort or hash table) before writing to temporary disk files, in MB. Default is 1MB + 0.075% of total RAM (up to 32MB).","description_kind":"plain","computed":true},"engine_id":{"type":"string","description":"The unique ID of the database engine and version to use. (e.g. postgresql/16)","description_kind":"plain","computed":true},"fork_restore_time":{"type":"string","description":"The database timestamp from which it was restored.","description_kind":"plain","computed":true},"fork_source":{"type":"number","description":"The ID of the database that was forked from.","description_kind":"plain","computed":true},"host_primary":{"type":"string","description":"The primary host for the Managed Database.","description_kind":"plain","computed":true},"host_secondary":{"type":"string","description":"The secondary/private host for the Managed Database.","description_kind":"plain","computed":true},"id":{"type":"string","description":"The id of the PostgreSQL Database.","description_kind":"plain","required":true},"label":{"type":"string","description":"A unique, user-defined string referring to the Managed Database.","description_kind":"plain","computed":true},"members":{"type":["map","string"],"description":"A mapping between IP addresses and strings designating them as primary or failover.","description_kind":"plain","computed":true},"oldest_restore_time":{"type":"string","description":"The oldest time to which a database can be restored.","description_kind":"plain","computed":true},"pending_updates":{"type":["set",["object",{"deadline":"string","description":"string","planned_for":"string"}]],"description":"A set of pending updates.","description_kind":"plain","computed":true},"platform":{"type":"string","description":"The back-end platform for relational databases used by the service.","description_kind":"plain","computed":true},"port":{"type":"number","description":"The access port for this Managed Database.","description_kind":"plain","computed":true},"region":{"type":"string","description":"The Region ID for the Managed Database.","description_kind":"plain","computed":true},"root_password":{"type":"string","description":"The randomly generated root password for the Managed Database instance.","description_kind":"plain","computed":true,"sensitive":true},"root_username":{"type":"string","description":"The root username for the Managed Database instance.","description_kind":"plain","computed":true,"sensitive":true},"ssl_connection":{"type":"bool","description":"Whether to require SSL credentials to establish a connection to the Managed Database.","description_kind":"plain","computed":true},"status":{"type":"string","description":"The operating status of the Managed Database.","description_kind":"plain","computed":true},"suspended":{"type":"bool","description":"Whether this database is suspended.","description_kind":"plain","computed":true},"type":{"type":"string","description":"The Linode Instance type used by the Managed Database for its nodes.\n\n","description_kind":"plain","computed":true},"updated":{"type":"string","description":"When this Managed Database was last updated.","description_kind":"plain","computed":true},"updates":{"type":["object",{"day_of_week":"number","duration":"number","frequency":"string","hour_of_day":"number"}],"description":"Configuration settings for automated patch update maintenance for the Managed Database.","description_kind":"plain","computed":true},"version":{"type":"string","description":"The Managed Database engine version.","description_kind":"plain","computed":true}},"description_kind":"plain"}},"linode_databases":{"version":0,"block":{"attributes":{"id":{"type":"string","description":"The data source's unique ID.","description_kind":"plain","computed":true},"order":{"type":"string","description":"The order in which results should be returned.","description_kind":"plain","optional":true},"order_by":{"type":"string","description":"The attribute to order the results by.","description_kind":"plain","optional":true}},"block_types":{"databases":{"nesting_mode":"list","block":{"attributes":{"allow_list":{"type":["set","string"],"description":"A list of IP addresses that can access the Managed Database. Each item can be a single IP address or a range in CIDR format.","description_kind":"plain","computed":true},"cluster_size":{"type":"number","description":"The number of Linode Instance nodes deployed to the Managed Database.","description_kind":"plain","computed":true},"created":{"type":"string","description":"When this Managed Database was created.","description_kind":"plain","computed":true},"encrypted":{"type":"bool","description":"Whether the Managed Databases is encrypted.","description_kind":"plain","computed":true},"engine":{"type":"string","description":"The Managed Database engine type.","description_kind":"plain","computed":true},"host_primary":{"type":"string","description":"The primary host for the Managed Database.","description_kind":"plain","computed":true},"host_secondary":{"type":"string","description":"The secondary/private host for the Managed Database.","description_kind":"plain","computed":true},"id":{"type":"number","description":"A unique ID that can be used to identify and reference the Managed Database.","description_kind":"plain","computed":true},"instance_uri":{"type":"string","description":"he API route for the database instance.","description_kind":"plain","computed":true},"label":{"type":"string","description":"A unique, user-defined string referring to the Managed Database.","description_kind":"plain","computed":true},"region":{"type":"string","description":"The Region ID for the Managed Database.","description_kind":"plain","computed":true},"replication_type":{"type":"string","description":"The replication method used for the Managed Database.","description_kind":"plain","computed":true},"ssl_connection":{"type":"bool","description":"Whether to require SSL credentials to establish a connection to the Managed Database.","description_kind":"plain","computed":true},"status":{"type":"string","description":"The operating status of the Managed Database.","description_kind":"plain","computed":true},"type":{"type":"string","description":"The Linode Instance type used by the Managed Database for its nodes.","description_kind":"plain","computed":true},"updated":{"type":"string","description":"When this Managed Database was last updated.","description_kind":"plain","computed":true},"version":{"type":"string","description":"The Managed Database engine version.","description_kind":"plain","computed":true}},"description":"The returned list of databases.","description_kind":"plain"}},"filter":{"nesting_mode":"set","block":{"attributes":{"match_by":{"type":"string","description":"The type of comparison to use for this filter.","description_kind":"plain","optional":true},"name":{"type":"string","description":"The name of the attribute to filter on.","description_kind":"plain","required":true},"values":{"type":["set","string"],"description":"The value(s) to be used in the filter.","description_kind":"plain","required":true}},"description_kind":"plain"}}},"description_kind":"plain"}},"linode_domain":{"version":0,"block":{"attributes":{"axfr_ips":{"type":["set","string"],"description":"The list of IPs that may perform a zone transfer for this Domain. This is potentially dangerous, and should be set to an empty list unless you intend to use it.","description_kind":"plain","computed":true},"description":{"type":"string","description":"A description for this Domain. This is for display purposes only.","description_kind":"plain","computed":true},"domain":{"type":"string","description":"The domain this Domain represents. These must be unique in our system; you cannot have two Domains representing the same domain.","description_kind":"plain","optional":true},"expire_sec":{"type":"number","description":"The amount of time in seconds that may pass before this Domain is no longer Valid values are 0, 30, 120, 300, 3600, 7200, 14400, 28800, 57600, 86400, 172800, 345600, 604800, 1209600, and 2419200 - any other value will be rounded to the nearest valid value.","description_kind":"plain","computed":true},"group":{"type":"string","description":"The group this Domain belongs to. This is for display purposes only.","description_kind":"plain","computed":true},"id":{"type":"number","description":"The Domain's unique ID.","description_kind":"plain","optional":true},"master_ips":{"type":["set","string"],"description":"The IP addresses representing the master DNS for this Domain.","description_kind":"plain","computed":true},"refresh_sec":{"type":"number","description":"The amount of time in seconds before this Domain should be refreshed. Valid values are 0, 30, 120, 300, 3600, 7200, 14400, 28800, 57600, 86400, 172800, 345600, 604800, 1209600, and 2419200 - any other value will be rounded to the nearest valid value.","description_kind":"plain","computed":true},"retry_sec":{"type":"number","description":"The interval, in seconds, at which a failed refresh should be retried. Valid values are 0, 30, 120, 300, 3600, 7200, 14400, 28800, 57600, 86400, 172800, 345600, 604800, 1209600, and 2419200 - any other value will be rounded to the nearest valid value.","description_kind":"plain","computed":true},"soa_email":{"type":"string","description":"Start of Authority email address. This is required for master Domains.","description_kind":"plain","computed":true},"status":{"type":"string","description":"Used to control whether this Domain is currently being rendered.","description_kind":"plain","computed":true},"tags":{"type":["set","string"],"description":"An array of tags applied to this object. Tags are for organizational purposes only.","description_kind":"plain","computed":true},"ttl_sec":{"type":"number","description":"'Time to Live' - the amount of time in seconds that this Domain's records may be cached by resolvers or other domain servers. Valid values are 0, 30, 120, 300, 3600, 7200, 14400, 28800, 57600, 86400, 172800, 345600, 604800, 1209600, and 2419200 - any other value will be rounded to the nearest valid value.","description_kind":"plain","computed":true},"type":{"type":"string","description":"If this Domain represents the authoritative source of information for the domain it describes, or if it is a read-only copy of a master (also called a slave).","description_kind":"plain","computed":true}},"description_kind":"plain"}},"linode_domain_record":{"version":0,"block":{"attributes":{"domain_id":{"type":"number","description":"The associated domain's ID.","description_kind":"plain","required":true},"id":{"type":"number","description":"The unique ID assigned to this domain record.","description_kind":"plain","optional":true},"name":{"type":"string","description":"The name of the Record.","description_kind":"plain","optional":true},"port":{"type":"number","description":"The port this Record points to.","description_kind":"plain","computed":true},"priority":{"type":"number","description":"The priority of the target host. Lower values are preferred.","description_kind":"plain","computed":true},"protocol":{"type":"string","description":"The protocol this Record's service communicates with. Only valid for SRV records.","description_kind":"plain","computed":true},"service":{"type":"string","description":"The service this Record identified. Only valid for SRV records.","description_kind":"plain","computed":true},"tag":{"type":"string","description":"The tag portion of a CAA record.","description_kind":"plain","computed":true},"target":{"type":"string","description":"The target for this Record. This field's actual usage depends on the type of record this represents. For A and AAAA records, this is the address the named Domain should resolve to.","description_kind":"plain","computed":true},"ttl_sec":{"type":"number","description":"The amount of time in seconds that this Domain's records may be cached by resolvers or other domain servers.","description_kind":"plain","computed":true},"type":{"type":"string","description":"The type of Record this is in the DNS system.","description_kind":"plain","computed":true},"weight":{"type":"number","description":"The relative weight of this Record. Higher values are preferred.","description_kind":"plain","computed":true}},"description_kind":"plain"}},"linode_domain_zonefile":{"version":0,"block":{"attributes":{"domain_id":{"type":"number","description":"The domain's ID.","description_kind":"plain","required":true},"id":{"type":"string","description":"The unique ID for this DataSource","description_kind":"plain","computed":true},"zone_file":{"type":["list","string"],"description":"Lines of the zone file for the last rendered zone for this domain.","description_kind":"plain","computed":true}},"description_kind":"plain"}},"linode_domains":{"version":0,"block":{"attributes":{"id":{"type":"string","description":"The data source's unique ID.","description_kind":"plain","computed":true},"order":{"type":"string","description":"The order in which results should be returned.","description_kind":"plain","optional":true},"order_by":{"type":"string","description":"The attribute to order the results by.","description_kind":"plain","optional":true}},"block_types":{"domains":{"nesting_mode":"list","block":{"attributes":{"axfr_ips":{"type":["set","string"],"description":"The list of IPs that may perform a zone transfer for this Domain. This is potentially dangerous, and should be set to an empty list unless you intend to use it.","description_kind":"plain","computed":true},"description":{"type":"string","description":"A description for this Domain. This is for display purposes only.","description_kind":"plain","computed":true},"domain":{"type":"string","description":"The domain this Domain represents. These must be unique in our system; you cannot have two Domains representing the same domain.","description_kind":"plain","optional":true},"expire_sec":{"type":"number","description":"The amount of time in seconds that may pass before this Domain is no longer Valid values are 0, 30, 120, 300, 3600, 7200, 14400, 28800, 57600, 86400, 172800, 345600, 604800, 1209600, and 2419200 - any other value will be rounded to the nearest valid value.","description_kind":"plain","computed":true},"group":{"type":"string","description":"The group this Domain belongs to. This is for display purposes only.","description_kind":"plain","computed":true},"id":{"type":"number","description":"The Domain's unique ID.","description_kind":"plain","optional":true},"master_ips":{"type":["set","string"],"description":"The IP addresses representing the master DNS for this Domain.","description_kind":"plain","computed":true},"refresh_sec":{"type":"number","description":"The amount of time in seconds before this Domain should be refreshed. Valid values are 0, 30, 120, 300, 3600, 7200, 14400, 28800, 57600, 86400, 172800, 345600, 604800, 1209600, and 2419200 - any other value will be rounded to the nearest valid value.","description_kind":"plain","computed":true},"retry_sec":{"type":"number","description":"The interval, in seconds, at which a failed refresh should be retried. Valid values are 0, 30, 120, 300, 3600, 7200, 14400, 28800, 57600, 86400, 172800, 345600, 604800, 1209600, and 2419200 - any other value will be rounded to the nearest valid value.","description_kind":"plain","computed":true},"soa_email":{"type":"string","description":"Start of Authority email address. This is required for master Domains.","description_kind":"plain","computed":true},"status":{"type":"string","description":"Used to control whether this Domain is currently being rendered.","description_kind":"plain","computed":true},"tags":{"type":["set","string"],"description":"An array of tags applied to this object. Tags are for organizational purposes only.","description_kind":"plain","computed":true},"ttl_sec":{"type":"number","description":"'Time to Live' - the amount of time in seconds that this Domain's records may be cached by resolvers or other domain servers. Valid values are 0, 30, 120, 300, 3600, 7200, 14400, 28800, 57600, 86400, 172800, 345600, 604800, 1209600, and 2419200 - any other value will be rounded to the nearest valid value.","description_kind":"plain","computed":true},"type":{"type":"string","description":"If this Domain represents the authoritative source of information for the domain it describes, or if it is a read-only copy of a master (also called a slave).","description_kind":"plain","computed":true}},"description":"The returned list of Domains.","description_kind":"plain"}},"filter":{"nesting_mode":"set","block":{"attributes":{"match_by":{"type":"string","description":"The type of comparison to use for this filter.","description_kind":"plain","optional":true},"name":{"type":"string","description":"The name of the attribute to filter on.","description_kind":"plain","required":true},"values":{"type":["set","string"],"description":"The value(s) to be used in the filter.","description_kind":"plain","required":true}},"description_kind":"plain"}}},"description_kind":"plain"}},"linode_firewall":{"version":0,"block":{"attributes":{"created":{"type":"string","description":"When this Firewall was created.","description_kind":"plain","computed":true},"devices":{"type":["list",["object",{"entity_id":"number","id":"number","label":"string","type":"string","url":"string"}]],"description":"The devices associated with this firewall.","description_kind":"plain","computed":true},"disabled":{"type":"bool","description":"If true, the Firewall is inactive.","description_kind":"plain","computed":true},"id":{"type":"number","description":"The unique ID assigned to this Firewall.","description_kind":"plain","required":true},"inbound":{"type":["list",["object",{"action":"string","description":"string","ipv4":["list","string"],"ipv6":["list","string"],"label":"string","ports":"string","protocol":"string"}]],"description":"A firewall rule that specifies what inbound network traffic is allowed.","description_kind":"plain","computed":true},"inbound_policy":{"type":"string","description":"The default behavior for inbound traffic. This setting can be overridden by updating the inbound.action property for an individual Firewall Rule.","description_kind":"plain","computed":true},"label":{"type":"string","description":"The label for the Firewall. For display purposes only. If no label is provided, a default will be assigned.","description_kind":"plain","computed":true},"linodes":{"type":["set","number"],"description":"The IDs of Linodes assigned to this Firewall.","description_kind":"plain","computed":true},"nodebalancers":{"type":["set","number"],"description":"The IDs of NodeBalancers assigned to this Firewall.","description_kind":"plain","computed":true},"outbound":{"type":["list",["object",{"action":"string","description":"string","ipv4":["list","string"],"ipv6":["list","string"],"label":"string","ports":"string","protocol":"string"}]],"description":"A firewall rule that specifies what outbound network traffic is allowed.","description_kind":"plain","computed":true},"outbound_policy":{"type":"string","description":"The default behavior for outbound traffic. This setting can be overridden by updating the outbound.action property for an individual Firewall Rule.","description_kind":"plain","computed":true},"status":{"type":"string","description":"The status of the firewall.","description_kind":"plain","computed":true},"tags":{"type":["set","string"],"description":"An array of tags applied to this object. Tags are for organizational purposes only.","description_kind":"plain","computed":true},"updated":{"type":"string","description":"When this Firewall was last updated.","description_kind":"plain","computed":true}},"description_kind":"plain"}},"linode_firewalls":{"version":0,"block":{"attributes":{"id":{"type":"string","description":"The data source's unique ID.","description_kind":"plain","computed":true},"order":{"type":"string","description":"The order in which results should be returned.","description_kind":"plain","optional":true},"order_by":{"type":"string","description":"The attribute to order the results by.","description_kind":"plain","optional":true}},"block_types":{"filter":{"nesting_mode":"set","block":{"attributes":{"match_by":{"type":"string","description":"The type of comparison to use for this filter.","description_kind":"plain","optional":true},"name":{"type":"string","description":"The name of the attribute to filter on.","description_kind":"plain","required":true},"values":{"type":["set","string"],"description":"The value(s) to be used in the filter.","description_kind":"plain","required":true}},"description_kind":"plain"}},"firewalls":{"nesting_mode":"list","block":{"attributes":{"created":{"type":"string","description":"When this Firewall was created.","description_kind":"plain","computed":true},"disabled":{"type":"bool","description":"If true, the Firewall is inactive.","description_kind":"plain","computed":true},"id":{"type":"number","description":"The unique ID assigned to this Firewall.","description_kind":"plain","computed":true},"inbound_policy":{"type":"string","description":"The default behavior for inbound traffic.","description_kind":"plain","computed":true},"label":{"type":"string","description":"The label for the Firewall. For display purposes only. If no label is provided, a default will be assigned.","description_kind":"plain","computed":true},"linodes":{"type":["set","number"],"description":"The IDs of Linodes assigned to this Firewall.","description_kind":"plain","computed":true},"nodebalancers":{"type":["set","number"],"description":"The IDs of NodeBalancers assigned to this Firewall..","description_kind":"plain","computed":true},"outbound_policy":{"type":"string","description":"The default behavior for outbound traffic.","description_kind":"plain","computed":true},"status":{"type":"string","description":"The status of the firewall.","description_kind":"plain","computed":true},"tags":{"type":["set","string"],"description":"An array of tags applied to this object. Tags are for organizational purposes only.","description_kind":"plain","computed":true},"updated":{"type":"string","description":"When this Firewall was last updated.","description_kind":"plain","computed":true}},"block_types":{"devices":{"nesting_mode":"list","block":{"attributes":{"entity_id":{"type":"number","description":"The ID of the underlying entity this device references (i.e. the Linode's ID).","description_kind":"plain","computed":true},"id":{"type":"number","description":"The unique ID of the Firewall Device.","description_kind":"plain","computed":true},"label":{"type":"string","description":"The label of the underlying entity this device references.","description_kind":"plain","computed":true},"type":{"type":"string","description":"The type of Firewall Device.","description_kind":"plain","computed":true},"url":{"type":"string","description":"The URL of the underlying entity this device references.","description_kind":"plain","computed":true}},"description":"The devices associated with this firewall.","description_kind":"plain"}},"inbound":{"nesting_mode":"list","block":{"attributes":{"action":{"type":"string","description":"Controls whether traffic is accepted or dropped by this rule (ACCEPT, DROP).","description_kind":"plain","computed":true},"ipv4":{"type":["set","string"],"description":"A list of IPv4 addresses or networks in IP/mask format.","description_kind":"plain","computed":true},"ipv6":{"type":["set","string"],"description":"A list of IPv6 addresses or networks in IP/mask format.","description_kind":"plain","computed":true},"label":{"type":"string","description":"The label of this rule for display purposes only.","description_kind":"plain","computed":true},"ports":{"type":"string","description":"A string representation of ports and/or port ranges (i.e. \"443\" or \"80-90, 91\").","description_kind":"plain","computed":true},"protocol":{"type":"string","description":"The network protocol this rule controls. (TCP, UDP, ICMP)","description_kind":"plain","computed":true}},"description":"A set of firewall rules that specify what inbound network traffic is allowed.","description_kind":"plain"}},"outbound":{"nesting_mode":"list","block":{"attributes":{"action":{"type":"string","description":"Controls whether traffic is accepted or dropped by this rule (ACCEPT, DROP).","description_kind":"plain","computed":true},"ipv4":{"type":["set","string"],"description":"A list of IPv4 addresses or networks in IP/mask format.","description_kind":"plain","computed":true},"ipv6":{"type":["set","string"],"description":"A list of IPv6 addresses or networks in IP/mask format.","description_kind":"plain","computed":true},"label":{"type":"string","description":"The label of this rule for display purposes only.","description_kind":"plain","computed":true},"ports":{"type":"string","description":"A string representation of ports and/or port ranges (i.e. \"443\" or \"80-90, 91\").","description_kind":"plain","computed":true},"protocol":{"type":"string","description":"The network protocol this rule controls. (TCP, UDP, ICMP)","description_kind":"plain","computed":true}},"description":"A set of firewall rules that specify what outbound network traffic is allowed.","description_kind":"plain"}}},"description":"The returned list of Firewalls.","description_kind":"plain"}}},"description_kind":"plain"}},"linode_image":{"version":0,"block":{"attributes":{"capabilities":{"type":["set","string"],"description":"The capabilities of this Image.","description_kind":"plain","computed":true},"created":{"type":"string","description":"When this Image was created.","description_kind":"plain","computed":true},"created_by":{"type":"string","description":"The name of the User who created this Image.","description_kind":"plain","computed":true},"deprecated":{"type":"bool","description":"Whether or not this Image is deprecated. Will only be True for deprecated public Images.","description_kind":"plain","computed":true},"description":{"type":"string","description":"A detailed description of this Image.","description_kind":"plain","computed":true},"expiry":{"type":"string","description":"Only Images created automatically (from a deleted Linode; type=automatic) will expire.","description_kind":"plain","computed":true},"id":{"type":"string","description":"The unique ID assigned to this Image.","description_kind":"plain","required":true},"is_public":{"type":"bool","description":"True if the Image is public.","description_kind":"plain","computed":true},"label":{"type":"string","description":"A short description of the Image. Labels cannot contain special characters.","description_kind":"plain","computed":true},"size":{"type":"number","description":"The minimum size this Image needs to deploy. Size is in MB.","description_kind":"plain","computed":true},"status":{"type":"string","description":"The current status of this Image.","description_kind":"plain","computed":true},"tags":{"type":["list","string"],"description":"The customized tags for the image.","description_kind":"plain","computed":true},"total_size":{"type":"number","description":"The total size of the image in all available regions.","description_kind":"plain","computed":true},"type":{"type":"string","description":"How the Image was created. 'Manual' Images can be created at any time. 'Automatic' images are created automatically from a deleted Linode.","description_kind":"plain","computed":true},"vendor":{"type":"string","description":"The upstream distribution vendor. Nil for private Images.","description_kind":"plain","computed":true}},"block_types":{"replications":{"nesting_mode":"list","block":{"attributes":{"region":{"type":"string","description":"The region of an image replica.","description_kind":"plain","computed":true},"status":{"type":"string","description":"The status of an image replica.","description_kind":"plain","computed":true}},"description":"A list of image replications region and corresponding status.","description_kind":"plain"}}},"description_kind":"plain"}},"linode_images":{"version":0,"block":{"attributes":{"id":{"type":"string","description":"The data source's unique ID.","description_kind":"plain","computed":true},"latest":{"type":"bool","description":"If true, only the latest image will be returned.","description_kind":"plain","optional":true},"order":{"type":"string","description":"The order in which results should be returned.","description_kind":"plain","optional":true},"order_by":{"type":"string","description":"The attribute to order the results by.","description_kind":"plain","optional":true}},"block_types":{"filter":{"nesting_mode":"set","block":{"attributes":{"match_by":{"type":"string","description":"The type of comparison to use for this filter.","description_kind":"plain","optional":true},"name":{"type":"string","description":"The name of the attribute to filter on.","description_kind":"plain","required":true},"values":{"type":["set","string"],"description":"The value(s) to be used in the filter.","description_kind":"plain","required":true}},"description_kind":"plain"}},"images":{"nesting_mode":"list","block":{"attributes":{"capabilities":{"type":["set","string"],"description":"The capabilities of this Image.","description_kind":"plain","computed":true},"created":{"type":"string","description":"When this Image was created.","description_kind":"plain","computed":true},"created_by":{"type":"string","description":"The name of the User who created this Image.","description_kind":"plain","computed":true},"deprecated":{"type":"bool","description":"Whether or not this Image is deprecated. Will only be True for deprecated public Images.","description_kind":"plain","computed":true},"description":{"type":"string","description":"A detailed description of this Image.","description_kind":"plain","computed":true},"expiry":{"type":"string","description":"Only Images created automatically (from a deleted Linode; type=automatic) will expire.","description_kind":"plain","computed":true},"id":{"type":"string","description":"The unique ID assigned to this Image.","description_kind":"plain","required":true},"is_public":{"type":"bool","description":"True if the Image is public.","description_kind":"plain","computed":true},"label":{"type":"string","description":"A short description of the Image. Labels cannot contain special characters.","description_kind":"plain","computed":true},"size":{"type":"number","description":"The minimum size this Image needs to deploy. Size is in MB.","description_kind":"plain","computed":true},"status":{"type":"string","description":"The current status of this Image.","description_kind":"plain","computed":true},"tags":{"type":["list","string"],"description":"The customized tags for the image.","description_kind":"plain","computed":true},"total_size":{"type":"number","description":"The total size of the image in all available regions.","description_kind":"plain","computed":true},"type":{"type":"string","description":"How the Image was created. 'Manual' Images can be created at any time. 'Automatic' images are created automatically from a deleted Linode.","description_kind":"plain","computed":true},"vendor":{"type":"string","description":"The upstream distribution vendor. Nil for private Images.","description_kind":"plain","computed":true}},"block_types":{"replications":{"nesting_mode":"list","block":{"attributes":{"region":{"type":"string","description":"The region of an image replica.","description_kind":"plain","computed":true},"status":{"type":"string","description":"The status of an image replica.","description_kind":"plain","computed":true}},"description":"A list of image replications region and corresponding status.","description_kind":"plain"}}},"description":"The returned list of Images.","description_kind":"plain"}}},"description_kind":"plain"}},"linode_instance_backups":{"version":0,"block":{"attributes":{"automatic":{"type":["list",["object",{"available":"bool","configs":["list","string"],"created":"string","disks":["list",["object",{"filesystem":"string","label":"string","size":"number"}]],"finished":"string","id":"number","label":"string","status":"string","type":"string","updated":"string"}]],"description":"A list of backups or snapshots for a Linode.","description_kind":"plain","computed":true},"current":{"type":["list",["object",{"available":"bool","configs":["list","string"],"created":"string","disks":["list",["object",{"filesystem":"string","label":"string","size":"number"}]],"finished":"string","id":"number","label":"string","status":"string","type":"string","updated":"string"}]],"description":"The current Backup for a Linode.","description_kind":"plain","computed":true},"id":{"type":"number","description":"The ID of the Backup","description_kind":"plain","computed":true},"in_progress":{"type":["list",["object",{"available":"bool","configs":["list","string"],"created":"string","disks":["list",["object",{"filesystem":"string","label":"string","size":"number"}]],"finished":"string","id":"number","label":"string","status":"string","type":"string","updated":"string"}]],"description":"The in-progress Backup for a Linode","description_kind":"plain","computed":true},"linode_id":{"type":"number","description":"The ID of the Linode to get backups for.","description_kind":"plain","required":true}},"description_kind":"plain"}},"linode_instance_networking":{"version":0,"block":{"attributes":{"id":{"type":"string","description":"Unique identifier for this DataSource.","description_kind":"plain","computed":true},"ipv4":{"type":["list",["object",{"private":["list",["object",{"address":"string","gateway":"string","linode_id":"number","prefix":"number","public":"bool","rdns":"string","region":"string","subnet_mask":"string","type":"string","vpc_nat_1_1":["object",{"address":"string","subnet_id":"number","vpc_id":"number"}]}]],"public":["list",["object",{"address":"string","gateway":"string","linode_id":"number","prefix":"number","public":"bool","rdns":"string","region":"string","subnet_mask":"string","type":"string","vpc_nat_1_1":["object",{"address":"string","subnet_id":"number","vpc_id":"number"}]}]],"reserved":["list",["object",{"address":"string","gateway":"string","linode_id":"number","prefix":"number","public":"bool","rdns":"string","region":"string","subnet_mask":"string","type":"string","vpc_nat_1_1":["object",{"address":"string","subnet_id":"number","vpc_id":"number"}]}]],"shared":["list",["object",{"address":"string","gateway":"string","linode_id":"number","prefix":"number","public":"bool","rdns":"string","region":"string","subnet_mask":"string","type":"string","vpc_nat_1_1":["object",{"address":"string","subnet_id":"number","vpc_id":"number"}]}]],"vpc":["list",["object",{"active":"bool","address":"string","address_range":"string","config_id":"number","gateway":"string","interface_id":"number","linode_id":"number","nat_1_1":"string","prefix":"number","region":"string","subnet_id":"number","subnet_mask":"string","vpc_id":"number"}]]}]],"description":"Information about this Linode's IPv4 addresses.","description_kind":"plain","computed":true},"ipv6":{"type":["list",["object",{"global":["list",["object",{"prefix":"number","range":"string","region":"string","route_target":"string"}]],"link_local":["object",{"address":"string","gateway":"string","linode_id":"number","prefix":"number","public":"bool","rdns":"string","region":"string","subnet_mask":"string","type":"string","vpc_nat_1_1":["object",{"address":"string","subnet_id":"number","vpc_id":"number"}]}],"slaac":["object",{"address":"string","gateway":"string","linode_id":"number","prefix":"number","public":"bool","rdns":"string","region":"string","subnet_mask":"string","type":"string","vpc_nat_1_1":["object",{"address":"string","subnet_id":"number","vpc_id":"number"}]}]}]],"description":"Information about this Linode's IPv6 addresses.","description_kind":"plain","computed":true},"linode_id":{"type":"number","description":"The ID of the Linode for network info.","description_kind":"plain","required":true}},"description_kind":"plain"}},"linode_instance_type":{"version":0,"block":{"attributes":{"accelerated_devices":{"type":"number","description":"The number of VPUs this Linode Type offers.","description_kind":"plain","computed":true},"addons":{"type":["list",["object",{"backups":["list",["object",{"price":["list",["object",{"hourly":"number","monthly":"number"}]],"region_prices":["list",["object",{"hourly":"number","id":"string","monthly":"number"}]]}]]}]],"description":"Information about the optional Backup service offered for Linodes.","description_kind":"plain","computed":true},"class":{"type":"string","description":"The class of the Linode Type. There are currently three classes of Linodes: nanode, standard, highmem, dedicated","description_kind":"plain","computed":true},"disk":{"type":"number","description":"The Disk size, in MB, of the Linode Type.","description_kind":"plain","computed":true},"id":{"type":"string","description":"The unique ID assigned to this Instance type.","description_kind":"plain","required":true},"label":{"type":"string","description":"The Linode Type's label is for display purposes only.","description_kind":"plain","optional":true,"computed":true},"memory":{"type":"number","description":"Amount of RAM included in this Linode Type.","description_kind":"plain","computed":true},"network_out":{"type":"number","description":"The Mbits outbound bandwidth allocation.","description_kind":"plain","computed":true},"price":{"type":["list",["object",{"hourly":"number","monthly":"number"}]],"description":"Cost in US dollars, broken down into hourly and monthly charges.","description_kind":"plain","computed":true},"region_prices":{"type":["list",["object",{"hourly":"number","id":"string","monthly":"number"}]],"description":"A list of region-specific prices for this plan.","description_kind":"plain","computed":true},"transfer":{"type":"number","description":"The monthly outbound transfer amount, in MB.","description_kind":"plain","computed":true},"vcpus":{"type":"number","description":"The number of VCPU cores this Linode Type offers.","description_kind":"plain","computed":true}},"description_kind":"plain"}},"linode_instance_types":{"version":0,"block":{"attributes":{"id":{"type":"string","description":"The data source's unique ID.","description_kind":"plain","computed":true},"order":{"type":"string","description":"The order in which results should be returned.","description_kind":"plain","optional":true},"order_by":{"type":"string","description":"The attribute to order the results by.","description_kind":"plain","optional":true}},"block_types":{"filter":{"nesting_mode":"set","block":{"attributes":{"match_by":{"type":"string","description":"The type of comparison to use for this filter.","description_kind":"plain","optional":true},"name":{"type":"string","description":"The name of the attribute to filter on.","description_kind":"plain","required":true},"values":{"type":["set","string"],"description":"The value(s) to be used in the filter.","description_kind":"plain","required":true}},"description_kind":"plain"}},"types":{"nesting_mode":"list","block":{"attributes":{"accelerated_devices":{"type":"number","description":"The number of VPUs this Linode Type offers.","description_kind":"plain","computed":true},"addons":{"type":["list",["object",{"backups":["list",["object",{"price":["list",["object",{"hourly":"number","monthly":"number"}]],"region_prices":["list",["object",{"hourly":"number","id":"string","monthly":"number"}]]}]]}]],"description":"Information about the optional Backup service offered for Linodes.","description_kind":"plain","computed":true},"class":{"type":"string","description":"The class of the Linode Type. There are currently three classes of Linodes: nanode, standard, highmem, dedicated","description_kind":"plain","computed":true},"disk":{"type":"number","description":"The Disk size, in MB, of the Linode Type.","description_kind":"plain","computed":true},"id":{"type":"string","description":"The unique ID assigned to this Instance type.","description_kind":"plain","required":true},"label":{"type":"string","description":"The Linode Type's label is for display purposes only.","description_kind":"plain","optional":true,"computed":true},"memory":{"type":"number","description":"Amount of RAM included in this Linode Type.","description_kind":"plain","computed":true},"network_out":{"type":"number","description":"The Mbits outbound bandwidth allocation.","description_kind":"plain","computed":true},"price":{"type":["list",["object",{"hourly":"number","monthly":"number"}]],"description":"Cost in US dollars, broken down into hourly and monthly charges.","description_kind":"plain","computed":true},"region_prices":{"type":["list",["object",{"hourly":"number","id":"string","monthly":"number"}]],"description":"A list of region-specific prices for this plan.","description_kind":"plain","computed":true},"transfer":{"type":"number","description":"The monthly outbound transfer amount, in MB.","description_kind":"plain","computed":true},"vcpus":{"type":"number","description":"The number of VCPU cores this Linode Type offers.","description_kind":"plain","computed":true}},"description":"The returned list of instance types.","description_kind":"plain"}}},"description_kind":"plain"}},"linode_instances":{"version":0,"block":{"attributes":{"id":{"type":"string","description_kind":"plain","optional":true,"computed":true},"instances":{"type":["list",["object",{"alerts":["list",["object",{"cpu":"number","io":"number","network_in":"number","network_out":"number","transfer_quota":"number"}]],"backups":["list",["object",{"available":"bool","enabled":"bool","schedule":["list",["object",{"day":"string","window":"string"}]]}]],"boot_config_label":"string","capabilities":["set","string"],"config":["list",["object",{"comments":"string","devices":["list",["object",{"sda":["list",["object",{"disk_id":"number","disk_label":"string","volume_id":"number"}]],"sdb":["list",["object",{"disk_id":"number","disk_label":"string","volume_id":"number"}]],"sdc":["list",["object",{"disk_id":"number","disk_label":"string","volume_id":"number"}]],"sdd":["list",["object",{"disk_id":"number","disk_label":"string","volume_id":"number"}]],"sde":["list",["object",{"disk_id":"number","disk_label":"string","volume_id":"number"}]],"sdf":["list",["object",{"disk_id":"number","disk_label":"string","volume_id":"number"}]],"sdg":["list",["object",{"disk_id":"number","disk_label":"string","volume_id":"number"}]],"sdh":["list",["object",{"disk_id":"number","disk_label":"string","volume_id":"number"}]]}]],"helpers":["list",["object",{"devtmpfs_automount":"bool","distro":"bool","modules_dep":"bool","network":"bool","updatedb_disabled":"bool"}]],"id":"number","interface":["list",["object",{"active":"bool","id":"number","ip_ranges":["list","string"],"ipam_address":"string","ipv4":["list",["object",{"nat_1_1":"string","vpc":"string"}]],"label":"string","primary":"bool","purpose":"string","subnet_id":"number","vpc_id":"number"}]],"kernel":"string","label":"string","memory_limit":"number","root_device":"string","run_level":"string","virt_mode":"string"}]],"disk":["list",["object",{"filesystem":"string","id":"number","label":"string","size":"number"}]],"disk_encryption":"string","group":"string","has_user_data":"bool","host_uuid":"string","id":"number","image":"string","ip_address":"string","ipv4":["set","string"],"ipv6":"string","label":"string","lke_cluster_id":"number","placement_group":["list",["object",{"id":"number","label":"string","placement_group_policy":"string","placement_group_type":"string"}]],"private_ip_address":"string","region":"string","specs":["list",["object",{"accelerated_devices":"number","disk":"number","gpus":"number","memory":"number","transfer":"number","vcpus":"number"}]],"status":"string","swap_size":"number","tags":["set","string"],"type":"string","watchdog_enabled":"bool"}]],"description":"The returned list of Instances.","description_kind":"plain","computed":true},"order":{"type":"string","description":"The order in which results should be returned.","description_kind":"plain","optional":true},"order_by":{"type":"string","description":"The attribute to order the results by.","description_kind":"plain","optional":true}},"block_types":{"filter":{"nesting_mode":"list","block":{"attributes":{"match_by":{"type":"string","description":"The type of comparison to use for this filter.","description_kind":"plain","optional":true},"name":{"type":"string","description":"The name of the attribute to filter on.","description_kind":"plain","required":true},"values":{"type":["list","string"],"description":"The value(s) to be used in the filter.","description_kind":"plain","required":true}},"description_kind":"plain"}}},"description_kind":"plain"}},"linode_ipv6_range":{"version":0,"block":{"attributes":{"id":{"type":"string","description":"The unique ID for this DataSource","description_kind":"plain","computed":true},"is_bgp":{"type":"bool","description":"Whether this IPv6 range is shared.","description_kind":"plain","computed":true},"linodes":{"type":["set","number"],"description":"The IDs of Linodes to apply this firewall to.","description_kind":"plain","computed":true},"prefix":{"type":"number","description":"The prefix length of the address, denoting how many addresses can be assigned from this range.","description_kind":"plain","computed":true},"range":{"type":"string","description":"The IPv6 range to retrieve information about.","description_kind":"plain","required":true},"region":{"type":"string","description":"The region for this range of IPv6 addresses.","description_kind":"plain","computed":true}},"description_kind":"plain"}},"linode_ipv6_ranges":{"version":0,"block":{"attributes":{"id":{"type":"string","description":"The data source's unique ID.","description_kind":"plain","computed":true}},"block_types":{"filter":{"nesting_mode":"set","block":{"attributes":{"match_by":{"type":"string","description":"The type of comparison to use for this filter.","description_kind":"plain","optional":true},"name":{"type":"string","description":"The name of the attribute to filter on.","description_kind":"plain","required":true},"values":{"type":["set","string"],"description":"The value(s) to be used in the filter.","description_kind":"plain","required":true}},"description_kind":"plain"}},"ranges":{"nesting_mode":"list","block":{"attributes":{"prefix":{"type":"number","description":"The prefix length of the address, denoting how many addresses can be assigned from this range.","description_kind":"plain","computed":true},"range":{"type":"string","description":"The IPv6 address of this range.","description_kind":"plain","computed":true},"region":{"type":"string","description":"The region for this range of IPv6 addresses.","description_kind":"plain","computed":true},"route_target":{"type":"string","description":"The IPv6 SLAAC address.","description_kind":"plain","computed":true}},"description":"The return list of IPv6 ranges.","description_kind":"plain"}}},"description_kind":"plain"}},"linode_kernel":{"version":0,"block":{"attributes":{"architecture":{"type":"string","description":"The architecture of this Kernel.","description_kind":"plain","computed":true},"built":{"type":"string","description":"The date on which this Kernel was built.","description_kind":"plain","computed":true},"deprecated":{"type":"bool","description":"Whether or not this Kernel is deprecated.","description_kind":"plain","computed":true},"id":{"type":"string","description":"The unique ID of this Kernel.","description_kind":"plain","required":true},"kvm":{"type":"bool","description":"If this Kernel is suitable for KVM Linodes.","description_kind":"plain","computed":true},"label":{"type":"string","description":"The friendly name of this Kernel.","description_kind":"plain","computed":true},"pvops":{"type":"bool","description":"If this Kernel is suitable for paravirtualized operations.","description_kind":"plain","computed":true},"version":{"type":"string","description":"Linux Kernel version.","description_kind":"plain","computed":true},"xen":{"type":"bool","description":"If this Kernel is suitable for Xen Linodes.","description_kind":"plain","computed":true}},"description_kind":"plain"}},"linode_kernels":{"version":0,"block":{"attributes":{"id":{"type":"string","description":"The data source's unique ID.","description_kind":"plain","computed":true},"order":{"type":"string","description":"The order in which results should be returned.","description_kind":"plain","optional":true},"order_by":{"type":"string","description":"The attribute to order the results by.","description_kind":"plain","optional":true}},"block_types":{"filter":{"nesting_mode":"set","block":{"attributes":{"match_by":{"type":"string","description":"The type of comparison to use for this filter.","description_kind":"plain","optional":true},"name":{"type":"string","description":"The name of the attribute to filter on.","description_kind":"plain","required":true},"values":{"type":["set","string"],"description":"The value(s) to be used in the filter.","description_kind":"plain","required":true}},"description_kind":"plain"}},"kernels":{"nesting_mode":"list","block":{"attributes":{"architecture":{"type":"string","description":"The architecture of this Kernel.","description_kind":"plain","computed":true},"built":{"type":"string","description":"The date on which this Kernel was built.","description_kind":"plain","computed":true},"deprecated":{"type":"bool","description":"Whether or not this Kernel is deprecated.","description_kind":"plain","computed":true},"id":{"type":"string","description":"The unique ID of this Kernel.","description_kind":"plain","required":true},"kvm":{"type":"bool","description":"If this Kernel is suitable for KVM Linodes.","description_kind":"plain","computed":true},"label":{"type":"string","description":"The friendly name of this Kernel.","description_kind":"plain","computed":true},"pvops":{"type":"bool","description":"If this Kernel is suitable for paravirtualized operations.","description_kind":"plain","computed":true},"version":{"type":"string","description":"Linux Kernel version.","description_kind":"plain","computed":true},"xen":{"type":"bool","description":"If this Kernel is suitable for Xen Linodes.","description_kind":"plain","computed":true}},"description":"The returned list of Kernels.","description_kind":"plain"}}},"description_kind":"plain"}},"linode_lke_cluster":{"version":0,"block":{"attributes":{"api_endpoints":{"type":["list","string"],"description":"The API endpoints for the cluster.","description_kind":"plain","computed":true},"apl_enabled":{"type":"bool","description":"Enables the App Platform Layer for this cluster. Note: v4beta only and may not currently be available to all users.","description_kind":"plain","computed":true},"created":{"type":"string","description":"When this Kubernetes cluster was created.","description_kind":"plain","computed":true},"dashboard_url":{"type":"string","description":"The dashboard URL of the cluster.","description_kind":"plain","computed":true},"id":{"type":"number","description":"The unique ID of this LKE Cluster.","description_kind":"plain","required":true},"k8s_version":{"type":"string","description":"The desired Kubernetes version for this Kubernetes cluster in the format of \u003cmajor\u003e.\u003cminor\u003e. The latest supported patch version will be deployed.","description_kind":"plain","computed":true},"kubeconfig":{"type":"string","description":"The Base64-encoded Kubeconfig for the cluster.","description_kind":"plain","computed":true,"sensitive":true},"label":{"type":"string","description":"The unique label for the cluster.","description_kind":"plain","computed":true},"region":{"type":"string","description":"This cluster's location.","description_kind":"plain","computed":true},"status":{"type":"string","description":"The status of the cluster.","description_kind":"plain","computed":true},"tags":{"type":["set","string"],"description":"An array of tags applied to this object. Tags are for organizational purposes only.","description_kind":"plain","computed":true},"tier":{"type":"string","description":"The desired Kubernetes tier.","description_kind":"plain","computed":true},"updated":{"type":"string","description":"When this Kubernetes cluster was updated.","description_kind":"plain","computed":true}},"block_types":{"control_plane":{"nesting_mode":"list","block":{"attributes":{"high_availability":{"type":"bool","description":"Defines whether High Availability is enabled for the Control Plane Components of the cluster.","description_kind":"plain","computed":true}},"block_types":{"acl":{"nesting_mode":"list","block":{"attributes":{"enabled":{"type":"bool","description":"The default policy. A value of true means a default policy of DENY. A value of false means default policy of ALLOW.","description_kind":"plain","computed":true}},"block_types":{"addresses":{"nesting_mode":"list","block":{"attributes":{"ipv4":{"type":["set","string"],"description":"A set of individual ipv4 addresses or CIDRs allowed.","description_kind":"plain","computed":true},"ipv6":{"type":["set","string"],"description":"A set of individual ipv6 addresses or CIDRs allowed.","description_kind":"plain","computed":true}},"description":"A list of ip addresses allowed.","description_kind":"plain"}}},"description":"The ACL configuration for an LKE cluster's control plane.","description_kind":"plain"}}},"description":"Defines settings for the Kubernetes Control Plane.","description_kind":"plain"}},"pools":{"nesting_mode":"list","block":{"attributes":{"count":{"type":"number","description":"The number of nodes in the Node Pool.","description_kind":"plain","computed":true},"disk_encryption":{"type":"string","description":"The disk encryption policy for the nodes in this pool. NOTE: Disk encryption may not currently be available to all users.","description_kind":"plain","computed":true},"id":{"type":"number","description":"The ID of the Node Pool.","description_kind":"plain","computed":true},"labels":{"type":["map","string"],"description":"Key-value pairs added as labels to nodes in the node pool. Labels help classify your nodes and to easily select subsets of objects.","description_kind":"plain","computed":true},"tags":{"type":["list","string"],"description":"An array of tags applied to this object. Tags are for organizational purposes only.","description_kind":"plain","computed":true},"taints":{"type":["set",["object",{"effect":"string","key":"string","value":"string"}]],"description":"Kubernetes taints to add to node pool nodes. Taints help control how pods are scheduled onto nodes, specifically allowing them to repel certain pods.","description_kind":"plain","computed":true},"type":{"type":"string","description":"A Linode Type for all of the nodes in the Node Pool.","description_kind":"plain","computed":true}},"block_types":{"autoscaler":{"nesting_mode":"list","block":{"attributes":{"enabled":{"type":"bool","description":"Whether autoscaling is enabled for this Node Pool. Defaults to false.","description_kind":"plain","computed":true},"max":{"type":"number","description":"The maximum number of nodes to autoscale to. Defaults to the Node Pool’s count.","description_kind":"plain","computed":true},"min":{"type":"number","description":"The minimum number of nodes to autoscale to. Defaults to the Node Pool’s count.","description_kind":"plain","computed":true}},"description":"When specified, the number of nodes autoscales within the defined minimum and maximum values.","description_kind":"plain"}},"disks":{"nesting_mode":"list","block":{"attributes":{"size":{"type":"number","description":"The size of this custom disk partition in MB.","description_kind":"plain","computed":true},"type":{"type":"string","description":"This custom disk partition’s filesystem type.","description_kind":"plain","computed":true}},"description":"This Node Pool’s custom disk layout.","description_kind":"plain"}},"nodes":{"nesting_mode":"list","block":{"attributes":{"id":{"type":"string","description":"The ID of the node.","description_kind":"plain","computed":true},"instance_id":{"type":"number","description":"The ID of the underlying Linode instance.","description_kind":"plain","computed":true},"status":{"type":"string","description":"The status of the node.","description_kind":"plain","computed":true}},"description":"The nodes in the node pool.","description_kind":"plain"}}},"description":"All active Node Pools on the cluster.","description_kind":"plain"}}},"description_kind":"plain"}},"linode_lke_clusters":{"version":0,"block":{"attributes":{"id":{"type":"string","description":"The data source's unique ID.","description_kind":"plain","computed":true},"order":{"type":"string","description":"The order in which results should be returned.","description_kind":"plain","optional":true},"order_by":{"type":"string","description":"The attribute to order the results by.","description_kind":"plain","optional":true}},"block_types":{"filter":{"nesting_mode":"set","block":{"attributes":{"match_by":{"type":"string","description":"The type of comparison to use for this filter.","description_kind":"plain","optional":true},"name":{"type":"string","description":"The name of the attribute to filter on.","description_kind":"plain","required":true},"values":{"type":["set","string"],"description":"The value(s) to be used in the filter.","description_kind":"plain","required":true}},"description_kind":"plain"}},"lke_clusters":{"nesting_mode":"list","block":{"attributes":{"apl_enabled":{"type":"bool","description":"Enables the App Platform Layer for this cluster. Note: v4beta only and may not currently be available to all users.","description_kind":"plain","computed":true},"created":{"type":"string","description":"When this Kubernetes cluster was created.","description_kind":"plain","computed":true},"id":{"type":"number","description":"This Kubernetes cluster’s unique ID.","description_kind":"plain","computed":true},"k8s_version":{"type":"string","description":"The desired Kubernetes version for this Kubernetes cluster in the format of \u003cmajor\u003e.\u003cminor\u003e. The latest supported patch version will be deployed.","description_kind":"plain","computed":true},"label":{"type":"string","description":"The unique label for the cluster.","description_kind":"plain","computed":true},"region":{"type":"string","description":"This cluster's location.","description_kind":"plain","computed":true},"status":{"type":"string","description":"The status of the cluster.","description_kind":"plain","computed":true},"tags":{"type":["set","string"],"description":"An array of tags applied to this object. Tags are for organizational purposes only.","description_kind":"plain","computed":true},"tier":{"type":"string","description":"The desired Kubernetes tier.","description_kind":"plain","computed":true},"updated":{"type":"string","description":"When this Kubernetes cluster was updated.","description_kind":"plain","computed":true}},"block_types":{"control_plane":{"nesting_mode":"single","block":{"attributes":{"high_availability":{"type":"bool","description":"Defines whether High Availability is enabled for the Control Plane Components of the cluster.","description_kind":"plain","computed":true}},"description":"Defines settings for the Kubernetes Control Plane.","description_kind":"plain"}}},"description":"The returned list of LKE clusters available on the account.","description_kind":"plain"}}},"description_kind":"plain"}},"linode_lke_types":{"version":0,"block":{"attributes":{"id":{"type":"string","description":"The data source's unique ID.","description_kind":"plain","computed":true},"order":{"type":"string","description":"The order in which results should be returned.","description_kind":"plain","optional":true},"order_by":{"type":"string","description":"The attribute to order the results by.","description_kind":"plain","optional":true}},"block_types":{"filter":{"nesting_mode":"set","block":{"attributes":{"match_by":{"type":"string","description":"The type of comparison to use for this filter.","description_kind":"plain","optional":true},"name":{"type":"string","description":"The name of the attribute to filter on.","description_kind":"plain","required":true},"values":{"type":["set","string"],"description":"The value(s) to be used in the filter.","description_kind":"plain","required":true}},"description_kind":"plain"}},"types":{"nesting_mode":"list","block":{"attributes":{"id":{"type":"string","description":"The unique ID assigned to this LKE Type.","description_kind":"plain","required":true},"label":{"type":"string","description":"The LKE Type's label.","description_kind":"plain","optional":true,"computed":true},"price":{"type":["list",["object",{"hourly":"number","monthly":"number"}]],"description":"Cost in US dollars, broken down into hourly and monthly charges.","description_kind":"plain","computed":true},"region_prices":{"type":["list",["object",{"hourly":"number","id":"string","monthly":"number"}]],"description":"A list of region-specific prices for this LKE Type.","description_kind":"plain","computed":true},"transfer":{"type":"number","description":"The monthly outbound transfer amount, in MB.","description_kind":"plain","computed":true}},"description":"The returned list of LKE types.","description_kind":"plain"}}},"description_kind":"plain"}},"linode_lke_version":{"version":0,"block":{"attributes":{"id":{"type":"string","description":"The unique ID assigned to this LKE version.","description_kind":"plain","required":true},"tier":{"type":"string","description":"The tier of the LKE version, either standard or enterprise.","description_kind":"plain","optional":true,"computed":true}},"description_kind":"plain"}},"linode_lke_versions":{"version":0,"block":{"attributes":{"id":{"type":"string","description":"Unique identification field for this list of LKE Versions.","description_kind":"plain","computed":true},"tier":{"type":"string","description":"The tier of the LKE versions, either standard or enterprise.","description_kind":"plain","optional":true}},"block_types":{"versions":{"nesting_mode":"list","block":{"attributes":{"id":{"type":"string","description":"The unique ID assigned to this LKE version.","description_kind":"plain","required":true},"tier":{"type":"string","description":"The tier of the LKE version, either standard or enterprise.","description_kind":"plain","optional":true,"computed":true}},"description":"The Kubernetes version numbers available for deployment to a Kubernetes cluster.","description_kind":"plain"}}},"description_kind":"plain"}},"linode_nb_types":{"version":0,"block":{"attributes":{"id":{"type":"string","description":"The data source's unique ID.","description_kind":"plain","computed":true},"order":{"type":"string","description":"The order in which results should be returned.","description_kind":"plain","optional":true},"order_by":{"type":"string","description":"The attribute to order the results by.","description_kind":"plain","optional":true}},"block_types":{"filter":{"nesting_mode":"set","block":{"attributes":{"match_by":{"type":"string","description":"The type of comparison to use for this filter.","description_kind":"plain","optional":true},"name":{"type":"string","description":"The name of the attribute to filter on.","description_kind":"plain","required":true},"values":{"type":["set","string"],"description":"The value(s) to be used in the filter.","description_kind":"plain","required":true}},"description_kind":"plain"}},"types":{"nesting_mode":"list","block":{"attributes":{"id":{"type":"string","description":"The unique ID assigned to this Node Balancer Type.","description_kind":"plain","required":true},"label":{"type":"string","description":"The Node Balancer Type's label.","description_kind":"plain","optional":true,"computed":true},"price":{"type":["list",["object",{"hourly":"number","monthly":"number"}]],"description":"Cost in US dollars, broken down into hourly and monthly charges.","description_kind":"plain","computed":true},"region_prices":{"type":["list",["object",{"hourly":"number","id":"string","monthly":"number"}]],"description":"A list of region-specific prices for this Node Balancer Type.","description_kind":"plain","computed":true},"transfer":{"type":"number","description":"The monthly outbound transfer amount, in MB.","description_kind":"plain","computed":true}},"description":"The returned list of Node Balancer types.","description_kind":"plain"}}},"description_kind":"plain"}},"linode_network_transfer_prices":{"version":0,"block":{"attributes":{"id":{"type":"string","description":"The data source's unique ID.","description_kind":"plain","computed":true},"order":{"type":"string","description":"The order in which results should be returned.","description_kind":"plain","optional":true},"order_by":{"type":"string","description":"The attribute to order the results by.","description_kind":"plain","optional":true}},"block_types":{"filter":{"nesting_mode":"set","block":{"attributes":{"match_by":{"type":"string","description":"The type of comparison to use for this filter.","description_kind":"plain","optional":true},"name":{"type":"string","description":"The name of the attribute to filter on.","description_kind":"plain","required":true},"values":{"type":["set","string"],"description":"The value(s) to be used in the filter.","description_kind":"plain","required":true}},"description_kind":"plain"}},"types":{"nesting_mode":"list","block":{"attributes":{"id":{"type":"string","description":"The unique ID assigned to this Network Transfer Price.","description_kind":"plain","required":true},"label":{"type":"string","description":"The Network Transfer Price's label.","description_kind":"plain","optional":true,"computed":true},"price":{"type":["list",["object",{"hourly":"number","monthly":"number"}]],"description":"Cost in US dollars, broken down into hourly and monthly charges.","description_kind":"plain","computed":true},"region_prices":{"type":["list",["object",{"hourly":"number","id":"string","monthly":"number"}]],"description":"A list of region-specific prices for this Network Transfer Price.","description_kind":"plain","computed":true},"transfer":{"type":"number","description":"The monthly outbound transfer amount, in MB.","description_kind":"plain","computed":true}},"description":"The returned list of Network Transfer Prices.","description_kind":"plain"}}},"description_kind":"plain"}},"linode_networking_ip":{"version":0,"block":{"attributes":{"address":{"type":"string","description":"The IP address.","description_kind":"plain","required":true},"gateway":{"type":"string","description":"The default gateway for this address.","description_kind":"plain","computed":true},"id":{"type":"string","description":"A unique identifier for this datasource.","description_kind":"plain","computed":true},"linode_id":{"type":"number","description":"The ID of the Linode this address currently belongs to.","description_kind":"plain","computed":true},"prefix":{"type":"number","description":"The number of bits set in the subnet mask.","description_kind":"plain","computed":true},"public":{"type":"bool","description":"Whether this is a public or private IP address.","description_kind":"plain","computed":true},"rdns":{"type":"string","description":"The reverse DNS assigned to this address. For public IPv4 addresses, this will be set to a default value provided by Linode if not explicitly set.","description_kind":"plain","computed":true},"region":{"type":"string","description":"The Region this IP address resides in.","description_kind":"plain","computed":true},"reserved":{"type":"bool","description":"Whether the IPv4 address should be reserved.","description_kind":"plain","computed":true},"subnet_mask":{"type":"string","description":"The mask that separates host bits from network bits for this address.","description_kind":"plain","computed":true},"type":{"type":"string","description":"The type of address this is (ipv4, ipv6, ipv6/pool, ipv6/range).","description_kind":"plain","computed":true},"vpc_nat_1_1":{"type":["object",{"address":"string","subnet_id":"number","vpc_id":"number"}],"description":"Contains information about the NAT 1:1 mapping of a public IP address to a VPC subnet.","description_kind":"plain","computed":true}},"description_kind":"plain"}},"linode_networking_ips":{"version":0,"block":{"attributes":{"id":{"type":"string","description":"The data source's unique ID.","description_kind":"plain","computed":true},"order":{"type":"string","description":"The order in which results should be returned.","description_kind":"plain","optional":true},"order_by":{"type":"string","description":"The attribute to order the results by.","description_kind":"plain","optional":true}},"block_types":{"filter":{"nesting_mode":"set","block":{"attributes":{"match_by":{"type":"string","description":"The type of comparison to use for this filter.","description_kind":"plain","optional":true},"name":{"type":"string","description":"The name of the attribute to filter on.","description_kind":"plain","required":true},"values":{"type":["set","string"],"description":"The value(s) to be used in the filter.","description_kind":"plain","required":true}},"description_kind":"plain"}},"ip_addresses":{"nesting_mode":"list","block":{"attributes":{"address":{"type":"string","description":"The IP address.","description_kind":"plain","computed":true},"gateway":{"type":"string","description":"The default gateway for this address.","description_kind":"plain","computed":true},"linode_id":{"type":"number","description":"The ID of the Linode this address currently belongs to.","description_kind":"plain","computed":true},"prefix":{"type":"number","description":"The number of bits set in the subnet mask.","description_kind":"plain","computed":true},"public":{"type":"bool","description":"Whether this is a public or private IP address.","description_kind":"plain","computed":true},"rdns":{"type":"string","description":"The reverse DNS assigned to this address. For public IPv4 addresses, this will be set to a default value provided by Linode if not explicitly set.","description_kind":"plain","computed":true},"region":{"type":"string","description":"The Region this IP address resides in.","description_kind":"plain","computed":true},"reserved":{"type":"bool","description":"Whether this IP is reserved or not.","description_kind":"plain","computed":true},"subnet_mask":{"type":"string","description":"The mask that separates host bits from network bits for this address.","description_kind":"plain","computed":true},"type":{"type":"string","description":"The type of address this is (ipv4, ipv6, ipv6/pool, ipv6/range).","description_kind":"plain","computed":true},"vpc_nat_1_1":{"type":["object",{"address":"string","subnet_id":"number","vpc_id":"number"}],"description":"Contains information about the NAT 1:1 mapping of a public IP address to a VPC subnet.","description_kind":"plain","computed":true}},"description":"The returned list of Images.","description_kind":"plain"}}},"description_kind":"plain"}},"linode_nodebalancer":{"version":0,"block":{"attributes":{"client_conn_throttle":{"type":"number","description":"Throttle connections per second (0-20). Set to 0 (zero) to disable throttling.","description_kind":"plain","computed":true},"client_udp_sess_throttle":{"type":"number","description":"Throttle UDP sessions per second (0-20). Set to 0 (zero) to disable throttling.","description_kind":"plain","computed":true},"created":{"type":"string","description":"When this NodeBalancer was created.","description_kind":"plain","computed":true},"hostname":{"type":"string","description":"This NodeBalancer's hostname, ending with .nodebalancer.linode.com","description_kind":"plain","computed":true},"id":{"type":"number","description":"The unique ID of the Linode NodeBalancer.","description_kind":"plain","required":true},"ipv4":{"type":"string","description":"The Public IPv4 Address of this NodeBalancer","description_kind":"plain","computed":true},"ipv6":{"type":"string","description":"The Public IPv6 Address of this NodeBalancer","description_kind":"plain","computed":true},"label":{"type":"string","description":"The label of the Linode NodeBalancer.","description_kind":"plain","computed":true},"region":{"type":"string","description":"The region where this NodeBalancer will be deployed.","description_kind":"plain","computed":true},"tags":{"type":["set","string"],"description":"An array of tags applied to this object. Tags are for organizational purposes only.","description_kind":"plain","computed":true},"transfer":{"type":["list",["object",{"in":"number","out":"number","total":"number"}]],"description":"Information about the amount of transfer this NodeBalancer has had so far this month.","description_kind":"plain","computed":true},"updated":{"type":"string","description":"When this NodeBalancer was last updated.","description_kind":"plain","computed":true}},"block_types":{"firewalls":{"nesting_mode":"list","block":{"attributes":{"created":{"type":"string","description":"When this Firewall was created.","description_kind":"plain","computed":true},"id":{"type":"number","description":"The unique ID assigned to this Firewall.","description_kind":"plain","computed":true},"inbound_policy":{"type":"string","description":"The default behavior for inbound traffic.","description_kind":"plain","computed":true},"label":{"type":"string","description":"The label for the Firewall. For display purposes only. If no label is provided, a default will be assigned.","description_kind":"plain","computed":true},"outbound_policy":{"type":"string","description":"The default behavior for outbound traffic.","description_kind":"plain","computed":true},"status":{"type":"string","description":"The status of the firewall.","description_kind":"plain","computed":true},"tags":{"type":["set","string"],"description":"An array of tags applied to this object. Tags are for organizational purposes only.","description_kind":"plain","computed":true},"updated":{"type":"string","description":"When this Firewall was last updated.","description_kind":"plain","computed":true}},"block_types":{"inbound":{"nesting_mode":"list","block":{"attributes":{"action":{"type":"string","description":"Controls whether traffic is accepted or dropped by this rule (ACCEPT, DROP).","description_kind":"plain","computed":true},"ipv4":{"type":["set","string"],"description":"A list of IPv4 addresses or networks in IP/mask format.","description_kind":"plain","computed":true},"ipv6":{"type":["set","string"],"description":"A list of IPv6 addresses or networks in IP/mask format.","description_kind":"plain","computed":true},"label":{"type":"string","description":"The label of this rule for display purposes only.","description_kind":"plain","computed":true},"ports":{"type":"string","description":"A string representation of ports and/or port ranges (i.e. \"443\" or \"80-90, 91\").","description_kind":"plain","computed":true},"protocol":{"type":"string","description":"The network protocol this rule controls. (TCP, UDP, ICMP)","description_kind":"plain","computed":true}},"description":"A set of firewall rules that specify what inbound network traffic is allowed.","description_kind":"plain"}},"outbound":{"nesting_mode":"list","block":{"attributes":{"action":{"type":"string","description":"Controls whether traffic is accepted or dropped by this rule (ACCEPT, DROP).","description_kind":"plain","computed":true},"ipv4":{"type":["set","string"],"description":"A list of IPv4 addresses or networks in IP/mask format.","description_kind":"plain","computed":true},"ipv6":{"type":["set","string"],"description":"A list of IPv6 addresses or networks in IP/mask format.","description_kind":"plain","computed":true},"label":{"type":"string","description":"The label of this rule for display purposes only.","description_kind":"plain","computed":true},"ports":{"type":"string","description":"A string representation of ports and/or port ranges (i.e. \"443\" or \"80-90, 91\").","description_kind":"plain","computed":true},"protocol":{"type":"string","description":"The network protocol this rule controls. (TCP, UDP, ICMP)","description_kind":"plain","computed":true}},"description":"A set of firewall rules that specify what outbound network traffic is allowed.","description_kind":"plain"}}},"description":"A list of Firewalls assigned to this NodeBalancer.","description_kind":"plain"}}},"description_kind":"plain"}},"linode_nodebalancer_config":{"version":0,"block":{"attributes":{"algorithm":{"type":"string","description":"What algorithm this NodeBalancer should use for routing traffic to backends: roundrobin, leastconn, source","description_kind":"plain","computed":true},"check":{"type":"string","description":"The type of check to perform against backends to ensure they are serving requests. This is used to determine if backends are up or down. If none no check is performed. connection requires only a connection to the backend to succeed. http and http_body rely on the backend serving HTTP, and that the response returned matches what is expected.","description_kind":"plain","computed":true},"check_attempts":{"type":"number","description":"How many times to attempt a check before considering a backend to be down. (1-30)","description_kind":"plain","computed":true},"check_body":{"type":"string","description":"This value must be present in the response body of the check in order for it to pass. If this value is not present in the response body of a check request, the backend is considered to be down","description_kind":"plain","computed":true},"check_interval":{"type":"number","description":"How often, in seconds, to check that backends are up and serving requests.","description_kind":"plain","computed":true},"check_passive":{"type":"bool","description":"If true, any response from this backend with a 5xx status code will be enough for it to be considered unhealthy and taken out of rotation.","description_kind":"plain","computed":true},"check_path":{"type":"string","description":"The URL path to check on each backend. If the backend does not respond to this request it is considered to be down.","description_kind":"plain","computed":true},"check_timeout":{"type":"number","description":"How long, in seconds, to wait for a check attempt before considering it failed. (1-30)","description_kind":"plain","computed":true},"cipher_suite":{"type":"string","description":"What ciphers to use for SSL connections served by this NodeBalancer. `legacy` is considered insecure and should only be used if necessary.","description_kind":"plain","computed":true},"id":{"type":"number","description":"The ID of the NodeBalancer config.","description_kind":"plain","required":true},"node_status":{"type":["list",["object",{"down":"number","up":"number"}]],"description":"A structure containing information about the health of the backends for this port. This information is updated periodically as checks are performed against backends.","description_kind":"plain","computed":true},"nodebalancer_id":{"type":"number","description":"The ID of the NodeBalancer to access.","description_kind":"plain","required":true},"port":{"type":"number","description":"The TCP port this Config is for. These values must be unique across configs on a single NodeBalancer (you can't have two configs for port 80, for example). While some ports imply some protocols, no enforcement is done and you may configure your NodeBalancer however is useful to you. For example, while port 443 is generally used for HTTPS, you do not need SSL configured to have a NodeBalancer listening on port 443.","description_kind":"plain","computed":true},"protocol":{"type":"string","description":"The protocol this port is configured to serve. If this is set to https you must include an ssl_cert and an ssl_key.","description_kind":"plain","computed":true},"proxy_protocol":{"type":"string","description":"The version of ProxyProtocol to use for the underlying NodeBalancer. This requires protocol to be `tcp`. Valid values are `none`, `v1`, and `v2`.","description_kind":"plain","computed":true},"ssl_commonname":{"type":"string","description":"The read-only common name automatically derived from the SSL certificate assigned to this NodeBalancerConfig. Please refer to this field to verify that the appropriate certificate is assigned to your NodeBalancerConfig.","description_kind":"plain","computed":true},"ssl_fingerprint":{"type":"string","description":"The read-only fingerprint automatically derived from the SSL certificate assigned to this NodeBalancerConfig. Please refer to this field to verify that the appropriate certificate is assigned to your NodeBalancerConfig.","description_kind":"plain","computed":true},"stickiness":{"type":"string","description":"Controls how session stickiness is handled on this port: 'none', 'table', 'http_cookie'","description_kind":"plain","computed":true},"udp_check_port":{"type":"number","description":"Specifies the port on the backend node used for active health checks, which may differ from the port serving traffic.","description_kind":"plain","computed":true},"udp_session_timeout":{"type":"number","description":"The idle time in seconds after which a session that hasn’t received packets is destroyed.","description_kind":"plain","computed":true}},"description_kind":"plain"}},"linode_nodebalancer_configs":{"version":0,"block":{"attributes":{"id":{"type":"string","description":"The data source's unique ID.","description_kind":"plain","computed":true},"nodebalancer_id":{"type":"number","description":"The ID of the NodeBalancer to access.","description_kind":"plain","required":true},"order":{"type":"string","description":"The order in which results should be returned.","description_kind":"plain","optional":true},"order_by":{"type":"string","description":"The attribute to order the results by.","description_kind":"plain","optional":true}},"block_types":{"filter":{"nesting_mode":"set","block":{"attributes":{"match_by":{"type":"string","description":"The type of comparison to use for this filter.","description_kind":"plain","optional":true},"name":{"type":"string","description":"The name of the attribute to filter on.","description_kind":"plain","required":true},"values":{"type":["set","string"],"description":"The value(s) to be used in the filter.","description_kind":"plain","required":true}},"description_kind":"plain"}},"nodebalancer_configs":{"nesting_mode":"list","block":{"attributes":{"algorithm":{"type":"string","description":"What algorithm this NodeBalancer should use for routing traffic to backends: roundrobin, leastconn, source","description_kind":"plain","computed":true},"check":{"type":"string","description":"The type of check to perform against backends to ensure they are serving requests. This is used to determine if backends are up or down. If none no check is performed. connection requires only a connection to the backend to succeed. http and http_body rely on the backend serving HTTP, and that the response returned matches what is expected.","description_kind":"plain","computed":true},"check_attempts":{"type":"number","description":"How many times to attempt a check before considering a backend to be down. (1-30)","description_kind":"plain","computed":true},"check_body":{"type":"string","description":"This value must be present in the response body of the check in order for it to pass. If this value is not present in the response body of a check request, the backend is considered to be down","description_kind":"plain","computed":true},"check_interval":{"type":"number","description":"How often, in seconds, to check that backends are up and serving requests.","description_kind":"plain","computed":true},"check_passive":{"type":"bool","description":"If true, any response from this backend with a 5xx status code will be enough for it to be considered unhealthy and taken out of rotation.","description_kind":"plain","computed":true},"check_path":{"type":"string","description":"The URL path to check on each backend. If the backend does not respond to this request it is considered to be down.","description_kind":"plain","computed":true},"check_timeout":{"type":"number","description":"How long, in seconds, to wait for a check attempt before considering it failed. (1-30)","description_kind":"plain","computed":true},"cipher_suite":{"type":"string","description":"What ciphers to use for SSL connections served by this NodeBalancer. `legacy` is considered insecure and should only be used if necessary.","description_kind":"plain","computed":true},"id":{"type":"number","description":"The ID of the NodeBalancer config.","description_kind":"plain","required":true},"node_status":{"type":["list",["object",{"down":"number","up":"number"}]],"description":"A structure containing information about the health of the backends for this port. This information is updated periodically as checks are performed against backends.","description_kind":"plain","computed":true},"nodebalancer_id":{"type":"number","description":"The ID of the NodeBalancer to access.","description_kind":"plain","required":true},"port":{"type":"number","description":"The TCP port this Config is for. These values must be unique across configs on a single NodeBalancer (you can't have two configs for port 80, for example). While some ports imply some protocols, no enforcement is done and you may configure your NodeBalancer however is useful to you. For example, while port 443 is generally used for HTTPS, you do not need SSL configured to have a NodeBalancer listening on port 443.","description_kind":"plain","computed":true},"protocol":{"type":"string","description":"The protocol this port is configured to serve. If this is set to https you must include an ssl_cert and an ssl_key.","description_kind":"plain","computed":true},"proxy_protocol":{"type":"string","description":"The version of ProxyProtocol to use for the underlying NodeBalancer. This requires protocol to be `tcp`. Valid values are `none`, `v1`, and `v2`.","description_kind":"plain","computed":true},"ssl_commonname":{"type":"string","description":"The read-only common name automatically derived from the SSL certificate assigned to this NodeBalancerConfig. Please refer to this field to verify that the appropriate certificate is assigned to your NodeBalancerConfig.","description_kind":"plain","computed":true},"ssl_fingerprint":{"type":"string","description":"The read-only fingerprint automatically derived from the SSL certificate assigned to this NodeBalancerConfig. Please refer to this field to verify that the appropriate certificate is assigned to your NodeBalancerConfig.","description_kind":"plain","computed":true},"stickiness":{"type":"string","description":"Controls how session stickiness is handled on this port: 'none', 'table', 'http_cookie'","description_kind":"plain","computed":true},"udp_check_port":{"type":"number","description":"Specifies the port on the backend node used for active health checks, which may differ from the port serving traffic.","description_kind":"plain","computed":true},"udp_session_timeout":{"type":"number","description":"The idle time in seconds after which a session that hasn’t received packets is destroyed.","description_kind":"plain","computed":true}},"description":"The returned list of NodeBalancer Configs.","description_kind":"plain"}}},"description_kind":"plain"}},"linode_nodebalancer_node":{"version":0,"block":{"attributes":{"address":{"type":"string","description":"The private IP Address and port (IP:PORT) where this backend can be reached. This must be a private IP address.","description_kind":"plain","computed":true},"config_id":{"type":"number","description":"The ID of the NodeBalancerConfig to access.","description_kind":"plain","required":true},"id":{"type":"number","description":"The ID of the NodeBalancer node.","description_kind":"plain","required":true},"label":{"type":"string","description":"The label for this node. This is for display purposes only.","description_kind":"plain","computed":true},"mode":{"type":"string","description":"The mode this NodeBalancer should use when sending traffic to this backend. If set to `accept` this backend is accepting traffic. If set to `reject` this backend will not receive traffic. If set to `drain` this backend will not receive new traffic, but connections already pinned to it will continue to be routed to it. If set to `backup` this backend will only accept traffic if all other nodes are down.","description_kind":"plain","computed":true},"nodebalancer_id":{"type":"number","description":"The ID of the NodeBalancer to access.","description_kind":"plain","required":true},"status":{"type":"string","description":"The current status of this node, based on the configured checks of its NodeBalancer Config. (unknown, UP, DOWN)","description_kind":"plain","computed":true},"weight":{"type":"number","description":"Used when picking a backend to serve a request and is not pinned to a single backend yet. Nodes with a higher weight will receive more traffic. (1-255)","description_kind":"plain","computed":true}},"description_kind":"plain"}},"linode_nodebalancers":{"version":0,"block":{"attributes":{"id":{"type":"string","description":"The data source's unique ID.","description_kind":"plain","computed":true},"order":{"type":"string","description":"The order in which results should be returned.","description_kind":"plain","optional":true},"order_by":{"type":"string","description":"The attribute to order the results by.","description_kind":"plain","optional":true}},"block_types":{"filter":{"nesting_mode":"set","block":{"attributes":{"match_by":{"type":"string","description":"The type of comparison to use for this filter.","description_kind":"plain","optional":true},"name":{"type":"string","description":"The name of the attribute to filter on.","description_kind":"plain","required":true},"values":{"type":["set","string"],"description":"The value(s) to be used in the filter.","description_kind":"plain","required":true}},"description_kind":"plain"}},"nodebalancers":{"nesting_mode":"list","block":{"attributes":{"client_conn_throttle":{"type":"number","description":"Throttle connections per second (0-20). Set to 0 (zero) to disable throttling.","description_kind":"plain","computed":true},"client_udp_sess_throttle":{"type":"number","description":"Throttle UDP sessions per second (0-20). Set to 0 (zero) to disable throttling.","description_kind":"plain","computed":true},"created":{"type":"string","description":"When this NodeBalancer was created.","description_kind":"plain","computed":true},"hostname":{"type":"string","description":"This NodeBalancer's hostname, ending with .nodebalancer.linode.com","description_kind":"plain","computed":true},"id":{"type":"number","description":"The unique ID of the Linode NodeBalancer.","description_kind":"plain","required":true},"ipv4":{"type":"string","description":"The Public IPv4 Address of this NodeBalancer","description_kind":"plain","computed":true},"ipv6":{"type":"string","description":"The Public IPv6 Address of this NodeBalancer","description_kind":"plain","computed":true},"label":{"type":"string","description":"The label of the Linode NodeBalancer.","description_kind":"plain","computed":true},"region":{"type":"string","description":"The region where this NodeBalancer will be deployed.","description_kind":"plain","computed":true},"tags":{"type":["set","string"],"description":"An array of tags applied to this object. Tags are for organizational purposes only.","description_kind":"plain","computed":true},"transfer":{"type":["list",["object",{"in":"number","out":"number","total":"number"}]],"description":"Information about the amount of transfer this NodeBalancer has had so far this month.","description_kind":"plain","computed":true},"updated":{"type":"string","description":"When this NodeBalancer was last updated.","description_kind":"plain","computed":true}},"description":"The returned list of NodeBalancers.","description_kind":"plain"}}},"description_kind":"plain"}},"linode_object_storage_bucket":{"version":0,"block":{"attributes":{"cluster":{"type":"string","description":"The ID of the Object Storage Cluster this bucket is in.","description_kind":"plain","deprecated":true,"optional":true,"computed":true},"created":{"type":"string","description":"When this bucket was created.","description_kind":"plain","computed":true},"endpoint_type":{"type":"string","description":"The type of the S3 endpoint of the bucket.","description_kind":"plain","computed":true},"hostname":{"type":"string","description":"The hostname where this bucket can be accessed.This hostname can be accessed through a browser if the bucket is made public.","description_kind":"plain","computed":true},"id":{"type":"string","description":"The id of this bucket.","description_kind":"plain","computed":true},"label":{"type":"string","description":"The name of this bucket.","description_kind":"plain","required":true},"objects":{"type":"number","description":"The number of objects stored in this bucket.","description_kind":"plain","computed":true},"region":{"type":"string","description":"The ID of the region this bucket is in.","description_kind":"plain","optional":true,"computed":true},"s3_endpoint":{"type":"string","description":"The S3 endpoint URL of the bucket, based on the `endpoint_type` and `region`.","description_kind":"plain","computed":true},"size":{"type":"number","description":"The size of the bucket in bytes.","description_kind":"plain","computed":true}},"description_kind":"plain"}},"linode_object_storage_cluster":{"version":0,"block":{"attributes":{"domain":{"type":"string","description":"The base URL for this cluster.","description_kind":"plain","computed":true},"id":{"type":"string","description":"The unique ID of this Cluster.","description_kind":"plain","required":true},"region":{"type":"string","description":"The region this cluster is located in.","description_kind":"plain","computed":true},"static_site_domain":{"type":"string","description":"The base URL for this cluster used when hosting static sites.","description_kind":"plain","computed":true},"status":{"type":"string","description":"This cluster's status.","description_kind":"plain","computed":true}},"description_kind":"plain","deprecated":true}},"linode_object_storage_endpoints":{"version":0,"block":{"attributes":{"id":{"type":"string","description":"The data source's unique ID.","description_kind":"plain","computed":true},"order":{"type":"string","description":"The order in which results should be returned.","description_kind":"plain","optional":true},"order_by":{"type":"string","description":"The attribute to order the results by.","description_kind":"plain","optional":true}},"block_types":{"endpoints":{"nesting_mode":"list","block":{"attributes":{"endpoint_type":{"type":"string","description":"The type of `s3_endpoint` available to the active user in this region.","description_kind":"plain","computed":true},"region":{"type":"string","description":"The Akamai cloud computing region, represented by its slug value.","description_kind":"plain","computed":true},"s3_endpoint":{"type":"string","description":"Your s3 endpoint URL, based on the `endpoint_type` and region. Shown as `null` if you haven't assigned an endpoint for your user.","description_kind":"plain","computed":true}},"description":"The returned list of endpoints for the Linode Object Storage.","description_kind":"plain"}},"filter":{"nesting_mode":"set","block":{"attributes":{"match_by":{"type":"string","description":"The type of comparison to use for this filter.","description_kind":"plain","optional":true},"name":{"type":"string","description":"The name of the attribute to filter on.","description_kind":"plain","required":true},"values":{"type":["set","string"],"description":"The value(s) to be used in the filter.","description_kind":"plain","required":true}},"description_kind":"plain"}}},"description_kind":"plain"}},"linode_object_storage_quota":{"version":0,"block":{"attributes":{"description":{"type":"string","description":"The description of the Object Storage quota.","description_kind":"plain","computed":true},"endpoint_type":{"type":"string","description":"The type of the S3 endpoint of the Object Storage.","description_kind":"plain","computed":true},"id":{"type":"string","description":"The unique ID of the Object Storage quota data source.","description_kind":"plain","computed":true},"quota_id":{"type":"string","description":"The ID of the Object Storage quota.","description_kind":"plain","required":true},"quota_limit":{"type":"number","description":"The maximum quantity of the `resource_metric` allowed by the quota.","description_kind":"plain","computed":true},"quota_name":{"type":"string","description":"The name of the Object Storage quota.","description_kind":"plain","computed":true},"quota_usage":{"type":["object",{"quota_limit":"number","usage":"number"}],"description":"The usage data for a specific Object Storage related quota on your account.","description_kind":"plain","computed":true},"resource_metric":{"type":"string","description":"The specific Object Storage resource for the quota.","description_kind":"plain","computed":true},"s3_endpoint":{"type":"string","description":"The S3 endpoint URL of the Object Storage, based on the `endpoint_type` and `region`.","description_kind":"plain","computed":true}},"description_kind":"plain"}},"linode_object_storage_quotas":{"version":0,"block":{"attributes":{"id":{"type":"string","description":"The data source's unique ID.","description_kind":"plain","computed":true}},"block_types":{"filter":{"nesting_mode":"set","block":{"attributes":{"match_by":{"type":"string","description":"The type of comparison to use for this filter.","description_kind":"plain","optional":true},"name":{"type":"string","description":"The name of the attribute to filter on.","description_kind":"plain","required":true},"values":{"type":["set","string"],"description":"The value(s) to be used in the filter.","description_kind":"plain","required":true}},"description_kind":"plain"}},"quotas":{"nesting_mode":"list","block":{"attributes":{"description":{"type":"string","description":"The description of the Object Storage quota.","description_kind":"plain","computed":true},"endpoint_type":{"type":"string","description":"The type of the S3 endpoint of the Object Storage.","description_kind":"plain","computed":true},"quota_id":{"type":"string","description":"The ID of the Object Storage quota.","description_kind":"plain","required":true},"quota_limit":{"type":"number","description":"The maximum quantity of the `resource_metric` allowed by the quota.","description_kind":"plain","computed":true},"quota_name":{"type":"string","description":"The name of the Object Storage quota. ","description_kind":"plain","computed":true},"resource_metric":{"type":"string","description":"The specific Object Storage resource for the quota. ","description_kind":"plain","computed":true},"s3_endpoint":{"type":"string","description":"The S3 endpoint URL of the Object Storage, based on the `endpoint_type` and `region`.","description_kind":"plain","computed":true}},"description":"The returned list of Object Storage quotas.","description_kind":"plain"}}},"description_kind":"plain"}},"linode_placement_group":{"version":0,"block":{"attributes":{"id":{"type":"number","description":"The ID of the placement group.","description_kind":"plain","required":true},"is_compliant":{"type":"bool","description":"Whether all Linodes in this group are currently compliant with the group's placement group type.","description_kind":"plain","computed":true},"label":{"type":"string","description":"The label of the placement group.","description_kind":"plain","computed":true},"placement_group_policy":{"type":"string","description":"Whether Linodes must be able to become compliant during assignment.","description_kind":"plain","computed":true},"placement_group_type":{"type":"string","description":"The placement group type for Linodes in a placement group","description_kind":"plain","computed":true},"region":{"type":"string","description":"The region that the placement group is in.","description_kind":"plain","computed":true}},"block_types":{"members":{"nesting_mode":"set","block":{"attributes":{"is_compliant":{"type":"bool","description":"Whether this Linode is currently compliant with the group's placement group type.","description_kind":"plain","computed":true},"linode_id":{"type":"number","description":"The ID of the Linode.","description_kind":"plain","computed":true}},"description":"A list of Linodes assigned to a placement group.","description_kind":"plain"}},"migrations":{"nesting_mode":"single","block":{"attributes":{"inbound":{"type":["list",["object",{"linode_id":"number"}]],"description":"The compute instances being migrated into the placement group.","description_kind":"plain","computed":true},"outbound":{"type":["list",["object",{"linode_id":"number"}]],"description":"The compute instances being migrated out of the placement group.","description_kind":"plain","computed":true}},"description":"An object representing migrations associated with the placement group. Contains inbound and outbound migration lists.","description_kind":"plain"}}},"description_kind":"plain"}},"linode_placement_groups":{"version":0,"block":{"attributes":{"id":{"type":"string","description":"The data source's unique ID.","description_kind":"plain","computed":true},"order":{"type":"string","description":"The order in which results should be returned.","description_kind":"plain","optional":true},"order_by":{"type":"string","description":"The attribute to order the results by.","description_kind":"plain","optional":true}},"block_types":{"filter":{"nesting_mode":"set","block":{"attributes":{"match_by":{"type":"string","description":"The type of comparison to use for this filter.","description_kind":"plain","optional":true},"name":{"type":"string","description":"The name of the attribute to filter on.","description_kind":"plain","required":true},"values":{"type":["set","string"],"description":"The value(s) to be used in the filter.","description_kind":"plain","required":true}},"description_kind":"plain"}},"placement_groups":{"nesting_mode":"list","block":{"attributes":{"id":{"type":"number","description":"The ID of the placement group.","description_kind":"plain","required":true},"is_compliant":{"type":"bool","description":"Whether all Linodes in this group are currently compliant with the group's placement group type.","description_kind":"plain","computed":true},"label":{"type":"string","description":"The label of the placement group.","description_kind":"plain","computed":true},"placement_group_policy":{"type":"string","description":"Whether Linodes must be able to become compliant during assignment.","description_kind":"plain","computed":true},"placement_group_type":{"type":"string","description":"The placement group type for Linodes in a placement group","description_kind":"plain","computed":true},"region":{"type":"string","description":"The region that the placement group is in.","description_kind":"plain","computed":true}},"block_types":{"members":{"nesting_mode":"set","block":{"attributes":{"is_compliant":{"type":"bool","description":"Whether this Linode is currently compliant with the group's placement group type.","description_kind":"plain","computed":true},"linode_id":{"type":"number","description":"The ID of the Linode.","description_kind":"plain","computed":true}},"description":"A list of Linodes assigned to a placement group.","description_kind":"plain"}},"migrations":{"nesting_mode":"single","block":{"attributes":{"inbound":{"type":["list",["object",{"linode_id":"number"}]],"description":"The compute instances being migrated into the placement group.","description_kind":"plain","computed":true},"outbound":{"type":["list",["object",{"linode_id":"number"}]],"description":"The compute instances being migrated out of the placement group.","description_kind":"plain","computed":true}},"description":"An object representing migrations associated with the placement group. Contains inbound and outbound migration lists.","description_kind":"plain"}}},"description":"The returned list of Placement Groups.","description_kind":"plain"}}},"description_kind":"plain"}},"linode_profile":{"version":0,"block":{"attributes":{"authorized_keys":{"type":["list","string"],"description":"The list of SSH Keys authorized to use Lish for this user. This value is ignored if lish_auth_method is 'disabled'.","description_kind":"plain","computed":true},"email":{"type":"string","description":"The profile email address. This address will be used for communication with Linode as necessary.","description_kind":"plain","computed":true},"email_notifications":{"type":"bool","description":"If true, email notifications will be sent about account activity. If false, when false business-critical communications may still be sent through email.","description_kind":"plain","computed":true},"id":{"type":"string","description":"Unique identification field for this datasource.","description_kind":"plain","computed":true},"ip_whitelist_enabled":{"type":"bool","description":"If true, logins for the user will only be allowed from whitelisted IPs. This setting is currently deprecated, and cannot be enabled.","description_kind":"plain","computed":true},"lish_auth_method":{"type":"string","description":"The methods of authentication allowed when connecting via Lish. 'keys_only' is the most secure with the intent to use Lish, and 'disabled' is recommended for users that will not use Lish at all.","description_kind":"plain","computed":true},"referrals":{"type":["list",["object",{"code":"string","completed":"number","credit":"number","pending":"number","total":"number","url":"string"}]],"description":"Credit Card information associated with this Account.","description_kind":"plain","computed":true},"restricted":{"type":"bool","description":"If true, the user has restrictions on what can be accessed on the Account.","description_kind":"plain","computed":true},"timezone":{"type":"string","description":"The profile's preferred timezone. This is not used by the API, and is for the benefit of clients only. All times the API returns are in UTC.","description_kind":"plain","computed":true},"two_factor_auth":{"type":"bool","description":"If true, logins from untrusted computers will require Two Factor Authentication.","description_kind":"plain","computed":true},"username":{"type":"string","description":"The username for logging in to Linode services.","description_kind":"plain","computed":true}},"description_kind":"plain"}},"linode_region":{"version":0,"block":{"attributes":{"capabilities":{"type":["set","string"],"description":"A list of capabilities of this region.","description_kind":"plain","computed":true},"country":{"type":"string","description":"The country where this Region resides.","description_kind":"plain","computed":true},"id":{"type":"string","description":"The unique ID of this Region.","description_kind":"plain","required":true},"label":{"type":"string","description":"Detailed location information for this Region, including city, state or region, and country.","description_kind":"plain","computed":true},"placement_group_limits":{"type":["list",["object",{"maximum_linodes_per_pg":"number","maximum_pgs_per_customer":"number"}]],"description":"Information about placement groups limits for this region.","description_kind":"plain","computed":true},"site_type":{"type":"string","description":"The type of this Region.","description_kind":"plain","computed":true},"status":{"type":"string","description":"This region’s current operational status.","description_kind":"plain","computed":true}},"block_types":{"resolvers":{"nesting_mode":"list","block":{"attributes":{"ipv4":{"type":"string","description":"The IPv4 addresses for this region’s DNS resolvers, separated by commas.","description_kind":"plain","computed":true},"ipv6":{"type":"string","description":"The IPv6 addresses for this region’s DNS resolvers, separated by commas.","description_kind":"plain","computed":true}},"description_kind":"plain"}}},"description_kind":"plain"}},"linode_regions":{"version":0,"block":{"attributes":{"id":{"type":"string","description":"The data source's unique ID.","description_kind":"plain","computed":true}},"block_types":{"filter":{"nesting_mode":"set","block":{"attributes":{"match_by":{"type":"string","description":"The type of comparison to use for this filter.","description_kind":"plain","optional":true},"name":{"type":"string","description":"The name of the attribute to filter on.","description_kind":"plain","required":true},"values":{"type":["set","string"],"description":"The value(s) to be used in the filter.","description_kind":"plain","required":true}},"description_kind":"plain"}},"regions":{"nesting_mode":"list","block":{"attributes":{"capabilities":{"type":["set","string"],"description":"A list of capabilities of this region.","description_kind":"plain","computed":true},"country":{"type":"string","description":"The country where this Region resides.","description_kind":"plain","computed":true},"id":{"type":"string","description":"The unique ID of this Region.","description_kind":"plain","required":true},"label":{"type":"string","description":"Detailed location information for this Region, including city, state or region, and country.","description_kind":"plain","computed":true},"placement_group_limits":{"type":["list",["object",{"maximum_linodes_per_pg":"number","maximum_pgs_per_customer":"number"}]],"description":"Information about placement groups limits for this region.","description_kind":"plain","computed":true},"site_type":{"type":"string","description":"The type of this Region.","description_kind":"plain","computed":true},"status":{"type":"string","description":"This region’s current operational status.","description_kind":"plain","computed":true}},"block_types":{"resolvers":{"nesting_mode":"list","block":{"attributes":{"ipv4":{"type":"string","description":"The IPv4 addresses for this region’s DNS resolvers, separated by commas.","description_kind":"plain","computed":true},"ipv6":{"type":"string","description":"The IPv6 addresses for this region’s DNS resolvers, separated by commas.","description_kind":"plain","computed":true}},"description_kind":"plain"}}},"description_kind":"plain"}}},"description_kind":"plain"}},"linode_sshkey":{"version":0,"block":{"attributes":{"created":{"type":"string","description":"The date this key was added.","description_kind":"plain","computed":true},"id":{"type":"string","description":"A unique identifier for this datasource.","description_kind":"plain","optional":true},"label":{"type":"string","description":"The label of the Linode SSH Key.","description_kind":"plain","required":true},"ssh_key":{"type":"string","description":"The public SSH Key, which is used to authenticate to the root user of the Linodes you deploy.","description_kind":"plain","computed":true}},"description_kind":"plain"}},"linode_sshkeys":{"version":0,"block":{"attributes":{"id":{"type":"string","description":"The data source's unique ID.","description_kind":"plain","computed":true},"order":{"type":"string","description":"The order in which results should be returned.","description_kind":"plain","optional":true},"order_by":{"type":"string","description":"The attribute to order the results by.","description_kind":"plain","optional":true}},"block_types":{"filter":{"nesting_mode":"set","block":{"attributes":{"match_by":{"type":"string","description":"The type of comparison to use for this filter.","description_kind":"plain","optional":true},"name":{"type":"string","description":"The name of the attribute to filter on.","description_kind":"plain","required":true},"values":{"type":["set","string"],"description":"The value(s) to be used in the filter.","description_kind":"plain","required":true}},"description_kind":"plain"}},"sshkeys":{"nesting_mode":"list","block":{"attributes":{"created":{"type":"string","description":"The date this key was added.","description_kind":"plain","computed":true},"id":{"type":"string","description":"A unique identifier for this datasource.","description_kind":"plain","optional":true},"label":{"type":"string","description":"The label of the Linode SSH Key.","description_kind":"plain","required":true},"ssh_key":{"type":"string","description":"The public SSH Key, which is used to authenticate to the root user of the Linodes you deploy.","description_kind":"plain","computed":true}},"description":"The returned list of SSH Keys.","description_kind":"plain"}}},"description_kind":"plain"}},"linode_stackscript":{"version":0,"block":{"attributes":{"created":{"type":"string","description":"The date this StackScript was created.","description_kind":"plain","computed":true},"deployments_active":{"type":"number","description":"Count of currently active, deployed Linodes created from this StackScript.","description_kind":"plain","computed":true},"deployments_total":{"type":"number","description":"The total number of times this StackScript has been deployed.","description_kind":"plain","computed":true},"description":{"type":"string","description":"A description for the StackScript.","description_kind":"plain","computed":true},"id":{"type":"string","description":"The StackScript's unique ID.","description_kind":"plain","required":true},"images":{"type":["set","string"],"description":"An array of Image IDs representing the Images that this StackScript is compatible for deploying with.","description_kind":"plain","computed":true},"is_public":{"type":"bool","description":"This determines whether other users can use your StackScript. Once a StackScript is made public, it cannot be made private.","description_kind":"plain","computed":true},"label":{"type":"string","description":"The StackScript's label is for display purposes only.","description_kind":"plain","computed":true},"rev_note":{"type":"string","description":"This field allows you to add notes for the set of revisions made to this StackScript.","description_kind":"plain","computed":true},"script":{"type":"string","description":"The script to execute when provisioning a new Linode with this StackScript.","description_kind":"plain","computed":true},"updated":{"type":"string","description":"The date this StackScript was updated.","description_kind":"plain","computed":true},"user_defined_fields":{"type":["list",["object",{"default":"string","example":"string","label":"string","many_of":"string","name":"string","one_of":"string"}]],"description":"This is a list of fields defined with a special syntax inside this StackScript that allow for supplying customized parameters during deployment.","description_kind":"plain","computed":true},"user_gravatar_id":{"type":"string","description":"The Gravatar ID for the User who created the StackScript.","description_kind":"plain","computed":true},"username":{"type":"string","description":"The User who created the StackScript.","description_kind":"plain","computed":true}},"description_kind":"plain"}},"linode_stackscripts":{"version":0,"block":{"attributes":{"id":{"type":"string","description":"The data source's unique ID.","description_kind":"plain","computed":true},"latest":{"type":"bool","description":"If true, only the latest StackScript will be returned.","description_kind":"plain","optional":true},"order":{"type":"string","description":"The order in which results should be returned.","description_kind":"plain","optional":true},"order_by":{"type":"string","description":"The attribute to order the results by.","description_kind":"plain","optional":true}},"block_types":{"filter":{"nesting_mode":"set","block":{"attributes":{"match_by":{"type":"string","description":"The type of comparison to use for this filter.","description_kind":"plain","optional":true},"name":{"type":"string","description":"The name of the attribute to filter on.","description_kind":"plain","required":true},"values":{"type":["set","string"],"description":"The value(s) to be used in the filter.","description_kind":"plain","required":true}},"description_kind":"plain"}},"stackscripts":{"nesting_mode":"list","block":{"attributes":{"created":{"type":"string","description":"The date this StackScript was created.","description_kind":"plain","computed":true},"deployments_active":{"type":"number","description":"Count of currently active, deployed Linodes created from this StackScript.","description_kind":"plain","computed":true},"deployments_total":{"type":"number","description":"The total number of times this StackScript has been deployed.","description_kind":"plain","computed":true},"description":{"type":"string","description":"A description for the StackScript.","description_kind":"plain","computed":true},"id":{"type":"string","description":"The StackScript's unique ID.","description_kind":"plain","required":true},"images":{"type":["set","string"],"description":"An array of Image IDs representing the Images that this StackScript is compatible for deploying with.","description_kind":"plain","computed":true},"is_public":{"type":"bool","description":"This determines whether other users can use your StackScript. Once a StackScript is made public, it cannot be made private.","description_kind":"plain","computed":true},"label":{"type":"string","description":"The StackScript's label is for display purposes only.","description_kind":"plain","computed":true},"rev_note":{"type":"string","description":"This field allows you to add notes for the set of revisions made to this StackScript.","description_kind":"plain","computed":true},"script":{"type":"string","description":"The script to execute when provisioning a new Linode with this StackScript.","description_kind":"plain","computed":true},"updated":{"type":"string","description":"The date this StackScript was updated.","description_kind":"plain","computed":true},"user_defined_fields":{"type":["list",["object",{"default":"string","example":"string","label":"string","many_of":"string","name":"string","one_of":"string"}]],"description":"This is a list of fields defined with a special syntax inside this StackScript that allow for supplying customized parameters during deployment.","description_kind":"plain","computed":true},"user_gravatar_id":{"type":"string","description":"The Gravatar ID for the User who created the StackScript.","description_kind":"plain","computed":true},"username":{"type":"string","description":"The User who created the StackScript.","description_kind":"plain","computed":true}},"description":"The returned list of StackScripts.","description_kind":"plain"}}},"description_kind":"plain"}},"linode_user":{"version":0,"block":{"attributes":{"database_grant":{"type":["set",["object",{"id":"number","label":"string","permissions":"string"}]],"description":"A set containing all of the user's active grants.","description_kind":"plain","optional":true,"computed":true},"domain_grant":{"type":["set",["object",{"id":"number","label":"string","permissions":"string"}]],"description":"A set containing all of the user's active grants.","description_kind":"plain","optional":true,"computed":true},"email":{"type":"string","description":"The email address for this User, for account management communications, and may be used for other communications as configured.","description_kind":"plain","computed":true},"firewall_grant":{"type":["set",["object",{"id":"number","label":"string","permissions":"string"}]],"description":"A set containing all of the user's active grants.","description_kind":"plain","optional":true,"computed":true},"global_grants":{"type":["list",["object",{"account_access":"string","add_databases":"bool","add_domains":"bool","add_firewalls":"bool","add_images":"bool","add_linodes":"bool","add_longview":"bool","add_nodebalancers":"bool","add_placement_groups":"bool","add_stackscripts":"bool","add_volumes":"bool","add_vpcs":"bool","cancel_account":"bool","longview_subscription":"bool"}]],"description":"A structure containing the Account-level grants a User has.","description_kind":"plain","computed":true},"id":{"type":"string","description":"Unique identifier for this DataSource.","description_kind":"plain","computed":true},"image_grant":{"type":["set",["object",{"id":"number","label":"string","permissions":"string"}]],"description":"A set containing all of the user's active grants.","description_kind":"plain","optional":true,"computed":true},"linode_grant":{"type":["set",["object",{"id":"number","label":"string","permissions":"string"}]],"description":"A set containing all of the user's active grants.","description_kind":"plain","optional":true,"computed":true},"longview_grant":{"type":["set",["object",{"id":"number","label":"string","permissions":"string"}]],"description":"A set containing all of the user's active grants.","description_kind":"plain","optional":true,"computed":true},"nodebalancer_grant":{"type":["set",["object",{"id":"number","label":"string","permissions":"string"}]],"description":"A set containing all of the user's active grants.","description_kind":"plain","optional":true,"computed":true},"password_created":{"type":"string","description":"The date and time when this User’s current password was created.User passwords are first created during the Account sign-up process, and updated using the Reset Password webpage.null if this User has not created a password yet.","description_kind":"plain","computed":true},"placement_group_grant":{"type":["set",["object",{"id":"number","label":"string","permissions":"string"}]],"description":"A set containing all of the user's active grants.","description_kind":"plain","optional":true,"computed":true},"restricted":{"type":"bool","description":"If true, this User must be granted access to perform actions or access entities on this Account.","description_kind":"plain","computed":true},"ssh_keys":{"type":["list","string"],"description":"A list of SSH Key labels added by this User. These are the keys that will be deployed if this User is included in the authorized_users field of a create Linode, rebuild Linode, or create Disk request.","description_kind":"plain","computed":true},"stackscript_grant":{"type":["set",["object",{"id":"number","label":"string","permissions":"string"}]],"description":"A set containing all of the user's active grants.","description_kind":"plain","optional":true,"computed":true},"tfa_enabled":{"type":"bool","description":"A boolean value indicating if the User has Two Factor Authentication (TFA) enabled.","description_kind":"plain","computed":true},"user_type":{"type":"string","description":"The type of this user.","description_kind":"plain","computed":true},"username":{"type":"string","description":"This User's username. This is used for logging in, and may also be displayed alongside actions the User performs (for example, in Events or public StackScripts).","description_kind":"plain","required":true},"verified_phone_number":{"type":"string","description":"The phone number verified for this User Profile with the Phone Number Verify command.null if this User Profile has no verified phone number.","description_kind":"plain","computed":true},"volume_grant":{"type":["set",["object",{"id":"number","label":"string","permissions":"string"}]],"description":"A set containing all of the user's active grants.","description_kind":"plain","optional":true,"computed":true},"vpc_grant":{"type":["set",["object",{"id":"number","label":"string","permissions":"string"}]],"description":"A set containing all of the user's active grants.","description_kind":"plain","optional":true,"computed":true}},"description_kind":"plain"}},"linode_users":{"version":0,"block":{"attributes":{"id":{"type":"string","description":"The data source's unique ID.","description_kind":"plain","computed":true},"order":{"type":"string","description":"The order in which results should be returned.","description_kind":"plain","optional":true},"order_by":{"type":"string","description":"The attribute to order the results by.","description_kind":"plain","optional":true}},"block_types":{"filter":{"nesting_mode":"set","block":{"attributes":{"match_by":{"type":"string","description":"The type of comparison to use for this filter.","description_kind":"plain","optional":true},"name":{"type":"string","description":"The name of the attribute to filter on.","description_kind":"plain","required":true},"values":{"type":["set","string"],"description":"The value(s) to be used in the filter.","description_kind":"plain","required":true}},"description_kind":"plain"}},"users":{"nesting_mode":"list","block":{"attributes":{"database_grant":{"type":["set",["object",{"id":"number","label":"string","permissions":"string"}]],"description":"A set containing all of the user's active grants.","description_kind":"plain","optional":true,"computed":true},"domain_grant":{"type":["set",["object",{"id":"number","label":"string","permissions":"string"}]],"description":"A set containing all of the user's active grants.","description_kind":"plain","optional":true,"computed":true},"email":{"type":"string","description":"The email address for this User, for account management communications, and may be used for other communications as configured.","description_kind":"plain","computed":true},"firewall_grant":{"type":["set",["object",{"id":"number","label":"string","permissions":"string"}]],"description":"A set containing all of the user's active grants.","description_kind":"plain","optional":true,"computed":true},"global_grants":{"type":["list",["object",{"account_access":"string","add_databases":"bool","add_domains":"bool","add_firewalls":"bool","add_images":"bool","add_linodes":"bool","add_longview":"bool","add_nodebalancers":"bool","add_placement_groups":"bool","add_stackscripts":"bool","add_volumes":"bool","add_vpcs":"bool","cancel_account":"bool","longview_subscription":"bool"}]],"description":"A structure containing the Account-level grants a User has.","description_kind":"plain","computed":true},"id":{"type":"string","description":"Unique identifier for this DataSource.","description_kind":"plain","computed":true},"image_grant":{"type":["set",["object",{"id":"number","label":"string","permissions":"string"}]],"description":"A set containing all of the user's active grants.","description_kind":"plain","optional":true,"computed":true},"linode_grant":{"type":["set",["object",{"id":"number","label":"string","permissions":"string"}]],"description":"A set containing all of the user's active grants.","description_kind":"plain","optional":true,"computed":true},"longview_grant":{"type":["set",["object",{"id":"number","label":"string","permissions":"string"}]],"description":"A set containing all of the user's active grants.","description_kind":"plain","optional":true,"computed":true},"nodebalancer_grant":{"type":["set",["object",{"id":"number","label":"string","permissions":"string"}]],"description":"A set containing all of the user's active grants.","description_kind":"plain","optional":true,"computed":true},"password_created":{"type":"string","description":"The date and time when this User’s current password was created.User passwords are first created during the Account sign-up process, and updated using the Reset Password webpage.null if this User has not created a password yet.","description_kind":"plain","computed":true},"placement_group_grant":{"type":["set",["object",{"id":"number","label":"string","permissions":"string"}]],"description":"A set containing all of the user's active grants.","description_kind":"plain","optional":true,"computed":true},"restricted":{"type":"bool","description":"If true, this User must be granted access to perform actions or access entities on this Account.","description_kind":"plain","computed":true},"ssh_keys":{"type":["list","string"],"description":"A list of SSH Key labels added by this User. These are the keys that will be deployed if this User is included in the authorized_users field of a create Linode, rebuild Linode, or create Disk request.","description_kind":"plain","computed":true},"stackscript_grant":{"type":["set",["object",{"id":"number","label":"string","permissions":"string"}]],"description":"A set containing all of the user's active grants.","description_kind":"plain","optional":true,"computed":true},"tfa_enabled":{"type":"bool","description":"A boolean value indicating if the User has Two Factor Authentication (TFA) enabled.","description_kind":"plain","computed":true},"user_type":{"type":"string","description":"The type of this user.","description_kind":"plain","computed":true},"username":{"type":"string","description":"This User's username. This is used for logging in, and may also be displayed alongside actions the User performs (for example, in Events or public StackScripts).","description_kind":"plain","required":true},"verified_phone_number":{"type":"string","description":"The phone number verified for this User Profile with the Phone Number Verify command.null if this User Profile has no verified phone number.","description_kind":"plain","computed":true},"volume_grant":{"type":["set",["object",{"id":"number","label":"string","permissions":"string"}]],"description":"A set containing all of the user's active grants.","description_kind":"plain","optional":true,"computed":true},"vpc_grant":{"type":["set",["object",{"id":"number","label":"string","permissions":"string"}]],"description":"A set containing all of the user's active grants.","description_kind":"plain","optional":true,"computed":true}},"description":"The returned list of Users.","description_kind":"plain"}}},"description_kind":"plain"}},"linode_vlans":{"version":0,"block":{"attributes":{"id":{"type":"string","description":"The data source's unique ID.","description_kind":"plain","computed":true},"order":{"type":"string","description":"The order in which results should be returned.","description_kind":"plain","optional":true},"order_by":{"type":"string","description":"The attribute to order the results by.","description_kind":"plain","optional":true}},"block_types":{"filter":{"nesting_mode":"set","block":{"attributes":{"match_by":{"type":"string","description":"The type of comparison to use for this filter.","description_kind":"plain","optional":true},"name":{"type":"string","description":"The name of the attribute to filter on.","description_kind":"plain","required":true},"values":{"type":["set","string"],"description":"The value(s) to be used in the filter.","description_kind":"plain","required":true}},"description_kind":"plain"}},"vlans":{"nesting_mode":"list","block":{"attributes":{"created":{"type":"string","description":"When this VLAN was created.","description_kind":"plain","computed":true},"label":{"type":"string","description":"The unique label of this VLAN.","description_kind":"plain","computed":true},"linodes":{"type":["set","number"],"description":"The Linodes currently attached to this VLAN.","description_kind":"plain","computed":true},"region":{"type":"string","description":"The region this VLAN is located in.","description_kind":"plain","computed":true}},"description":"The returned list of VLANs.","description_kind":"plain"}}},"description_kind":"plain"}},"linode_volume":{"version":0,"block":{"attributes":{"created":{"type":"string","description":"Datetime string representing when the Volume was created.","description_kind":"plain","computed":true},"encryption":{"type":"string","description":"Whether Block Storage Disk Encryption is enabled or disabled on this Volume.","description_kind":"plain","computed":true},"filesystem_path":{"type":"string","description":"The full filesystem path for the Volume based on the Volume's label. Path is /dev/disk/by-id/scsi-0LinodeVolume + Volume label.","description_kind":"plain","computed":true},"id":{"type":"number","description":"The unique id of this Volume.","description_kind":"plain","required":true},"label":{"type":"string","description":"The Volume's label. For display purposes only.","description_kind":"plain","computed":true},"linode_id":{"type":"number","description":"If a Volume is attached to a specific Linode, the ID of that Linode will be displayed here.","description_kind":"plain","computed":true},"region":{"type":"string","description":"The datacenter where this Volume is located.","description_kind":"plain","computed":true},"size":{"type":"number","description":"The size of this Volume in GiB.","description_kind":"plain","computed":true},"status":{"type":"string","description":"The status of the Volume. Can be one of active | creating | resizing | contact_support","description_kind":"plain","computed":true},"tags":{"type":["set","string"],"description":"An array of tags applied to this Volume. Tags are for organizational purposes only.","description_kind":"plain","computed":true},"updated":{"type":"string","description":"Datetime string representing when the Volume was last updated.","description_kind":"plain","computed":true}},"description_kind":"plain"}},"linode_volume_types":{"version":0,"block":{"attributes":{"id":{"type":"string","description":"The data source's unique ID.","description_kind":"plain","computed":true},"order":{"type":"string","description":"The order in which results should be returned.","description_kind":"plain","optional":true},"order_by":{"type":"string","description":"The attribute to order the results by.","description_kind":"plain","optional":true}},"block_types":{"filter":{"nesting_mode":"set","block":{"attributes":{"match_by":{"type":"string","description":"The type of comparison to use for this filter.","description_kind":"plain","optional":true},"name":{"type":"string","description":"The name of the attribute to filter on.","description_kind":"plain","required":true},"values":{"type":["set","string"],"description":"The value(s) to be used in the filter.","description_kind":"plain","required":true}},"description_kind":"plain"}},"types":{"nesting_mode":"list","block":{"attributes":{"id":{"type":"string","description":"The unique ID assigned to this Volume Type.","description_kind":"plain","required":true},"label":{"type":"string","description":"The Volume Type's label.","description_kind":"plain","optional":true,"computed":true},"price":{"type":["list",["object",{"hourly":"number","monthly":"number"}]],"description":"Cost in US dollars, broken down into hourly and monthly charges.","description_kind":"plain","computed":true},"region_prices":{"type":["list",["object",{"hourly":"number","id":"string","monthly":"number"}]],"description":"A list of region-specific prices for this Volume Type.","description_kind":"plain","computed":true},"transfer":{"type":"number","description":"The monthly outbound transfer amount, in MB.","description_kind":"plain","computed":true}},"description":"The returned list of Volume types.","description_kind":"plain"}}},"description_kind":"plain"}},"linode_volumes":{"version":0,"block":{"attributes":{"id":{"type":"string","description":"The data source's unique ID.","description_kind":"plain","computed":true},"order":{"type":"string","description":"The order in which results should be returned.","description_kind":"plain","optional":true},"order_by":{"type":"string","description":"The attribute to order the results by.","description_kind":"plain","optional":true}},"block_types":{"filter":{"nesting_mode":"set","block":{"attributes":{"match_by":{"type":"string","description":"The type of comparison to use for this filter.","description_kind":"plain","optional":true},"name":{"type":"string","description":"The name of the attribute to filter on.","description_kind":"plain","required":true},"values":{"type":["set","string"],"description":"The value(s) to be used in the filter.","description_kind":"plain","required":true}},"description_kind":"plain"}},"volumes":{"nesting_mode":"list","block":{"attributes":{"created":{"type":"string","description":"Datetime string representing when the Volume was created.","description_kind":"plain","computed":true},"encryption":{"type":"string","description":"Whether Block Storage Disk Encryption is enabled or disabled on this Volume.","description_kind":"plain","computed":true},"filesystem_path":{"type":"string","description":"The full filesystem path for the Volume based on the Volume's label. Path is /dev/disk/by-id/scsi-0LinodeVolume + Volume label.","description_kind":"plain","computed":true},"id":{"type":"number","description":"The unique id of this Volume.","description_kind":"plain","required":true},"label":{"type":"string","description":"The Volume's label. For display purposes only.","description_kind":"plain","computed":true},"linode_id":{"type":"number","description":"If a Volume is attached to a specific Linode, the ID of that Linode will be displayed here.","description_kind":"plain","computed":true},"region":{"type":"string","description":"The datacenter where this Volume is located.","description_kind":"plain","computed":true},"size":{"type":"number","description":"The size of this Volume in GiB.","description_kind":"plain","computed":true},"status":{"type":"string","description":"The status of the Volume. Can be one of active | creating | resizing | contact_support","description_kind":"plain","computed":true},"tags":{"type":["set","string"],"description":"An array of tags applied to this Volume. Tags are for organizational purposes only.","description_kind":"plain","computed":true},"updated":{"type":"string","description":"Datetime string representing when the Volume was last updated.","description_kind":"plain","computed":true}},"description":"The return list of Volumes.","description_kind":"plain"}}},"description_kind":"plain"}},"linode_vpc":{"version":0,"block":{"attributes":{"created":{"type":"string","description":"The date and time when the VPC was created.","description_kind":"plain","computed":true},"description":{"type":"string","description":"The user-defined description of this VPC.","description_kind":"plain","computed":true},"id":{"type":"string","description":"The id of the VPC.","description_kind":"plain","required":true},"label":{"type":"string","description":"The label of the VPC.","description_kind":"plain","computed":true},"region":{"type":"string","description":"The region of the VPC.","description_kind":"plain","computed":true},"updated":{"type":"string","description":"The date and time when the VPC was updated.","description_kind":"plain","computed":true}},"description_kind":"plain"}},"linode_vpc_ips":{"version":0,"block":{"attributes":{"id":{"type":"string","description":"The data source's unique ID.","description_kind":"plain","computed":true},"vpc_id":{"type":"number","description":"The ID of the VPC that the list of IP addresses is associated with.","description_kind":"plain","optional":true}},"block_types":{"filter":{"nesting_mode":"set","block":{"attributes":{"match_by":{"type":"string","description":"The type of comparison to use for this filter.","description_kind":"plain","optional":true},"name":{"type":"string","description":"The name of the attribute to filter on.","description_kind":"plain","required":true},"values":{"type":["set","string"],"description":"The value(s) to be used in the filter.","description_kind":"plain","required":true}},"description_kind":"plain"}},"vpc_ips":{"nesting_mode":"list","block":{"attributes":{"active":{"type":"bool","description":"Returns true if the VPC interface is in use, meaning that the Linode was powered on using the config_id to which the interface belongs. Otherwise returns false","description_kind":"plain","computed":true},"address":{"type":"string","description":"An IPv4 address configured for this VPC interface. These follow the RFC 1918 private address format. Displayed as null if an address_range.","description_kind":"plain","computed":true},"address_range":{"type":"string","description":"A range of IPv4 addresses configured for this VPC interface. Displayed as null if a single address.","description_kind":"plain","computed":true},"config_id":{"type":"number","description":"The globally general entity identifier for the Linode configuration profile where the VPC is included.","description_kind":"plain","computed":true},"gateway":{"type":"string","description":"The default gateway for the VPC subnet that the IP or IP range belongs to.","description_kind":"plain","computed":true},"interface_id":{"type":"number","description":"The globally general API entity identifier for the Linode interface.","description_kind":"plain","computed":true},"linode_id":{"type":"number","description":"The identifier for the Linode the VPC interface currently belongs to.","description_kind":"plain","computed":true},"nat_1_1":{"type":"string","description":"The public IP address used for NAT 1:1 with the VPC. This is empty if NAT 1:1 isn't used.","description_kind":"plain","computed":true},"prefix":{"type":"number","description":"The number of bits set in the subnet_mask.","description_kind":"plain","computed":true},"region":{"type":"string","description":"The region of the VPC.","description_kind":"plain","computed":true},"subnet_id":{"type":"number","description":"The id of the VPC Subnet for this interface.","description_kind":"plain","computed":true},"subnet_mask":{"type":"string","description":"The mask that separates host bits from network bits for the address or address_range.","description_kind":"plain","computed":true},"vpc_id":{"type":"number","description":"The unique globally general API entity identifier for the VPC.","description_kind":"plain","computed":true}},"description":"The returned list of IP addresses that exist in Linode's system, either IPv4 or IPv6.","description_kind":"plain"}}},"description_kind":"plain"}},"linode_vpc_subnet":{"version":0,"block":{"attributes":{"created":{"type":"string","description":"The date and time when the VPC Subnet was created.","description_kind":"plain","computed":true},"id":{"type":"string","description":"The id of the VPC Subnet.","description_kind":"plain","required":true},"ipv4":{"type":"string","description":"The IPv4 range of this subnet in CIDR format.","description_kind":"plain","computed":true},"label":{"type":"string","description":"The label of the VPC Subnet.","description_kind":"plain","computed":true},"linodes":{"type":["list",["object",{"id":"number","interfaces":["list",["object",{"active":"bool","id":"number"}]]}]],"description_kind":"plain","computed":true},"updated":{"type":"string","description":"The date and time when the VPC Subnet was updated.","description_kind":"plain","computed":true},"vpc_id":{"type":"number","description":"The id of the parent VPC for this VPC Subnet","description_kind":"plain","required":true}},"description_kind":"plain"}},"linode_vpc_subnets":{"version":0,"block":{"attributes":{"id":{"type":"string","description":"The data source's unique ID.","description_kind":"plain","computed":true},"vpc_id":{"type":"number","description":"The id of the parent VPC for the list of VPC subnets","description_kind":"plain","required":true}},"block_types":{"filter":{"nesting_mode":"set","block":{"attributes":{"match_by":{"type":"string","description":"The type of comparison to use for this filter.","description_kind":"plain","optional":true},"name":{"type":"string","description":"The name of the attribute to filter on.","description_kind":"plain","required":true},"values":{"type":["set","string"],"description":"The value(s) to be used in the filter.","description_kind":"plain","required":true}},"description_kind":"plain"}},"vpc_subnets":{"nesting_mode":"list","block":{"attributes":{"created":{"type":"string","description":"The date and time when the VPC Subnet was created.","description_kind":"plain","computed":true},"id":{"type":"number","description":"The id of the VPC Subnet.","description_kind":"plain","computed":true},"ipv4":{"type":"string","description":"The IPv4 range of this subnet in CIDR format.","description_kind":"plain","computed":true},"label":{"type":"string","description":"The label of the VPC Subnet.","description_kind":"plain","computed":true},"linodes":{"type":["list",["object",{"id":"number","interfaces":["list",["object",{"active":"bool","id":"number"}]]}]],"description_kind":"plain","computed":true},"updated":{"type":"string","description":"The date and time when the VPC Subnet was updated.","description_kind":"plain","computed":true}},"description":"The returned list of subnets under a VPC.","description_kind":"plain"}}},"description_kind":"plain"}},"linode_vpcs":{"version":0,"block":{"attributes":{"id":{"type":"string","description":"The data source's unique ID.","description_kind":"plain","computed":true}},"block_types":{"filter":{"nesting_mode":"set","block":{"attributes":{"match_by":{"type":"string","description":"The type of comparison to use for this filter.","description_kind":"plain","optional":true},"name":{"type":"string","description":"The name of the attribute to filter on.","description_kind":"plain","required":true},"values":{"type":["set","string"],"description":"The value(s) to be used in the filter.","description_kind":"plain","required":true}},"description_kind":"plain"}},"vpcs":{"nesting_mode":"list","block":{"attributes":{"created":{"type":"string","description":"The date and time when the VPC was created.","description_kind":"plain","computed":true},"description":{"type":"string","description":"The user-defined description of this VPC.","description_kind":"plain","computed":true},"id":{"type":"string","description":"The id of the VPC.","description_kind":"plain","required":true},"label":{"type":"string","description":"The label of the VPC.","description_kind":"plain","computed":true},"region":{"type":"string","description":"The region of the VPC.","description_kind":"plain","computed":true},"updated":{"type":"string","description":"The date and time when the VPC was updated.","description_kind":"plain","computed":true}},"description":"The returned list of VPCs.","description_kind":"plain"}}},"description_kind":"plain"}}}}}}
